{"format_version":"1.0","provider_schemas":{"registry.terraform.io/grafana/grafana":{"provider":{"version":0,"block":{"attributes":{"auth":{"type":"string","description":"API token, basic auth in the `username:password` format or `anonymous` (string literal). May alternatively be set via the `GRAFANA_AUTH` environment variable.","description_kind":"markdown","optional":true,"sensitive":true},"ca_cert":{"type":"string","description":"Certificate CA bundle (file path or literal value) to use to verify the Grafana server's certificate. May alternatively be set via the `GRAFANA_CA_CERT` environment variable.","description_kind":"markdown","optional":true},"cloud_access_policy_token":{"type":"string","description":"Access Policy Token for Grafana Cloud. May alternatively be set via the `GRAFANA_CLOUD_ACCESS_POLICY_TOKEN` environment variable.","description_kind":"markdown","optional":true,"sensitive":true},"cloud_api_url":{"type":"string","description":"Grafana Cloud's API URL. May alternatively be set via the `GRAFANA_CLOUD_API_URL` environment variable.","description_kind":"markdown","optional":true},"cloud_provider_access_token":{"type":"string","description":"A Grafana Cloud Provider access token. May alternatively be set via the `GRAFANA_CLOUD_PROVIDER_ACCESS_TOKEN` environment variable.","description_kind":"markdown","optional":true,"sensitive":true},"cloud_provider_url":{"type":"string","description":"A Grafana Cloud Provider backend address. May alternatively be set via the `GRAFANA_CLOUD_PROVIDER_URL` environment variable.","description_kind":"markdown","optional":true},"connections_api_access_token":{"type":"string","description":"A Grafana Connections API access token. May alternatively be set via the `GRAFANA_CONNECTIONS_API_ACCESS_TOKEN` environment variable.","description_kind":"markdown","optional":true,"sensitive":true},"connections_api_url":{"type":"string","description":"A Grafana Connections API address. May alternatively be set via the `GRAFANA_CONNECTIONS_API_URL` environment variable.","description_kind":"markdown","optional":true},"fleet_management_auth":{"type":"string","description":"A Grafana Fleet Management basic auth in the `username:password` format. May alternatively be set via the `GRAFANA_FLEET_MANAGEMENT_AUTH` environment variable.","description_kind":"markdown","optional":true,"sensitive":true},"fleet_management_url":{"type":"string","description":"A Grafana Fleet Management API address. May alternatively be set via the `GRAFANA_FLEET_MANAGEMENT_URL` environment variable.","description_kind":"markdown","optional":true},"frontend_o11y_api_access_token":{"type":"string","description":"A Grafana Frontend Observability API access token. May alternatively be set via the `GRAFANA_FRONTEND_O11Y_API_ACCESS_TOKEN` environment variable.","description_kind":"markdown","optional":true,"sensitive":true},"frontend_o11y_api_url":{"type":"string","description":"The Grafana Frontend Observability API URL. This is optional, and should only be set to override the default API. May alternatively be set via the `GRAFANA_FRONTEND_O11Y_API_URL` environment variable.","description_kind":"markdown","optional":true},"http_headers":{"type":["map","string"],"description":"Optional. HTTP headers mapping keys to values used for accessing the Grafana and Grafana Cloud APIs. May alternatively be set via the `GRAFANA_HTTP_HEADERS` environment variable in JSON format.","description_kind":"markdown","optional":true,"sensitive":true},"insecure_skip_verify":{"type":"bool","description":"Skip TLS certificate verification. May alternatively be set via the `GRAFANA_INSECURE_SKIP_VERIFY` environment variable.","description_kind":"markdown","optional":true},"k6_access_token":{"type":"string","description":"The k6 Cloud API token. May alternatively be set via the `GRAFANA_K6_ACCESS_TOKEN` environment variable.","description_kind":"markdown","optional":true,"sensitive":true},"k6_url":{"type":"string","description":"The k6 Cloud API url. May alternatively be set via the `GRAFANA_K6_URL` environment variable.","description_kind":"markdown","optional":true},"oncall_access_token":{"type":"string","description":"A Grafana OnCall access token. May alternatively be set via the `GRAFANA_ONCALL_ACCESS_TOKEN` environment variable. This is only required when using a dedicated OnCall API token. When using Grafana Cloud, OnCall can be accessed through the `auth` and `url` provider attributes instead.","description_kind":"markdown","optional":true,"sensitive":true},"oncall_url":{"type":"string","description":"A Grafana OnCall backend address. May alternatively be set via the `GRAFANA_ONCALL_URL` environment variable. This is only required when using Grafana OnCall OSS. In Grafana Cloud, the OnCall URL is automatically inferred from the Grafana instance URL.","description_kind":"markdown","optional":true},"org_id":{"type":"number","description":"The Grafana org ID, if you are using a self-hosted OSS or enterprise Grafana instance. May alternatively be set via the `GRAFANA_ORG_ID` environment variable.","description_kind":"markdown","optional":true},"retries":{"type":"number","description":"The amount of retries to use for Grafana API and Grafana Cloud API calls. May alternatively be set via the `GRAFANA_RETRIES` environment variable.","description_kind":"markdown","optional":true},"retry_status_codes":{"type":["set","string"],"description":"The status codes to retry on for Grafana API and Grafana Cloud API calls. Use `x` as a digit wildcard. Defaults to 429 and 5xx. May alternatively be set via the `GRAFANA_RETRY_STATUS_CODES` environment variable.","description_kind":"markdown","optional":true},"retry_wait":{"type":"number","description":"The amount of time in seconds to wait between retries for Grafana API and Grafana Cloud API calls. May alternatively be set via the `GRAFANA_RETRY_WAIT` environment variable.","description_kind":"markdown","optional":true},"sm_access_token":{"type":"string","description":"A Synthetic Monitoring access token. May alternatively be set via the `GRAFANA_SM_ACCESS_TOKEN` environment variable.","description_kind":"markdown","optional":true,"sensitive":true},"sm_url":{"type":"string","description":"Synthetic monitoring backend address. May alternatively be set via the `GRAFANA_SM_URL` environment variable. The correct value for each service region is cited in the [Synthetic Monitoring documentation](https://grafana.com/docs/grafana-cloud/testing/synthetic-monitoring/set-up/set-up-private-probes/#probe-api-server-url). Note the `sm_url` value is optional, but it must correspond with the value specified as the `region_slug` in the `grafana_cloud_stack` resource. Also note that when a Terraform configuration contains multiple provider instances managing SM resources associated with the same Grafana stack, specifying an explicit `sm_url` set to the same value for each provider ensures all providers interact with the same SM API.","description_kind":"markdown","optional":true},"stack_id":{"type":"number","description":"The Grafana stack ID, if you are using a Grafana Cloud stack. May alternatively be set via the `GRAFANA_STACK_ID` environment variable.","description_kind":"markdown","optional":true},"store_dashboard_sha256":{"type":"bool","description":"Set to true if you want to save only the sha256sum instead of complete dashboard model JSON in the tfstate.","description_kind":"markdown","optional":true},"tls_cert":{"type":"string","description":"Client TLS certificate (file path or literal value) to use to authenticate to the Grafana server. May alternatively be set via the `GRAFANA_TLS_CERT` environment variable.","description_kind":"markdown","optional":true},"tls_key":{"type":"string","description":"Client TLS key (file path or literal value) to use to authenticate to the Grafana server. May alternatively be set via the `GRAFANA_TLS_KEY` environment variable.","description_kind":"markdown","optional":true},"url":{"type":"string","description":"The root URL of a Grafana server. May alternatively be set via the `GRAFANA_URL` environment variable.","description_kind":"markdown","optional":true}},"description_kind":"plain"}},"resource_schemas":{"grafana_annotation":{"version":0,"block":{"attributes":{"dashboard_uid":{"type":"string","description":"The UID of the dashboard on which to create the annotation.","description_kind":"plain","optional":true},"id":{"type":"string","description":"The ID of this resource.","description_kind":"plain","computed":true},"org_id":{"type":"string","description":"The Organization ID. If not set, the default organization is used for basic authentication, or the one that owns your service account for token authentication.","description_kind":"plain","optional":true,"computed":true},"panel_id":{"type":"number","description":"The ID of the dashboard panel on which to create the annotation.","description_kind":"plain","optional":true},"tags":{"type":["set","string"],"description":"The tags to associate with the annotation.","description_kind":"plain","optional":true},"text":{"type":"string","description":"The text to associate with the annotation.","description_kind":"plain","required":true},"time":{"type":"string","description":"The RFC 3339-formatted time string indicating the annotation's time.","description_kind":"plain","optional":true,"computed":true},"time_end":{"type":"string","description":"The RFC 3339-formatted time string indicating the annotation's end time.","description_kind":"plain","optional":true,"computed":true}},"description":"\nManages Grafana annotations.\n\n* [Official documentation](https://grafana.com/docs/grafana/latest/dashboards/build-dashboards/annotate-visualizations/)\n* [HTTP API](https://grafana.com/docs/grafana/latest/developer-resources/api-reference/http-api/api-legacy/annotations/)","description_kind":"markdown"}},"grafana_apps_alertenrichment_alertenrichment_v1beta1":{"version":0,"block":{"attributes":{"id":{"type":"string","description":"The ID of the resource derived from UUID.","description_kind":"plain","computed":true}},"block_types":{"metadata":{"nesting_mode":"single","block":{"attributes":{"annotations":{"type":["map","string"],"description":"Annotations of the resource.","description_kind":"plain","computed":true},"folder_uid":{"type":"string","description":"The UID of the folder to save the resource in. For example, it's supported for dashboards and folders. To know if it's supported for the specific resource you're using check the documentation.","description_kind":"plain","optional":true},"uid":{"type":"string","description":"The unique identifier of the resource.","description_kind":"plain","required":true},"url":{"type":"string","description":"The full URL of the resource.","description_kind":"plain","computed":true},"uuid":{"type":"string","description":"The globally unique identifier of a resource, used by the API for tracking.","description_kind":"plain","computed":true},"version":{"type":"string","description":"The version of the resource.","description_kind":"plain","computed":true}},"description":"The metadata of the resource.","description_kind":"plain"}},"options":{"nesting_mode":"single","block":{"attributes":{"manager_identity":{"type":"string","description":"Override the identity stamped on this resource's manager metadata. Defaults to \"grafana-terraform-provider\". Use this to distinguish resources managed by different Terraform workspaces targeting the same Grafana instance.","description_kind":"plain","optional":true},"overwrite":{"type":"bool","description":"Set to true if you want to overwrite existing resource with newer version, same resource title in folder or same resource uid.","description_kind":"plain","optional":true}},"description":"Options for applying the resource.","description_kind":"plain"}},"spec":{"nesting_mode":"single","block":{"attributes":{"alert_rule_uids":{"type":["list","string"],"description":"UIDs of alert rules this enrichment applies to. If empty, applies to all alert rules.","description_kind":"plain","optional":true},"annotation_matchers":{"type":["list",["object",{"name":"string","type":"string","value":"string"}]],"description":"Annotation matchers that an alert must satisfy for this enrichment to apply. Each matcher is an object with: 'type' (string, one of: =, !=, =~, !~), 'name' (string, annotation key to match), 'value' (string, annotation value to compare against, supports regex for =~/!~ operators).","description_kind":"plain","optional":true},"description":{"type":"string","description":"Description of the alert enrichment.","description_kind":"plain","optional":true,"computed":true},"disable_provenance":{"type":"bool","description":"Allow modifying alert enrichment outside of Terraform","description_kind":"plain","optional":true,"computed":true},"label_matchers":{"type":["list",["object",{"name":"string","type":"string","value":"string"}]],"description":"Label matchers that an alert must satisfy for this enrichment to apply. Each matcher is an object with: 'type' (string, one of: =, !=, =~, !~), 'name' (string, label key to match), 'value' (string, label value to compare against, supports regex for =~/!~ operators).","description_kind":"plain","optional":true},"receivers":{"type":["list","string"],"description":"Receiver names to match. If empty, applies to all receivers.","description_kind":"plain","optional":true},"title":{"type":"string","description":"The title of the alert enrichment.","description_kind":"plain","required":true}},"block_types":{"step":{"nesting_mode":"list","block":{"block_types":{"asserts":{"nesting_mode":"single","block":{"attributes":{"timeout":{"type":"string","description":"Maximum execution time (e.g., '30s', '1m')","description_kind":"plain","optional":true}},"description":"Integrate with Grafana Asserts for enrichment.","description_kind":"plain"}},"assign":{"nesting_mode":"single","block":{"attributes":{"annotations":{"type":["map","string"],"description":"Map of annotation names to values to set on matching alerts.","description_kind":"plain","optional":true},"timeout":{"type":"string","description":"Maximum execution time (e.g., '30s', '1m')","description_kind":"plain","optional":true}},"description":"Assign annotations to an alert.","description_kind":"plain"}},"assistant_investigations":{"nesting_mode":"single","block":{"attributes":{"timeout":{"type":"string","description":"Maximum execution time (e.g., '30s', '1m')","description_kind":"plain","optional":true}},"description":"Use AI assistant to investigate alerts and add insights.","description_kind":"plain"}},"conditional":{"nesting_mode":"single","block":{"attributes":{"timeout":{"type":"string","description":"Maximum execution time (e.g., '30s', '1m')","description_kind":"plain","optional":true}},"block_types":{"else":{"nesting_mode":"single","block":{"block_types":{"step":{"nesting_mode":"list","block":{"block_types":{"asserts":{"nesting_mode":"single","block":{"attributes":{"timeout":{"type":"string","description":"Maximum execution time (e.g., '30s', '1m')","description_kind":"plain","optional":true}},"description":"Integrate with Grafana Asserts for enrichment.","description_kind":"plain"}},"assign":{"nesting_mode":"single","block":{"attributes":{"annotations":{"type":["map","string"],"description":"Map of annotation names to values to set on matching alerts.","description_kind":"plain","optional":true},"timeout":{"type":"string","description":"Maximum execution time (e.g., '30s', '1m')","description_kind":"plain","optional":true}},"description":"Assign annotations to an alert.","description_kind":"plain"}},"assistant_investigations":{"nesting_mode":"single","block":{"attributes":{"timeout":{"type":"string","description":"Maximum execution time (e.g., '30s', '1m')","description_kind":"plain","optional":true}},"description":"Use AI assistant to investigate alerts and add insights.","description_kind":"plain"}},"data_source":{"nesting_mode":"single","block":{"attributes":{"timeout":{"type":"string","description":"Maximum execution time (e.g., '30s', '1m')","description_kind":"plain","optional":true}},"block_types":{"logs_query":{"nesting_mode":"single","block":{"attributes":{"data_source_type":{"type":"string","description":"Data source type (e.g., 'loki').","description_kind":"plain","optional":true},"data_source_uid":{"type":"string","description":"UID of the data source to query.","description_kind":"plain","optional":true},"expr":{"type":"string","description":"Log query expression to execute.","description_kind":"plain","optional":true},"max_lines":{"type":"number","description":"Maximum number of log lines to include. Defaults to 3.","description_kind":"plain","optional":true,"computed":true}},"description":"Logs query configuration for querying log data sources.","description_kind":"plain"}},"raw_query":{"nesting_mode":"single","block":{"attributes":{"ref_id":{"type":"string","description":"Reference ID for correlating queries.","description_kind":"plain","optional":true,"computed":true},"request":{"type":"string","description":"Raw request payload for the data source query.","description_kind":"plain","optional":true}},"description":"Raw query configuration for advanced data source queries.","description_kind":"plain"}}},"description":"Query Grafana data sources and add results to alerts.","description_kind":"plain"}},"explain":{"nesting_mode":"single","block":{"attributes":{"annotation":{"type":"string","description":"Annotation name to set the explanation in. Defaults to 'ai_explanation'.","description_kind":"plain","optional":true,"computed":true},"timeout":{"type":"string","description":"Maximum execution time (e.g., '30s', '1m')","description_kind":"plain","optional":true}},"description":"Generate AI explanation and store in an annotation.","description_kind":"plain"}},"external":{"nesting_mode":"single","block":{"attributes":{"timeout":{"type":"string","description":"Maximum execution time (e.g., '30s', '1m')","description_kind":"plain","optional":true},"url":{"type":"string","description":"HTTP endpoint URL to call for enrichment","description_kind":"plain","optional":true}},"description":"Call an external HTTP service for enrichment.","description_kind":"plain"}},"sift":{"nesting_mode":"single","block":{"attributes":{"timeout":{"type":"string","description":"Maximum execution time (e.g., '30s', '1m')","description_kind":"plain","optional":true}},"description":"Analyze alerts for patterns and insights.","description_kind":"plain"}}},"description_kind":"plain"}}},"description":"Steps when condition is false.","description_kind":"plain"}},"if":{"nesting_mode":"single","block":{"attributes":{"annotation_matchers":{"type":["list",["object",{"name":"string","type":"string","value":"string"}]],"description":"Annotation matchers for the condition.","description_kind":"plain","optional":true},"label_matchers":{"type":["list",["object",{"name":"string","type":"string","value":"string"}]],"description":"Label matchers for the condition.","description_kind":"plain","optional":true}},"block_types":{"data_source_condition":{"nesting_mode":"single","block":{"attributes":{"request":{"type":"string","description":"Data source request payload.","description_kind":"plain","optional":true}},"description":"Data source condition.","description_kind":"plain"}}},"description":"Condition to evaluate.","description_kind":"plain"}},"then":{"nesting_mode":"single","block":{"block_types":{"step":{"nesting_mode":"list","block":{"block_types":{"asserts":{"nesting_mode":"single","block":{"attributes":{"timeout":{"type":"string","description":"Maximum execution time (e.g., '30s', '1m')","description_kind":"plain","optional":true}},"description":"Integrate with Grafana Asserts for enrichment.","description_kind":"plain"}},"assign":{"nesting_mode":"single","block":{"attributes":{"annotations":{"type":["map","string"],"description":"Map of annotation names to values to set on matching alerts.","description_kind":"plain","optional":true},"timeout":{"type":"string","description":"Maximum execution time (e.g., '30s', '1m')","description_kind":"plain","optional":true}},"description":"Assign annotations to an alert.","description_kind":"plain"}},"assistant_investigations":{"nesting_mode":"single","block":{"attributes":{"timeout":{"type":"string","description":"Maximum execution time (e.g., '30s', '1m')","description_kind":"plain","optional":true}},"description":"Use AI assistant to investigate alerts and add insights.","description_kind":"plain"}},"data_source":{"nesting_mode":"single","block":{"attributes":{"timeout":{"type":"string","description":"Maximum execution time (e.g., '30s', '1m')","description_kind":"plain","optional":true}},"block_types":{"logs_query":{"nesting_mode":"single","block":{"attributes":{"data_source_type":{"type":"string","description":"Data source type (e.g., 'loki').","description_kind":"plain","optional":true},"data_source_uid":{"type":"string","description":"UID of the data source to query.","description_kind":"plain","optional":true},"expr":{"type":"string","description":"Log query expression to execute.","description_kind":"plain","optional":true},"max_lines":{"type":"number","description":"Maximum number of log lines to include. Defaults to 3.","description_kind":"plain","optional":true,"computed":true}},"description":"Logs query configuration for querying log data sources.","description_kind":"plain"}},"raw_query":{"nesting_mode":"single","block":{"attributes":{"ref_id":{"type":"string","description":"Reference ID for correlating queries.","description_kind":"plain","optional":true,"computed":true},"request":{"type":"string","description":"Raw request payload for the data source query.","description_kind":"plain","optional":true}},"description":"Raw query configuration for advanced data source queries.","description_kind":"plain"}}},"description":"Query Grafana data sources and add results to alerts.","description_kind":"plain"}},"explain":{"nesting_mode":"single","block":{"attributes":{"annotation":{"type":"string","description":"Annotation name to set the explanation in. Defaults to 'ai_explanation'.","description_kind":"plain","optional":true,"computed":true},"timeout":{"type":"string","description":"Maximum execution time (e.g., '30s', '1m')","description_kind":"plain","optional":true}},"description":"Generate AI explanation and store in an annotation.","description_kind":"plain"}},"external":{"nesting_mode":"single","block":{"attributes":{"timeout":{"type":"string","description":"Maximum execution time (e.g., '30s', '1m')","description_kind":"plain","optional":true},"url":{"type":"string","description":"HTTP endpoint URL to call for enrichment","description_kind":"plain","optional":true}},"description":"Call an external HTTP service for enrichment.","description_kind":"plain"}},"sift":{"nesting_mode":"single","block":{"attributes":{"timeout":{"type":"string","description":"Maximum execution time (e.g., '30s', '1m')","description_kind":"plain","optional":true}},"description":"Analyze alerts for patterns and insights.","description_kind":"plain"}}},"description_kind":"plain"}}},"description":"Steps when condition is true.","description_kind":"plain"}}},"description":"Conditional step with if/then/else.","description_kind":"plain"}},"data_source":{"nesting_mode":"single","block":{"attributes":{"timeout":{"type":"string","description":"Maximum execution time (e.g., '30s', '1m')","description_kind":"plain","optional":true}},"block_types":{"logs_query":{"nesting_mode":"single","block":{"attributes":{"data_source_type":{"type":"string","description":"Data source type (e.g., 'loki').","description_kind":"plain","optional":true},"data_source_uid":{"type":"string","description":"UID of the data source to query.","description_kind":"plain","optional":true},"expr":{"type":"string","description":"Log query expression to execute.","description_kind":"plain","optional":true},"max_lines":{"type":"number","description":"Maximum number of log lines to include. Defaults to 3.","description_kind":"plain","optional":true,"computed":true}},"description":"Logs query configuration for querying log data sources.","description_kind":"plain"}},"raw_query":{"nesting_mode":"single","block":{"attributes":{"ref_id":{"type":"string","description":"Reference ID for correlating queries.","description_kind":"plain","optional":true,"computed":true},"request":{"type":"string","description":"Raw request payload for the data source query.","description_kind":"plain","optional":true}},"description":"Raw query configuration for advanced data source queries.","description_kind":"plain"}}},"description":"Query Grafana data sources and add results to alerts.","description_kind":"plain"}},"explain":{"nesting_mode":"single","block":{"attributes":{"annotation":{"type":"string","description":"Annotation name to set the explanation in. Defaults to 'ai_explanation'.","description_kind":"plain","optional":true,"computed":true},"timeout":{"type":"string","description":"Maximum execution time (e.g., '30s', '1m')","description_kind":"plain","optional":true}},"description":"Generate AI explanation and store in an annotation.","description_kind":"plain"}},"external":{"nesting_mode":"single","block":{"attributes":{"timeout":{"type":"string","description":"Maximum execution time (e.g., '30s', '1m')","description_kind":"plain","optional":true},"url":{"type":"string","description":"HTTP endpoint URL to call for enrichment","description_kind":"plain","optional":true}},"description":"Call an external HTTP service for enrichment.","description_kind":"plain"}},"sift":{"nesting_mode":"single","block":{"attributes":{"timeout":{"type":"string","description":"Maximum execution time (e.g., '30s', '1m')","description_kind":"plain","optional":true}},"description":"Analyze alerts for patterns and insights.","description_kind":"plain"}}},"description":"Enrichment step. Can be repeated multiple times to define a sequence of steps. Each step must contain exactly one enrichment block.","description_kind":"plain"}}},"description":"The spec of the resource.","description_kind":"plain"}}},"description":"\nManages [Grafana Cloud Alert Enrichment](https://grafana.com/docs/grafana-cloud/alerting-and-irm/alerting/configure-notifications/alert-enrichment/).\n\nAlert enrichment is currently in public preview. Grafana Labs offers limited support, and breaking changes might occur prior to the feature being made generally available.\n","description_kind":"markdown"}},"grafana_apps_dashboard_dashboard_v1beta1":{"version":0,"block":{"attributes":{"id":{"type":"string","description":"The ID of the resource derived from UUID.","description_kind":"plain","computed":true}},"block_types":{"metadata":{"nesting_mode":"single","block":{"attributes":{"annotations":{"type":["map","string"],"description":"Annotations of the resource.","description_kind":"plain","computed":true},"folder_uid":{"type":"string","description":"The UID of the folder to save the resource in. For example, it's supported for dashboards and folders. To know if it's supported for the specific resource you're using check the documentation.","description_kind":"plain","optional":true},"uid":{"type":"string","description":"The unique identifier of the resource.","description_kind":"plain","required":true},"url":{"type":"string","description":"The full URL of the resource.","description_kind":"plain","computed":true},"uuid":{"type":"string","description":"The globally unique identifier of a resource, used by the API for tracking.","description_kind":"plain","computed":true},"version":{"type":"string","description":"The version of the resource.","description_kind":"plain","computed":true}},"description":"The metadata of the resource.","description_kind":"plain"}},"options":{"nesting_mode":"single","block":{"attributes":{"allow_ui_updates":{"type":"bool","description":"Set to true to allow editing the resource from the Grafana UI. By default, resources managed by Terraform cannot be edited in the UI. Enabling this option will cause divergence between the Terraform configuration and the resource in Grafana.","description_kind":"plain","optional":true},"manager_identity":{"type":"string","description":"Override the identity stamped on this resource's manager metadata. Defaults to \"grafana-terraform-provider\". Use this to distinguish resources managed by different Terraform workspaces targeting the same Grafana instance.","description_kind":"plain","optional":true},"overwrite":{"type":"bool","description":"Set to true if you want to overwrite existing resource with newer version, same resource title in folder or same resource uid.","description_kind":"plain","optional":true}},"description":"Options for applying the resource.","description_kind":"plain"}},"spec":{"nesting_mode":"single","block":{"attributes":{"json":{"type":"string","description":"The JSON representation of the dashboard spec.","description_kind":"plain","required":true},"tags":{"type":["list","string"],"description":"The tags of the dashboard. If not set, the tags will be derived from the JSON spec.","description_kind":"plain","optional":true},"title":{"type":"string","description":"The title of the dashboard. If not set, the title will be derived from the JSON spec.","description_kind":"plain","optional":true}},"description":"The spec of the resource.","description_kind":"plain"}}},"description":"\nManages Grafana dashboards using the new Grafana APIs.\n\n* [Official documentation](https://grafana.com/docs/grafana/latest/dashboards/)\n* [HTTP API](https://grafana.com/docs/grafana/latest/developers/http_api/dashboard/#new-dashboard-apis)\n\t","description_kind":"markdown"}},"grafana_apps_dashboard_dashboard_v2":{"version":0,"block":{"attributes":{"id":{"type":"string","description":"The ID of the resource derived from UUID.","description_kind":"plain","computed":true}},"block_types":{"metadata":{"nesting_mode":"single","block":{"attributes":{"annotations":{"type":["map","string"],"description":"Annotations of the resource.","description_kind":"plain","computed":true},"folder_uid":{"type":"string","description":"The UID of the folder to save the resource in. For example, it's supported for dashboards and folders. To know if it's supported for the specific resource you're using check the documentation.","description_kind":"plain","optional":true},"uid":{"type":"string","description":"The unique identifier of the resource.","description_kind":"plain","required":true},"url":{"type":"string","description":"The full URL of the resource.","description_kind":"plain","computed":true},"uuid":{"type":"string","description":"The globally unique identifier of a resource, used by the API for tracking.","description_kind":"plain","computed":true},"version":{"type":"string","description":"The version of the resource.","description_kind":"plain","computed":true}},"description":"The metadata of the resource.","description_kind":"plain"}},"options":{"nesting_mode":"single","block":{"attributes":{"allow_ui_updates":{"type":"bool","description":"Set to true to allow editing the resource from the Grafana UI. By default, resources managed by Terraform cannot be edited in the UI. Enabling this option will cause divergence between the Terraform configuration and the resource in Grafana.","description_kind":"plain","optional":true},"manager_identity":{"type":"string","description":"Override the identity stamped on this resource's manager metadata. Defaults to \"grafana-terraform-provider\". Use this to distinguish resources managed by different Terraform workspaces targeting the same Grafana instance.","description_kind":"plain","optional":true},"overwrite":{"type":"bool","description":"Set to true if you want to overwrite existing resource with newer version, same resource title in folder or same resource uid.","description_kind":"plain","optional":true}},"description":"Options for applying the resource.","description_kind":"plain"}},"spec":{"nesting_mode":"single","block":{"attributes":{"json":{"type":"string","description":"The JSON representation of the dashboard v2 spec. Must be the spec object only — not the full Kubernetes envelope. Use: json = jsonencode(jsondecode(file(\"dashboard.json\")).spec)","description_kind":"plain","required":true},"tags":{"type":["list","string"],"description":"The tags of the dashboard. If not set, the tags will be derived from the JSON spec.","description_kind":"plain","optional":true},"title":{"type":"string","description":"The title of the dashboard. If not set, the title will be derived from the JSON spec.","description_kind":"plain","optional":true}},"description":"The spec of the resource.","description_kind":"plain"}}},"description":"\nManages Grafana dashboards using the v2 (Dynamic Dashboards) schema.\n\n* [Official documentation](https://grafana.com/docs/grafana/latest/dashboards/)\n* [HTTP API](https://grafana.com/docs/grafana/latest/developers/http_api/dashboard/#new-dashboard-apis)\n\t","description_kind":"markdown"}},"grafana_apps_dashboard_dashboard_v2beta1":{"version":0,"block":{"attributes":{"id":{"type":"string","description":"The ID of the resource derived from UUID.","description_kind":"plain","computed":true}},"block_types":{"metadata":{"nesting_mode":"single","block":{"attributes":{"annotations":{"type":["map","string"],"description":"Annotations of the resource.","description_kind":"plain","computed":true},"folder_uid":{"type":"string","description":"The UID of the folder to save the resource in. For example, it's supported for dashboards and folders. To know if it's supported for the specific resource you're using check the documentation.","description_kind":"plain","optional":true},"uid":{"type":"string","description":"The unique identifier of the resource.","description_kind":"plain","required":true},"url":{"type":"string","description":"The full URL of the resource.","description_kind":"plain","computed":true},"uuid":{"type":"string","description":"The globally unique identifier of a resource, used by the API for tracking.","description_kind":"plain","computed":true},"version":{"type":"string","description":"The version of the resource.","description_kind":"plain","computed":true}},"description":"The metadata of the resource.","description_kind":"plain"}},"options":{"nesting_mode":"single","block":{"attributes":{"allow_ui_updates":{"type":"bool","description":"Set to true to allow editing the resource from the Grafana UI. By default, resources managed by Terraform cannot be edited in the UI. Enabling this option will cause divergence between the Terraform configuration and the resource in Grafana.","description_kind":"plain","optional":true},"manager_identity":{"type":"string","description":"Override the identity stamped on this resource's manager metadata. Defaults to \"grafana-terraform-provider\". Use this to distinguish resources managed by different Terraform workspaces targeting the same Grafana instance.","description_kind":"plain","optional":true},"overwrite":{"type":"bool","description":"Set to true if you want to overwrite existing resource with newer version, same resource title in folder or same resource uid.","description_kind":"plain","optional":true}},"description":"Options for applying the resource.","description_kind":"plain"}},"spec":{"nesting_mode":"single","block":{"attributes":{"json":{"type":"string","description":"The JSON representation of the dashboard v2beta1 spec. Must be the spec object only — not the full Kubernetes envelope. Use: json = jsonencode(jsondecode(file(\"dashboard.json\")).spec)","description_kind":"plain","required":true},"tags":{"type":["list","string"],"description":"The tags of the dashboard. If not set, the tags will be derived from the JSON spec.","description_kind":"plain","optional":true},"title":{"type":"string","description":"The title of the dashboard. If not set, the title will be derived from the JSON spec.","description_kind":"plain","optional":true}},"description":"The spec of the resource.","description_kind":"plain"}}},"description":"\nManages Grafana dashboards using the v2beta1 (Dynamic Dashboards) schema.\n\n* [Official documentation](https://grafana.com/docs/grafana/latest/dashboards/)\n* [HTTP API](https://grafana.com/docs/grafana/latest/developers/http_api/dashboard/#new-dashboard-apis)\n\t","description_kind":"markdown"}},"grafana_apps_generic_resource":{"version":0,"block":{"attributes":{"allow_ui_updates":{"type":"bool","description":"Whether the resource can be edited from the Grafana UI. Defaults to `false` — Terraform-managed resources are locked from UI edits unless you opt in. Set to `true` to allow UI modifications; not supported by all resources.","description_kind":"plain","optional":true,"computed":true},"id":{"type":"string","description":"The API resource UUID assigned by Grafana. This is not used for import; import uses the object name stored in `metadata.uid`.","description_kind":"plain","computed":true},"manager_identity":{"type":"string","description":"Override the identity stamped on this resource's manager metadata. Defaults to \"grafana-terraform-provider\". Use this to distinguish resources managed by different Terraform workspaces targeting the same Grafana instance.","description_kind":"plain","optional":true},"manifest":{"type":"dynamic","description":"Kubernetes-style manifest, typically from `yamldecode(file(...))` or `jsondecode(file(...))`. Must contain `apiVersion`, `kind`, `metadata` (with `name` or `uid`), and `spec`. Use HCL `merge()` to inject Terraform variables. If you start from an exported manifest, remove noisy server-managed metadata such as `resourceVersion`, `generation`, and `managedFields`, or import the resource first and use the normalized state shape. If `metadata.namespace` is set, it must match the namespace selected from provider `org_id` or `stack_id` / autodiscovery. Top-level manifest fields are limited to `apiVersion`, `kind`, `metadata`, `spec`, and the ignored `status` field. The `secure` field must not be set here; use the top-level `secure` argument instead.","description_kind":"plain","optional":true,"computed":true},"secure":{"type":"dynamic","description":"Write-only secure values map. Each key must contain exactly one of `create` or `name`; empty objects are invalid.","description_kind":"plain","optional":true,"write_only":true},"secure_version":{"type":"number","description":"Set this to 1 when using `secure`, then increment it whenever you want Terraform to re-apply secure values.","description_kind":"plain","optional":true}},"description":"\nManages arbitrary Grafana App Platform resources when a typed Terraform resource is not yet available. The resource is still experimental; diffing semantics are subject to change - feedback welcome in https://github.com/grafana/terraform-provider-grafana/issues.\n\nThis resource accepts a Kubernetes-style `manifest` as the single source of truth for the resource definition. Use HCL `merge()` if you need to inject Terraform variables into a static manifest file.\n\nOnly namespaced App Platform kinds are supported. The provider autodiscovers the namespace from `/bootdata` on every operation. If autodiscovery does not find a cloud stack namespace, the provider falls back to the explicit `stack_id` and then `org_id` provider settings.\n\nTop-level manifest fields are limited to `apiVersion`, `kind`, `metadata`, `spec`, and the ignored `status` field. If `metadata.namespace` is configured, it must match the provider-selected namespace.\n\nInside `manifest.metadata`, both Kubernetes `name` and `uid` are accepted as input aliases for the object identifier.\n\nThe top-level `secure` argument is write-only and requires Terraform 1.11 or later. Each configured key must set exactly one of `create` or `name`, and Terraform only re-sends those secure values when `secure_version` changes.\n\nReads refresh managed drift from the API. Metadata drift is limited to the metadata keys you configured; `spec` is authoritative, so extra remote spec fields are refreshed into state and will drift until Terraform restores the configured object.\n\nImport format:\n\n```text\nterraform import grafana_apps_generic_resource.example \u003capi_group\u003e/\u003cversion\u003e/\u003ckind\u003e/\u003cobject_name\u003e\n```\n\nImport stores a normalized manifest without noisy server-managed metadata such as `resourceVersion` or `managedFields`. Because `secure` is write-only, imported configurations still need you to add `secure` and `secure_version` manually afterward.\n","description_kind":"markdown"}},"grafana_apps_notifications_inhibitionrule_v1beta1":{"version":0,"block":{"attributes":{"id":{"type":"string","description":"The ID of the resource derived from UUID.","description_kind":"plain","computed":true}},"block_types":{"metadata":{"nesting_mode":"single","block":{"attributes":{"annotations":{"type":["map","string"],"description":"Annotations of the resource.","description_kind":"plain","computed":true},"folder_uid":{"type":"string","description":"The UID of the folder to save the resource in. For example, it's supported for dashboards and folders. To know if it's supported for the specific resource you're using check the documentation.","description_kind":"plain","optional":true},"uid":{"type":"string","description":"The unique identifier of the resource.","description_kind":"plain","required":true},"url":{"type":"string","description":"The full URL of the resource.","description_kind":"plain","computed":true},"uuid":{"type":"string","description":"The globally unique identifier of a resource, used by the API for tracking.","description_kind":"plain","computed":true},"version":{"type":"string","description":"The version of the resource.","description_kind":"plain","computed":true}},"description":"The metadata of the resource.","description_kind":"plain"}},"options":{"nesting_mode":"single","block":{"attributes":{"manager_identity":{"type":"string","description":"Override the identity stamped on this resource's manager metadata. Defaults to \"grafana-terraform-provider\". Use this to distinguish resources managed by different Terraform workspaces targeting the same Grafana instance.","description_kind":"plain","optional":true},"overwrite":{"type":"bool","description":"Set to true if you want to overwrite existing resource with newer version, same resource title in folder or same resource uid.","description_kind":"plain","optional":true}},"description":"Options for applying the resource.","description_kind":"plain"}},"spec":{"nesting_mode":"single","block":{"attributes":{"equal":{"type":["list","string"],"description":"Labels that must have equal values in source and target alerts for the inhibition to take effect.","description_kind":"plain","optional":true},"source_matchers":{"type":["list",["object",{"label":"string","type":"string","value":"string"}]],"description":"Matchers that must be satisfied for an alert to be a source of inhibition.","description_kind":"plain","optional":true},"target_matchers":{"type":["list",["object",{"label":"string","type":"string","value":"string"}]],"description":"Matchers that must be satisfied for an alert to be inhibited.","description_kind":"plain","optional":true}},"description":"The spec of the resource.","description_kind":"plain"}}},"description":"\nManages Grafana Inhibition Rules.\n","description_kind":"markdown"}},"grafana_apps_notifications_routingtree_v1beta1":{"version":0,"block":{"attributes":{"id":{"type":"string","description":"The ID of the resource derived from UUID.","description_kind":"plain","computed":true}},"block_types":{"metadata":{"nesting_mode":"single","block":{"attributes":{"annotations":{"type":["map","string"],"description":"Annotations of the resource.","description_kind":"plain","computed":true},"folder_uid":{"type":"string","description":"The UID of the folder to save the resource in. For example, it's supported for dashboards and folders. To know if it's supported for the specific resource you're using check the documentation.","description_kind":"plain","optional":true},"uid":{"type":"string","description":"The unique identifier of the resource.","description_kind":"plain","required":true},"url":{"type":"string","description":"The full URL of the resource.","description_kind":"plain","computed":true},"uuid":{"type":"string","description":"The globally unique identifier of a resource, used by the API for tracking.","description_kind":"plain","computed":true},"version":{"type":"string","description":"The version of the resource.","description_kind":"plain","computed":true}},"description":"The metadata of the resource.","description_kind":"plain"}},"options":{"nesting_mode":"single","block":{"attributes":{"manager_identity":{"type":"string","description":"Override the identity stamped on this resource's manager metadata. Defaults to \"grafana-terraform-provider\". Use this to distinguish resources managed by different Terraform workspaces targeting the same Grafana instance.","description_kind":"plain","optional":true},"overwrite":{"type":"bool","description":"Set to true if you want to overwrite existing resource with newer version, same resource title in folder or same resource uid.","description_kind":"plain","optional":true}},"description":"Options for applying the resource.","description_kind":"plain"}},"spec":{"nesting_mode":"single","block":{"attributes":{"disable_provenance":{"type":"bool","description":"Set to `true` to allow editing this resource from other sources (UI, API). Defaults to `false`, which locks the resource to Terraform management only.","description_kind":"plain","optional":true,"computed":true}},"block_types":{"defaults":{"nesting_mode":"single","block":{"attributes":{"group_by":{"type":["list","string"],"description":"A list of alert labels to group alerts into notifications by. Use the special label `...` to group by all labels.","description_kind":"plain","optional":true},"group_interval":{"type":"string","description":"Minimum time interval between two notifications for the same group. Default is 5 minutes.","description_kind":"plain","optional":true},"group_wait":{"type":"string","description":"Time to wait to buffer alerts of the same group before sending a notification. Default is 30 seconds.","description_kind":"plain","optional":true},"receiver":{"type":"string","description":"The default contact point to route all unmatched notifications to.","description_kind":"plain","required":true},"repeat_interval":{"type":"string","description":"Minimum time interval for re-sending a notification if an alert is still firing. Default is 4 hours.","description_kind":"plain","optional":true}},"description":"The default values applied to alerts that do not match any specific route.","description_kind":"plain"}},"routes":{"nesting_mode":"list","block":{"attributes":{"active_time_intervals":{"type":["list","string"],"description":"A list of time interval names that activate this route only during the specified times.","description_kind":"plain","optional":true},"continue":{"type":"bool","description":"Whether to continue matching subsequent sibling routes if an alert matches this route. Defaults to false.","description_kind":"plain","optional":true,"computed":true},"group_by":{"type":["list","string"],"description":"A list of alert labels to group alerts into notifications by. Use the special label `...` to group by all labels. If not set, inherits from the nearest ancestor route that has it configured, ultimately falling back to `spec.defaults`.","description_kind":"plain","optional":true},"group_interval":{"type":"string","description":"Minimum time interval between two notifications for the same group. If not set, inherits from the nearest ancestor route that has it configured, ultimately falling back to `spec.defaults`.","description_kind":"plain","optional":true},"group_wait":{"type":"string","description":"Time to wait to buffer alerts of the same group before sending a notification. If not set, inherits from the nearest ancestor route that has it configured, ultimately falling back to `spec.defaults`.","description_kind":"plain","optional":true},"matchers":{"type":["list",["object",{"label":"string","type":"string","value":"string"}]],"description":"Matchers that an alert has to fulfill to match this route. When multiple matchers are supplied, an alert must match ALL of them.","description_kind":"plain","optional":true},"mute_time_intervals":{"type":["list","string"],"description":"A list of time interval names that mute this route during the specified times.","description_kind":"plain","optional":true},"receiver":{"type":"string","description":"The contact point to route notifications that match this rule to. If not set, inherits from the nearest ancestor route that has it configured, ultimately falling back to `spec.defaults`.","description_kind":"plain","optional":true},"repeat_interval":{"type":"string","description":"Minimum time interval for re-sending a notification if an alert is still firing. If not set, inherits from the nearest ancestor route that has it configured, ultimately falling back to `spec.defaults`.","description_kind":"plain","optional":true}},"block_types":{"routes":{"nesting_mode":"list","block":{"attributes":{"active_time_intervals":{"type":["list","string"],"description":"A list of time interval names that activate this route only during the specified times.","description_kind":"plain","optional":true},"continue":{"type":"bool","description":"Whether to continue matching subsequent sibling routes if an alert matches this route. Defaults to false.","description_kind":"plain","optional":true,"computed":true},"group_by":{"type":["list","string"],"description":"A list of alert labels to group alerts into notifications by. Use the special label `...` to group by all labels. If not set, inherits from the nearest ancestor route that has it configured, ultimately falling back to `spec.defaults`.","description_kind":"plain","optional":true},"group_interval":{"type":"string","description":"Minimum time interval between two notifications for the same group. If not set, inherits from the nearest ancestor route that has it configured, ultimately falling back to `spec.defaults`.","description_kind":"plain","optional":true},"group_wait":{"type":"string","description":"Time to wait to buffer alerts of the same group before sending a notification. If not set, inherits from the nearest ancestor route that has it configured, ultimately falling back to `spec.defaults`.","description_kind":"plain","optional":true},"matchers":{"type":["list",["object",{"label":"string","type":"string","value":"string"}]],"description":"Matchers that an alert has to fulfill to match this route. When multiple matchers are supplied, an alert must match ALL of them.","description_kind":"plain","optional":true},"mute_time_intervals":{"type":["list","string"],"description":"A list of time interval names that mute this route during the specified times.","description_kind":"plain","optional":true},"receiver":{"type":"string","description":"The contact point to route notifications that match this rule to. If not set, inherits from the nearest ancestor route that has it configured, ultimately falling back to `spec.defaults`.","description_kind":"plain","optional":true},"repeat_interval":{"type":"string","description":"Minimum time interval for re-sending a notification if an alert is still firing. If not set, inherits from the nearest ancestor route that has it configured, ultimately falling back to `spec.defaults`.","description_kind":"plain","optional":true}},"block_types":{"routes":{"nesting_mode":"list","block":{"attributes":{"active_time_intervals":{"type":["list","string"],"description":"A list of time interval names that activate this route only during the specified times.","description_kind":"plain","optional":true},"continue":{"type":"bool","description":"Whether to continue matching subsequent sibling routes if an alert matches this route. Defaults to false.","description_kind":"plain","optional":true,"computed":true},"group_by":{"type":["list","string"],"description":"A list of alert labels to group alerts into notifications by. Use the special label `...` to group by all labels. If not set, inherits from the nearest ancestor route that has it configured, ultimately falling back to `spec.defaults`.","description_kind":"plain","optional":true},"group_interval":{"type":"string","description":"Minimum time interval between two notifications for the same group. If not set, inherits from the nearest ancestor route that has it configured, ultimately falling back to `spec.defaults`.","description_kind":"plain","optional":true},"group_wait":{"type":"string","description":"Time to wait to buffer alerts of the same group before sending a notification. If not set, inherits from the nearest ancestor route that has it configured, ultimately falling back to `spec.defaults`.","description_kind":"plain","optional":true},"matchers":{"type":["list",["object",{"label":"string","type":"string","value":"string"}]],"description":"Matchers that an alert has to fulfill to match this route. When multiple matchers are supplied, an alert must match ALL of them.","description_kind":"plain","optional":true},"mute_time_intervals":{"type":["list","string"],"description":"A list of time interval names that mute this route during the specified times.","description_kind":"plain","optional":true},"receiver":{"type":"string","description":"The contact point to route notifications that match this rule to. If not set, inherits from the nearest ancestor route that has it configured, ultimately falling back to `spec.defaults`.","description_kind":"plain","optional":true},"repeat_interval":{"type":"string","description":"Minimum time interval for re-sending a notification if an alert is still firing. If not set, inherits from the nearest ancestor route that has it configured, ultimately falling back to `spec.defaults`.","description_kind":"plain","optional":true}},"block_types":{"routes":{"nesting_mode":"list","block":{"attributes":{"active_time_intervals":{"type":["list","string"],"description":"A list of time interval names that activate this route only during the specified times.","description_kind":"plain","optional":true},"continue":{"type":"bool","description":"Whether to continue matching subsequent sibling routes if an alert matches this route. Defaults to false.","description_kind":"plain","optional":true,"computed":true},"group_by":{"type":["list","string"],"description":"A list of alert labels to group alerts into notifications by. Use the special label `...` to group by all labels. If not set, inherits from the nearest ancestor route that has it configured, ultimately falling back to `spec.defaults`.","description_kind":"plain","optional":true},"group_interval":{"type":"string","description":"Minimum time interval between two notifications for the same group. If not set, inherits from the nearest ancestor route that has it configured, ultimately falling back to `spec.defaults`.","description_kind":"plain","optional":true},"group_wait":{"type":"string","description":"Time to wait to buffer alerts of the same group before sending a notification. If not set, inherits from the nearest ancestor route that has it configured, ultimately falling back to `spec.defaults`.","description_kind":"plain","optional":true},"matchers":{"type":["list",["object",{"label":"string","type":"string","value":"string"}]],"description":"Matchers that an alert has to fulfill to match this route. When multiple matchers are supplied, an alert must match ALL of them.","description_kind":"plain","optional":true},"mute_time_intervals":{"type":["list","string"],"description":"A list of time interval names that mute this route during the specified times.","description_kind":"plain","optional":true},"receiver":{"type":"string","description":"The contact point to route notifications that match this rule to. If not set, inherits from the nearest ancestor route that has it configured, ultimately falling back to `spec.defaults`.","description_kind":"plain","optional":true},"repeat_interval":{"type":"string","description":"Minimum time interval for re-sending a notification if an alert is still firing. If not set, inherits from the nearest ancestor route that has it configured, ultimately falling back to `spec.defaults`.","description_kind":"plain","optional":true}},"block_types":{"routes":{"nesting_mode":"list","block":{"attributes":{"active_time_intervals":{"type":["list","string"],"description":"A list of time interval names that activate this route only during the specified times.","description_kind":"plain","optional":true},"continue":{"type":"bool","description":"Whether to continue matching subsequent sibling routes if an alert matches this route. Defaults to false.","description_kind":"plain","optional":true,"computed":true},"group_by":{"type":["list","string"],"description":"A list of alert labels to group alerts into notifications by. Use the special label `...` to group by all labels. If not set, inherits from the nearest ancestor route that has it configured, ultimately falling back to `spec.defaults`.","description_kind":"plain","optional":true},"group_interval":{"type":"string","description":"Minimum time interval between two notifications for the same group. If not set, inherits from the nearest ancestor route that has it configured, ultimately falling back to `spec.defaults`.","description_kind":"plain","optional":true},"group_wait":{"type":"string","description":"Time to wait to buffer alerts of the same group before sending a notification. If not set, inherits from the nearest ancestor route that has it configured, ultimately falling back to `spec.defaults`.","description_kind":"plain","optional":true},"matchers":{"type":["list",["object",{"label":"string","type":"string","value":"string"}]],"description":"Matchers that an alert has to fulfill to match this route. When multiple matchers are supplied, an alert must match ALL of them.","description_kind":"plain","optional":true},"mute_time_intervals":{"type":["list","string"],"description":"A list of time interval names that mute this route during the specified times.","description_kind":"plain","optional":true},"receiver":{"type":"string","description":"The contact point to route notifications that match this rule to. If not set, inherits from the nearest ancestor route that has it configured, ultimately falling back to `spec.defaults`.","description_kind":"plain","optional":true},"repeat_interval":{"type":"string","description":"Minimum time interval for re-sending a notification if an alert is still firing. If not set, inherits from the nearest ancestor route that has it configured, ultimately falling back to `spec.defaults`.","description_kind":"plain","optional":true}},"description":"Child routes of this route.","description_kind":"plain"}}},"description":"Child routes of this route.","description_kind":"plain"}}},"description":"Child routes of this route.","description_kind":"plain"}}},"description":"Child routes of this route.","description_kind":"plain"}}},"description":"Child routes of this route.","description_kind":"plain"}}},"description":"The spec of the resource.","description_kind":"plain"}}},"description":"\nManages the Grafana notification routing tree using the Grafana Alerting Notifications API.\n\nThe routing tree determines which contact point an alert is routed to, based on its labels.\n\nRequires Grafana 13.1+ with the `alertingMultiplePolicies` [feature toggle](https://grafana.com/docs/grafana/latest/setup-grafana/configure-grafana/feature-toggles/) enabled.\n\n* [Official documentation](https://grafana.com/docs/grafana/latest/alerting/configure-notifications/create-notification-policy/)\n","description_kind":"markdown"}},"grafana_apps_playlist_playlist_v0alpha1":{"version":0,"block":{"attributes":{"id":{"type":"string","description":"The ID of the resource derived from UUID.","description_kind":"plain","computed":true}},"block_types":{"metadata":{"nesting_mode":"single","block":{"attributes":{"annotations":{"type":["map","string"],"description":"Annotations of the resource.","description_kind":"plain","computed":true},"folder_uid":{"type":"string","description":"The UID of the folder to save the resource in. For example, it's supported for dashboards and folders. To know if it's supported for the specific resource you're using check the documentation.","description_kind":"plain","optional":true},"uid":{"type":"string","description":"The unique identifier of the resource.","description_kind":"plain","required":true},"url":{"type":"string","description":"The full URL of the resource.","description_kind":"plain","computed":true},"uuid":{"type":"string","description":"The globally unique identifier of a resource, used by the API for tracking.","description_kind":"plain","computed":true},"version":{"type":"string","description":"The version of the resource.","description_kind":"plain","computed":true}},"description":"The metadata of the resource.","description_kind":"plain"}},"options":{"nesting_mode":"single","block":{"attributes":{"manager_identity":{"type":"string","description":"Override the identity stamped on this resource's manager metadata. Defaults to \"grafana-terraform-provider\". Use this to distinguish resources managed by different Terraform workspaces targeting the same Grafana instance.","description_kind":"plain","optional":true},"overwrite":{"type":"bool","description":"Set to true if you want to overwrite existing resource with newer version, same resource title in folder or same resource uid.","description_kind":"plain","optional":true}},"description":"Options for applying the resource.","description_kind":"plain"}},"spec":{"nesting_mode":"single","block":{"attributes":{"interval":{"type":"string","description":"The interval of the playlist.","description_kind":"plain","optional":true},"items":{"type":["list",["object",{"type":"string","value":"string"}]],"description":"The items of the playlist.","description_kind":"plain","required":true},"title":{"type":"string","description":"The title of the playlist.","description_kind":"plain","required":true}},"description":"The spec of the resource.","description_kind":"plain"}}},"description":"\nManages Grafana playlists using the new Grafana APIs.\n\n* [Official documentation](https://grafana.com/docs/grafana/latest/dashboards/create-manage-playlists/)\n* [HTTP API](https://grafana.com/docs/grafana/latest/developers/http_api/apis/)\n","description_kind":"markdown"}},"grafana_apps_playlist_playlist_v1":{"version":0,"block":{"attributes":{"id":{"type":"string","description":"The ID of the resource derived from UUID.","description_kind":"plain","computed":true}},"block_types":{"metadata":{"nesting_mode":"single","block":{"attributes":{"annotations":{"type":["map","string"],"description":"Annotations of the resource.","description_kind":"plain","computed":true},"folder_uid":{"type":"string","description":"The UID of the folder to save the resource in. For example, it's supported for dashboards and folders. To know if it's supported for the specific resource you're using check the documentation.","description_kind":"plain","optional":true},"uid":{"type":"string","description":"The unique identifier of the resource.","description_kind":"plain","required":true},"url":{"type":"string","description":"The full URL of the resource.","description_kind":"plain","computed":true},"uuid":{"type":"string","description":"The globally unique identifier of a resource, used by the API for tracking.","description_kind":"plain","computed":true},"version":{"type":"string","description":"The version of the resource.","description_kind":"plain","computed":true}},"description":"The metadata of the resource.","description_kind":"plain"}},"options":{"nesting_mode":"single","block":{"attributes":{"manager_identity":{"type":"string","description":"Override the identity stamped on this resource's manager metadata. Defaults to \"grafana-terraform-provider\". Use this to distinguish resources managed by different Terraform workspaces targeting the same Grafana instance.","description_kind":"plain","optional":true},"overwrite":{"type":"bool","description":"Set to true if you want to overwrite existing resource with newer version, same resource title in folder or same resource uid.","description_kind":"plain","optional":true}},"description":"Options for applying the resource.","description_kind":"plain"}},"spec":{"nesting_mode":"single","block":{"attributes":{"interval":{"type":"string","description":"The interval of the playlist.","description_kind":"plain","optional":true},"items":{"type":["list",["object",{"type":"string","value":"string"}]],"description":"The items of the playlist.","description_kind":"plain","required":true},"title":{"type":"string","description":"The title of the playlist.","description_kind":"plain","required":true}},"description":"The spec of the resource.","description_kind":"plain"}}},"description":"\nManages Grafana playlists using the new Grafana APIs.\n\n* [Official documentation](https://grafana.com/docs/grafana/latest/dashboards/create-manage-playlists/)\n* [HTTP API](https://grafana.com/docs/grafana/latest/developers/http_api/apis/)\n","description_kind":"markdown"}},"grafana_apps_productactivation_appo11yconfig_v1alpha1":{"version":0,"block":{"attributes":{"id":{"type":"string","description":"The ID of the resource derived from UUID.","description_kind":"plain","computed":true}},"block_types":{"metadata":{"nesting_mode":"single","block":{"attributes":{"annotations":{"type":["map","string"],"description":"Annotations of the resource.","description_kind":"plain","computed":true},"folder_uid":{"type":"string","description":"The UID of the folder to save the resource in. For example, it's supported for dashboards and folders. To know if it's supported for the specific resource you're using check the documentation.","description_kind":"plain","optional":true},"uid":{"type":"string","description":"The unique identifier of the resource.","description_kind":"plain","required":true},"url":{"type":"string","description":"The full URL of the resource.","description_kind":"plain","computed":true},"uuid":{"type":"string","description":"The globally unique identifier of a resource, used by the API for tracking.","description_kind":"plain","computed":true},"version":{"type":"string","description":"The version of the resource.","description_kind":"plain","computed":true}},"description":"The metadata of the resource.","description_kind":"plain"}},"options":{"nesting_mode":"single","block":{"attributes":{"manager_identity":{"type":"string","description":"Override the identity stamped on this resource's manager metadata. Defaults to \"grafana-terraform-provider\". Use this to distinguish resources managed by different Terraform workspaces targeting the same Grafana instance.","description_kind":"plain","optional":true},"overwrite":{"type":"bool","description":"Set to true if you want to overwrite existing resource with newer version, same resource title in folder or same resource uid.","description_kind":"plain","optional":true}},"description":"Options for applying the resource.","description_kind":"plain"}},"spec":{"nesting_mode":"single","block":{"attributes":{"enabled":{"type":"bool","description":"Whether application observability is enabled.","description_kind":"plain","required":true}},"description":"The spec of the resource.","description_kind":"plain"}}},"description":"\nManages Grafana Application Observability configurations using the Grafana APIs.\n\nThis resource allows you to enable or disable application observability features.\n\n**Note**: This is a singleton resource. The UID is automatically set to \"global\" and there can only be one per namespace.\n","description_kind":"markdown"}},"grafana_apps_productactivation_dbo11yconfig_v1alpha1":{"version":0,"block":{"attributes":{"id":{"type":"string","description":"The ID of the resource derived from UUID.","description_kind":"plain","computed":true}},"block_types":{"metadata":{"nesting_mode":"single","block":{"attributes":{"annotations":{"type":["map","string"],"description":"Annotations of the resource.","description_kind":"plain","computed":true},"folder_uid":{"type":"string","description":"The UID of the folder to save the resource in. For example, it's supported for dashboards and folders. To know if it's supported for the specific resource you're using check the documentation.","description_kind":"plain","optional":true},"uid":{"type":"string","description":"The unique identifier of the resource.","description_kind":"plain","required":true},"url":{"type":"string","description":"The full URL of the resource.","description_kind":"plain","computed":true},"uuid":{"type":"string","description":"The globally unique identifier of a resource, used by the API for tracking.","description_kind":"plain","computed":true},"version":{"type":"string","description":"The version of the resource.","description_kind":"plain","computed":true}},"description":"The metadata of the resource.","description_kind":"plain"}},"options":{"nesting_mode":"single","block":{"attributes":{"manager_identity":{"type":"string","description":"Override the identity stamped on this resource's manager metadata. Defaults to \"grafana-terraform-provider\". Use this to distinguish resources managed by different Terraform workspaces targeting the same Grafana instance.","description_kind":"plain","optional":true},"overwrite":{"type":"bool","description":"Set to true if you want to overwrite existing resource with newer version, same resource title in folder or same resource uid.","description_kind":"plain","optional":true}},"description":"Options for applying the resource.","description_kind":"plain"}},"spec":{"nesting_mode":"single","block":{"attributes":{"enabled":{"type":"bool","description":"Whether database observability is enabled.","description_kind":"plain","required":true}},"description":"The spec of the resource.","description_kind":"plain"}}},"description":"\nManages Grafana Database Observability configurations using the Grafana APIs.\n\nThis resource allows you to enable or disable database observability features.\n\n**Note**: This is a singleton resource. The UID is automatically set to \"global\" and there can only be one per namespace.\n","description_kind":"markdown"}},"grafana_apps_productactivation_k8so11yconfig_v1alpha1":{"version":0,"block":{"attributes":{"id":{"type":"string","description":"The ID of the resource derived from UUID.","description_kind":"plain","computed":true}},"block_types":{"metadata":{"nesting_mode":"single","block":{"attributes":{"annotations":{"type":["map","string"],"description":"Annotations of the resource.","description_kind":"plain","computed":true},"folder_uid":{"type":"string","description":"The UID of the folder to save the resource in. For example, it's supported for dashboards and folders. To know if it's supported for the specific resource you're using check the documentation.","description_kind":"plain","optional":true},"uid":{"type":"string","description":"The unique identifier of the resource.","description_kind":"plain","required":true},"url":{"type":"string","description":"The full URL of the resource.","description_kind":"plain","computed":true},"uuid":{"type":"string","description":"The globally unique identifier of a resource, used by the API for tracking.","description_kind":"plain","computed":true},"version":{"type":"string","description":"The version of the resource.","description_kind":"plain","computed":true}},"description":"The metadata of the resource.","description_kind":"plain"}},"options":{"nesting_mode":"single","block":{"attributes":{"manager_identity":{"type":"string","description":"Override the identity stamped on this resource's manager metadata. Defaults to \"grafana-terraform-provider\". Use this to distinguish resources managed by different Terraform workspaces targeting the same Grafana instance.","description_kind":"plain","optional":true},"overwrite":{"type":"bool","description":"Set to true if you want to overwrite existing resource with newer version, same resource title in folder or same resource uid.","description_kind":"plain","optional":true}},"description":"Options for applying the resource.","description_kind":"plain"}},"spec":{"nesting_mode":"single","block":{"attributes":{"enabled":{"type":"bool","description":"Whether Kubernetes observability is enabled.","description_kind":"plain","required":true}},"description":"The spec of the resource.","description_kind":"plain"}}},"description":"\nManages Grafana Kubernetes Observability configurations using the Grafana APIs.\n\nThis resource allows you to enable or disable Kubernetes observability features.\n\n**Note**: This is a singleton resource. The UID is automatically set to \"global\" and there can only be one per namespace.\n","description_kind":"markdown"}},"grafana_apps_provisioning_connection_v0alpha1":{"version":0,"block":{"attributes":{"id":{"type":"string","description":"The ID of the resource derived from UUID.","description_kind":"plain","computed":true},"secure_version":{"type":"number","description":"Set this to 1 when using `secure`, then increment it to trigger re-application of secure values.","description_kind":"plain","optional":true}},"block_types":{"metadata":{"nesting_mode":"single","block":{"attributes":{"annotations":{"type":["map","string"],"description":"Annotations of the resource.","description_kind":"plain","computed":true},"folder_uid":{"type":"string","description":"The UID of the folder to save the resource in. For example, it's supported for dashboards and folders. To know if it's supported for the specific resource you're using check the documentation.","description_kind":"plain","optional":true},"uid":{"type":"string","description":"The unique identifier of the resource.","description_kind":"plain","required":true},"url":{"type":"string","description":"The full URL of the resource.","description_kind":"plain","computed":true},"uuid":{"type":"string","description":"The globally unique identifier of a resource, used by the API for tracking.","description_kind":"plain","computed":true},"version":{"type":"string","description":"The version of the resource.","description_kind":"plain","computed":true}},"description":"The metadata of the resource.","description_kind":"plain"}},"options":{"nesting_mode":"single","block":{"attributes":{"manager_identity":{"type":"string","description":"Override the identity stamped on this resource's manager metadata. Defaults to \"grafana-terraform-provider\". Use this to distinguish resources managed by different Terraform workspaces targeting the same Grafana instance.","description_kind":"plain","optional":true},"overwrite":{"type":"bool","description":"Set to true if you want to overwrite existing resource with newer version, same resource title in folder or same resource uid.","description_kind":"plain","optional":true}},"description":"Options for applying the resource.","description_kind":"plain"}},"secure":{"nesting_mode":"single","block":{"attributes":{"private_key":{"type":["map","string"],"description":"Private key for GitHub App authentication.","description_kind":"plain","optional":true,"write_only":true},"token":{"type":["map","string"],"description":"Access token.","description_kind":"plain","optional":true,"write_only":true}},"description":"Sensitive credentials. Values are write-only and never stored in Terraform state.","description_kind":"plain"}},"spec":{"nesting_mode":"single","block":{"attributes":{"description":{"type":"string","description":"Connection description.","description_kind":"plain","optional":true},"title":{"type":"string","description":"Display name shown in the UI.","description_kind":"plain","required":true},"type":{"type":"string","description":"Connection provider type.","description_kind":"plain","required":true},"url":{"type":"string","description":"Provider URL.","description_kind":"plain","optional":true}},"block_types":{"github":{"nesting_mode":"single","block":{"attributes":{"app_id":{"type":"string","description":"GitHub App ID.","description_kind":"plain","required":true},"installation_id":{"type":"string","description":"GitHub App installation ID.","description_kind":"plain","required":true}},"description":"GitHub App configuration.","description_kind":"plain"}}},"description":"The spec of the resource.","description_kind":"plain"}}},"description":"\nManages Grafana Git Sync connections used by repositories for provider authentication.\n","description_kind":"markdown"}},"grafana_apps_provisioning_repository_v0alpha1":{"version":0,"block":{"attributes":{"id":{"type":"string","description":"The ID of the resource derived from UUID.","description_kind":"plain","computed":true},"secure_version":{"type":"number","description":"Set this to 1 when using `secure`, then increment it to trigger re-application of secure values.","description_kind":"plain","optional":true}},"block_types":{"metadata":{"nesting_mode":"single","block":{"attributes":{"annotations":{"type":["map","string"],"description":"Annotations of the resource.","description_kind":"plain","computed":true},"folder_uid":{"type":"string","description":"The UID of the folder to save the resource in. For example, it's supported for dashboards and folders. To know if it's supported for the specific resource you're using check the documentation.","description_kind":"plain","optional":true},"uid":{"type":"string","description":"The unique identifier of the resource.","description_kind":"plain","required":true},"url":{"type":"string","description":"The full URL of the resource.","description_kind":"plain","computed":true},"uuid":{"type":"string","description":"The globally unique identifier of a resource, used by the API for tracking.","description_kind":"plain","computed":true},"version":{"type":"string","description":"The version of the resource.","description_kind":"plain","computed":true}},"description":"The metadata of the resource.","description_kind":"plain"}},"options":{"nesting_mode":"single","block":{"attributes":{"manager_identity":{"type":"string","description":"Override the identity stamped on this resource's manager metadata. Defaults to \"grafana-terraform-provider\". Use this to distinguish resources managed by different Terraform workspaces targeting the same Grafana instance.","description_kind":"plain","optional":true},"overwrite":{"type":"bool","description":"Set to true if you want to overwrite existing resource with newer version, same resource title in folder or same resource uid.","description_kind":"plain","optional":true}},"description":"Options for applying the resource.","description_kind":"plain"}},"secure":{"nesting_mode":"single","block":{"attributes":{"commit_signing_key":{"type":["map","string"],"description":"Private key used to sign commits the repository writes back. The format is selected by `spec.commit.signing_method`.","description_kind":"plain","optional":true,"write_only":true},"token":{"type":["map","string"],"description":"Token for repository authentication.","description_kind":"plain","optional":true,"write_only":true},"webhook_secret":{"type":["map","string"],"description":"Webhook secret.","description_kind":"plain","optional":true,"write_only":true}},"description":"Sensitive credentials. Values are write-only and never stored in Terraform state.","description_kind":"plain"}},"spec":{"nesting_mode":"single","block":{"attributes":{"description":{"type":"string","description":"Repository description.","description_kind":"plain","optional":true},"title":{"type":"string","description":"Display name shown in the UI.","description_kind":"plain","required":true},"type":{"type":"string","description":"Repository provider type: local, github, githubEnterprise, git, bitbucket, or gitlab.","description_kind":"plain","required":true},"workflows":{"type":["list","string"],"description":"Allowed change workflows: write, branch.","description_kind":"plain","optional":true}},"block_types":{"bitbucket":{"nesting_mode":"single","block":{"attributes":{"branch":{"type":"string","description":"Branch to sync.","description_kind":"plain","optional":true},"path":{"type":"string","description":"Optional subdirectory path.","description_kind":"plain","optional":true},"token_user":{"type":"string","description":"Username for PAT auth.","description_kind":"plain","optional":true},"url":{"type":"string","description":"Repository URL.","description_kind":"plain","optional":true}},"description":"Bitbucket repository configuration.","description_kind":"plain"}},"branch":{"nesting_mode":"single","block":{"attributes":{"enforce_template":{"type":"bool","description":"When true, the branch name field in Save drawers is read-only.","description_kind":"plain","optional":true},"name_template":{"type":"string","description":"Template for the branch name created in the branch workflow.","description_kind":"plain","optional":true}},"description":"Branch naming options for the branch workflow.","description_kind":"plain"}},"commit":{"nesting_mode":"single","block":{"attributes":{"enforce_template":{"type":"bool","description":"When true, the commit message field in Save drawers is pre-filled from the template and rendered read-only.","description_kind":"plain","optional":true},"signer_email":{"type":"string","description":"Email used as the commit signer. Defaults to \"noreply@grafana.com\" when empty.","description_kind":"plain","optional":true},"signer_name":{"type":"string","description":"Name used as the commit signer. Defaults to \"Grafana\" when empty.","description_kind":"plain","optional":true},"signing_method":{"type":"string","description":"Method used to sign commits with the key in `secure.commit_signing_key`: gpg, ssh, or smime. When empty, commits are not signed.","description_kind":"plain","optional":true},"single_resource_message_template":{"type":"string","description":"Template for commit messages produced by single-resource UI operations.","description_kind":"plain","optional":true},"smime_certificate":{"type":"string","description":"PEM-encoded X.509 certificate paired with `secure.commit_signing_key` when `signing_method` is smime. This is public, not a secret.","description_kind":"plain","optional":true}},"description":"Commit message and signing options.","description_kind":"plain"}},"connection":{"nesting_mode":"single","block":{"attributes":{"name":{"type":"string","description":"Connection resource name.","description_kind":"plain","optional":true}},"description":"Connection resource reference.","description_kind":"plain"}},"git":{"nesting_mode":"single","block":{"attributes":{"branch":{"type":"string","description":"Branch to sync.","description_kind":"plain","optional":true},"path":{"type":"string","description":"Optional subdirectory path.","description_kind":"plain","optional":true},"token_user":{"type":"string","description":"Username for PAT auth.","description_kind":"plain","optional":true},"url":{"type":"string","description":"Repository URL.","description_kind":"plain","optional":true}},"description":"Generic git repository configuration.","description_kind":"plain"}},"github":{"nesting_mode":"single","block":{"attributes":{"branch":{"type":"string","description":"Branch to sync.","description_kind":"plain","optional":true},"generate_dashboard_previews":{"type":"bool","description":"Whether to generate dashboard previews.","description_kind":"plain","optional":true},"path":{"type":"string","description":"Optional subdirectory path.","description_kind":"plain","optional":true},"url":{"type":"string","description":"Repository URL.","description_kind":"plain","optional":true}},"description":"GitHub repository configuration.","description_kind":"plain"}},"github_enterprise":{"nesting_mode":"single","block":{"attributes":{"branch":{"type":"string","description":"Branch to sync.","description_kind":"plain","optional":true},"generate_dashboard_previews":{"type":"bool","description":"Whether to generate dashboard previews.","description_kind":"plain","optional":true},"path":{"type":"string","description":"Optional subdirectory path.","description_kind":"plain","optional":true},"server_url":{"type":"string","description":"Base URL of the self-managed GitHub Enterprise Server instance.","description_kind":"plain","optional":true},"url":{"type":"string","description":"Repository URL.","description_kind":"plain","optional":true}},"description":"GitHub Enterprise Server repository configuration.","description_kind":"plain"}},"gitlab":{"nesting_mode":"single","block":{"attributes":{"branch":{"type":"string","description":"Branch to sync.","description_kind":"plain","optional":true},"path":{"type":"string","description":"Optional subdirectory path.","description_kind":"plain","optional":true},"url":{"type":"string","description":"Repository URL.","description_kind":"plain","optional":true}},"description":"GitLab repository configuration.","description_kind":"plain"}},"local":{"nesting_mode":"single","block":{"attributes":{"path":{"type":"string","description":"Filesystem path.","description_kind":"plain","optional":true}},"description":"Local filesystem repository configuration.","description_kind":"plain"}},"pull_request":{"nesting_mode":"single","block":{"attributes":{"enforce_template":{"type":"bool","description":"When true, the pull request title field in Save drawers is read-only.","description_kind":"plain","optional":true},"title_template":{"type":"string","description":"Template for pull request titles.","description_kind":"plain","optional":true}},"description":"Pull request options for the branch workflow.","description_kind":"plain"}},"sync":{"nesting_mode":"single","block":{"attributes":{"enabled":{"type":"bool","description":"Whether sync is enabled.","description_kind":"plain","required":true},"interval_seconds":{"type":"number","description":"Sync interval in seconds.","description_kind":"plain","optional":true},"target":{"type":"string","description":"Sync target: instance, folder, or folderless.","description_kind":"plain","required":true}},"description":"Sync configuration.","description_kind":"plain"}},"webhook":{"nesting_mode":"single","block":{"attributes":{"base_url":{"type":"string","description":"Optional public webhook base URL override used when incoming webhook delivery must target a different host than the Grafana UI URL.","description_kind":"plain","optional":true}},"description":"Webhook delivery configuration.","description_kind":"plain"}}},"description":"The spec of the resource.","description_kind":"plain"}}},"description":"\nManages Grafana Git Sync repositories for provisioning dashboards and related resources.\n","description_kind":"markdown"}},"grafana_apps_queries_query_v1":{"version":0,"block":{"attributes":{"id":{"type":"string","description":"The ID of the resource derived from UUID.","description_kind":"plain","computed":true}},"block_types":{"metadata":{"nesting_mode":"single","block":{"attributes":{"annotations":{"type":["map","string"],"description":"Annotations of the resource.","description_kind":"plain","computed":true},"folder_uid":{"type":"string","description":"The UID of the folder to save the resource in. For example, it's supported for dashboards and folders. To know if it's supported for the specific resource you're using check the documentation.","description_kind":"plain","optional":true},"uid":{"type":"string","description":"The unique identifier of the resource.","description_kind":"plain","required":true},"url":{"type":"string","description":"The full URL of the resource.","description_kind":"plain","computed":true},"uuid":{"type":"string","description":"The globally unique identifier of a resource, used by the API for tracking.","description_kind":"plain","computed":true},"version":{"type":"string","description":"The version of the resource.","description_kind":"plain","computed":true}},"description":"The metadata of the resource.","description_kind":"plain"}},"options":{"nesting_mode":"single","block":{"attributes":{"manager_identity":{"type":"string","description":"Override the identity stamped on this resource's manager metadata. Defaults to \"grafana-terraform-provider\". Use this to distinguish resources managed by different Terraform workspaces targeting the same Grafana instance.","description_kind":"plain","optional":true},"overwrite":{"type":"bool","description":"Set to true if you want to overwrite existing resource with newer version, same resource title in folder or same resource uid.","description_kind":"plain","optional":true}},"description":"Options for applying the resource.","description_kind":"plain"}},"spec":{"nesting_mode":"single","block":{"attributes":{"description":{"type":"string","description":"A longer description of the saved query.","description_kind":"plain","optional":true},"is_locked":{"type":"bool","description":"Whether the saved query is locked and cannot be edited in the UI. This is purely for UI display purposes and not for security.","description_kind":"plain","optional":true},"is_visible":{"type":"bool","description":"Whether the saved query is visible in the query library.","description_kind":"plain","optional":true},"tags":{"type":["set","string"],"description":"The tags used to filter the saved query.","description_kind":"plain","optional":true},"title":{"type":"string","description":"The display name of the saved query.","description_kind":"plain","required":true}},"block_types":{"targets":{"nesting_mode":"list","block":{"attributes":{"data_type":{"type":"string","description":"The returned Dataplane frame type for the target.","description_kind":"plain","optional":true},"properties_json":{"type":"string","description":"The datasource query for the target, as a JSON string (use jsonencode()).","description_kind":"plain","required":true},"variables_json":{"type":"string","description":"The variable replacements to apply to the target, as a JSON string (use jsonencode()).","description_kind":"plain","optional":true}},"description":"The query targets that make up the saved query. At least one target is required.","description_kind":"plain"}},"vars":{"nesting_mode":"list","block":{"attributes":{"default_values":{"type":["list","string"],"description":"The values used when no value is selected during render.","description_kind":"plain","optional":true},"key":{"type":"string","description":"The name of the variable.","description_kind":"plain","required":true},"value_list_definition_json":{"type":"string","description":"The definition (as a JSON string) used by the frontend to fetch the list of selectable values.","description_kind":"plain","optional":true}},"description":"The template variables that can be interpolated into the query targets.","description_kind":"plain"}}},"description":"The spec of the resource.","description_kind":"plain"}}},"description":"\nManages Grafana Saved Queries, also known as the Query Library, using the Grafana App Platform API (`queries.grafana.app/v1`).\n\nThe datasource query stored in each target, the target's variable replacements, and a variable's value list definition are passed as raw JSON strings (use `jsonencode()`) because their shape depends on the datasource.\n\n* [Query Library documentation](https://grafana.com/docs/grafana/latest/explore/query-management/)\n","description_kind":"markdown"}},"grafana_apps_rules_alertrule_v0alpha1":{"version":0,"block":{"attributes":{"id":{"type":"string","description":"The ID of the resource derived from UUID.","description_kind":"plain","computed":true}},"block_types":{"metadata":{"nesting_mode":"single","block":{"attributes":{"annotations":{"type":["map","string"],"description":"Annotations of the resource.","description_kind":"plain","computed":true},"folder_uid":{"type":"string","description":"The UID of the folder to save the resource in. For example, it's supported for dashboards and folders. To know if it's supported for the specific resource you're using check the documentation.","description_kind":"plain","optional":true},"uid":{"type":"string","description":"The unique identifier of the resource.","description_kind":"plain","required":true},"url":{"type":"string","description":"The full URL of the resource.","description_kind":"plain","computed":true},"uuid":{"type":"string","description":"The globally unique identifier of a resource, used by the API for tracking.","description_kind":"plain","computed":true},"version":{"type":"string","description":"The version of the resource.","description_kind":"plain","computed":true}},"description":"The metadata of the resource.","description_kind":"plain"}},"options":{"nesting_mode":"single","block":{"attributes":{"manager_identity":{"type":"string","description":"Override the identity stamped on this resource's manager metadata. Defaults to \"grafana-terraform-provider\". Use this to distinguish resources managed by different Terraform workspaces targeting the same Grafana instance.","description_kind":"plain","optional":true},"overwrite":{"type":"bool","description":"Set to true if you want to overwrite existing resource with newer version, same resource title in folder or same resource uid.","description_kind":"plain","optional":true}},"description":"Options for applying the resource.","description_kind":"plain"}},"spec":{"nesting_mode":"single","block":{"attributes":{"annotations":{"type":["map","string"],"description":"Key-value pairs of metadata to attach to the alert rule. They add additional information, such as a `summary` or `runbook_url`, to help identify and investigate alerts.","description_kind":"plain","optional":true},"exec_err_state":{"type":"string","description":"Describes what state to enter when the rule's query is invalid and the rule cannot be executed. Options are OK, Error, KeepLast, and Alerting.","description_kind":"plain","required":true},"expressions":{"type":["map","string"],"description":"A sequence of stages that describe the contents of the rule. Each value is a JSON string representing an expression object.","description_kind":"plain","required":true},"for":{"type":"string","description":"The amount of time for which the rule must be breached for the rule to be considered to be Firing. Before this time has elapsed, the rule is only considered to be Pending.","description_kind":"plain","optional":true},"keep_firing_for":{"type":"string","description":"The amount of time for which the rule will considered to be Recovering after initially Firing. Before this time has elapsed, the rule will continue to fire once it's been triggered.","description_kind":"plain","optional":true},"labels":{"type":["map","string"],"description":"Key-value pairs to attach to the alert rule that can be used in matching, grouping, and routing.","description_kind":"plain","optional":true},"missing_series_evals_to_resolve":{"type":"number","description":"The number of missing series evaluations that must occur before the rule is considered to be resolved.","description_kind":"plain","optional":true},"no_data_state":{"type":"string","description":"Describes what state to enter when the rule's query returns No Data. Options are OK, NoData, KeepLast, and Alerting.","description_kind":"plain","required":true},"panel_ref":{"type":["map","string"],"description":"Reference to a panel that this alert rule is associated with. Should be an object with 'dashboard_uid' (string) and 'panel_id' (number) fields.","description_kind":"plain","optional":true},"paused":{"type":"bool","description":"Sets whether the rule should be paused or not.","description_kind":"plain","optional":true},"title":{"type":"string","description":"The title of the alert rule.","description_kind":"plain","required":true}},"block_types":{"notification_settings":{"nesting_mode":"single","block":{"attributes":{"active_timings":{"type":["list","string"],"description":"Deprecated. A list of time interval names to apply to alerts that match this policy.","description_kind":"plain","deprecated":true,"optional":true},"contact_point":{"type":"string","description":"Deprecated. The contact point to route notifications that match this rule to.","description_kind":"plain","deprecated":true,"optional":true},"group_by":{"type":["list","string"],"description":"Deprecated. A list of alert labels to group alerts into notifications by.","description_kind":"plain","deprecated":true,"optional":true},"group_interval":{"type":"string","description":"Deprecated. Minimum time interval between two notifications for the same group.","description_kind":"plain","deprecated":true,"optional":true},"group_wait":{"type":"string","description":"Deprecated. Time to wait to buffer alerts of the same group before sending a notification.","description_kind":"plain","deprecated":true,"optional":true},"mute_timings":{"type":["list","string"],"description":"Deprecated. A list of mute timing names to apply to alerts that match this policy.","description_kind":"plain","deprecated":true,"optional":true},"repeat_interval":{"type":"string","description":"Deprecated. Minimum time interval for re-sending a notification if an alert is still firing.","description_kind":"plain","deprecated":true,"optional":true}},"block_types":{"named_routing_tree":{"nesting_mode":"single","block":{"attributes":{"routing_tree":{"type":"string","description":"The name of the routing tree to use.","description_kind":"plain","optional":true}},"description":"Route notifications to a specific routing tree.","description_kind":"plain"}},"simplified_routing":{"nesting_mode":"single","block":{"attributes":{"active_timings":{"type":["list","string"],"description":"A list of time interval names to apply to alerts that match this policy to suppress them unless they are sent at the specified time.","description_kind":"plain","optional":true},"contact_point":{"type":"string","description":"The contact point to route notifications that match this rule to.","description_kind":"plain","optional":true},"group_by":{"type":["list","string"],"description":"A list of alert labels to group alerts into notifications by.","description_kind":"plain","optional":true},"group_interval":{"type":"string","description":"Minimum time interval between two notifications for the same group.","description_kind":"plain","optional":true},"group_wait":{"type":"string","description":"Time to wait to buffer alerts of the same group before sending a notification.","description_kind":"plain","optional":true},"mute_timings":{"type":["list","string"],"description":"A list of mute timing names to apply to alerts that match this policy.","description_kind":"plain","optional":true},"repeat_interval":{"type":"string","description":"Minimum time interval for re-sending a notification if an alert is still firing.","description_kind":"plain","optional":true}},"description":"Simplified routing to a contact point with optional grouping and timing overrides.","description_kind":"plain"}}},"description":"Notification settings for the rule. If specified, it overrides the notification policies. The flat configuration is deprecated, please specify one of named_routing_tree or simplified_routing","description_kind":"plain"}},"trigger":{"nesting_mode":"single","block":{"attributes":{"interval":{"type":"string","description":"The interval at which the alert rule should be evaluated.","description_kind":"plain","required":true}},"description":"The trigger configuration for the alert rule.","description_kind":"plain"}}},"description":"The spec of the resource.","description_kind":"plain"}}},"description":"\nManages Grafana Alert Rules.\n\nThis resource is currently in alpha and is subject to change. Grafana 12.4+ users must enable the `kubernetesAlertingRules` [feature toggle](https://grafana.com/docs/grafana/latest/setup-grafana/configure-grafana/feature-toggles/).\n","description_kind":"markdown"}},"grafana_apps_rules_recordingrule_v0alpha1":{"version":0,"block":{"attributes":{"id":{"type":"string","description":"The ID of the resource derived from UUID.","description_kind":"plain","computed":true}},"block_types":{"metadata":{"nesting_mode":"single","block":{"attributes":{"annotations":{"type":["map","string"],"description":"Annotations of the resource.","description_kind":"plain","computed":true},"folder_uid":{"type":"string","description":"The UID of the folder to save the resource in. For example, it's supported for dashboards and folders. To know if it's supported for the specific resource you're using check the documentation.","description_kind":"plain","optional":true},"uid":{"type":"string","description":"The unique identifier of the resource.","description_kind":"plain","required":true},"url":{"type":"string","description":"The full URL of the resource.","description_kind":"plain","computed":true},"uuid":{"type":"string","description":"The globally unique identifier of a resource, used by the API for tracking.","description_kind":"plain","computed":true},"version":{"type":"string","description":"The version of the resource.","description_kind":"plain","computed":true}},"description":"The metadata of the resource.","description_kind":"plain"}},"options":{"nesting_mode":"single","block":{"attributes":{"manager_identity":{"type":"string","description":"Override the identity stamped on this resource's manager metadata. Defaults to \"grafana-terraform-provider\". Use this to distinguish resources managed by different Terraform workspaces targeting the same Grafana instance.","description_kind":"plain","optional":true},"overwrite":{"type":"bool","description":"Set to true if you want to overwrite existing resource with newer version, same resource title in folder or same resource uid.","description_kind":"plain","optional":true}},"description":"Options for applying the resource.","description_kind":"plain"}},"spec":{"nesting_mode":"single","block":{"attributes":{"expressions":{"type":["map","string"],"description":"A sequence of stages that describe the contents of the rule. Each value is a JSON string representing an expression object.","description_kind":"plain","required":true},"labels":{"type":["map","string"],"description":"Key-value pairs to attach to the recorded metric.","description_kind":"plain","optional":true},"metric":{"type":"string","description":"The name of the metric to write to.","description_kind":"plain","required":true},"paused":{"type":"bool","description":"Sets whether the recording rule should be paused or not.","description_kind":"plain","optional":true},"target_datasource_uid":{"type":"string","description":"The UID of the datasource to write the metric to.","description_kind":"plain","required":true},"title":{"type":"string","description":"The title of the recording rule.","description_kind":"plain","required":true}},"block_types":{"trigger":{"nesting_mode":"single","block":{"attributes":{"interval":{"type":"string","description":"The interval at which the recording rule should be evaluated.","description_kind":"plain","required":true}},"description":"The trigger configuration for the recording rule.","description_kind":"plain"}}},"description":"The spec of the resource.","description_kind":"plain"}}},"description":"\nManages Grafana Recording Rules.\n","description_kind":"markdown"}},"grafana_apps_secret_keeper_activation_v1beta1":{"version":0,"block":{"attributes":{"id":{"type":"string","description":"The ID of the resource derived from the keeper name.","description_kind":"plain","computed":true}},"block_types":{"metadata":{"nesting_mode":"single","block":{"attributes":{"annotations":{"type":["map","string"],"description":"Annotations of the resource.","description_kind":"plain","computed":true},"folder_uid":{"type":"string","description":"The UID of the folder to save the resource in.","description_kind":"plain","optional":true},"uid":{"type":"string","description":"The unique identifier of the resource.","description_kind":"plain","required":true},"url":{"type":"string","description":"The full URL of the resource.","description_kind":"plain","computed":true},"uuid":{"type":"string","description":"The globally unique identifier of a resource, used by the API for tracking.","description_kind":"plain","computed":true},"version":{"type":"string","description":"The version of the resource.","description_kind":"plain","computed":true}},"description":"The metadata of the resource.","description_kind":"plain"}}},"description":"Sets the active keeper for a namespace. Only one keeper can be active at a time.","description_kind":"plain"}},"grafana_apps_secret_keeper_v1beta1":{"version":0,"block":{"attributes":{"id":{"type":"string","description":"The ID of the resource derived from UUID.","description_kind":"plain","computed":true}},"block_types":{"metadata":{"nesting_mode":"single","block":{"attributes":{"annotations":{"type":["map","string"],"description":"Annotations of the resource.","description_kind":"plain","computed":true},"folder_uid":{"type":"string","description":"The UID of the folder to save the resource in. For example, it's supported for dashboards and folders. To know if it's supported for the specific resource you're using check the documentation.","description_kind":"plain","optional":true},"uid":{"type":"string","description":"The unique identifier of the resource.","description_kind":"plain","required":true},"url":{"type":"string","description":"The full URL of the resource.","description_kind":"plain","computed":true},"uuid":{"type":"string","description":"The globally unique identifier of a resource, used by the API for tracking.","description_kind":"plain","computed":true},"version":{"type":"string","description":"The version of the resource.","description_kind":"plain","computed":true}},"description":"The metadata of the resource.","description_kind":"plain"}},"options":{"nesting_mode":"single","block":{"attributes":{"manager_identity":{"type":"string","description":"Override the identity stamped on this resource's manager metadata. Defaults to \"grafana-terraform-provider\". Use this to distinguish resources managed by different Terraform workspaces targeting the same Grafana instance.","description_kind":"plain","optional":true},"overwrite":{"type":"bool","description":"Set to true if you want to overwrite existing resource with newer version, same resource title in folder or same resource uid.","description_kind":"plain","optional":true}},"description":"Options for applying the resource.","description_kind":"plain"}},"spec":{"nesting_mode":"single","block":{"attributes":{"description":{"type":"string","description":"Keeper description.","description_kind":"plain","optional":true}},"block_types":{"aws":{"nesting_mode":"single","block":{"attributes":{"region":{"type":"string","description":"AWS region.","description_kind":"plain","required":true}},"block_types":{"assume_role":{"nesting_mode":"single","block":{"attributes":{"assume_role_arn":{"type":"string","description":"Assume role ARN.","description_kind":"plain","optional":true},"external_id":{"type":"string","description":"Assume role external ID.","description_kind":"plain","optional":true}},"description":"IAM role assumption configuration.","description_kind":"plain"}}},"description":"AWS Secrets Manager configuration.","description_kind":"plain"}}},"description":"The spec of the resource.","description_kind":"plain"}}},"description":"Manages a Secrets Management keeper.","description_kind":"plain"}},"grafana_apps_secret_securevalue_v1beta1":{"version":0,"block":{"attributes":{"id":{"type":"string","description":"The ID of the resource derived from UUID.","description_kind":"plain","computed":true}},"block_types":{"metadata":{"nesting_mode":"single","block":{"attributes":{"annotations":{"type":["map","string"],"description":"Annotations of the resource.","description_kind":"plain","computed":true},"folder_uid":{"type":"string","description":"The UID of the folder to save the resource in. For example, it's supported for dashboards and folders. To know if it's supported for the specific resource you're using check the documentation.","description_kind":"plain","optional":true},"uid":{"type":"string","description":"The unique identifier of the resource.","description_kind":"plain","required":true},"url":{"type":"string","description":"The full URL of the resource.","description_kind":"plain","computed":true},"uuid":{"type":"string","description":"The globally unique identifier of a resource, used by the API for tracking.","description_kind":"plain","computed":true},"version":{"type":"string","description":"The version of the resource.","description_kind":"plain","computed":true}},"description":"The metadata of the resource.","description_kind":"plain"}},"options":{"nesting_mode":"single","block":{"attributes":{"manager_identity":{"type":"string","description":"Override the identity stamped on this resource's manager metadata. Defaults to \"grafana-terraform-provider\". Use this to distinguish resources managed by different Terraform workspaces targeting the same Grafana instance.","description_kind":"plain","optional":true},"overwrite":{"type":"bool","description":"Set to true if you want to overwrite existing resource with newer version, same resource title in folder or same resource uid.","description_kind":"plain","optional":true}},"description":"Options for applying the resource.","description_kind":"plain"}},"spec":{"nesting_mode":"single","block":{"attributes":{"decrypters":{"type":["list","string"],"description":"List of decrypters allowed to read this secure value.","description_kind":"plain","optional":true},"description":{"type":"string","description":"Secure value description.","description_kind":"plain","optional":true},"ref":{"type":"string","description":"Reference to an existing secret managed by the keeper.","description_kind":"plain","optional":true},"value":{"type":"string","description":"Plaintext value to store. This value is write-only.","description_kind":"plain","optional":true,"sensitive":true,"write_only":true},"value_hash":{"type":"string","description":"Hash of the stored plaintext value.","description_kind":"plain","computed":true,"sensitive":true}},"description":"The spec of the resource.","description_kind":"plain"}}},"description":"Manages a Secrets Management secure value.","description_kind":"plain"}},"grafana_asserts_custom_model_rules":{"version":0,"block":{"attributes":{"id":{"type":"string","description_kind":"plain","optional":true,"computed":true},"name":{"type":"string","description":"The name of the custom model rules.","description_kind":"markdown","required":true}},"block_types":{"rules":{"nesting_mode":"list","block":{"block_types":{"entity":{"nesting_mode":"list","block":{"attributes":{"disabled":{"type":"bool","description":"Whether this entity is disabled.","description_kind":"markdown","optional":true},"enriched_by":{"type":["list","string"],"description":"List of enrichment sources for the entity.","description_kind":"markdown","optional":true},"lookup":{"type":["map","string"],"description":"Lookup mappings for the entity.","description_kind":"markdown","optional":true},"name":{"type":"string","description":"The name of the entity.","description_kind":"markdown","required":true},"scope":{"type":["map","string"],"description":"Scope labels for the entity.","description_kind":"markdown","optional":true},"type":{"type":"string","description":"The type of the entity (e.g., Service, Pod, Namespace).","description_kind":"markdown","required":true}},"block_types":{"defined_by":{"nesting_mode":"list","block":{"attributes":{"disabled":{"type":"bool","description":"Whether this rule is disabled. When true, only the 'query' field is used to match an existing rule to disable; other fields are ignored.","description_kind":"markdown","optional":true},"label_values":{"type":["map","string"],"description":"Label value mappings for the query.","description_kind":"markdown","optional":true},"literals":{"type":["map","string"],"description":"Literal value mappings for the query.","description_kind":"markdown","optional":true},"metric_value":{"type":"string","description":"Metric value for the query.","description_kind":"markdown","optional":true},"query":{"type":"string","description":"The Prometheus query that defines this entity.","description_kind":"markdown","required":true}},"description":"List of queries that define this entity.","description_kind":"markdown"},"min_items":1}},"description":"List of entities to define in the custom model rules.","description_kind":"markdown"},"min_items":1}},"description":"The rules configuration for the custom model rules.","description_kind":"markdown"},"min_items":1,"max_items":1}},"description":"Manages Knowledge Graph Custom Model Rules through the Grafana API.","description_kind":"markdown"}},"grafana_asserts_log_config":{"version":0,"block":{"attributes":{"data_source_uid":{"type":"string","description":"DataSource to be queried (e.g., a Loki instance).","description_kind":"markdown","required":true},"default_config":{"type":"bool","description":"Is it the default config, therefore undeletable?","description_kind":"markdown","required":true},"entity_property_to_log_label_mapping":{"type":["map","string"],"description":"Mapping of entity properties to log labels.","description_kind":"markdown","optional":true},"error_label":{"type":"string","description":"Error label to filter logs.","description_kind":"markdown","optional":true},"filter_by_span_id":{"type":"bool","description":"Filter logs by span ID.","description_kind":"markdown","optional":true},"filter_by_trace_id":{"type":"bool","description":"Filter logs by trace ID.","description_kind":"markdown","optional":true},"id":{"type":"string","description_kind":"plain","optional":true,"computed":true},"name":{"type":"string","description":"The name of the log configuration.","description_kind":"markdown","required":true},"priority":{"type":"number","description":"Priority of the log configuration. A lower number means a higher priority.","description_kind":"markdown","required":true}},"block_types":{"match":{"nesting_mode":"list","block":{"attributes":{"op":{"type":"string","description":"Operation to use for matching. One of: =, \u003c\u003e, \u003c, \u003e, \u003c=, \u003e=, IS NULL, IS NOT NULL, STARTS WITH, CONTAINS.","description_kind":"markdown","required":true},"property":{"type":"string","description":"Entity property to match.","description_kind":"markdown","required":true},"values":{"type":["list","string"],"description":"Values to match against. Required for all operators except \"IS NULL\" and \"IS NOT NULL\", which must not have any values.","description_kind":"markdown","optional":true}},"description":"List of match rules for entity properties.","description_kind":"markdown"}},"timeouts":{"nesting_mode":"single","block":{"attributes":{"create":{"type":"string","description_kind":"plain","optional":true},"delete":{"type":"string","description_kind":"plain","optional":true},"read":{"type":"string","description_kind":"plain","optional":true},"update":{"type":"string","description_kind":"plain","optional":true}},"description_kind":"plain"}}},"description":"Manages Knowledge Graph Log Configuration through Grafana API.","description_kind":"markdown"}},"grafana_asserts_notification_alerts_config":{"version":0,"block":{"attributes":{"alert_labels":{"type":["map","string"],"description":"Labels to add to alerts generated by this configuration.","description_kind":"markdown","optional":true},"duration":{"type":"string","description":"Duration for which the condition must be true before firing (e.g., '5m', '30s'). Maps to 'for' in Asserts API.","description_kind":"markdown","optional":true},"id":{"type":"string","description_kind":"plain","optional":true,"computed":true},"match_labels":{"type":["map","string"],"description":"Labels to match for this alert configuration.","description_kind":"markdown","optional":true},"name":{"type":"string","description":"The name of the alert configuration.","description_kind":"markdown","required":true},"silenced":{"type":"bool","description":"Whether this alert configuration is silenced. Defaults to `false`.","description_kind":"markdown","optional":true}},"description":"Manages Knowledge Graph Alert Configurations through Grafana API.","description_kind":"markdown"}},"grafana_asserts_profile_config":{"version":0,"block":{"attributes":{"data_source_uid":{"type":"string","description":"DataSource to be queried (e.g., a Pyroscope instance).","description_kind":"markdown","required":true},"default_config":{"type":"bool","description":"Is it the default config, therefore undeletable?","description_kind":"markdown","required":true},"entity_property_to_profile_label_mapping":{"type":["map","string"],"description":"Mapping of entity properties to profile labels.","description_kind":"markdown","optional":true},"id":{"type":"string","description_kind":"plain","optional":true,"computed":true},"name":{"type":"string","description":"The name of the profile configuration.","description_kind":"markdown","required":true},"priority":{"type":"number","description":"Priority of the profile configuration. A lower number means a higher priority.","description_kind":"markdown","required":true}},"block_types":{"match":{"nesting_mode":"list","block":{"attributes":{"op":{"type":"string","description":"Operation to use for matching. One of: =, \u003c\u003e, \u003c, \u003e, \u003c=, \u003e=, IS NULL, IS NOT NULL, STARTS WITH, CONTAINS.","description_kind":"markdown","required":true},"property":{"type":"string","description":"Entity property to match.","description_kind":"markdown","required":true},"values":{"type":["list","string"],"description":"Values to match against. Required for all operators except \"IS NULL\" and \"IS NOT NULL\", which must not have any values.","description_kind":"markdown","optional":true}},"description":"List of match rules for entity properties.","description_kind":"markdown"}},"timeouts":{"nesting_mode":"single","block":{"attributes":{"create":{"type":"string","description_kind":"plain","optional":true},"delete":{"type":"string","description_kind":"plain","optional":true},"read":{"type":"string","description_kind":"plain","optional":true},"update":{"type":"string","description_kind":"plain","optional":true}},"description_kind":"plain"}}},"description":"Manages Knowledge Graph Profile Configuration through Grafana API.","description_kind":"markdown"}},"grafana_asserts_prom_rule_file":{"version":0,"block":{"attributes":{"active":{"type":"bool","description":"Whether the rules file is active. Inactive rules are not evaluated. Defaults to `true`.","description_kind":"markdown","optional":true},"id":{"type":"string","description_kind":"plain","optional":true,"computed":true},"name":{"type":"string","description":"The name of the Prometheus rules file. This will be stored with a .custom extension. Must follow naming validation rules (alphanumeric, hyphens, underscores).","description_kind":"markdown","required":true}},"block_types":{"group":{"nesting_mode":"list","block":{"attributes":{"interval":{"type":"string","description":"Evaluation interval for this group (e.g., '30s', '1m'). If not specified, uses the global evaluation interval.","description_kind":"markdown","optional":true},"name":{"type":"string","description":"The name of the rule group (e.g., 'latency_monitoring').","description_kind":"markdown","required":true}},"block_types":{"rule":{"nesting_mode":"list","block":{"attributes":{"active":{"type":"bool","description":"Whether this specific rule is active. This field is read-only and controlled by the API.","description_kind":"markdown","optional":true,"computed":true},"alert":{"type":"string","description":"The name of the alert for alerting rules. Either 'record' or 'alert' must be specified, but not both.","description_kind":"markdown","optional":true},"annotations":{"type":["map","string"],"description":"Annotations to add to alerts (e.g., summary, description).","description_kind":"markdown","optional":true},"disable_in_groups":{"type":["set","string"],"description":"List of group names where this rule should be disabled. Useful for conditional rule enablement.","description_kind":"markdown","optional":true},"duration":{"type":"string","description":"How long the condition must be true before firing the alert (e.g., '5m'). Only applicable for alerting rules. Maps to 'for' in Prometheus.","description_kind":"markdown","optional":true},"expr":{"type":"string","description":"The PromQL expression to evaluate.","description_kind":"markdown","required":true},"labels":{"type":["map","string"],"description":"Labels to attach to the resulting time series or alert.","description_kind":"markdown","optional":true},"record":{"type":"string","description":"The name of the time series to output for recording rules. Either 'record' or 'alert' must be specified, but not both.","description_kind":"markdown","optional":true}},"description":"List of Prometheus rules in this group.","description_kind":"markdown"},"min_items":1}},"description":"List of Prometheus rule groups. Each group contains one or more rules and can have its own evaluation interval.","description_kind":"markdown"},"min_items":1}},"description":"Manages Prometheus Rules configurations through Grafana Asserts API. Allows creation and management of custom Prometheus recording and alerting rules.","description_kind":"markdown"}},"grafana_asserts_stack":{"version":0,"block":{"attributes":{"cloud_access_policy_token":{"type":"string","description":"A Grafana Cloud Access Policy token with the following scopes: `stacks:read`, `metrics:read`, `metrics:write`. This token is used for GCom API access, Mimir authentication, and assertion detector webhook authentication.","description_kind":"markdown","required":true,"sensitive":true},"enabled":{"type":"bool","description":"Whether the stack is currently enabled.","description_kind":"markdown","computed":true},"grafana_token":{"type":"string","description":"A Grafana Service Account token for installing dashboards and Grafana Managed Alerts. Required permissions: `dashboards:create`, `dashboards:write`, `dashboards:read`, `folders:create`, `folders:write`, `folders:read`, `folders:delete`, `datasources:read`, `datasources:query`, `alert.provisioning:write`, `alert.notifications.provisioning:write`, `alert.notifications:write`, `alert.rules:read`, `alert.rules:create`, `alert.rules:delete`. Create using `grafana_cloud_stack_service_account_token` resource.","description_kind":"markdown","optional":true,"sensitive":true},"id":{"type":"string","description_kind":"plain","optional":true,"computed":true},"status":{"type":"string","description":"Current onboarding status of the stack.","description_kind":"markdown","computed":true},"version":{"type":"number","description":"Configuration version number.","description_kind":"markdown","computed":true}},"block_types":{"dataset":{"nesting_mode":"list","block":{"attributes":{"disabled_vendors":{"type":["list","string"],"description":"List of vendors to disable for this dataset.","description_kind":"markdown","optional":true},"type":{"type":"string","description":"The dataset type. Available types: `kubernetes`, `otel` (App O11y), `prometheus`, `aws`. Note: `kubernetes` requires K8s Monitoring to be enabled, and `otel` requires Application Observability to be enabled on the stack.","description_kind":"markdown","required":true}},"block_types":{"filter_group":{"nesting_mode":"list","block":{"attributes":{"env_label":{"type":"string","description":"The metric label name used for environment (e.g., `env`, `environment`, `deployment_environment`). Defaults to standard labels if not set.","description_kind":"markdown","optional":true},"env_label_values":{"type":["list","string"],"description":"Specific values of the environment label to match.","description_kind":"markdown","optional":true},"env_name":{"type":"string","description":"A friendly name for the environment.","description_kind":"markdown","optional":true},"site_label":{"type":"string","description":"The metric label name used for site/cluster.","description_kind":"markdown","optional":true},"site_label_values":{"type":["list","string"],"description":"Specific values of the site label to match.","description_kind":"markdown","optional":true}},"block_types":{"filter":{"nesting_mode":"list","block":{"attributes":{"name":{"type":"string","description":"The label name to filter on.","description_kind":"markdown","required":true},"operator":{"type":"string","description":"The filter operator (e.g., `=`, `!=`, `=~`, `!~`).","description_kind":"markdown","required":true},"values":{"type":["list","string"],"description":"The values to match.","description_kind":"markdown","required":true}},"description":"Additional metric filters.","description_kind":"markdown"}}},"description":"Filter groups for this dataset. Use when you need custom label mappings.","description_kind":"markdown"}}},"description":"Manual dataset configuration. When specified, datasets are configured manually instead of using auto-detection. Use this when your metrics use non-standard label names (e.g., a custom environment label).","description_kind":"markdown"}},"timeouts":{"nesting_mode":"single","block":{"attributes":{"create":{"type":"string","description_kind":"plain","optional":true},"delete":{"type":"string","description_kind":"plain","optional":true},"read":{"type":"string","description_kind":"plain","optional":true},"update":{"type":"string","description_kind":"plain","optional":true}},"description_kind":"plain"}}},"description":"Manages the Asserts Stack configuration.\n\nThis resource configures the Asserts stack with the required API tokens for integration\nwith Grafana Cloud services. It performs the full onboarding flow:\n1. Provisions API tokens\n2. Configures datasets (auto-detected or manually specified)\n3. Enables the stack\n\nBy default, datasets are auto-configured based on detected metrics. To manually configure \ndatasets (e.g., when using non-standard label names), use the `dataset` block.\n\nThe `cloud_access_policy_token` is used internally for GCom API access, Mimir metrics \nauthentication, and assertion detector webhook authentication. Create a Cloud Access Policy \nwith the following scopes: `stacks:read`, `metrics:read`, `metrics:write`.\n\nThe `grafana_token` is a Grafana Service Account token used for installing dashboards\nand Grafana Managed Alerts.","description_kind":"markdown"}},"grafana_asserts_suppressed_assertions_config":{"version":0,"block":{"attributes":{"id":{"type":"string","description_kind":"plain","computed":true},"match_labels":{"type":["map","string"],"description":"Labels to match for this disabled alert configuration.","description_kind":"plain","optional":true},"name":{"type":"string","description":"The name of the disabled alert configuration.","description_kind":"plain","required":true}},"description":"Manages Knowledge Graph Disabled Alert Configurations through Grafana API.","description_kind":"plain"}},"grafana_asserts_thresholds":{"version":0,"block":{"attributes":{"id":{"type":"string","description_kind":"plain","optional":true,"computed":true}},"block_types":{"health_thresholds":{"nesting_mode":"list","block":{"attributes":{"alert_category":{"type":"string","description":"Optional alert category label for the health threshold.","description_kind":"markdown","optional":true},"assertion_name":{"type":"string","description":"Assertion name.","description_kind":"markdown","required":true},"entity_type":{"type":"string","description":"Entity type for the health threshold (e.g., Service, Pod, Namespace, Volume).","description_kind":"markdown","required":true},"expression":{"type":"string","description":"Prometheus expression.","description_kind":"markdown","required":true}},"description":"List of health thresholds.","description_kind":"markdown"}},"request_thresholds":{"nesting_mode":"list","block":{"attributes":{"assertion_name":{"type":"string","description":"Assertion name (e.g., RequestRateAnomaly, ErrorRatioBreach).","description_kind":"markdown","required":true},"entity_name":{"type":"string","description":"Entity name the threshold applies to.","description_kind":"markdown","required":true},"request_context":{"type":"string","description":"Request context (e.g., path or context identifier).","description_kind":"markdown","required":true},"request_type":{"type":"string","description":"Request type (e.g., inbound/outbound).","description_kind":"markdown","required":true},"value":{"type":"number","description":"Threshold value.","description_kind":"markdown","required":true}},"description":"List of request thresholds.","description_kind":"markdown"}},"resource_thresholds":{"nesting_mode":"list","block":{"attributes":{"assertion_name":{"type":"string","description":"Assertion name (e.g., Saturation, ResourceRateBreach).","description_kind":"markdown","required":true},"container_name":{"type":"string","description":"Container name.","description_kind":"markdown","required":true},"resource_type":{"type":"string","description":"Resource type (e.g., container/pod/node).","description_kind":"markdown","required":true},"severity":{"type":"string","description":"Severity (warning or critical).","description_kind":"markdown","required":true},"source":{"type":"string","description":"Data source for the threshold (e.g., metrics/logs).","description_kind":"markdown","required":true},"value":{"type":"number","description":"Threshold value.","description_kind":"markdown","required":true}},"description":"List of resource thresholds.","description_kind":"markdown"}}},"description":"Manages Knowledge Graph Thresholds configuration (request, resource, health) via bulk endpoints.","description_kind":"markdown"}},"grafana_asserts_trace_config":{"version":0,"block":{"attributes":{"data_source_uid":{"type":"string","description":"DataSource to be queried (e.g., a Tempo instance).","description_kind":"markdown","required":true},"default_config":{"type":"bool","description":"Is it the default config, therefore undeletable?","description_kind":"markdown","required":true},"entity_property_to_trace_label_mapping":{"type":["map","string"],"description":"Mapping of entity properties to trace labels.","description_kind":"markdown","optional":true},"id":{"type":"string","description_kind":"plain","optional":true,"computed":true},"name":{"type":"string","description":"The name of the trace configuration.","description_kind":"markdown","required":true},"priority":{"type":"number","description":"Priority of the trace configuration. A lower number means a higher priority.","description_kind":"markdown","required":true}},"block_types":{"match":{"nesting_mode":"list","block":{"attributes":{"op":{"type":"string","description":"Operation to use for matching. One of: =, \u003c\u003e, \u003c, \u003e, \u003c=, \u003e=, IS NULL, IS NOT NULL, STARTS WITH, CONTAINS.","description_kind":"markdown","required":true},"property":{"type":"string","description":"Entity property to match.","description_kind":"markdown","required":true},"values":{"type":["list","string"],"description":"Values to match against. Required for all operators except \"IS NULL\" and \"IS NOT NULL\", which must not have any values.","description_kind":"markdown","optional":true}},"description":"List of match rules for entity properties.","description_kind":"markdown"}},"timeouts":{"nesting_mode":"single","block":{"attributes":{"create":{"type":"string","description_kind":"plain","optional":true},"delete":{"type":"string","description_kind":"plain","optional":true},"read":{"type":"string","description_kind":"plain","optional":true},"update":{"type":"string","description_kind":"plain","optional":true}},"description_kind":"plain"}}},"description":"Manages Knowledge Graph Trace Configuration through Grafana API.","description_kind":"markdown"}},"grafana_assistant_mcp_server":{"version":0,"block":{"attributes":{"applications":{"type":["list","string"],"description":"Applications where this resource applies. Valid values: `assistant`, `loop`, `all`. Defaults to all applications when unset.","description_kind":"plain","optional":true,"computed":true},"custom_headers":{"type":["map","string"],"description":"Custom HTTP headers sent to the MCP server. Values are write-only and not returned by the API.","description_kind":"plain","optional":true,"sensitive":true},"description":{"type":"string","description":"Optional description.","description_kind":"plain","optional":true},"enabled":{"type":"bool","description":"Whether the resource is enabled.","description_kind":"plain","optional":true,"computed":true},"id":{"type":"string","description":"The UUID of the resource.","description_kind":"plain","computed":true},"name":{"type":"string","description":"The MCP server integration name.","description_kind":"plain","required":true},"scope":{"type":"string","description":"Whether the resource is visible to the whole tenant (`tenant`) or only the creating user (`user`).","description_kind":"plain","required":true}},"block_types":{"configuration":{"nesting_mode":"single","block":{"attributes":{"builtin_id":{"type":"string","description":"Built-in provider ID (e.g. cursor). When set, tools are provided locally.","description_kind":"plain","optional":true},"tool_approval_policies":{"type":["map","string"],"description":"Tool approval policies keyed by tool name (`auto_approve`, `always_ask`, or empty for default).","description_kind":"plain","optional":true},"tool_preferences":{"type":["map","string"],"description":"Tool preferences keyed by tool name (`enabled` or `disabled`).","description_kind":"plain","optional":true},"url":{"type":"string","description":"MCP server URL.","description_kind":"plain","optional":true}},"description":"MCP server configuration.","description_kind":"plain"}}},"description":"Manages a Grafana Assistant MCP server integration.","description_kind":"plain"}},"grafana_assistant_quickstart":{"version":0,"block":{"attributes":{"context_items":{"type":"string","description":"Optional JSON array of context items for the quickstart.","description_kind":"plain","optional":true},"enabled":{"type":"bool","description":"Whether the resource is enabled.","description_kind":"plain","optional":true,"computed":true},"id":{"type":"string","description":"The UUID of the resource.","description_kind":"plain","computed":true},"prompt":{"type":"string","description":"The quickstart question text.","description_kind":"plain","required":true},"scope":{"type":"string","description":"Whether the resource is visible to the whole tenant (`tenant`) or only the creating user (`user`).","description_kind":"plain","required":true},"title":{"type":"string","description":"Optional title for the quickstart.","description_kind":"plain","optional":true}},"description":"Manages a Grafana Assistant quickstart prompt shown to users.","description_kind":"plain"}},"grafana_assistant_rule":{"version":0,"block":{"attributes":{"applications":{"type":["list","string"],"description":"Applications where this resource applies. Valid values: `assistant`, `loop`, `infrastructure_memory` (rules only), `all`. Defaults to all applications when unset.","description_kind":"plain","optional":true,"computed":true},"description":{"type":"string","description":"Optional description of the rule.","description_kind":"plain","optional":true},"enabled":{"type":"bool","description":"Whether the resource is enabled.","description_kind":"plain","optional":true,"computed":true},"id":{"type":"string","description":"The UUID of the resource.","description_kind":"plain","computed":true},"name":{"type":"string","description":"The rule name.","description_kind":"plain","required":true},"priority":{"type":"number","description":"Rule priority (lower values apply first).","description_kind":"plain","optional":true,"computed":true},"rule_content":{"type":"string","description":"The rule text included in the assistant system prompt.","description_kind":"plain","required":true},"scope":{"type":"string","description":"Whether the resource is visible to the whole tenant (`tenant`) or only the creating user (`user`).","description_kind":"plain","required":true}},"description":"Manages a Grafana Assistant rule that is injected into the assistant system prompt.","description_kind":"plain"}},"grafana_assistant_skill":{"version":0,"block":{"attributes":{"body":{"type":"string","description":"The skill content.","description_kind":"plain","required":true},"context_items":{"type":"string","description":"Optional JSON array of context items referenced by the skill.","description_kind":"plain","optional":true},"id":{"type":"string","description":"The UUID of the resource.","description_kind":"plain","computed":true},"include_in_knowledgebase":{"type":"bool","description":"Whether the skill is included in the knowledgebase.","description_kind":"plain","optional":true,"computed":true},"name":{"type":"string","description":"The skill name.","description_kind":"plain","required":true},"scope":{"type":"string","description":"Whether the resource is visible to the whole tenant (`tenant`) or only the creating user (`user`).","description_kind":"plain","required":true}},"block_types":{"allowed_tools":{"nesting_mode":"list","block":{"attributes":{"integration_id":{"type":"string","description":"Integration UUID.","description_kind":"plain","required":true},"tool_name":{"type":"string","description":"MCP tool name.","description_kind":"plain","required":true}},"description":"MCP tools to auto-approve when this skill is invoked.","description_kind":"plain"}}},"description":"Manages a Grafana Assistant skill.","description_kind":"plain"}},"grafana_cloud_access_policy":{"version":0,"block":{"attributes":{"created_at":{"type":"string","description":"Creation date of the access policy.","description_kind":"markdown","computed":true},"display_name":{"type":"string","description":"Display name of the access policy. Defaults to the name.","description_kind":"markdown","optional":true},"id":{"type":"string","description_kind":"plain","optional":true,"computed":true},"name":{"type":"string","description":"Name of the access policy.","description_kind":"markdown","required":true},"policy_id":{"type":"string","description":"ID of the access policy.","description_kind":"markdown","computed":true},"region":{"type":"string","description":"Region where the API is deployed. Generally where the stack is deployed. Use the region list API to get the list of available regions: https://grafana.com/docs/grafana-cloud/developer-resources/api-reference/cloud-api/#list-regions.","description_kind":"markdown","required":true},"scopes":{"type":["set","string"],"description":"Scopes of the access policy. See https://grafana.com/docs/grafana-cloud/security-and-account-management/authentication-and-permissions/access-policies/#scopes for possible values.","description_kind":"markdown","required":true},"updated_at":{"type":"string","description":"Last update date of the access policy.","description_kind":"markdown","computed":true}},"block_types":{"conditions":{"nesting_mode":"set","block":{"attributes":{"allowed_subnets":{"type":["set","string"],"description":"Conditions that apply to the access policy,such as IP Allow lists.","description_kind":"markdown","required":true}},"description":"Conditions for the access policy.","description_kind":"markdown"}},"realm":{"nesting_mode":"list","block":{"attributes":{"identifier":{"type":"string","description":"The identifier of the org or stack. For orgs, this is the slug, for stacks, this is the stack ID.","description_kind":"markdown","required":true},"type":{"type":"string","description":"Whether a policy applies to a Cloud org or a specific stack. Should be one of `org` or `stack`.","description_kind":"markdown","required":true}},"block_types":{"label_policy":{"nesting_mode":"set","block":{"attributes":{"selector":{"type":"string","description":"The label selector to match in metrics or logs query. Should be in PromQL or LogQL format.","description_kind":"markdown","required":true}},"description_kind":"plain"}}},"description_kind":"plain"},"min_items":1}},"description":"\n* [Official documentation](https://grafana.com/docs/grafana-cloud/security-and-account-management/authentication-and-permissions/access-policies/)\n* [API documentation](https://grafana.com/docs/grafana-cloud/developer-resources/api-reference/cloud-api/#create-an-access-policy)\n\nRequired access policy scopes:\n\n* accesspolicies:read\n* accesspolicies:write\n* accesspolicies:delete\n","description_kind":"markdown"}},"grafana_cloud_access_policy_rotating_token":{"version":0,"block":{"attributes":{"access_policy_id":{"type":"string","description":"ID of the access policy for which to create a token.","description_kind":"markdown","required":true},"created_at":{"type":"string","description":"Creation date of the access policy token.","description_kind":"markdown","computed":true},"delete_on_destroy":{"type":"bool","description":"Deletes the token in Grafana Cloud when the resource is destroyed in Terraform, instead of leaving it to expire at its `expires_at` time. Use it with `lifecycle { create_before_destroy = true }` to make sure that the new token is created before the old one is deleted. Defaults to `false`.","description_kind":"markdown","optional":true},"display_name":{"type":"string","description":"Display name of the access policy token. Defaults to the name.","description_kind":"markdown","optional":true},"early_rotation_window":{"type":"string","description":"Duration of the window before expiring where the token can be rotated (e.g. '24h', '30m', '1h30m'). Valid units are 's' (seconds), 'm' (minutes) and 'h' (hours).","description_kind":"markdown","required":true},"expire_after":{"type":"string","description":"Duration after which the token will expire (e.g. '24h', '30m', '1h30m'). Valid units are 's' (seconds), 'm' (minutes) and 'h' (hours).","description_kind":"markdown","required":true},"expires_at":{"type":"string","description":"Expiration date of the access policy token.","description_kind":"markdown","computed":true},"id":{"type":"string","description_kind":"plain","optional":true,"computed":true},"name":{"type":"string","description":"Name of the access policy token.","description_kind":"markdown","computed":true},"name_prefix":{"type":"string","description":"Prefix for the name of the access policy token. The actual name will be stored in the computed field `name`, which will be in the format '\u003cname_prefix\u003e-\u003cexpiration_timestamp\u003e'","description_kind":"markdown","required":true},"ready_for_rotation":{"type":"bool","description":"Signals that the token is either expired or within the period to be early rotated.","description_kind":"markdown","computed":true},"region":{"type":"string","description":"Region of the access policy. Should be set to the same region as the access policy. Use the region list API to get the list of available regions: https://grafana.com/docs/grafana-cloud/developer-resources/api-reference/cloud-api/#list-regions.","description_kind":"markdown","required":true},"token":{"type":"string","description_kind":"plain","computed":true,"sensitive":true},"updated_at":{"type":"string","description":"Last update date of the access policy token.","description_kind":"markdown","computed":true}},"description":"\n* [Official documentation](https://grafana.com/docs/grafana-cloud/security-and-account-management/authentication-and-permissions/access-policies/)\n* [API documentation](https://grafana.com/docs/grafana-cloud/developer-resources/api-reference/cloud-api/#create-a-token)\n\nRequired access policy scopes:\n\n* accesspolicies:read\n* accesspolicies:write\n* accesspolicies:delete\n\nThis is similar to the grafana_cloud_access_policy_token resource, but it represents a token that will be rotated automatically over time.\n","description_kind":"markdown"}},"grafana_cloud_access_policy_token":{"version":0,"block":{"attributes":{"access_policy_id":{"type":"string","description":"ID of the access policy for which to create a token.","description_kind":"markdown","required":true},"created_at":{"type":"string","description":"Creation date of the access policy token.","description_kind":"markdown","computed":true},"display_name":{"type":"string","description":"Display name of the access policy token. Defaults to the name.","description_kind":"markdown","optional":true},"expires_at":{"type":"string","description":"Expiration date of the access policy token. Does not expire by default.","description_kind":"markdown","optional":true},"id":{"type":"string","description_kind":"plain","optional":true,"computed":true},"name":{"type":"string","description":"Name of the access policy token.","description_kind":"markdown","required":true},"region":{"type":"string","description":"Region of the access policy. Should be set to the same region as the access policy. Use the region list API to get the list of available regions: https://grafana.com/docs/grafana-cloud/developer-resources/api-reference/cloud-api/#list-regions.","description_kind":"markdown","required":true},"token":{"type":"string","description_kind":"plain","computed":true,"sensitive":true},"updated_at":{"type":"string","description":"Last update date of the access policy token.","description_kind":"markdown","computed":true}},"description":"\n* [Official documentation](https://grafana.com/docs/grafana-cloud/security-and-account-management/authentication-and-permissions/access-policies/)\n* [API documentation](https://grafana.com/docs/grafana-cloud/developer-resources/api-reference/cloud-api/#create-a-token)\n\nRequired access policy scopes:\n\n* accesspolicies:read\n* accesspolicies:write\n* accesspolicies:delete\n","description_kind":"markdown"}},"grafana_cloud_integration":{"version":0,"block":{"attributes":{"alerts_enabled":{"type":"bool","description":"Whether alerts are enabled for this integration.","description_kind":"plain","optional":true,"computed":true},"dashboard_folder":{"type":"string","description":"The dashboard folder associated with this integration.","description_kind":"plain","computed":true},"id":{"type":"string","description":"The Terraform resource ID. Set to the integration slug.","description_kind":"plain","computed":true},"installed_version":{"type":"string","description":"The version of the installed integration.","description_kind":"plain","computed":true},"latest_version":{"type":"string","description":"The latest version available for this integration.","description_kind":"plain","computed":true},"name":{"type":"string","description":"The display name of the integration.","description_kind":"plain","computed":true},"slug":{"type":"string","description":"The slug of the integration to install (e.g., 'docker', 'linux-node').","description_kind":"plain","required":true}},"description":"\nManages Grafana Cloud integrations.\n\n* [Official documentation](https://grafana.com/docs/grafana-cloud/data-configuration/integrations/)\n\nThis provider lets you manage Grafana Cloud Integrations.\nAlerts can optionally be disabled.\n\nPlease note: Grafana Cloud Integrations do not support in-place upgrades, and require a teardown and reapply to resolve version drift.\nAs such it is recommended to have a separate TF plan for integrations to cleanly destroy them as needed.\n\nUpdate, only triggered on config change, is implemented as a complete uninstall, then reinstall of the integration in question.\n\nRequired access policy scopes:\n\n* folders:read\n* folders:write\n* dashboards:read\n* dashboards:write\n* rules:read\n* rules:write\n\nBased on: https://grafana.com/docs/grafana/latest/alerting/alerting-rules/alerting-migration/#import-rules-with-grafana-alerting\n\n**Note:** This resource creates folders and dashboards as part of the integration installation process, which requires additional permissions beyond the basic integration scopes.\n","description_kind":"plain"}},"grafana_cloud_org_member":{"version":0,"block":{"attributes":{"id":{"type":"string","description_kind":"plain","computed":true},"org":{"type":"string","description":"The slug or ID of the organization.","description_kind":"markdown","required":true},"receive_billing_emails":{"type":"bool","description":"Whether the user should receive billing emails.","description_kind":"markdown","optional":true,"computed":true},"role":{"type":"string","description":"The role to assign to the user in the organization.","description_kind":"markdown","required":true},"user":{"type":"string","description":"Username or ID of the user to add to the org's members.","description_kind":"markdown","required":true}},"description":"Manages the membership of a user in an organization.","description_kind":"markdown"}},"grafana_cloud_plugin_installation":{"version":0,"block":{"attributes":{"id":{"type":"string","description_kind":"plain","optional":true,"computed":true},"slug":{"type":"string","description":"Slug of the plugin to be installed.","description_kind":"markdown","required":true},"stack_slug":{"type":"string","description":"The stack id to which the plugin should be installed.","description_kind":"markdown","required":true},"version":{"type":"string","description":"Version of the plugin to be installed. Defaults to 'latest' and installs the most recent version. Terraform will detect new version as drift for plan/apply. Defaults to `latest`.","description_kind":"markdown","optional":true}},"description":"\nManages Grafana Cloud Plugin Installations.\n\n* [Plugin management](https://grafana.com/docs/grafana/latest/administration/plugin-management/)\n\nRequired access policy scopes:\n\n* stack-plugins:read\n* stack-plugins:write\n* stack-plugins:delete\n","description_kind":"markdown"}},"grafana_cloud_private_data_source_connect_network":{"version":0,"block":{"attributes":{"created_at":{"type":"string","description":"Creation date of the private data source connect network.","description_kind":"markdown","computed":true},"display_name":{"type":"string","description":"Display name of the PDC network. Defaults to the name.","description_kind":"markdown","optional":true},"id":{"type":"string","description_kind":"plain","optional":true,"computed":true},"name":{"type":"string","description":"Name of the PDC network.**Note:** The name must be lowercase and can contain hyphens or underscores. See full requirements here: https://grafana.com/docs/grafana-cloud/developer-resources/api-reference/cloud-api/#request-body","description_kind":"markdown","required":true},"pdc_network_id":{"type":"string","description":"ID of the private data source connect network.","description_kind":"markdown","computed":true},"region":{"type":"string","description":"The region where your stack is deployed. Use the instances list API to get the region for your instance - use the regionSlug property: https://grafana.com/docs/grafana-cloud/developer-resources/api-reference/cloud-api/#list-stacks","description_kind":"markdown","required":true},"stack_identifier":{"type":"string","description":"The identifier of the stack.","description_kind":"markdown","required":true},"updated_at":{"type":"string","description":"Last update date of the private data source connect network.","description_kind":"markdown","computed":true}},"description":"\n* [Official documentation](https://grafana.com/docs/grafana-cloud/connect-externally-hosted/private-data-source-connect/)\n* [API documentation](https://grafana.com/docs/grafana-cloud/developer-resources/api-reference/cloud-api/#create-an-access-policy)\n\nRequired access policy scopes:\n\n* accesspolicies:read\n* accesspolicies:write\n* accesspolicies:delete\n","description_kind":"markdown"}},"grafana_cloud_private_data_source_connect_network_token":{"version":0,"block":{"attributes":{"created_at":{"type":"string","description":"Creation date of the private data source network token.","description_kind":"markdown","computed":true},"display_name":{"type":"string","description":"Display name of the private data source network token. Defaults to the name.","description_kind":"markdown","optional":true},"expires_at":{"type":"string","description":"Expiration date of the private data source network token. Does not expire by default.","description_kind":"markdown","optional":true},"id":{"type":"string","description_kind":"plain","optional":true,"computed":true},"name":{"type":"string","description":"Name of the private data source network token.","description_kind":"markdown","required":true},"pdc_network_id":{"type":"string","description":"ID of the private data source network for which to create a token.","description_kind":"markdown","required":true},"region":{"type":"string","description":"Region of the private data source network. Should be set to the same region as the private data source network. Use the region list API to get the list of available regions: https://grafana.com/docs/grafana-cloud/developer-resources/api-reference/cloud-api/#list-regions.","description_kind":"markdown","required":true},"token":{"type":"string","description_kind":"plain","computed":true,"sensitive":true},"updated_at":{"type":"string","description":"Last update date of the private data source network token.","description_kind":"markdown","computed":true}},"description":"\n* [Official documentation](https://grafana.com/docs/grafana-cloud/connect-externally-hosted/private-data-source-connect/)\n* [API documentation](https://grafana.com/docs/grafana-cloud/developer-resources/api-reference/cloud-api/#create-a-token)\n\nRequired access policy scopes:\n\n* accesspolicies:read\n* accesspolicies:write\n* accesspolicies:delete\n","description_kind":"markdown"}},"grafana_cloud_provider_aws_account":{"version":0,"block":{"attributes":{"id":{"type":"string","description":"The Terraform Resource ID. This has the format \"{{ stack_id }}:{{ resource_id }}\".","description_kind":"plain","computed":true},"name":{"type":"string","description":"An optional human-readable name for this AWS Account resource.","description_kind":"plain","optional":true,"computed":true},"regions":{"type":["set","string"],"description":"A set of regions that this AWS Account resource applies to.","description_kind":"plain","required":true},"resource_id":{"type":"string","description":"The ID given by the Grafana Cloud Provider API to this AWS Account resource.","description_kind":"plain","computed":true},"role_arn":{"type":"string","description":"An IAM Role ARN string to represent with this AWS Account resource.","description_kind":"plain","required":true},"stack_id":{"type":"string","description":"The StackID of the Grafana Cloud instance. Part of the Terraform Resource ID.","description_kind":"plain","required":true}},"description":"\nThis resource allows you to link your AWS Account to Grafana Cloud for use in creating Cloud Provider resources.\n\nSee the [Grafana Provider configuration docs](https://registry.terraform.io/providers/grafana/grafana/latest/docs#managing-cloud-provider)\nfor information on authentication and required access policy scopes.\n\n* [Official Grafana Cloud documentation](https://grafana.com/docs/grafana-cloud/monitor-infrastructure/monitor-cloud-provider/aws/)\n","description_kind":"plain"}},"grafana_cloud_provider_aws_cloudwatch_scrape_job":{"version":0,"block":{"attributes":{"aws_account_resource_id":{"type":"string","description":"The ID assigned by the Grafana Cloud Provider API to an AWS Account resource that should be associated with this CloudWatch Scrape Job. This can be provided by the `resource_id` attribute of the `grafana_cloud_provider_aws_account` resource.","description_kind":"plain","required":true},"disabled_reason":{"type":"string","description":"When the AWS CloudWatch Scrape Job is disabled, this will show the reason that it is in that state.","description_kind":"plain","computed":true},"enabled":{"type":"bool","description":"Whether the AWS CloudWatch Scrape Job is enabled or not. Defaults to `true`.","description_kind":"plain","optional":true,"computed":true},"export_tags":{"type":"bool","description":"When enabled, AWS resource tags are exported as Prometheus labels to metrics formatted as `aws_\u003cservice_name\u003e_info`. Defaults to `true`.","description_kind":"plain","optional":true,"computed":true},"id":{"type":"string","description":"The Terraform Resource ID. This has the format \"{{ stack_id }}:{{ name }}\".","description_kind":"plain","computed":true},"name":{"type":"string","description":"The name of the AWS CloudWatch Scrape Job. Part of the Terraform Resource ID.","description_kind":"plain","required":true},"regions_subset_override":{"type":["set","string"],"description":"A subset of the regions that are configured in the associated AWS Account resource to apply to this scrape job. If not set or empty, all of the Account resource's regions are scraped.","description_kind":"plain","optional":true,"computed":true},"stack_id":{"type":"string","description":"The Stack ID of the Grafana Cloud instance. Part of the Terraform Resource ID.","description_kind":"plain","required":true},"static_labels":{"type":["map","string"],"description":"A set of static labels to add to all metrics exported by this scrape job.","description_kind":"plain","optional":true,"computed":true}},"block_types":{"custom_namespace":{"nesting_mode":"list","block":{"attributes":{"name":{"type":"string","description":"The name of the custom namespace to scrape.","description_kind":"plain","required":true},"scrape_interval_seconds":{"type":"number","description":"The interval in seconds to scrape the custom namespace. Defaults to `300`.","description_kind":"plain","optional":true,"computed":true}},"block_types":{"metric":{"nesting_mode":"list","block":{"attributes":{"name":{"type":"string","description":"The name of the metric to scrape.","description_kind":"plain","required":true},"statistics":{"type":["set","string"],"description":"A set of statistics to scrape.","description_kind":"plain","required":true}},"description":"One or more configuration blocks to configure metrics and their statistics to scrape. Each block must represent a distinct metric name. When accessing this as an attribute reference, it is a list of objects.","description_kind":"plain"}}},"description":"Zero or more configuration blocks to configure custom namespaces for the AWS CloudWatch Scrape Job to scrape. Each block must have a distinct `name` attribute. When accessing this as an attribute reference, it is a list of objects.","description_kind":"plain"}},"service":{"nesting_mode":"list","block":{"attributes":{"name":{"type":"string","description":"The name of the service to scrape. See https://grafana.com/docs/grafana-cloud/monitor-infrastructure/monitor-cloud-provider/aws/cloudwatch-metrics/services/ for supported services.","description_kind":"plain","required":true},"scrape_interval_seconds":{"type":"number","description":"The interval in seconds to scrape the service. See https://grafana.com/docs/grafana-cloud/monitor-infrastructure/monitor-cloud-provider/aws/cloudwatch-metrics/services/ for supported scrape intervals. Defaults to `300`.","description_kind":"plain","optional":true,"computed":true},"tags_to_add_to_metrics":{"type":["set","string"],"description":"A set of tags to add to all metrics exported by this scrape job, for use in PromQL queries.","description_kind":"plain","optional":true,"computed":true}},"block_types":{"metric":{"nesting_mode":"list","block":{"attributes":{"name":{"type":"string","description":"The name of the metric to scrape.","description_kind":"plain","required":true},"statistics":{"type":["set","string"],"description":"A set of statistics to scrape.","description_kind":"plain","required":true}},"description":"One or more configuration blocks to configure metrics and their statistics to scrape. Please note that AWS metric names must be supplied, and not their PromQL counterparts. Each block must represent a distinct metric name. When accessing this as an attribute reference, it is a list of objects.","description_kind":"plain"}},"resource_discovery_tag_filter":{"nesting_mode":"list","block":{"attributes":{"key":{"type":"string","description":"The key of the tag filter.","description_kind":"plain","required":true},"value":{"type":"string","description":"The value of the tag filter.","description_kind":"plain","required":true}},"description":"One or more configuration blocks to configure tag filters applied to discovery of resource entities in the associated AWS account. When accessing this as an attribute reference, it is a list of objects.","description_kind":"plain"}}},"description":"One or more configuration blocks to configure AWS services for the AWS CloudWatch Scrape Job to scrape. Each block must have a distinct `name` attribute. When accessing this as an attribute reference, it is a list of objects.","description_kind":"plain"}}},"description":"\nThis resource allows you to scrape AWS CloudWatch metrics in Grafana Cloud without needing to run your own infrastructure.\n\nSee the [Grafana Provider configuration docs](https://registry.terraform.io/providers/grafana/grafana/latest/docs#managing-cloud-provider)\nfor information on authentication and required access policy scopes.\n\n* [Official Grafana Cloud documentation](https://grafana.com/docs/grafana-cloud/monitor-infrastructure/monitor-cloud-provider/aws/)\n","description_kind":"plain"}},"grafana_cloud_provider_aws_resource_metadata_scrape_job":{"version":0,"block":{"attributes":{"aws_account_resource_id":{"type":"string","description":"The ID assigned by the Grafana Cloud Provider API to an AWS Account resource that should be associated with this Resource Metadata Scrape Job. This can be provided by the `resource_id` attribute of the `grafana_cloud_provider_aws_account` resource.","description_kind":"plain","required":true},"disabled_reason":{"type":"string","description":"When the AWS Resource Metadata Scrape Job is disabled, this will show the reason that it is in that state.","description_kind":"plain","computed":true},"enabled":{"type":"bool","description":"Whether the AWS Resource Metadata Scrape Job is enabled or not. Defaults to `true`.","description_kind":"plain","optional":true,"computed":true},"id":{"type":"string","description":"The Terraform Resource ID. This has the format \"{{ stack_id }}:{{ name }}\".","description_kind":"plain","computed":true},"name":{"type":"string","description":"The name of the AWS Resource Metadata Scrape Job. Part of the Terraform Resource ID.","description_kind":"plain","required":true},"regions_subset_override":{"type":["set","string"],"description":"A subset of the regions that are configured in the associated AWS Account resource to apply to this scrape job. If not set or empty, all of the Account resource's regions are scraped.","description_kind":"plain","optional":true,"computed":true},"stack_id":{"type":"string","description":"The Stack ID of the Grafana Cloud instance. Part of the Terraform Resource ID.","description_kind":"plain","required":true},"static_labels":{"type":["map","string"],"description":"A set of static labels to add to all metrics exported by this scrape job.","description_kind":"plain","optional":true,"computed":true}},"block_types":{"service":{"nesting_mode":"list","block":{"attributes":{"name":{"type":"string","description":"The name of the service to scrape. See https://grafana.com/docs/grafana-cloud/monitor-infrastructure/monitor-cloud-provider/aws/cloudwatch-metrics/services/ for supported services.","description_kind":"plain","required":true},"scrape_interval_seconds":{"type":"number","description":"The interval in seconds to scrape the service. See https://grafana.com/docs/grafana-cloud/monitor-infrastructure/monitor-cloud-provider/aws/cloudwatch-metrics/services/ for supported scrape intervals. Defaults to `300`.","description_kind":"plain","optional":true,"computed":true}},"block_types":{"resource_discovery_tag_filter":{"nesting_mode":"list","block":{"attributes":{"key":{"type":"string","description":"The key of the tag filter.","description_kind":"plain","required":true},"value":{"type":"string","description":"The value of the tag filter.","description_kind":"plain","required":true}},"description":"One or more configuration blocks to configure tag filters applied to discovery of resource entities in the associated AWS account. When accessing this as an attribute reference, it is a list of objects.","description_kind":"plain"}}},"description":"One or more configuration blocks to configure AWS services for the Resource Metadata Scrape Job to scrape. Each block must have a distinct `name` attribute. When accessing this as an attribute reference, it is a list of objects.","description_kind":"plain"}}},"description":"\nThis resource allows you to scrape AWS resource metadata such as ARN and tags as info metrics in Grafana Cloud without needing to run your own infrastructure.\nUse this resource if you aren't using `grafana_cloud_provider_aws_cloudwatch_scrape_job`, but still want to have AWS resource metadata available \nin Grafana Cloud, for example for use with our AWS Metrics Streams integration and/or Knowledge Graph features.\n\nSee the [Grafana Provider configuration docs](https://registry.terraform.io/providers/grafana/grafana/latest/docs#managing-cloud-provider)\nfor information on authentication and required access policy scopes.\n\n* [Official Grafana Cloud documentation](https://grafana.com/docs/grafana-cloud/monitor-infrastructure/monitor-cloud-provider/aws/)\n","description_kind":"plain"}},"grafana_cloud_provider_azure_credential":{"version":0,"block":{"attributes":{"client_id":{"type":"string","description":"The client ID of the Azure Credential.","description_kind":"plain","required":true},"client_secret":{"type":"string","description":"The client secret of the Azure Credential.","description_kind":"plain","required":true,"sensitive":true},"enabled":{"type":"bool","description":"Whether the Azure Credential is enabled or not. Defaults to `true`.","description_kind":"plain","optional":true,"computed":true},"id":{"type":"string","description":"The Terraform Resource ID. This has the format \"{{ stack_id }}:{{ resource_id }}\".","description_kind":"plain","computed":true},"name":{"type":"string","description":"The name of the Azure Credential.","description_kind":"plain","required":true},"resource_id":{"type":"string","description":"The ID given by the Grafana Cloud Provider API to this Azure Credential resource.","description_kind":"plain","computed":true},"resource_tags_to_add_to_metrics":{"type":["set","string"],"description":"The list of resource tags to add to metrics.","description_kind":"plain","optional":true},"stack_id":{"type":"string","description":"The StackID of the Grafana Cloud instance. Part of the Terraform Resource ID.","description_kind":"plain","required":true},"static_labels":{"type":["map","string"],"description":"A set of static labels to add to all metrics exported using this credential.","description_kind":"plain","optional":true},"tenant_id":{"type":"string","description":"The tenant ID of the Azure Credential.","description_kind":"plain","required":true}},"block_types":{"auto_discovery_configuration":{"nesting_mode":"list","block":{"attributes":{"resource_type_configurations":{"type":["list",["object",{"metric_configuration":["list",["object",{"aggregations":["list","string"],"dimensions":["list","string"],"name":"string"}]],"resource_type_name":"string"}]],"description":"The list of resource type configurations.","description_kind":"plain","required":true},"subscription_id":{"type":"string","description":"The subscription ID of the Azure account.","description_kind":"plain","required":true}},"description":"The list of auto discovery configurations.","description_kind":"plain"}},"resource_discovery_tag_filter":{"nesting_mode":"list","block":{"attributes":{"key":{"type":"string","description":"The key of the tag filter.","description_kind":"plain","required":true},"value":{"type":"string","description":"The value of the tag filter.","description_kind":"plain","required":true}},"description":"The list of tag filters to apply to resources.","description_kind":"plain"}}},"description":"\nThis resource allows you to autodiscover resources in your Azure tenant and scrape Azure Monitor metrics for those resources in Grafana Cloud without needing to run your own infrastructure.\n\nSee the [Grafana Provider configuration docs](https://registry.terraform.io/providers/grafana/grafana/latest/docs#managing-cloud-provider)\nfor information on authentication and required access policy scopes.\n\n* [Official Grafana Cloud documentation](https://grafana.com/docs/grafana-cloud/monitor-infrastructure/monitor-cloud-provider/azure/)\n","description_kind":"plain"}},"grafana_cloud_stack":{"version":0,"block":{"attributes":{"alertmanager_ip_allow_list_cname":{"type":"string","description":"Comma-separated list of CNAMEs that can be whitelisted to access the Alertmanager instances (Optional)","description_kind":"markdown","computed":true},"alertmanager_name":{"type":"string","description":"Name of the Alertmanager instance configured for this stack.","description_kind":"markdown","computed":true},"alertmanager_status":{"type":"string","description":"Status of the Alertmanager instance configured for this stack.","description_kind":"markdown","computed":true},"alertmanager_url":{"type":"string","description":"Base URL of the Alertmanager instance configured for this stack.","description_kind":"markdown","computed":true},"alertmanager_user_id":{"type":"number","description":"User ID of the Alertmanager instance configured for this stack.","description_kind":"markdown","computed":true},"cloud_provider_url":{"type":"string","description":"Base URL of the Cloud Provider API for this stack's cluster. This can be used with the `cloud_provider_url` provider config option to manage Cloud Provider resources for this stack.","description_kind":"markdown","computed":true},"cluster_name":{"type":"string","description":"Name of the cluster where this stack resides.","description_kind":"markdown","computed":true},"cluster_slug":{"type":"string","description":"Slug of the cluster where this stack resides.","description_kind":"markdown","computed":true},"connections_api_url":{"type":"string","description":"Base URL of the Connections API for this stack's cluster. This can be used with the `connections_api_url` provider config option to manage Connections resources for this stack.","description_kind":"markdown","computed":true},"delete_protection":{"type":"bool","description":"Whether to enable delete protection for the stack, preventing accidental deletion. Defaults to `true`.","description_kind":"markdown","optional":true},"description":{"type":"string","description":"Description of stack.","description_kind":"markdown","optional":true},"fleet_management_name":{"type":"string","description":"Name of the Fleet Management instance configured for this stack.","description_kind":"markdown","computed":true},"fleet_management_private_connectivity_info_availability_zone_ids":{"type":["list","string"],"description":"Availability Zone IDs for Fleet Management when using AWS PrivateLink (only for AWS stacks)","description_kind":"markdown","computed":true},"fleet_management_private_connectivity_info_availability_zones":{"type":["list","string"],"description":"Availability Zones for Fleet Management when using AWS PrivateLink (only for AWS stacks)","description_kind":"markdown","computed":true},"fleet_management_private_connectivity_info_private_dns":{"type":"string","description":"Private DNS for Fleet Management when using AWS PrivateLink (only for AWS stacks)","description_kind":"markdown","computed":true},"fleet_management_private_connectivity_info_regions":{"type":["list","string"],"description":"Regions for Fleet Management when using AWS PrivateLink (only for AWS stacks)","description_kind":"markdown","computed":true},"fleet_management_private_connectivity_info_service_name":{"type":"string","description":"Service Name for Fleet Management when using AWS PrivateLink (only for AWS stacks)","description_kind":"markdown","computed":true},"fleet_management_status":{"type":"string","description":"Status of the Fleet Management instance configured for this stack.","description_kind":"markdown","computed":true},"fleet_management_url":{"type":"string","description":"Base URL of the Fleet Management instance configured for this stack.","description_kind":"markdown","computed":true},"fleet_management_user_id":{"type":"number","description":"User ID of the Fleet Management instance configured for this stack.","description_kind":"markdown","computed":true},"grafanas_ip_allow_list_cname":{"type":"string","description":"Comma-separated list of CNAMEs that can be whitelisted to access the grafana instance (Optional)","description_kind":"markdown","computed":true},"graphite_ip_allow_list_cname":{"type":"string","description":"Comma-separated list of CNAMEs that can be whitelisted to access the Graphite instance (Optional)","description_kind":"markdown","computed":true},"graphite_name":{"type":"string","description_kind":"plain","computed":true},"graphite_private_connectivity_info_availability_zone_ids":{"type":["list","string"],"description":"Availability Zone IDs for Graphite when using AWS PrivateLink (only for AWS stacks)","description_kind":"markdown","computed":true},"graphite_private_connectivity_info_availability_zones":{"type":["list","string"],"description":"Availability Zones for Graphite when using AWS PrivateLink (only for AWS stacks)","description_kind":"markdown","computed":true},"graphite_private_connectivity_info_private_dns":{"type":"string","description":"Private DNS for Graphite when using AWS PrivateLink (only for AWS stacks)","description_kind":"markdown","computed":true},"graphite_private_connectivity_info_regions":{"type":["list","string"],"description":"Regions for Graphite when using AWS PrivateLink (only for AWS stacks)","description_kind":"markdown","computed":true},"graphite_private_connectivity_info_service_name":{"type":"string","description":"Service Name for Graphite when using AWS PrivateLink (only for AWS stacks)","description_kind":"markdown","computed":true},"graphite_status":{"type":"string","description_kind":"plain","computed":true},"graphite_url":{"type":"string","description_kind":"plain","computed":true},"graphite_user_id":{"type":"number","description_kind":"plain","computed":true},"id":{"type":"string","description":"The stack id assigned to this stack by Grafana.","description_kind":"markdown","computed":true},"influx_url":{"type":"string","description":"Base URL of the InfluxDB instance configured for this stack. The username is the same as the metrics' (`prometheus_user_id` attribute of this resource). See https://grafana.com/docs/grafana-cloud/send-data/metrics/metrics-influxdb/push-from-telegraf/ for docs on how to use this.","description_kind":"markdown","computed":true},"labels":{"type":["map","string"],"description":"A map of labels to assign to the stack. Label keys and values must match the following regexp: \"^[a-zA-Z0-9/\\\\-._]+$\" and stacks cannot have more than 10 labels.","description_kind":"markdown","optional":true},"logs_ip_allow_list_cname":{"type":"string","description":"Comma-separated list of CNAMEs that can be whitelisted to access the Logs instance (Optional)","description_kind":"markdown","computed":true},"logs_name":{"type":"string","description_kind":"plain","computed":true},"logs_private_connectivity_info_availability_zone_ids":{"type":["list","string"],"description":"Availability Zone IDs for Logs when using AWS PrivateLink (only for AWS stacks)","description_kind":"markdown","computed":true},"logs_private_connectivity_info_availability_zones":{"type":["list","string"],"description":"Availability Zones for Logs when using AWS PrivateLink (only for AWS stacks)","description_kind":"markdown","computed":true},"logs_private_connectivity_info_private_dns":{"type":"string","description":"Private DNS for Logs when using AWS PrivateLink (only for AWS stacks)","description_kind":"markdown","computed":true},"logs_private_connectivity_info_regions":{"type":["list","string"],"description":"Regions for Logs when using AWS PrivateLink (only for AWS stacks)","description_kind":"markdown","computed":true},"logs_private_connectivity_info_service_name":{"type":"string","description":"Service Name for Logs when using AWS PrivateLink (only for AWS stacks)","description_kind":"markdown","computed":true},"logs_status":{"type":"string","description_kind":"plain","computed":true},"logs_url":{"type":"string","description_kind":"plain","computed":true},"logs_user_id":{"type":"number","description_kind":"plain","computed":true},"name":{"type":"string","description":"Name of stack. Conventionally matches the url of the instance (e.g. `\u003cstack_slug\u003e.grafana.net`).","description_kind":"markdown","required":true},"oncall_api_url":{"type":"string","description":"Base URL of the OnCall API instance configured for this stack.","description_kind":"markdown","computed":true},"org_id":{"type":"number","description":"Organization id to assign to this stack.","description_kind":"markdown","computed":true},"org_name":{"type":"string","description":"Organization name to assign to this stack.","description_kind":"markdown","computed":true},"org_slug":{"type":"string","description":"Organization slug to assign to this stack.","description_kind":"markdown","computed":true},"otlp_private_connectivity_info_availability_zone_ids":{"type":["list","string"],"description":"Availability Zone IDs for OTLP when using AWS PrivateLink (only for AWS stacks)","description_kind":"markdown","computed":true},"otlp_private_connectivity_info_availability_zones":{"type":["list","string"],"description":"Availability Zones for OTLP when using AWS PrivateLink (only for AWS stacks)","description_kind":"markdown","computed":true},"otlp_private_connectivity_info_private_dns":{"type":"string","description":"Private DNS for OTLP when using AWS PrivateLink (only for AWS stacks)","description_kind":"markdown","computed":true},"otlp_private_connectivity_info_regions":{"type":["list","string"],"description":"Regions for OTLP when using AWS PrivateLink (only for AWS stacks)","description_kind":"markdown","computed":true},"otlp_private_connectivity_info_service_name":{"type":"string","description":"Service Name for OTLP when using AWS PrivateLink (only for AWS stacks)","description_kind":"markdown","computed":true},"otlp_url":{"type":"string","description":"Base URL of the OTLP instance configured for this stack. The username is the stack's ID (`id` attribute of this resource). See https://grafana.com/docs/grafana-cloud/send-data/otlp/send-data-otlp/ for docs on how to use this.","description_kind":"markdown","computed":true},"pdc_api_private_connectivity_info_availability_zone_ids":{"type":["list","string"],"description":"Availability Zone IDs for PDC's API when using AWS PrivateLink (only for AWS stacks)","description_kind":"markdown","computed":true},"pdc_api_private_connectivity_info_availability_zones":{"type":["list","string"],"description":"Availability Zones for PDC's API when using AWS PrivateLink (only for AWS stacks)","description_kind":"markdown","computed":true},"pdc_api_private_connectivity_info_private_dns":{"type":"string","description":"Private DNS for PDC's API when using AWS PrivateLink (only for AWS stacks)","description_kind":"markdown","computed":true},"pdc_api_private_connectivity_info_regions":{"type":["list","string"],"description":"Regions for PDC's API when using AWS PrivateLink (only for AWS stacks)","description_kind":"markdown","computed":true},"pdc_api_private_connectivity_info_service_name":{"type":"string","description":"Service Name for PDC's API when using AWS PrivateLink (only for AWS stacks)","description_kind":"markdown","computed":true},"pdc_gateway_private_connectivity_info_availability_zone_ids":{"type":["list","string"],"description":"Availability Zone IDs for PDC's Gateway when using AWS PrivateLink (only for AWS stacks)","description_kind":"markdown","computed":true},"pdc_gateway_private_connectivity_info_availability_zones":{"type":["list","string"],"description":"Availability Zones for PDC's Gateway when using AWS PrivateLink (only for AWS stacks)","description_kind":"markdown","computed":true},"pdc_gateway_private_connectivity_info_private_dns":{"type":"string","description":"Private DNS for PDC's Gateway when using AWS PrivateLink (only for AWS stacks)","description_kind":"markdown","computed":true},"pdc_gateway_private_connectivity_info_regions":{"type":["list","string"],"description":"Regions for PDC's Gateway when using AWS PrivateLink (only for AWS stacks)","description_kind":"markdown","computed":true},"pdc_gateway_private_connectivity_info_service_name":{"type":"string","description":"Service Name for PDC's Gateway when using AWS PrivateLink (only for AWS stacks)","description_kind":"markdown","computed":true},"profiles_ip_allow_list_cname":{"type":"string","description":"Comma-separated list of CNAMEs that can be whitelisted to access the Profiles instance (Optional)","description_kind":"markdown","computed":true},"profiles_name":{"type":"string","description_kind":"plain","computed":true},"profiles_private_connectivity_info_availability_zone_ids":{"type":["list","string"],"description":"Availability Zone IDs for Profiles when using AWS PrivateLink (only for AWS stacks)","description_kind":"markdown","computed":true},"profiles_private_connectivity_info_availability_zones":{"type":["list","string"],"description":"Availability Zones for Profiles when using AWS PrivateLink (only for AWS stacks)","description_kind":"markdown","computed":true},"profiles_private_connectivity_info_private_dns":{"type":"string","description":"Private DNS for Profiles when using AWS PrivateLink (only for AWS stacks)","description_kind":"markdown","computed":true},"profiles_private_connectivity_info_regions":{"type":["list","string"],"description":"Regions for Profiles when using AWS PrivateLink (only for AWS stacks)","description_kind":"markdown","computed":true},"profiles_private_connectivity_info_service_name":{"type":"string","description":"Service Name for Profiles when using AWS PrivateLink (only for AWS stacks)","description_kind":"markdown","computed":true},"profiles_status":{"type":"string","description_kind":"plain","computed":true},"profiles_url":{"type":"string","description_kind":"plain","computed":true},"profiles_user_id":{"type":"number","description_kind":"plain","computed":true},"prometheus_ip_allow_list_cname":{"type":"string","description":"Comma-separated list of CNAMEs that can be whitelisted to access the Prometheus instance (Optional)","description_kind":"markdown","computed":true},"prometheus_name":{"type":"string","description":"Prometheus name for this instance.","description_kind":"markdown","computed":true},"prometheus_private_connectivity_info_availability_zone_ids":{"type":["list","string"],"description":"Availability Zone IDs for Prometheus when using AWS PrivateLink (only for AWS stacks)","description_kind":"markdown","computed":true},"prometheus_private_connectivity_info_availability_zones":{"type":["list","string"],"description":"Availability Zones for Prometheus when using AWS PrivateLink (only for AWS stacks)","description_kind":"markdown","computed":true},"prometheus_private_connectivity_info_private_dns":{"type":"string","description":"Private DNS for Prometheus when using AWS PrivateLink (only for AWS stacks)","description_kind":"markdown","computed":true},"prometheus_private_connectivity_info_regions":{"type":["list","string"],"description":"Regions for Prometheus when using AWS PrivateLink (only for AWS stacks)","description_kind":"markdown","computed":true},"prometheus_private_connectivity_info_service_name":{"type":"string","description":"Service Name for Prometheus when using AWS PrivateLink (only for AWS stacks)","description_kind":"markdown","computed":true},"prometheus_remote_endpoint":{"type":"string","description":"Use this URL to query hosted metrics data e.g. Prometheus data source in Grafana","description_kind":"markdown","computed":true},"prometheus_remote_write_endpoint":{"type":"string","description":"Use this URL to send prometheus metrics to Grafana cloud","description_kind":"markdown","computed":true},"prometheus_status":{"type":"string","description":"Prometheus status for this instance.","description_kind":"markdown","computed":true},"prometheus_url":{"type":"string","description":"Prometheus url for this instance.","description_kind":"markdown","computed":true},"prometheus_user_id":{"type":"number","description":"Prometheus user ID. Used for e.g. remote_write.","description_kind":"markdown","computed":true},"region_slug":{"type":"string","description":"Region slug to assign to this stack. Changing region will destroy the existing stack and create a new one in the desired region. Use the region list API to get the list of available regions: https://grafana.com/docs/grafana-cloud/developer-resources/api-reference/cloud-api/#list-regions.","description_kind":"markdown","optional":true},"slug":{"type":"string","description":"Subdomain that the Grafana instance will be available at. Setting slug to `\u003cstack_slug\u003e` will make the instance available at `https://\u003cstack_slug\u003e.grafana.net`.","description_kind":"markdown","required":true},"sm_url":{"type":"string","description":"Base URL of the Synthetic Monitoring API for this stack's region. This can be used with the `sm_url` provider config option. Note: Synthetic Monitoring requires activation either via the `grafana_synthetic_monitoring_installation` resource or manually in the Grafana Cloud UI before it can be used.","description_kind":"markdown","computed":true},"status":{"type":"string","description":"Status of the stack.","description_kind":"markdown","computed":true},"traces_ip_allow_list_cname":{"type":"string","description":"Comma-separated list of CNAMEs that can be whitelisted to access the Traces instance (Optional)","description_kind":"markdown","computed":true},"traces_name":{"type":"string","description_kind":"plain","computed":true},"traces_private_connectivity_info_availability_zone_ids":{"type":["list","string"],"description":"Availability Zone IDs for Traces when using AWS PrivateLink (only for AWS stacks)","description_kind":"markdown","computed":true},"traces_private_connectivity_info_availability_zones":{"type":["list","string"],"description":"Availability Zones for Traces when using AWS PrivateLink (only for AWS stacks)","description_kind":"markdown","computed":true},"traces_private_connectivity_info_private_dns":{"type":"string","description":"Private DNS for Traces when using AWS PrivateLink (only for AWS stacks)","description_kind":"markdown","computed":true},"traces_private_connectivity_info_regions":{"type":["list","string"],"description":"Regions for Traces when using AWS PrivateLink (only for AWS stacks)","description_kind":"markdown","computed":true},"traces_private_connectivity_info_service_name":{"type":"string","description":"Service Name for Traces when using AWS PrivateLink (only for AWS stacks)","description_kind":"markdown","computed":true},"traces_status":{"type":"string","description_kind":"plain","computed":true},"traces_url":{"type":"string","description":"Base URL of the Traces instance configured for this stack. To use this in the Tempo data source in Grafana, append `/tempo` to the URL.","description_kind":"markdown","computed":true},"traces_user_id":{"type":"number","description_kind":"plain","computed":true},"url":{"type":"string","description":"Custom URL for the Grafana instance. Must have a CNAME setup to point to `.grafana.net` before creating the stack","description_kind":"markdown","optional":true,"computed":true},"wait_for_readiness":{"type":"bool","description":"Whether to wait for readiness of the stack after creating it. The check is a HEAD request to the stack URL (Grafana instance). Defaults to `true`.","description_kind":"markdown","optional":true},"wait_for_readiness_timeout":{"type":"string","description":"How long to wait for readiness (if enabled). Defaults to `10m0s`.","description_kind":"markdown","optional":true}},"description":"\n* [Official documentation](https://grafana.com/docs/grafana-cloud/developer-resources/api-reference/cloud-api/#stacks/)\n\nRequired access policy scopes:\n\n* stacks:read\n* stacks:write\n* stacks:delete\n","description_kind":"markdown"}},"grafana_cloud_stack_service_account":{"version":0,"block":{"attributes":{"id":{"type":"string","description_kind":"plain","optional":true,"computed":true},"is_disabled":{"type":"bool","description":"The disabled status for the service account. Defaults to `false`.","description_kind":"markdown","optional":true},"name":{"type":"string","description":"The name of the service account.","description_kind":"markdown","required":true},"role":{"type":"string","description":"The basic role of the service account in the organization.","description_kind":"markdown","required":true},"stack_slug":{"type":"string","description_kind":"plain","required":true}},"description":"\nManages service accounts of a Grafana Cloud stack using the Cloud API\nThis can be used to bootstrap a management service account for a new stack\n\n* [Official documentation](https://grafana.com/docs/grafana/latest/administration/service-accounts/)\n* [HTTP API](https://grafana.com/docs/grafana/latest/developer-resources/api-reference/http-api/api-legacy/serviceaccount/#service-account-api)\n\nRequired access policy scopes:\n\n* stacks:read\n* stack-service-accounts:write\n","description_kind":"markdown"}},"grafana_cloud_stack_service_account_rotating_token":{"version":0,"block":{"attributes":{"delete_on_destroy":{"type":"bool","description":"Deletes the service account token in Grafana when the resource is destroyed in Terraform, instead of leaving it to expire at its `expiration` time. Use it with `lifecycle { create_before_destroy = true }` to make sure that the new token is created before the old one is deleted. Defaults to `false`.","description_kind":"markdown","optional":true},"early_rotation_window_seconds":{"type":"number","description":"Duration of the time window before expiring where the token can be rotated, in seconds.","description_kind":"markdown","required":true},"expiration":{"type":"string","description":"The expiration date of the service account token.","description_kind":"markdown","computed":true},"has_expired":{"type":"bool","description":"The status of the service account token.","description_kind":"markdown","computed":true},"id":{"type":"string","description_kind":"plain","optional":true,"computed":true},"key":{"type":"string","description":"The key of the service account token.","description_kind":"markdown","computed":true,"sensitive":true},"name":{"type":"string","description":"The name of the service account token. It will start with `\u003cname_prefix\u003e-` and will have characters appended to it to make the name unique.","description_kind":"markdown","computed":true},"name_prefix":{"type":"string","description":"Prefix for the name of the service account tokens created by this resource. The actual name will be stored in the computed field `name`, which will be in the format `\u003cname_prefix\u003e-\u003cadditional_characters\u003e`.","description_kind":"markdown","required":true},"ready_for_rotation":{"type":"bool","description":"Signals that the service account token is expired or within the period to be early rotated.","description_kind":"markdown","computed":true},"seconds_to_live":{"type":"number","description":"The token expiration in seconds.","description_kind":"markdown","required":true},"service_account_id":{"type":"string","description":"The ID of the service account to which the token belongs.","description_kind":"markdown","required":true},"stack_slug":{"type":"string","description_kind":"plain","required":true}},"description":"\nManages and rotates service account tokens of a Grafana Cloud stack using the Cloud API\nThis can be used to bootstrap a management service account token for a new stack\n\n* [Official documentation](https://grafana.com/docs/grafana/latest/administration/service-accounts/)\n* [HTTP API](https://grafana.com/docs/grafana/latest/developer-resources/api-reference/http-api/api-legacy/serviceaccount/#service-account-api)\n\nRequired access policy scopes:\n\n* stack-service-accounts:write\n","description_kind":"markdown"}},"grafana_cloud_stack_service_account_token":{"version":0,"block":{"attributes":{"expiration":{"type":"string","description":"The expiration date of the service account token.","description_kind":"markdown","computed":true},"has_expired":{"type":"bool","description":"The status of the service account token.","description_kind":"markdown","computed":true},"id":{"type":"string","description_kind":"plain","optional":true,"computed":true},"key":{"type":"string","description":"The key of the service account token.","description_kind":"markdown","computed":true,"sensitive":true},"name":{"type":"string","description":"The name of the service account token.","description_kind":"markdown","required":true},"seconds_to_live":{"type":"number","description":"The key expiration in seconds. It is optional. If it is a positive number an expiration date for the key is set. If it is null, zero or is omitted completely (unless `api_key_max_seconds_to_live` configuration option is set) the key will never expire.","description_kind":"markdown","optional":true},"service_account_id":{"type":"string","description":"The ID of the service account to which the token belongs.","description_kind":"markdown","required":true},"stack_slug":{"type":"string","description_kind":"plain","required":true}},"description":"\nManages service account tokens of a Grafana Cloud stack using the Cloud API\nThis can be used to bootstrap a management service account token for a new stack\n\n* [Official documentation](https://grafana.com/docs/grafana/latest/administration/service-accounts/)\n* [HTTP API](https://grafana.com/docs/grafana/latest/developer-resources/api-reference/http-api/api-legacy/serviceaccount/#service-account-api)\n\nRequired access policy scopes:\n\n* stack-service-accounts:write\n","description_kind":"markdown"}},"grafana_connections_metrics_endpoint_scrape_job":{"version":0,"block":{"attributes":{"authentication_basic_password":{"type":"string","description":"Password for basic authentication, use if scrape job is using basic authentication method","description_kind":"plain","optional":true,"sensitive":true},"authentication_basic_username":{"type":"string","description":"Username for basic authentication, use if scrape job is using basic authentication method","description_kind":"plain","optional":true},"authentication_bearer_token":{"type":"string","description":"Bearer token used for authentication, use if scrape job is using bearer authentication method","description_kind":"plain","optional":true,"sensitive":true},"authentication_method":{"type":"string","description":"Method to pass authentication credentials: basic or bearer.","description_kind":"plain","required":true},"enabled":{"type":"bool","description":"Whether the metrics endpoint scrape job is enabled or not.","description_kind":"plain","optional":true,"computed":true},"id":{"type":"string","description":"The Terraform Resource ID. This has the format \"{{ stack_id }}:{{ name }}\".","description_kind":"plain","computed":true},"name":{"type":"string","description":"The name of the metrics endpoint scrape job. Part of the Terraform Resource ID.","description_kind":"plain","required":true},"scrape_interval_seconds":{"type":"number","description":"Frequency for scraping the metrics endpoint: 30, 60, or 120 seconds.","description_kind":"plain","optional":true,"computed":true},"stack_id":{"type":"string","description":"The Stack ID of the Grafana Cloud instance. Part of the Terraform Resource ID.","description_kind":"plain","required":true},"url":{"type":"string","description":"The url to scrape metrics from; a valid HTTPs URL is required.","description_kind":"plain","required":true}},"description_kind":"plain"}},"grafana_contact_point":{"version":0,"block":{"attributes":{"disable_provenance":{"type":"bool","description":"Allow modifying the contact point from other sources than Terraform or the Grafana API. Defaults to `false`.","description_kind":"markdown","optional":true},"id":{"type":"string","description_kind":"plain","optional":true,"computed":true},"name":{"type":"string","description":"The name of the contact point.","description_kind":"markdown","required":true},"org_id":{"type":"string","description":"The Organization ID. If not set, the Org ID defined in the provider block will be used.","description_kind":"markdown","optional":true}},"block_types":{"alertmanager":{"nesting_mode":"set","block":{"attributes":{"basic_auth_password":{"type":"string","description":"The password component of the basic auth credentials to use.","description_kind":"markdown","optional":true,"sensitive":true},"basic_auth_user":{"type":"string","description":"The username component of the basic auth credentials to use.","description_kind":"markdown","optional":true},"disable_resolve_message":{"type":"bool","description":"Whether to disable sending resolve messages. Defaults to `false`.","description_kind":"markdown","optional":true},"settings":{"type":["map","string"],"description":"Additional custom properties to attach to the notifier. Defaults to `map[]`.","description_kind":"markdown","optional":true,"sensitive":true},"uid":{"type":"string","description":"The UID of the contact point.","description_kind":"markdown","computed":true},"url":{"type":"string","description":"The URL of the Alertmanager instance.","description_kind":"markdown","required":true}},"description":"A contact point that sends notifications to other Alertmanager instances.","description_kind":"markdown"}},"dingding":{"nesting_mode":"set","block":{"attributes":{"disable_resolve_message":{"type":"bool","description":"Whether to disable sending resolve messages. Defaults to `false`.","description_kind":"markdown","optional":true},"message":{"type":"string","description":"The templated content of the message.","description_kind":"markdown","optional":true},"message_type":{"type":"string","description":"The format of message to send - either 'link' or 'actionCard'","description_kind":"markdown","optional":true},"settings":{"type":["map","string"],"description":"Additional custom properties to attach to the notifier. Defaults to `map[]`.","description_kind":"markdown","optional":true,"sensitive":true},"title":{"type":"string","description":"The templated title of the message.","description_kind":"markdown","optional":true},"uid":{"type":"string","description":"The UID of the contact point.","description_kind":"markdown","computed":true},"url":{"type":"string","description":"The DingDing webhook URL.","description_kind":"markdown","required":true,"sensitive":true}},"description":"A contact point that sends notifications to DingDing.","description_kind":"markdown"}},"discord":{"nesting_mode":"set","block":{"attributes":{"avatar_url":{"type":"string","description":"The URL of a custom avatar image to use. Defaults to ``.","description_kind":"markdown","optional":true},"disable_resolve_message":{"type":"bool","description":"Whether to disable sending resolve messages. Defaults to `false`.","description_kind":"markdown","optional":true},"message":{"type":"string","description":"The templated content of the message. Defaults to ``.","description_kind":"markdown","optional":true},"settings":{"type":["map","string"],"description":"Additional custom properties to attach to the notifier. Defaults to `map[]`.","description_kind":"markdown","optional":true,"sensitive":true},"title":{"type":"string","description":"The templated content of the title.","description_kind":"markdown","optional":true},"uid":{"type":"string","description":"The UID of the contact point.","description_kind":"markdown","computed":true},"url":{"type":"string","description":"The discord webhook URL.","description_kind":"markdown","required":true,"sensitive":true},"use_discord_username":{"type":"bool","description":"Whether to use the bot account's plain username instead of \"Grafana.\" Defaults to `false`.","description_kind":"markdown","optional":true}},"description":"A contact point that sends notifications as Discord messages","description_kind":"markdown"}},"email":{"nesting_mode":"set","block":{"attributes":{"addresses":{"type":["list","string"],"description":"The addresses to send emails to.","description_kind":"markdown","required":true},"disable_resolve_message":{"type":"bool","description":"Whether to disable sending resolve messages. Defaults to `false`.","description_kind":"markdown","optional":true},"message":{"type":"string","description":"The templated content of the email. Defaults to ``.","description_kind":"markdown","optional":true},"settings":{"type":["map","string"],"description":"Additional custom properties to attach to the notifier. Defaults to `map[]`.","description_kind":"markdown","optional":true,"sensitive":true},"single_email":{"type":"bool","description":"Whether to send a single email CC'ing all addresses, rather than a separate email to each address. Defaults to `false`.","description_kind":"markdown","optional":true},"subject":{"type":"string","description":"The templated subject line of the email. Defaults to ``.","description_kind":"markdown","optional":true},"uid":{"type":"string","description":"The UID of the contact point.","description_kind":"markdown","computed":true}},"description":"A contact point that sends notifications to an email address.","description_kind":"markdown"}},"googlechat":{"nesting_mode":"set","block":{"attributes":{"disable_resolve_message":{"type":"bool","description":"Whether to disable sending resolve messages. Defaults to `false`.","description_kind":"markdown","optional":true},"hide_open_button":{"type":"bool","description":"Whether to hide the Open URL button in the message. This feature requires Grafana 12.4.0 or later.","description_kind":"markdown","optional":true},"hide_version_info":{"type":"bool","description":"Whether to hide the version info in the message. This feature requires Grafana 12.4.0 or later. Defaults to `false`.","description_kind":"markdown","optional":true},"message":{"type":"string","description":"The templated content of the message.","description_kind":"markdown","optional":true},"settings":{"type":["map","string"],"description":"Additional custom properties to attach to the notifier. Defaults to `map[]`.","description_kind":"markdown","optional":true,"sensitive":true},"title":{"type":"string","description":"The templated content of the title.","description_kind":"markdown","optional":true},"uid":{"type":"string","description":"The UID of the contact point.","description_kind":"markdown","computed":true},"url":{"type":"string","description":"The Google Chat webhook URL.","description_kind":"markdown","required":true,"sensitive":true}},"description":"A contact point that sends notifications to Google Chat.","description_kind":"markdown"}},"jira":{"nesting_mode":"set","block":{"attributes":{"api_token":{"type":"string","description":"Personal Access Token that is used as a bearer authorization header.","description_kind":"markdown","optional":true,"sensitive":true},"api_url":{"type":"string","description":"The URL of the Jira REST API (v2 or v3).","description_kind":"markdown","required":true},"dedup_key_field":{"type":"string","description":"Custom field ID for storing deduplication keys. Must be numeric.","description_kind":"markdown","optional":true},"description":{"type":"string","description":"The templated description of the Jira issue. Maximum length is 32767 characters.","description_kind":"markdown","optional":true},"disable_resolve_message":{"type":"bool","description":"Whether to disable sending resolve messages. Defaults to `false`.","description_kind":"markdown","optional":true},"fields":{"type":["map","string"],"description":"Custom Jira issue fields.","description_kind":"markdown","optional":true},"issue_type":{"type":"string","description":"The type of issue to create (e.g., Bug, Task, Story).","description_kind":"markdown","required":true},"labels":{"type":["list","string"],"description":"Labels to assign to the Jira issue.","description_kind":"markdown","optional":true},"password":{"type":"string","description":"Password to use for Jira authentication.","description_kind":"markdown","optional":true,"sensitive":true},"priority":{"type":"string","description":"The priority level of the issue (e.g., High, Medium, Low).","description_kind":"markdown","optional":true},"project":{"type":"string","description":"The project key in Jira.","description_kind":"markdown","required":true},"reopen_duration":{"type":"string","description":"Duration to consider reopening issues (e.g., '10m').","description_kind":"markdown","optional":true},"reopen_transition":{"type":"string","description":"The name of the workflow transition to reopen an issue.","description_kind":"markdown","optional":true},"resolve_transition":{"type":"string","description":"The name of the workflow transition to resolve an issue.","description_kind":"markdown","optional":true},"settings":{"type":["map","string"],"description":"Additional custom properties to attach to the notifier. Defaults to `map[]`.","description_kind":"markdown","optional":true,"sensitive":true},"summary":{"type":"string","description":"The templated summary of the Jira issue. Maximum length is 255 characters.","description_kind":"markdown","optional":true},"uid":{"type":"string","description":"The UID of the contact point.","description_kind":"markdown","computed":true},"user":{"type":"string","description":"Username to use for Jira authentication.","description_kind":"markdown","optional":true,"sensitive":true},"wont_fix_resolution":{"type":"string","description":"Resolution status to exclude from reopening/updating.","description_kind":"markdown","optional":true}},"description":"A contact point that sends notifications to Jira.","description_kind":"markdown"}},"kafka":{"nesting_mode":"set","block":{"attributes":{"api_version":{"type":"string","description":"The API version to use when contacting the Kafka REST Server. Supported: v2 (default) and v3. Defaults to `v2`.","description_kind":"markdown","optional":true},"cluster_id":{"type":"string","description":"The Id of cluster to use when contacting the Kafka REST Server. Required api_version to be 'v3'","description_kind":"markdown","optional":true},"description":{"type":"string","description":"The templated description of the Kafka message.","description_kind":"markdown","optional":true},"details":{"type":"string","description":"The templated details to include with the message.","description_kind":"markdown","optional":true},"disable_resolve_message":{"type":"bool","description":"Whether to disable sending resolve messages. Defaults to `false`.","description_kind":"markdown","optional":true},"password":{"type":"string","description":"The password to use when making a call to the Kafka REST Proxy","description_kind":"markdown","optional":true,"sensitive":true},"rest_proxy_url":{"type":"string","description":"The URL of the Kafka REST proxy to send requests to.","description_kind":"markdown","required":true,"sensitive":true},"settings":{"type":["map","string"],"description":"Additional custom properties to attach to the notifier. Defaults to `map[]`.","description_kind":"markdown","optional":true,"sensitive":true},"topic":{"type":"string","description":"The name of the Kafka topic to publish to.","description_kind":"markdown","required":true},"uid":{"type":"string","description":"The UID of the contact point.","description_kind":"markdown","computed":true},"username":{"type":"string","description":"The user name to use when making a call to the Kafka REST Proxy","description_kind":"markdown","optional":true}},"description":"A contact point that publishes notifications to Apache Kafka topics.","description_kind":"markdown"}},"line":{"nesting_mode":"set","block":{"attributes":{"description":{"type":"string","description":"The templated description of the message.","description_kind":"markdown","optional":true},"disable_resolve_message":{"type":"bool","description":"Whether to disable sending resolve messages. Defaults to `false`.","description_kind":"markdown","optional":true},"settings":{"type":["map","string"],"description":"Additional custom properties to attach to the notifier. Defaults to `map[]`.","description_kind":"markdown","optional":true,"sensitive":true},"title":{"type":"string","description":"The templated title of the message.","description_kind":"markdown","optional":true},"token":{"type":"string","description":"The bearer token used to authorize the client.","description_kind":"markdown","required":true,"sensitive":true},"uid":{"type":"string","description":"The UID of the contact point.","description_kind":"markdown","computed":true}},"description":"A contact point that sends notifications to LINE.me.","description_kind":"markdown"}},"oncall":{"nesting_mode":"set","block":{"attributes":{"authorization_credentials":{"type":"string","description":"Allows a custom authorization scheme - attaches an auth header with this value. Do not use in conjunction with basic auth parameters.","description_kind":"markdown","optional":true,"sensitive":true},"authorization_scheme":{"type":"string","description":"Allows a custom authorization scheme - attaches an auth header with this name. Do not use in conjunction with basic auth parameters.","description_kind":"markdown","optional":true},"basic_auth_password":{"type":"string","description":"The username to use in basic auth headers attached to the request. If omitted, basic auth will not be used.","description_kind":"markdown","optional":true,"sensitive":true},"basic_auth_user":{"type":"string","description":"The username to use in basic auth headers attached to the request. If omitted, basic auth will not be used.","description_kind":"markdown","optional":true},"disable_resolve_message":{"type":"bool","description":"Whether to disable sending resolve messages. Defaults to `false`.","description_kind":"markdown","optional":true},"http_method":{"type":"string","description":"The HTTP method to use in the request. Defaults to `POST`.","description_kind":"markdown","optional":true},"max_alerts":{"type":"number","description":"The maximum number of alerts to send in a single request. This can be helpful in limiting the size of the request body. The default is 0, which indicates no limit.","description_kind":"markdown","optional":true},"message":{"type":"string","description":"Custom message. You can use template variables.","description_kind":"markdown","optional":true},"settings":{"type":["map","string"],"description":"Additional custom properties to attach to the notifier. Defaults to `map[]`.","description_kind":"markdown","optional":true,"sensitive":true},"title":{"type":"string","description":"Templated title of the message.","description_kind":"markdown","optional":true},"uid":{"type":"string","description":"The UID of the contact point.","description_kind":"markdown","computed":true},"url":{"type":"string","description":"The URL to send webhook requests to.","description_kind":"markdown","required":true}},"description":"A contact point that sends notifications to Grafana On-Call.","description_kind":"markdown"}},"opsgenie":{"nesting_mode":"set","block":{"attributes":{"api_key":{"type":"string","description":"The OpsGenie API key to use.","description_kind":"markdown","required":true,"sensitive":true},"auto_close":{"type":"bool","description":"Whether to auto-close alerts in OpsGenie when they resolve in the Alertmanager.","description_kind":"markdown","optional":true},"description":{"type":"string","description":"A templated high-level description to use for the alert.","description_kind":"markdown","optional":true},"disable_resolve_message":{"type":"bool","description":"Whether to disable sending resolve messages. Defaults to `false`.","description_kind":"markdown","optional":true},"message":{"type":"string","description":"The templated content of the message.","description_kind":"markdown","optional":true},"override_priority":{"type":"bool","description":"Whether to allow the alert priority to be configured via the value of the `og_priority` annotation on the alert.","description_kind":"markdown","optional":true},"send_tags_as":{"type":"string","description":"Whether to send annotations to OpsGenie as Tags, Details, or both. Supported values are `tags`, `details`, `both`, or empty to use the default behavior of Tags.","description_kind":"markdown","optional":true},"settings":{"type":["map","string"],"description":"Additional custom properties to attach to the notifier. Defaults to `map[]`.","description_kind":"markdown","optional":true,"sensitive":true},"uid":{"type":"string","description":"The UID of the contact point.","description_kind":"markdown","computed":true},"url":{"type":"string","description":"Allows customization of the OpsGenie API URL.","description_kind":"markdown","optional":true}},"block_types":{"responders":{"nesting_mode":"list","block":{"attributes":{"id":{"type":"string","description":"ID of the responder. Must be specified if name and username are empty.","description_kind":"markdown","optional":true},"name":{"type":"string","description":"Name of the responder. Must be specified if username and id are empty.","description_kind":"markdown","optional":true},"type":{"type":"string","description":"Type of the responder. Supported: team, teams, user, escalation, schedule or a template that is expanded to one of these values.","description_kind":"markdown","required":true},"username":{"type":"string","description":"User name of the responder. Must be specified if name and id are empty.","description_kind":"markdown","optional":true}},"description":"Teams, users, escalations and schedules that the alert will be routed to send notifications. If the API Key belongs to a team integration, this field will be overwritten with the owner team. This feature is available from Grafana 10.3+.","description_kind":"markdown"}}},"description":"A contact point that sends notifications to OpsGenie.","description_kind":"markdown"}},"pagerduty":{"nesting_mode":"set","block":{"attributes":{"class":{"type":"string","description":"The class or type of event, for example `ping failure`.","description_kind":"markdown","optional":true},"client":{"type":"string","description":"The name of the monitoring client that is triggering this event.","description_kind":"markdown","optional":true},"client_url":{"type":"string","description":"The URL of the monitoring client that is triggering this event.","description_kind":"markdown","optional":true},"component":{"type":"string","description":"The component being affected by the event.","description_kind":"markdown","optional":true},"details":{"type":["map","string"],"description":"A set of arbitrary key/value pairs that provide further detail about the incident.","description_kind":"markdown","optional":true},"disable_resolve_message":{"type":"bool","description":"Whether to disable sending resolve messages. Defaults to `false`.","description_kind":"markdown","optional":true},"group":{"type":"string","description":"The group to which the provided component belongs to.","description_kind":"markdown","optional":true},"integration_key":{"type":"string","description":"The PagerDuty API key.","description_kind":"markdown","required":true,"sensitive":true},"settings":{"type":["map","string"],"description":"Additional custom properties to attach to the notifier. Defaults to `map[]`.","description_kind":"markdown","optional":true,"sensitive":true},"severity":{"type":"string","description":"The PagerDuty event severity level. Default is `critical`.","description_kind":"markdown","optional":true},"source":{"type":"string","description":"The unique location of the affected system.","description_kind":"markdown","optional":true},"summary":{"type":"string","description":"The templated summary message of the event.","description_kind":"markdown","optional":true},"uid":{"type":"string","description":"The UID of the contact point.","description_kind":"markdown","computed":true},"url":{"type":"string","description":"The URL to send API requests to","description_kind":"markdown","optional":true}},"description":"A contact point that sends notifications to PagerDuty.","description_kind":"markdown"}},"pushover":{"nesting_mode":"set","block":{"attributes":{"api_token":{"type":"string","description":"The Pushover API token.","description_kind":"markdown","required":true,"sensitive":true},"device":{"type":"string","description":"Comma-separated list of devices to which the event is associated.","description_kind":"markdown","optional":true},"disable_resolve_message":{"type":"bool","description":"Whether to disable sending resolve messages. Defaults to `false`.","description_kind":"markdown","optional":true},"expire":{"type":"number","description":"How many seconds for which the notification will continue to be retried by Pushover.","description_kind":"markdown","optional":true},"message":{"type":"string","description":"The templated notification message content.","description_kind":"markdown","optional":true},"ok_priority":{"type":"number","description":"The priority level of the resolved event.","description_kind":"markdown","optional":true},"ok_sound":{"type":"string","description":"The sound associated with the resolved notification.","description_kind":"markdown","optional":true},"priority":{"type":"number","description":"The priority level of the event.","description_kind":"markdown","optional":true},"retry":{"type":"number","description":"How often, in seconds, the Pushover servers will send the same notification to the user.","description_kind":"markdown","optional":true},"settings":{"type":["map","string"],"description":"Additional custom properties to attach to the notifier. Defaults to `map[]`.","description_kind":"markdown","optional":true,"sensitive":true},"sound":{"type":"string","description":"The sound associated with the notification.","description_kind":"markdown","optional":true},"title":{"type":"string","description":"The templated title of the message.","description_kind":"markdown","optional":true},"uid":{"type":"string","description":"The UID of the contact point.","description_kind":"markdown","computed":true},"upload_image":{"type":"bool","description":"Whether to send images in the notification or not. Default is true. Requires Grafana to be configured to send images in notifications.","description_kind":"markdown","optional":true},"user_key":{"type":"string","description":"The Pushover user key.","description_kind":"markdown","required":true,"sensitive":true}},"description":"A contact point that sends notifications to Pushover.","description_kind":"markdown"}},"sensugo":{"nesting_mode":"set","block":{"attributes":{"api_key":{"type":"string","description":"The SensuGo API key.","description_kind":"markdown","required":true,"sensitive":true},"check":{"type":"string","description":"The SensuGo check to which the event should be routed.","description_kind":"markdown","optional":true},"disable_resolve_message":{"type":"bool","description":"Whether to disable sending resolve messages. Defaults to `false`.","description_kind":"markdown","optional":true},"entity":{"type":"string","description":"The entity being monitored.","description_kind":"markdown","optional":true},"handler":{"type":"string","description":"A custom handler to execute in addition to the check.","description_kind":"markdown","optional":true},"message":{"type":"string","description":"Templated message content describing the alert.","description_kind":"markdown","optional":true},"namespace":{"type":"string","description":"The namespace in which the check resides.","description_kind":"markdown","optional":true},"settings":{"type":["map","string"],"description":"Additional custom properties to attach to the notifier. Defaults to `map[]`.","description_kind":"markdown","optional":true,"sensitive":true},"uid":{"type":"string","description":"The UID of the contact point.","description_kind":"markdown","computed":true},"url":{"type":"string","description":"The SensuGo URL to send requests to.","description_kind":"markdown","required":true}},"description":"A contact point that sends notifications to SensuGo.","description_kind":"markdown"}},"slack":{"nesting_mode":"set","block":{"attributes":{"color":{"type":"string","description":"Templated color of the slack message.","description_kind":"markdown","optional":true},"disable_resolve_message":{"type":"bool","description":"Whether to disable sending resolve messages. Defaults to `false`.","description_kind":"markdown","optional":true},"endpoint_url":{"type":"string","description":"Use this to override the Slack API endpoint URL to send requests to.","description_kind":"markdown","optional":true},"icon_emoji":{"type":"string","description":"The name of a Slack workspace emoji to use as the bot icon.","description_kind":"markdown","optional":true},"icon_url":{"type":"string","description":"A URL of an image to use as the bot icon.","description_kind":"markdown","optional":true},"mention_channel":{"type":"string","description":"Describes how to ping the slack channel that messages are being sent to. Options are `here` for an @here ping, `channel` for @channel, or empty for no ping.","description_kind":"markdown","optional":true},"mention_groups":{"type":"string","description":"Comma-separated list of groups to mention in the message.","description_kind":"markdown","optional":true},"mention_users":{"type":"string","description":"Comma-separated list of users to mention in the message.","description_kind":"markdown","optional":true},"recipient":{"type":"string","description":"Channel, private group, or IM channel (can be an encoded ID or a name) to send messages to.","description_kind":"markdown","optional":true},"settings":{"type":["map","string"],"description":"Additional custom properties to attach to the notifier. Defaults to `map[]`.","description_kind":"markdown","optional":true,"sensitive":true},"text":{"type":"string","description":"Templated content of the message.","description_kind":"markdown","optional":true},"title":{"type":"string","description":"Templated title of the message.","description_kind":"markdown","optional":true},"token":{"type":"string","description":"A Slack API token,for sending messages directly without the webhook method.","description_kind":"markdown","optional":true,"sensitive":true},"uid":{"type":"string","description":"The UID of the contact point.","description_kind":"markdown","computed":true},"url":{"type":"string","description":"A Slack webhook URL,for sending messages via the webhook method.","description_kind":"markdown","optional":true,"sensitive":true},"username":{"type":"string","description":"Username for the bot to use.","description_kind":"markdown","optional":true}},"description":"A contact point that sends notifications to Slack.","description_kind":"markdown"}},"sns":{"nesting_mode":"set","block":{"attributes":{"access_key":{"type":"string","description":"AWS access key ID used to authenticate with Amazon SNS.","description_kind":"markdown","optional":true,"sensitive":true},"assume_role_arn":{"type":"string","description":"The Amazon Resource Name (ARN) of the role to assume to send notifications to Amazon SNS.","description_kind":"markdown","optional":true},"auth_provider":{"type":"string","description":"The authentication provider to use. Valid values are `default`, `arn` and `keys`. Default is `default`. Defaults to `default`.","description_kind":"markdown","optional":true},"body":{"type":"string","description_kind":"plain","optional":true},"disable_resolve_message":{"type":"bool","description":"Whether to disable sending resolve messages. Defaults to `false`.","description_kind":"markdown","optional":true},"external_id":{"type":"string","description":"The external ID to use when assuming the role.","description_kind":"markdown","optional":true},"message_format":{"type":"string","description":"The format of the message to send. Valid values are `text`, `body` and `json`. Default is `text`. Defaults to `text`.","description_kind":"markdown","optional":true},"secret_key":{"type":"string","description":"AWS secret access key used to authenticate with Amazon SNS.","description_kind":"markdown","optional":true,"sensitive":true},"settings":{"type":["map","string"],"description":"Additional custom properties to attach to the notifier. Defaults to `map[]`.","description_kind":"markdown","optional":true,"sensitive":true},"subject":{"type":"string","description_kind":"plain","optional":true},"topic":{"type":"string","description":"The Amazon SNS topic to send notifications to.","description_kind":"markdown","required":true},"uid":{"type":"string","description":"The UID of the contact point.","description_kind":"markdown","computed":true}},"description":"A contact point that sends notifications to Amazon SNS. Requires Amazon Managed Grafana.","description_kind":"markdown"}},"teams":{"nesting_mode":"set","block":{"attributes":{"disable_resolve_message":{"type":"bool","description":"Whether to disable sending resolve messages. Defaults to `false`.","description_kind":"markdown","optional":true},"message":{"type":"string","description":"The templated message content to send.","description_kind":"markdown","optional":true},"section_title":{"type":"string","description":"The templated subtitle for each message section.","description_kind":"markdown","optional":true},"settings":{"type":["map","string"],"description":"Additional custom properties to attach to the notifier. Defaults to `map[]`.","description_kind":"markdown","optional":true,"sensitive":true},"title":{"type":"string","description":"The templated title of the message.","description_kind":"markdown","optional":true},"uid":{"type":"string","description":"The UID of the contact point.","description_kind":"markdown","computed":true},"url":{"type":"string","description":"A Teams webhook URL.","description_kind":"markdown","required":true,"sensitive":true}},"description":"A contact point that sends notifications to Microsoft Teams.","description_kind":"markdown"}},"telegram":{"nesting_mode":"set","block":{"attributes":{"chat_id":{"type":"string","description":"The chat ID to send messages to.","description_kind":"markdown","required":true},"disable_notifications":{"type":"bool","description":"When set users will receive a notification with no sound.","description_kind":"markdown","optional":true},"disable_resolve_message":{"type":"bool","description":"Whether to disable sending resolve messages. Defaults to `false`.","description_kind":"markdown","optional":true},"disable_web_page_preview":{"type":"bool","description":"When set it disables link previews for links in the message.","description_kind":"markdown","optional":true},"message":{"type":"string","description":"The templated content of the message.","description_kind":"markdown","optional":true},"message_thread_id":{"type":"string","description":"The ID of the message thread to send the message to.","description_kind":"markdown","optional":true},"parse_mode":{"type":"string","description":"Mode for parsing entities in the message text. Supported: None, Markdown, MarkdownV2, and HTML. HTML is the default.","description_kind":"markdown","optional":true},"protect_content":{"type":"bool","description":"When set it protects the contents of the message from forwarding and saving.","description_kind":"markdown","optional":true},"settings":{"type":["map","string"],"description":"Additional custom properties to attach to the notifier. Defaults to `map[]`.","description_kind":"markdown","optional":true,"sensitive":true},"token":{"type":"string","description":"The Telegram bot token.","description_kind":"markdown","required":true,"sensitive":true},"uid":{"type":"string","description":"The UID of the contact point.","description_kind":"markdown","computed":true}},"description":"A contact point that sends notifications to Telegram.","description_kind":"markdown"}},"threema":{"nesting_mode":"set","block":{"attributes":{"api_secret":{"type":"string","description":"The Threema API key.","description_kind":"markdown","required":true,"sensitive":true},"description":{"type":"string","description":"The templated description of the message.","description_kind":"markdown","optional":true},"disable_resolve_message":{"type":"bool","description":"Whether to disable sending resolve messages. Defaults to `false`.","description_kind":"markdown","optional":true},"gateway_id":{"type":"string","description":"The Threema gateway ID.","description_kind":"markdown","required":true},"recipient_id":{"type":"string","description":"The ID of the recipient of the message.","description_kind":"markdown","required":true},"settings":{"type":["map","string"],"description":"Additional custom properties to attach to the notifier. Defaults to `map[]`.","description_kind":"markdown","optional":true,"sensitive":true},"title":{"type":"string","description":"The templated title of the message.","description_kind":"markdown","optional":true},"uid":{"type":"string","description":"The UID of the contact point.","description_kind":"markdown","computed":true}},"description":"A contact point that sends notifications to Threema.","description_kind":"markdown"}},"victorops":{"nesting_mode":"set","block":{"attributes":{"description":{"type":"string","description":"Templated description of the message.","description_kind":"markdown","optional":true},"disable_resolve_message":{"type":"bool","description":"Whether to disable sending resolve messages. Defaults to `false`.","description_kind":"markdown","optional":true},"message_type":{"type":"string","description":"The VictorOps alert state - typically either `CRITICAL` or `RECOVERY`.","description_kind":"markdown","optional":true},"settings":{"type":["map","string"],"description":"Additional custom properties to attach to the notifier. Defaults to `map[]`.","description_kind":"markdown","optional":true,"sensitive":true},"title":{"type":"string","description":"Templated title to display.","description_kind":"markdown","optional":true},"uid":{"type":"string","description":"The UID of the contact point.","description_kind":"markdown","computed":true},"url":{"type":"string","description":"The VictorOps webhook URL.","description_kind":"markdown","required":true,"sensitive":true}},"description":"A contact point that sends notifications to VictorOps (now known as Splunk OnCall).","description_kind":"markdown"}},"webex":{"nesting_mode":"set","block":{"attributes":{"api_url":{"type":"string","description":"The URL to send webhook requests to.","description_kind":"markdown","optional":true},"disable_resolve_message":{"type":"bool","description":"Whether to disable sending resolve messages. Defaults to `false`.","description_kind":"markdown","optional":true},"message":{"type":"string","description":"The templated title of the message to send.","description_kind":"markdown","optional":true},"room_id":{"type":"string","description":"ID of the Webex Teams room where to send the messages.","description_kind":"markdown","required":true},"settings":{"type":["map","string"],"description":"Additional custom properties to attach to the notifier. Defaults to `map[]`.","description_kind":"markdown","optional":true,"sensitive":true},"token":{"type":"string","description":"The bearer token used to authorize the client.","description_kind":"markdown","required":true,"sensitive":true},"uid":{"type":"string","description":"The UID of the contact point.","description_kind":"markdown","computed":true}},"description":"A contact point that sends notifications to Cisco Webex.","description_kind":"markdown"}},"webhook":{"nesting_mode":"set","block":{"attributes":{"authorization_credentials":{"type":"string","description":"Allows a custom authorization scheme - attaches an auth header with this value. Do not use in conjunction with basic auth parameters.","description_kind":"markdown","optional":true,"sensitive":true},"authorization_scheme":{"type":"string","description":"Allows a custom authorization scheme - attaches an auth header with this name. Do not use in conjunction with basic auth parameters.","description_kind":"markdown","optional":true},"basic_auth_password":{"type":"string","description":"The username to use in basic auth headers attached to the request. If omitted, basic auth will not be used.","description_kind":"markdown","optional":true,"sensitive":true},"basic_auth_user":{"type":"string","description":"The username to use in basic auth headers attached to the request. If omitted, basic auth will not be used.","description_kind":"markdown","optional":true},"disable_resolve_message":{"type":"bool","description":"Whether to disable sending resolve messages. Defaults to `false`.","description_kind":"markdown","optional":true},"headers":{"type":["map","string"],"description":"Custom headers to attach to the request.","description_kind":"markdown","optional":true},"http_method":{"type":"string","description":"The HTTP method to use in the request. Defaults to `POST`.","description_kind":"markdown","optional":true},"max_alerts":{"type":"number","description":"The maximum number of alerts to send in a single request. This can be helpful in limiting the size of the request body. The default is 0, which indicates no limit.","description_kind":"markdown","optional":true},"message":{"type":"string","description":"Custom message. You can use template variables.","description_kind":"markdown","optional":true},"settings":{"type":["map","string"],"description":"Additional custom properties to attach to the notifier. Defaults to `map[]`.","description_kind":"markdown","optional":true,"sensitive":true},"title":{"type":"string","description":"Templated title of the message.","description_kind":"markdown","optional":true},"tls_config":{"type":["map","string"],"description":"Allows configuring TLS for the webhook notifier.","description_kind":"markdown","optional":true,"sensitive":true},"uid":{"type":"string","description":"The UID of the contact point.","description_kind":"markdown","computed":true},"url":{"type":"string","description":"The URL to send webhook requests to.","description_kind":"markdown","required":true}},"block_types":{"hmac_config":{"nesting_mode":"set","block":{"attributes":{"header":{"type":"string","description":"The header in which the HMAC signature will be included. Defaults to `X-Grafana-Alerting-Signature`.","description_kind":"markdown","optional":true},"secret":{"type":"string","description":"The secret key used to generate the HMAC signature.","description_kind":"markdown","required":true,"sensitive":true},"timestamp_header":{"type":"string","description":"If set, the timestamp will be included in the HMAC signature. The value should be the name of the header to use.","description_kind":"markdown","optional":true}},"description":"HMAC signature configuration options.","description_kind":"markdown"},"max_items":1},"http_config":{"nesting_mode":"set","block":{"block_types":{"oauth2":{"nesting_mode":"set","block":{"attributes":{"client_id":{"type":"string","description":"Client ID to use when authenticating.","description_kind":"markdown","required":true},"client_secret":{"type":"string","description":"Client secret to use when authenticating.","description_kind":"markdown","required":true,"sensitive":true},"endpoint_params":{"type":["map","string"],"description":"Optional parameters to append to the access token request.","description_kind":"markdown","optional":true},"scopes":{"type":["list","string"],"description":"Optional scopes to request when obtaining an access token.","description_kind":"markdown","optional":true},"token_url":{"type":"string","description":"URL for the access token endpoint.","description_kind":"markdown","required":true}},"block_types":{"proxy_config":{"nesting_mode":"set","block":{"attributes":{"no_proxy":{"type":"string","description":"Comma-separated list of addresses that should not use a proxy.","description_kind":"markdown","optional":true},"proxy_connect_header":{"type":["map","string"],"description":"Optional headers to send to proxies during CONNECT requests.","description_kind":"markdown","optional":true},"proxy_from_environment":{"type":"bool","description":"Use environment HTTP_PROXY, HTTPS_PROXY and NO_PROXY to determine proxies. Defaults to `false`.","description_kind":"markdown","optional":true},"proxy_url":{"type":"string","description":"HTTP proxy server to use to connect to the targets.","description_kind":"markdown","optional":true}},"description":"Optional proxy configuration for OAuth2 requests.","description_kind":"markdown"},"max_items":1},"tls_config":{"nesting_mode":"set","block":{"attributes":{"ca_certificate":{"type":"string","description":"Certificate in PEM format to use when verifying the server's certificate chain.","description_kind":"markdown","optional":true,"sensitive":true},"client_certificate":{"type":"string","description":"Client certificate in PEM format to use when connecting to the server.","description_kind":"markdown","optional":true,"sensitive":true},"client_key":{"type":"string","description":"Client key in PEM format to use when connecting to the server.","description_kind":"markdown","optional":true,"sensitive":true},"insecure_skip_verify":{"type":"bool","description":"Do not verify the server's certificate chain and host name. Defaults to `false`.","description_kind":"markdown","optional":true}},"description":"Optional TLS configuration options for OAuth2 requests.","description_kind":"markdown"},"max_items":1}},"description":"OAuth2 configuration options.","description_kind":"markdown"},"max_items":1}},"description":"Common HTTP client options.","description_kind":"markdown"},"max_items":1},"payload":{"nesting_mode":"set","block":{"attributes":{"template":{"type":"string","description":"Custom payload template.","description_kind":"markdown","required":true},"vars":{"type":["map","string"],"description":"Optionally provide a variables to be used in the payload template. They will be available in the template as `.Vars.\u003cvariable_name\u003e`.","description_kind":"markdown","optional":true}},"description":"Optionally provide a templated payload. Overrides 'Message' and 'Title' field.","description_kind":"markdown"},"max_items":1}},"description":"A contact point that sends notifications to an arbitrary webhook, using the Prometheus webhook format defined here: https://prometheus.io/docs/alerting/latest/configuration/#webhook_config","description_kind":"markdown"}},"wecom":{"nesting_mode":"set","block":{"attributes":{"agent_id":{"type":"string","description":"Agent ID added to the request payload when using APIAPP.","description_kind":"markdown","optional":true},"corp_id":{"type":"string","description":"Corp ID used to get token when using APIAPP.","description_kind":"markdown","optional":true},"disable_resolve_message":{"type":"bool","description":"Whether to disable sending resolve messages. Defaults to `false`.","description_kind":"markdown","optional":true},"message":{"type":"string","description":"The templated content of the message to send.","description_kind":"markdown","optional":true},"msg_type":{"type":"string","description":"The type of them message. Supported: markdown, text. Default: text.","description_kind":"markdown","optional":true},"secret":{"type":"string","description":"The secret key required to obtain access token when using APIAPP. See https://work.weixin.qq.com/wework_admin/frame#apps to create APIAPP.","description_kind":"markdown","optional":true,"sensitive":true},"settings":{"type":["map","string"],"description":"Additional custom properties to attach to the notifier. Defaults to `map[]`.","description_kind":"markdown","optional":true,"sensitive":true},"title":{"type":"string","description":"The templated title of the message to send.","description_kind":"markdown","optional":true},"to_user":{"type":"string","description":"The ID of user that should receive the message. Multiple entries should be separated by '|'. Default: @all.","description_kind":"markdown","optional":true},"uid":{"type":"string","description":"The UID of the contact point.","description_kind":"markdown","computed":true},"url":{"type":"string","description":"The WeCom webhook URL. Required if using GroupRobot.","description_kind":"markdown","optional":true,"sensitive":true}},"description":"A contact point that sends notifications to WeCom.","description_kind":"markdown"}}},"description":"\nManages Grafana Alerting contact points.\n\n* [Official documentation](https://grafana.com/docs/grafana/latest/alerting/set-up/provision-alerting-resources/terraform-provisioning/)\n* [HTTP API](https://grafana.com/docs/grafana/latest/developer-resources/api-reference/http-api/api-legacy/alerting_provisioning/#contact-points)\n\nThis resource requires Grafana 9.1.0 or later.\n","description_kind":"markdown"}},"grafana_dashboard":{"version":1,"block":{"attributes":{"config_json":{"type":"string","description":"The complete dashboard model JSON.\n\nStarting with Grafana v13, use the resource corresponding to your dashboard's API version for Kubernetes-style dashboards.\n\nIf you decide to use this legacy resource with a Kubernetes-style dashboard definition:\n- In Grafana v12, provide the \"spec\" field of the dashboard definition.\n- In Grafana v13 and later, provide the full Kubernetes-style dashboard JSON (including \"apiVersion\", \"kind\", \"metadata\", and \"spec\").","description_kind":"markdown","required":true},"dashboard_id":{"type":"number","description":"The numeric ID of the dashboard computed by Grafana.","description_kind":"markdown","computed":true},"folder":{"type":"string","description":"The id or UID of the folder to save the dashboard in.","description_kind":"markdown","optional":true},"id":{"type":"string","description_kind":"plain","optional":true,"computed":true},"message":{"type":"string","description":"Set a commit message for the version history.","description_kind":"markdown","optional":true},"org_id":{"type":"string","description":"The Organization ID. If not set, the Org ID defined in the provider block will be used.","description_kind":"markdown","optional":true},"overwrite":{"type":"bool","description":"Set to true if you want to overwrite existing dashboard with newer version, same dashboard title in folder or same dashboard uid.","description_kind":"markdown","optional":true},"uid":{"type":"string","description":"The unique identifier of a dashboard. This is used to construct its URL. It's automatically generated if not provided when creating a dashboard. The uid allows having consistent URLs for accessing dashboards and when syncing dashboards between multiple Grafana installs.","description_kind":"markdown","computed":true},"url":{"type":"string","description":"The full URL of the dashboard.","description_kind":"markdown","computed":true},"version":{"type":"number","description":"Whenever you save a version of your dashboard, a copy of that version is saved so that previous versions of your dashboard are not lost.","description_kind":"markdown","computed":true}},"description":"\nManages Grafana dashboards.\n\n* [Official documentation](https://grafana.com/docs/grafana/latest/dashboards/)\n* [HTTP API (legacy API, recommended for Grafana 12 or earlier)](https://grafana.com/docs/grafana/v11.6/developers/http_api/dashboard/)\n* [HTTP API (new Kubernetes-style API, recommended for Grafana 13 and later)](https://grafana.com/docs/grafana/latest/developers/http_api/dashboard/)\n","description_kind":"markdown"}},"grafana_dashboard_permission":{"version":0,"block":{"attributes":{"dashboard_uid":{"type":"string","description":"UID of the dashboard to apply permissions to.","description_kind":"plain","required":true},"id":{"type":"string","description_kind":"plain","computed":true},"org_id":{"type":"string","description":"The Organization ID. If not set, the default organization is used for basic authentication, or the one that owns your service account for token authentication.","description_kind":"plain","optional":true,"computed":true}},"block_types":{"permissions":{"nesting_mode":"set","block":{"attributes":{"permission":{"type":"string","description":"Permission to associate with item. Options: View, Edit, Admin.","description_kind":"plain","required":true},"role":{"type":"string","description":"Name of the basic role to manage permissions for. Options: `Viewer`, `Editor` or `Admin`.","description_kind":"plain","optional":true},"team_id":{"type":"string","description":"ID of the team to manage permissions for.","description_kind":"plain","optional":true},"user_id":{"type":"string","description":"ID of the user or service account to manage permissions for.","description_kind":"plain","optional":true}},"description":"The permission items to add/update. Items that are omitted from the list will be removed.","description_kind":"plain"}}},"description":"Manages the entire set of permissions for a dashboard. Permissions that aren't specified when applying this resource will be removed.\n* [Official documentation](https://grafana.com/docs/grafana/latest/administration/roles-and-permissions/access-control/)\n* [HTTP API](https://grafana.com/docs/grafana/latest/developer-resources/api-reference/http-api/api-legacy/dashboard_permissions/)","description_kind":"markdown"}},"grafana_dashboard_permission_item":{"version":0,"block":{"attributes":{"dashboard_uid":{"type":"string","description":"The UID of the dashboard.","description_kind":"plain","required":true},"id":{"type":"string","description_kind":"plain","computed":true},"org_id":{"type":"string","description":"The Organization ID. If not set, the default organization is used for basic authentication, or the one that owns your service account for token authentication.","description_kind":"plain","optional":true,"computed":true},"permission":{"type":"string","description":"the permission to be assigned","description_kind":"plain","required":true},"role":{"type":"string","description":"the role onto which the permission is to be assigned","description_kind":"plain","optional":true},"team":{"type":"string","description":"the team onto which the permission is to be assigned","description_kind":"plain","optional":true},"user":{"type":"string","description":"the user or service account onto which the permission is to be assigned","description_kind":"plain","optional":true}},"description":"Manages a single permission item for a dashboard. Conflicts with the \"grafana_dashboard_permission\" resource which manages the entire set of permissions for a dashboard.","description_kind":"markdown"}},"grafana_dashboard_public":{"version":0,"block":{"attributes":{"access_token":{"type":"string","description":"A public unique identifier of a public dashboard. This is used to construct its URL. It's automatically generated if not provided when creating a public dashboard. ","description_kind":"plain","optional":true,"computed":true},"annotations_enabled":{"type":"bool","description":"Set to `true` to show annotations. The default value is `false`.","description_kind":"plain","optional":true,"computed":true},"dashboard_uid":{"type":"string","description":"The unique identifier of the original dashboard.","description_kind":"plain","required":true},"id":{"type":"string","description":"The ID of this resource.","description_kind":"plain","computed":true},"is_enabled":{"type":"bool","description":"Set to `true` to enable the public dashboard. The default value is `false`.","description_kind":"plain","optional":true,"computed":true},"org_id":{"type":"string","description":"The Organization ID. If not set, the default organization is used for basic authentication, or the one that owns your service account for token authentication.","description_kind":"plain","optional":true,"computed":true},"share":{"type":"string","description":"Set the share mode. The default value is `public`.","description_kind":"plain","optional":true,"computed":true},"time_selection_enabled":{"type":"bool","description":"Set to `true` to enable the time picker in the public dashboard. The default value is `false`.","description_kind":"plain","optional":true,"computed":true},"uid":{"type":"string","description":"The unique identifier of a public dashboard. It's automatically generated if not provided when creating a public dashboard. ","description_kind":"plain","optional":true,"computed":true}},"description":"\nManages Grafana public dashboards.\n\n**Note:** This resource is available only with Grafana 10.2+.\n\n* [Official documentation](https://grafana.com/docs/grafana/latest/dashboards/share-dashboards-panels/shared-dashboards/)\n* [HTTP API](https://grafana.com/docs/grafana/latest/developer-resources/api-reference/http-api/api-legacy/dashboard_public/)\n","description_kind":"markdown"}},"grafana_data_source":{"version":1,"block":{"attributes":{"access_mode":{"type":"string","description":"The method by which Grafana will access the data source: `proxy` or `direct`. Defaults to `proxy`.","description_kind":"markdown","optional":true},"basic_auth_enabled":{"type":"bool","description":"Whether to enable basic auth for the data source. Defaults to `false`.","description_kind":"markdown","optional":true},"basic_auth_username":{"type":"string","description":"Basic auth username. Defaults to ``.","description_kind":"markdown","optional":true},"database_name":{"type":"string","description":"(Required by some data source types) The name of the database to use on the selected data source server. Defaults to ``.","description_kind":"markdown","optional":true},"http_headers":{"type":["map","string"],"description":"Custom HTTP headers","description_kind":"markdown","optional":true,"sensitive":true},"id":{"type":"string","description_kind":"plain","optional":true,"computed":true},"is_default":{"type":"bool","description":"Whether to set the data source as default. This should only be `true` to a single data source. Defaults to `false`.","description_kind":"markdown","optional":true},"json_data_encoded":{"type":"string","description":"Serialized JSON string containing the json data. This attribute can be used to pass configuration options to the data source. To figure out what options a datasource has available, see its docs or inspect the network data when saving it from the Grafana UI. Note that keys in this map are usually camelCased.","description_kind":"markdown","optional":true},"name":{"type":"string","description":"A unique name for the data source.","description_kind":"markdown","required":true},"org_id":{"type":"string","description":"The Organization ID. If not set, the Org ID defined in the provider block will be used.","description_kind":"markdown","optional":true},"private_data_source_connect_network_id":{"type":"string","description":"(Can only be used with data sources in Grafana Cloud) The ID of the Private Data source Connect network to use with this data source. Defaults to ``.","description_kind":"markdown","optional":true},"secure_json_data_encoded":{"type":"string","description":"Serialized JSON string containing the secure json data. This attribute can be used to pass secure configuration options to the data source. To figure out what options a datasource has available, see its docs or inspect the network data when saving it from the Grafana UI. Note that keys in this map are usually camelCased.","description_kind":"markdown","optional":true,"sensitive":true},"type":{"type":"string","description":"The data source type. Must be one of the supported data source keywords.","description_kind":"markdown","required":true},"uid":{"type":"string","description":"Unique identifier. If unset, this will be automatically generated.","description_kind":"markdown","optional":true,"computed":true},"url":{"type":"string","description":"The URL for the data source. The type of URL required varies depending on the chosen data source type.","description_kind":"markdown","optional":true},"username":{"type":"string","description":"(Required by some data source types) The username to use to authenticate to the data source. Defaults to ``.","description_kind":"markdown","optional":true}},"description":"\n* [Official documentation](https://grafana.com/docs/grafana/latest/datasources/)\n* [HTTP API](https://grafana.com/docs/grafana/latest/developer-resources/api-reference/http-api/api-legacy/data_source/)\n\nThe required arguments for this resource vary depending on the type of data\nsource selected (via the 'type' argument).\n","description_kind":"markdown"}},"grafana_data_source_cache_config":{"version":0,"block":{"attributes":{"datasource_uid":{"type":"string","description":"UID of the data source to configure.","description_kind":"markdown","required":true},"enabled":{"type":"bool","description":"Whether caching is enabled for this data source.","description_kind":"markdown","optional":true},"id":{"type":"string","description_kind":"plain","optional":true,"computed":true},"org_id":{"type":"string","description":"The Organization ID. If not set, the Org ID defined in the provider block will be used.","description_kind":"markdown","optional":true},"ttl_queries_ms":{"type":"number","description":"TTL for query caching, in milliseconds. Ignored if use_default_ttl is true.","description_kind":"markdown","optional":true},"ttl_resources_ms":{"type":"number","description":"TTL for resource caching, in milliseconds. Ignored if use_default_ttl is true.","description_kind":"markdown","optional":true},"use_default_ttl":{"type":"bool","description":"If true, use Grafana's default TTLs instead of custom values. Defaults to `true`.","description_kind":"markdown","optional":true}},"description":"\nManages cache configuration for a data source (Grafana Enterprise).\n\nUse this resource to enable or disable caching for a particular data source. You can also tune the TTL settings for the cache behaviour, or choose to use defaults.\n\nDeleting this resource will cause the cache to be disabled for the target data source.\n","description_kind":"markdown"}},"grafana_data_source_config":{"version":0,"block":{"attributes":{"http_headers":{"type":["map","string"],"description":"Custom HTTP headers","description_kind":"markdown","optional":true,"sensitive":true},"id":{"type":"string","description_kind":"plain","optional":true,"computed":true},"json_data_encoded":{"type":"string","description":"Serialized JSON string containing the json data. This attribute can be used to pass configuration options to the data source. To figure out what options a datasource has available, see its docs or inspect the network data when saving it from the Grafana UI. Note that keys in this map are usually camelCased.","description_kind":"markdown","optional":true},"org_id":{"type":"string","description":"The Organization ID. If not set, the Org ID defined in the provider block will be used.","description_kind":"markdown","optional":true},"secure_json_data_encoded":{"type":"string","description":"Serialized JSON string containing the secure json data. This attribute can be used to pass secure configuration options to the data source. To figure out what options a datasource has available, see its docs or inspect the network data when saving it from the Grafana UI. Note that keys in this map are usually camelCased.","description_kind":"markdown","optional":true,"sensitive":true},"uid":{"type":"string","description":"Unique identifier. If unset, this will be automatically generated.","description_kind":"markdown","optional":true,"computed":true}},"description":"* [Official documentation](https://grafana.com/docs/grafana/latest/datasources/)\n* [HTTP API](https://grafana.com/docs/grafana/latest/developer-resources/api-reference/http-api/api-legacy/data_source/)\n\nThe required arguments for this resource vary depending on the type of data\nsource selected (via the 'type' argument).\n\nUse this resource for configuring multiple datasources, when that configuration (`json_data_encoded` field) requires circular references like in the example below.\n\n\u003e When using the `grafana_data_source_config` resource, the corresponding `grafana_data_source` resources must have the `json_data_encoded` and `http_headers` fields ignored. Otherwise, an infinite update loop will occur. See the example below.\n","description_kind":"markdown"}},"grafana_data_source_config_lbac_rules":{"version":0,"block":{"attributes":{"datasource_uid":{"type":"string","description":"The UID of the datasource.","description_kind":"plain","required":true},"id":{"type":"string","description_kind":"plain","computed":true},"rules":{"type":"string","description":"JSON-encoded LBAC rules for the data source. Map of team UIDs to lists of rule strings.","description_kind":"plain","required":true}},"description":"\nManages LBAC rules for a data source.\n\n!\u003e Warning: This resource manages the entire LBAC rules tree, and will overwrite any existing rules.\n\n* [Official documentation](https://grafana.com/docs/grafana/latest/administration/data-source-management/teamlbac/)\n* [HTTP API](https://grafana.com/docs/grafana/latest/developer-resources/api-reference/http-api/api-legacy/datasource_lbac_rules/)\n\nThis resource requires Grafana \u003e=11.5.0.\n","description_kind":"markdown"}},"grafana_data_source_permission":{"version":0,"block":{"attributes":{"datasource_type":{"type":"string","description":"The plugin type of the datasource (e.g. \"prometheus\"). If set, skips the lookup of the datasource type from the API.","description_kind":"markdown","optional":true},"datasource_uid":{"type":"string","description":"UID of the datasource to apply permissions to.","description_kind":"markdown","required":true},"id":{"type":"string","description_kind":"plain","optional":true,"computed":true},"org_id":{"type":"string","description":"The Organization ID. If not set, the Org ID defined in the provider block will be used.","description_kind":"markdown","optional":true}},"block_types":{"permissions":{"nesting_mode":"set","block":{"attributes":{"built_in_role":{"type":"string","description":"Name of the basic role to manage permissions for. Options: `Viewer`, `Editor` or `Admin`.","description_kind":"markdown","optional":true},"permission":{"type":"string","description":"Permission to associate with item. Options: `Query`, `Edit` or `Admin` (`Admin` can only be used with Grafana v10.3.0+).","description_kind":"markdown","required":true},"team_id":{"type":"string","description":"ID of the team to manage permissions for. Defaults to `0`.","description_kind":"markdown","optional":true},"user_id":{"type":"string","description":"ID of the user or service account to manage permissions for. Defaults to `0`.","description_kind":"markdown","optional":true}},"description":"The permission items to add/update. Items that are omitted from the list will be removed.","description_kind":"markdown"}}},"description":"\nManages the entire set of permissions for a datasource. Permissions that aren't specified when applying this resource will be removed.\n* [HTTP API](https://grafana.com/docs/grafana/latest/developer-resources/api-reference/http-api/api-legacy/datasource_permissions/)\n","description_kind":"markdown"}},"grafana_data_source_permission_item":{"version":0,"block":{"attributes":{"datasource_type":{"type":"string","description":"The plugin type of the datasource (e.g. \"prometheus\"). If set, skips the lookup of the datasource type from the API.","description_kind":"plain","optional":true},"datasource_uid":{"type":"string","description":"The UID of the datasource.","description_kind":"plain","required":true},"id":{"type":"string","description_kind":"plain","computed":true},"org_id":{"type":"string","description":"The Organization ID. If not set, the default organization is used for basic authentication, or the one that owns your service account for token authentication.","description_kind":"plain","optional":true,"computed":true},"permission":{"type":"string","description":"the permission to be assigned","description_kind":"plain","required":true},"role":{"type":"string","description":"the role onto which the permission is to be assigned","description_kind":"plain","optional":true},"team":{"type":"string","description":"the team onto which the permission is to be assigned","description_kind":"plain","optional":true},"user":{"type":"string","description":"the user or service account onto which the permission is to be assigned","description_kind":"plain","optional":true}},"description":"Manages a single permission item for a datasource. Conflicts with the \"grafana_data_source_permission\" resource which manages the entire set of permissions for a datasource.","description_kind":"markdown"}},"grafana_fleet_management_collector":{"version":0,"block":{"attributes":{"collector_type":{"type":"string","description":"Type of the collector. Must be one of: ALLOY, OTEL. Defaults to ALLOY if not specified.","description_kind":"plain","optional":true,"computed":true},"enabled":{"type":"bool","description":"Whether remote configuration for the collector is enabled or not. If the collector is disabled, it will receive empty configurations from the Fleet Management service","description_kind":"plain","optional":true,"computed":true},"id":{"type":"string","description":"ID of the collector","description_kind":"plain","required":true},"remote_attributes":{"type":["map","string"],"description":"Remote attributes for the collector","description_kind":"plain","optional":true,"computed":true}},"description":"\nManages Grafana Fleet Management collectors.\n\n* [Official documentation](https://grafana.com/docs/grafana-cloud/send-data/fleet-management/)\n* [API documentation](https://grafana.com/docs/grafana-cloud/send-data/fleet-management/api-reference/collector-api/)\n* [Step-by-step guide](https://grafana.com/docs/grafana-cloud/as-code/infrastructure-as-code/terraform/terraform-fleet-management/)\n\nRequired access policy scopes:\n\n* fleet-management:read\n* fleet-management:write\n","description_kind":"plain"}},"grafana_fleet_management_pipeline":{"version":0,"block":{"attributes":{"config_type":{"type":"string","description":"Type of the config. Must be one of: ALLOY, OTEL. Defaults to ALLOY if not specified.","description_kind":"plain","optional":true,"computed":true},"contents":{"type":"string","description":"Configuration contents of the pipeline to be used by collectors (can be Alloy config syntax or OTel YAML)","description_kind":"plain","required":true},"enabled":{"type":"bool","description":"Whether the pipeline is enabled for collectors","description_kind":"plain","optional":true,"computed":true},"id":{"type":"string","description":"Server-assigned ID of the pipeline","description_kind":"plain","computed":true},"matchers":{"type":["list","string"],"description":"Used to match against collectors and assign pipelines to them; follows the syntax of Prometheus Alertmanager matchers","description_kind":"plain","optional":true,"computed":true},"name":{"type":"string","description":"Name of the pipeline which is the unique identifier for the pipeline","description_kind":"plain","required":true},"terraform_source_namespace":{"type":"string","description":"Namespace sent with the pipeline source (always `SOURCE_TYPE_TERRAFORM` in the Fleet Management API). Use a stable value per Terraform root or workspace so the UI shows Terraform as the source and API sync semantics stay consistent. If omitted, the namespace `default` is used.","description_kind":"plain","optional":true,"computed":true}},"description":"\nManages Grafana Fleet Management pipelines.\n\nPipelines are always sent to the API with a Terraform pipeline source (SOURCE_TYPE_TERRAFORM) so Fleet Management can show them as Terraform-managed. Use the optional terraform_source_namespace argument (defaults to the string \"default\") for a stable namespace per root or workspace.\n\n* [Official documentation](https://grafana.com/docs/grafana-cloud/send-data/fleet-management/)\n* [API documentation](https://grafana.com/docs/grafana-cloud/send-data/fleet-management/api-reference/pipeline-api/)\n* [Step-by-step guide](https://grafana.com/docs/grafana-cloud/as-code/infrastructure-as-code/terraform/terraform-fleet-management/)\n\nRequired access policy scopes:\n\n* fleet-management:read\n* fleet-management:write\n","description_kind":"plain"}},"grafana_folder":{"version":0,"block":{"attributes":{"id":{"type":"string","description_kind":"plain","optional":true,"computed":true},"org_id":{"type":"string","description":"The Organization ID. If not set, the Org ID defined in the provider block will be used.","description_kind":"markdown","optional":true},"parent_folder_uid":{"type":"string","description":"The uid of the parent folder. If set, the folder will be nested. If not set, the folder will be created in the root folder. Note: This requires the nestedFolders feature flag to be enabled on your Grafana instance.","description_kind":"markdown","optional":true},"prevent_destroy_if_not_empty":{"type":"bool","description":"Prevent deletion of the folder if it is not empty (contains dashboards or alert rules). This feature requires Grafana 10.2 or later. Defaults to `false`.","description_kind":"markdown","optional":true},"title":{"type":"string","description":"The title of the folder.","description_kind":"markdown","required":true},"uid":{"type":"string","description":"Unique identifier.","description_kind":"markdown","optional":true,"computed":true},"url":{"type":"string","description":"The full URL of the folder.","description_kind":"markdown","computed":true}},"description":"\n* [Official documentation](https://grafana.com/docs/grafana/latest/dashboards/manage-dashboards/)\n* [HTTP API](https://grafana.com/docs/grafana/latest/developer-resources/api-reference/http-api/folder/)\n","description_kind":"markdown"}},"grafana_folder_permission":{"version":0,"block":{"attributes":{"folder_uid":{"type":"string","description":"The UID of the folder.","description_kind":"plain","required":true},"id":{"type":"string","description_kind":"plain","computed":true},"org_id":{"type":"string","description":"The Organization ID. If not set, the default organization is used for basic authentication, or the one that owns your service account for token authentication.","description_kind":"plain","optional":true,"computed":true}},"block_types":{"permissions":{"nesting_mode":"set","block":{"attributes":{"permission":{"type":"string","description":"Permission to associate with item. Options: View, Edit, Admin.","description_kind":"plain","required":true},"role":{"type":"string","description":"Name of the basic role to manage permissions for. Options: `Viewer`, `Editor` or `Admin`.","description_kind":"plain","optional":true},"team_id":{"type":"string","description":"ID of the team to manage permissions for.","description_kind":"plain","optional":true},"user_id":{"type":"string","description":"ID of the user or service account to manage permissions for.","description_kind":"plain","optional":true}},"description":"The permission items to add/update. Items that are omitted from the list will be removed.","description_kind":"plain"}}},"description":"Manages the entire set of permissions for a folder. Permissions that aren't specified when applying this resource will be removed.\n* [Official documentation](https://grafana.com/docs/grafana/latest/administration/roles-and-permissions/access-control/)\n* [HTTP API](https://grafana.com/docs/grafana/latest/developer-resources/api-reference/http-api/api-legacy/folder_permissions/)","description_kind":"markdown"}},"grafana_folder_permission_item":{"version":0,"block":{"attributes":{"folder_uid":{"type":"string","description":"The UID of the folder.","description_kind":"plain","required":true},"id":{"type":"string","description_kind":"plain","computed":true},"org_id":{"type":"string","description":"The Organization ID. If not set, the default organization is used for basic authentication, or the one that owns your service account for token authentication.","description_kind":"plain","optional":true,"computed":true},"permission":{"type":"string","description":"the permission to be assigned","description_kind":"plain","required":true},"role":{"type":"string","description":"the role onto which the permission is to be assigned","description_kind":"plain","optional":true},"team":{"type":"string","description":"the team onto which the permission is to be assigned","description_kind":"plain","optional":true},"user":{"type":"string","description":"the user or service account onto which the permission is to be assigned","description_kind":"plain","optional":true}},"description":"Manages a single permission item for a folder. Conflicts with the \"grafana_folder_permission\" resource which manages the entire set of permissions for a folder.\n\t\t* [Official documentation](https://grafana.com/docs/grafana/latest/administration/roles-and-permissions/access-control/)\n\t\t* [HTTP API](https://grafana.com/docs/grafana/latest/developer-resources/api-reference/http-api/api-legacy/folder_permissions/)","description_kind":"markdown"}},"grafana_frontend_o11y_app":{"version":0,"block":{"attributes":{"allowed_origins":{"type":["list","string"],"description":"A list of allowed origins for CORS.","description_kind":"plain","required":true},"collector_endpoint":{"type":"string","description":"The collector URL Grafana Cloud Frontend Observability. Use this endpoint to send your Telemetry.","description_kind":"plain","computed":true},"extra_log_attributes":{"type":["map","string"],"description":"The extra attributes to append in each signal.","description_kind":"plain","required":true},"id":{"type":"number","description":"The Terraform Resource ID. This is auto-generated from Frontend Observability API.","description_kind":"plain","computed":true},"name":{"type":"string","description":"The name of Frontend Observability App. Part of the Terraform Resource ID.","description_kind":"plain","required":true},"settings":{"type":["map","string"],"description":"The key-value settings of the Frontend Observability app. Available Settings: `{combineLabData=(0|1),geolocation.level=(0|1),geolocation.level=0-4,geolocation.country_denylist=\u003ccomma-separated-list-of-country-codes\u003e}`","description_kind":"markdown","required":true},"stack_id":{"type":"number","description":"The Stack ID of the Grafana Cloud instance. Part of the Terraform Resource ID.","description_kind":"plain","required":true}},"description_kind":"plain"}},"grafana_k6_installation":{"version":0,"block":{"attributes":{"cloud_access_policy_token":{"type":"string","description":"The [Grafana Cloud access policy](https://grafana.com/docs/grafana-cloud/account-management/authentication-and-permissions/access-policies/).","description_kind":"markdown","required":true,"sensitive":true},"grafana_sa_token":{"type":"string","description":"The [service account](https://grafana.com/docs/grafana/latest/administration/service-accounts/) token.","description_kind":"markdown","required":true,"sensitive":true},"grafana_user":{"type":"string","description":"The user to use for the installation.","description_kind":"markdown","required":true},"id":{"type":"string","description_kind":"plain","optional":true,"computed":true},"k6_access_token":{"type":"string","description":"Generated token to access the k6 API.","description_kind":"markdown","computed":true,"sensitive":true},"k6_api_url":{"type":"string","description":"The Grafana Cloud k6 API url.","description_kind":"markdown","optional":true,"computed":true},"k6_organization":{"type":"string","description":"The identifier of the k6 organization.","description_kind":"markdown","computed":true},"stack_id":{"type":"string","description":"The identifier of the stack to install k6 on.","description_kind":"markdown","required":true}},"description":"\nSets up the k6 App on a Grafana Cloud instance and generates a token. \nOnce a Grafana Cloud stack is created, a user can either use this resource or go into the UI to install k6.\nThis resource cannot be imported but it can be used on an existing k6 App installation without issues.\n\n**Note that this resource must be used on a provider configured with Grafana Cloud credentials.**\n\n* [Official documentation](https://grafana.com/docs/grafana-cloud/testing/k6/)\n\nRequired access policy scopes:\n\n* stacks:read\n* stacks:write\n* subscriptions:read\n* orgs:read\n* stack-service-accounts:write\n","description_kind":"markdown"}},"grafana_k6_load_test":{"version":1,"block":{"attributes":{"baseline_test_run_id":{"type":"string","description":"Identifier of a baseline test run used for results comparison.","description_kind":"plain","deprecated":true,"optional":true},"created":{"type":"string","description":"The date when the load test was created.","description_kind":"plain","computed":true},"id":{"type":"string","description":"Numeric identifier of the load test.","description_kind":"plain","computed":true},"name":{"type":"string","description":"Human-friendly identifier of the load test.","description_kind":"plain","required":true},"project_id":{"type":"string","description":"The identifier of the project this load test belongs to.","description_kind":"plain","required":true},"script":{"type":"string","description":"The k6 test script content. Can be provided inline or via the `file()` function.","description_kind":"plain","required":true},"updated":{"type":"string","description":"The date when the load test was last updated.","description_kind":"plain","computed":true}},"description":"Manages a k6 load test.","description_kind":"plain"}},"grafana_k6_project":{"version":1,"block":{"attributes":{"created":{"type":"string","description":"The date when the project was created.","description_kind":"plain","computed":true},"grafana_folder_uid":{"type":"string","description":"The Grafana folder uid.","description_kind":"plain","computed":true},"id":{"type":"string","description":"Numeric identifier of the project.","description_kind":"plain","computed":true},"is_default":{"type":"bool","description":"Use this project as default for running tests when no explicit project identifier is provided.","description_kind":"plain","computed":true},"name":{"type":"string","description":"Human-friendly identifier of the project.","description_kind":"plain","required":true},"updated":{"type":"string","description":"The date when the project was last updated.","description_kind":"plain","computed":true}},"description":"Manages a k6 project.","description_kind":"plain"}},"grafana_k6_project_allowed_load_zones":{"version":0,"block":{"attributes":{"allowed_load_zones":{"type":["list","string"],"description":"List of allowed private k6 load zone IDs for this project.","description_kind":"plain","required":true},"id":{"type":"string","description":"The identifier of the project. This is set to the same as the project_id.","description_kind":"plain","computed":true},"project_id":{"type":"string","description":"The identifier of the project to manage private allowed load zones for.","description_kind":"plain","required":true}},"description":"Manages allowed private load zones for a k6 project.","description_kind":"plain"}},"grafana_k6_project_limits":{"version":1,"block":{"attributes":{"duration_max_per_test":{"type":"number","description":"Maximum duration of a test in seconds.","description_kind":"plain","optional":true},"id":{"type":"string","description":"The identifier of the project limits. This is the same as the project_id.","description_kind":"plain","computed":true},"project_id":{"type":"string","description":"The identifier of the project to manage limits for.","description_kind":"plain","required":true},"vu_browser_max_per_test":{"type":"number","description":"Maximum number of concurrent browser virtual users (VUs) used in one test.","description_kind":"plain","optional":true},"vu_max_per_test":{"type":"number","description":"Maximum number of concurrent virtual users (VUs) used in one test.","description_kind":"plain","optional":true},"vuh_max_per_month":{"type":"number","description":"Maximum amount of virtual user hours (VU/h) used per one calendar month.","description_kind":"plain","optional":true}},"description":"Manages limits for a k6 project.","description_kind":"plain"}},"grafana_k6_schedule":{"version":0,"block":{"attributes":{"created_by":{"type":"string","description":"The email of the user who created the schedule.","description_kind":"plain","computed":true},"deactivated":{"type":"bool","description":"Whether the schedule is deactivated.","description_kind":"plain","computed":true},"id":{"type":"string","description":"Numeric identifier of the schedule.","description_kind":"plain","computed":true},"load_test_id":{"type":"string","description":"The identifier of the load test to schedule.","description_kind":"plain","required":true},"next_run":{"type":"string","description":"The next scheduled execution time.","description_kind":"plain","computed":true},"starts":{"type":"string","description":"The start time for the schedule (RFC3339 format).","description_kind":"plain","required":true}},"block_types":{"cron":{"nesting_mode":"single","block":{"attributes":{"schedule":{"type":"string","description":"A cron expression with exactly 5 entries, or an alias. The allowed aliases are: `@yearly`, `@annually`, `@monthly`, `@weekly`, `@daily`, `@hourly`.","description_kind":"plain","optional":true},"timezone":{"type":"string","description":"The timezone of the cron expression. For example, `UTC` or `Europe/London`.","description_kind":"plain","optional":true}},"description":"The cron schedule to trigger the test periodically. If not specified, the test will run only once on the 'starts' date. Only one of `recurrence_rule` and `cron` can be set.","description_kind":"plain"}},"recurrence_rule":{"nesting_mode":"single","block":{"attributes":{"byday":{"type":["list","string"],"description":"The weekdays when the 'WEEKLY' recurrence will be applied (e.g., ['MO', 'WE', 'FR']). Cannot be set for other frequencies.","description_kind":"plain","optional":true},"count":{"type":"number","description":"How many times the recurrence will repeat.","description_kind":"plain","optional":true},"frequency":{"type":"string","description":"The frequency of the schedule (HOURLY, DAILY, WEEKLY, MONTHLY, YEARLY).","description_kind":"plain","optional":true},"interval":{"type":"number","description":"The interval between each frequency iteration (e.g., 2 = every 2 hours for HOURLY). Defaults to 1.","description_kind":"plain","optional":true,"computed":true},"until":{"type":"string","description":"The end time for the recurrence (RFC3339 format).","description_kind":"plain","optional":true}},"description":"The schedule recurrence settings. If not specified, the test will run only once on the 'starts' date. Only one of `recurrence_rule` and `cron` can be set.","description_kind":"plain"}}},"description":"Manages a k6 schedule for automated test execution.","description_kind":"plain"}},"grafana_library_panel":{"version":0,"block":{"attributes":{"created":{"type":"string","description":"Timestamp when the library panel was created.","description_kind":"markdown","computed":true},"dashboard_ids":{"type":["list","number"],"description":"Numerical IDs of Grafana dashboards containing the library panel.","description_kind":"markdown","computed":true},"description":{"type":"string","description":"Description of the library panel.","description_kind":"markdown","computed":true},"folder_name":{"type":"string","description":"Name of the folder containing the library panel.","description_kind":"markdown","computed":true},"folder_uid":{"type":"string","description":"Unique ID (UID) of the folder containing the library panel.","description_kind":"markdown","optional":true},"id":{"type":"string","description_kind":"plain","optional":true,"computed":true},"model_json":{"type":"string","description":"The JSON model for the library panel.","description_kind":"markdown","required":true},"name":{"type":"string","description":"Name of the library panel.","description_kind":"markdown","required":true},"org_id":{"type":"string","description":"The Organization ID. If not set, the Org ID defined in the provider block will be used.","description_kind":"markdown","optional":true},"panel_id":{"type":"number","description":"The numeric ID of the library panel computed by Grafana.","description_kind":"markdown","computed":true},"type":{"type":"string","description":"Type of the library panel (eg. text).","description_kind":"markdown","computed":true},"uid":{"type":"string","description":"The unique identifier (UID) of a library panel uniquely identifies library panels between multiple Grafana installs. It’s automatically generated unless you specify it during library panel creation.The UID provides consistent URLs for accessing library panels and when syncing library panels between multiple Grafana installs.","description_kind":"markdown","optional":true,"computed":true},"updated":{"type":"string","description":"Timestamp when the library panel was last modified.","description_kind":"markdown","computed":true},"version":{"type":"number","description":"Version of the library panel.","description_kind":"markdown","computed":true}},"description":"\nManages Grafana library panels.\n\n* [Official documentation](https://grafana.com/docs/grafana/latest/dashboards/build-dashboards/manage-library-panels/)\n* [HTTP API](https://grafana.com/docs/grafana/latest/developer-resources/api-reference/http-api/api-legacy/library_element/)\n","description_kind":"markdown"}},"grafana_machine_learning_alert":{"version":0,"block":{"attributes":{"annotations":{"type":["map","string"],"description":"Annotations to add to the alert generated in Grafana.","description_kind":"plain","optional":true},"anomaly_condition":{"type":"string","description":"The condition for when to consider a point as anomalous.","description_kind":"plain","optional":true},"for":{"type":"string","description":"How long values must be anomalous before firing an alert.","description_kind":"plain","optional":true,"computed":true},"id":{"type":"string","description":"The ID of the alert.","description_kind":"plain","computed":true},"job_id":{"type":"string","description":"The forecast this alert belongs to.","description_kind":"plain","optional":true},"labels":{"type":["map","string"],"description":"Labels to add to the alert generated in Grafana.","description_kind":"plain","optional":true},"no_data_state":{"type":"string","description":"How the alert should be processed when no data is returned by the underlying series","description_kind":"plain","optional":true},"outlier_id":{"type":"string","description":"The forecast this alert belongs to.","description_kind":"plain","optional":true},"threshold":{"type":"string","description":"The threshold of points over the window that need to be anomalous to alert.","description_kind":"plain","optional":true},"title":{"type":"string","description":"The title of the alert.","description_kind":"plain","required":true},"window":{"type":"string","description":"How much time to average values over","description_kind":"plain","optional":true,"computed":true}},"description_kind":"plain"}},"grafana_machine_learning_holiday":{"version":0,"block":{"attributes":{"description":{"type":"string","description":"A description of the holiday.","description_kind":"markdown","optional":true},"ical_timezone":{"type":"string","description":"The timezone to use for events in the iCal file pointed to by ical_url.","description_kind":"markdown","optional":true},"ical_url":{"type":"string","description":"A URL to an iCal file containing all occurrences of the holiday.","description_kind":"markdown","optional":true},"id":{"type":"string","description":"The ID of the holiday.","description_kind":"markdown","computed":true},"name":{"type":"string","description":"The name of the holiday.","description_kind":"markdown","required":true}},"block_types":{"custom_periods":{"nesting_mode":"list","block":{"attributes":{"end_time":{"type":"string","description_kind":"plain","required":true},"name":{"type":"string","description":"The name of the custom period.","description_kind":"markdown","optional":true},"start_time":{"type":"string","description_kind":"plain","required":true}},"description":"A list of custom periods for the holiday.","description_kind":"markdown"}}},"description":"\nA holiday describes time periods where a time series is expected to behave differently to normal.\n\nTo use a holiday in a job, use its id in the `holidays` attribute of a `grafana_machine_learning_job`:\n\n```terraform\nresource \"grafana_machine_learning_job\" \"test_job\" {\n  ...\n  holidays = [\n    grafana_machine_learning_holiday.my_holiday.id\n  ]\n}\n```","description_kind":"markdown"}},"grafana_machine_learning_job":{"version":0,"block":{"attributes":{"custom_labels":{"type":["map","string"],"description":"An object representing the custom labels added on the forecast.","description_kind":"markdown","optional":true},"datasource_type":{"type":"string","description":"The type of datasource being queried. Currently allowed values are prometheus, grafana-prometheus-datasource, grafana-amazonprometheus-datasource, loki, grafana-loki-datasource, graphite, grafana-graphite-datasource, grafana-datadog-datasource, postgres, grafana-postgresql-datasource, doitintl-bigquery-datasource, grafana-bigquery-datasource, grafana-snowflake-datasource, influxdb, grafana-influxdb-datasource, grafana-splunk-datasource, elasticsearch, grafana-elasticsearch-datasource, and grafana-mongodb-datasource.","description_kind":"markdown","required":true},"datasource_uid":{"type":"string","description":"The uid of the datasource to query.","description_kind":"markdown","required":true},"description":{"type":"string","description":"A description of the job.","description_kind":"markdown","optional":true},"holidays":{"type":["list","string"],"description":"A list of holiday IDs or names to take into account when training the model.","description_kind":"markdown","optional":true},"hyper_params":{"type":["map","string"],"description":"The hyperparameters used to fine tune the algorithm. See https://grafana.com/docs/grafana-cloud/alerting-and-irm/machine-learning/forecasts/models/ for the full list of available hyperparameters. Defaults to `map[]`.","description_kind":"markdown","optional":true},"id":{"type":"string","description":"The ID of the job.","description_kind":"markdown","computed":true},"interval":{"type":"number","description":"The data interval in seconds to train the data on. Defaults to `300`.","description_kind":"markdown","optional":true},"metric":{"type":"string","description":"The metric used to query the job results.","description_kind":"markdown","required":true},"name":{"type":"string","description":"The name of the job.","description_kind":"markdown","required":true},"query_params":{"type":["map","string"],"description":"An object representing the query params to query Grafana with.","description_kind":"markdown","required":true},"training_window":{"type":"number","description":"The data interval in seconds to train the data on. Defaults to `7776000`.","description_kind":"markdown","optional":true}},"description":"\nA job defines the queries and model parameters for a machine learning task.\n\nSee [the Grafana Cloud docs](https://grafana.com/docs/grafana-cloud/alerting-and-irm/machine-learning/dynamic-alerting/forecasting/config/) for more information\non available hyperparameters for use in the `hyper_params` field.","description_kind":"markdown"}},"grafana_machine_learning_outlier_detector":{"version":0,"block":{"attributes":{"datasource_type":{"type":"string","description":"The type of datasource being queried. Currently allowed values are prometheus, grafana-prometheus-datasource, grafana-amazonprometheus-datasource, loki, grafana-loki-datasource, graphite, grafana-graphite-datasource, grafana-datadog-datasource, postgres, grafana-postgresql-datasource, doitintl-bigquery-datasource, grafana-bigquery-datasource, grafana-snowflake-datasource, influxdb, grafana-influxdb-datasource, grafana-splunk-datasource, elasticsearch, grafana-elasticsearch-datasource, and grafana-mongodb-datasource.","description_kind":"markdown","required":true},"datasource_uid":{"type":"string","description":"The uid of the datasource to query.","description_kind":"markdown","required":true},"description":{"type":"string","description":"A description of the outlier detector.","description_kind":"markdown","optional":true},"id":{"type":"string","description":"The ID of the outlier detector.","description_kind":"markdown","computed":true},"interval":{"type":"number","description":"The data interval in seconds to monitor. Defaults to `300`.","description_kind":"markdown","optional":true},"metric":{"type":"string","description":"The metric used to query the outlier detector results.","description_kind":"markdown","required":true},"name":{"type":"string","description":"The name of the outlier detector.","description_kind":"markdown","required":true},"query_params":{"type":["map","string"],"description":"An object representing the query params to query Grafana with.","description_kind":"markdown","required":true}},"block_types":{"algorithm":{"nesting_mode":"set","block":{"attributes":{"name":{"type":"string","description":"The name of the algorithm to use ('mad' or 'dbscan').","description_kind":"markdown","required":true},"sensitivity":{"type":"number","description":"Specify the sensitivity of the detector (in range [0,1]).","description_kind":"markdown","required":true}},"block_types":{"config":{"nesting_mode":"set","block":{"attributes":{"epsilon":{"type":"number","description":"Specify the epsilon parameter (positive float)","description_kind":"markdown","required":true}},"description":"For DBSCAN only, specify the configuration map","description_kind":"markdown"},"max_items":1}},"description":"The algorithm to use and its configuration. See https://grafana.com/docs/grafana-cloud/machine-learning/outlier-detection/ for details.","description_kind":"markdown"},"min_items":1,"max_items":1}},"description":"\nAn outlier detector monitors the results of a query and reports when its values are outside normal bands.\n\nThe normal band is configured by choice of algorithm, its sensitivity and other configuration.\n\nVisit https://grafana.com/docs/grafana-cloud/machine-learning/outlier-detection/ for more details.\n","description_kind":"markdown"}},"grafana_message_template":{"version":0,"block":{"attributes":{"disable_provenance":{"type":"bool","description":"Allow modifying the message template from other sources than Terraform or the Grafana API. Defaults to `false`.","description_kind":"plain","optional":true,"computed":true},"id":{"type":"string","description":"The ID of this resource.","description_kind":"plain","computed":true},"name":{"type":"string","description":"The name of the notification template group.","description_kind":"plain","required":true},"org_id":{"type":"string","description":"The Organization ID. If not set, the Org ID defined in the provider block will be used.","description_kind":"plain","optional":true,"computed":true},"template":{"type":"string","description":"The content of the notification template group.","description_kind":"plain","required":true}},"description":"\nManages Grafana Alerting notification template groups, including notification templates.\n\n* [Official documentation](https://grafana.com/docs/grafana/latest/alerting/set-up/provision-alerting-resources/terraform-provisioning/)\n* [HTTP API](https://grafana.com/docs/grafana/latest/developer-resources/api-reference/http-api/api-legacy/alerting_provisioning/#notification-template-groups)\n\nThis resource requires Grafana 9.1.0 or later.\n","description_kind":"markdown"}},"grafana_mute_timing":{"version":0,"block":{"attributes":{"disable_provenance":{"type":"bool","description":"Allow modifying the mute timing from other sources than Terraform or the Grafana API. Defaults to `false`.","description_kind":"markdown","optional":true},"id":{"type":"string","description_kind":"plain","optional":true,"computed":true},"name":{"type":"string","description":"The name of the mute timing.","description_kind":"markdown","required":true},"org_id":{"type":"string","description":"The Organization ID. If not set, the Org ID defined in the provider block will be used.","description_kind":"markdown","optional":true}},"block_types":{"intervals":{"nesting_mode":"list","block":{"attributes":{"days_of_month":{"type":["list","string"],"description":"An inclusive range of days, 1-31, within a month, e.g. \"1\" or \"14:16\". Negative values can be used to represent days counting from the end of a month, e.g. \"-1\".","description_kind":"markdown","optional":true},"location":{"type":"string","description":"Provides the time zone for the time interval. Must be a location in the IANA time zone database, e.g \"America/New_York\"","description_kind":"markdown","optional":true},"months":{"type":["list","string"],"description":"An inclusive range of months, either numerical or full calendar month, e.g. \"1:3\", \"december\", or \"may:august\".","description_kind":"markdown","optional":true},"weekdays":{"type":["list","string"],"description":"An inclusive range of weekdays, e.g. \"monday\" or \"tuesday:thursday\".","description_kind":"markdown","optional":true},"years":{"type":["list","string"],"description":"A positive inclusive range of years, e.g. \"2030\" or \"2025:2026\".","description_kind":"markdown","optional":true}},"block_types":{"times":{"nesting_mode":"list","block":{"attributes":{"end":{"type":"string","description":"The time, in hh:mm format, of when the interval should end exclusively.","description_kind":"markdown","required":true},"start":{"type":"string","description":"The time, in hh:mm format, of when the interval should begin inclusively.","description_kind":"markdown","required":true}},"description":"The time ranges, represented in minutes, during which to mute in a given day.","description_kind":"markdown"}}},"description":"The time intervals at which to mute notifications. Use an empty block to mute all the time.","description_kind":"markdown"}}},"description":"\nManages Grafana Alerting mute timings.\n\n* [Official documentation](https://grafana.com/docs/grafana/latest/alerting/set-up/provision-alerting-resources/terraform-provisioning/)\n* [HTTP API](https://grafana.com/docs/grafana/latest/developer-resources/api-reference/http-api/api-legacy/alerting_provisioning/#mute-timings)\n\nThis resource requires Grafana 9.1.0 or later.\n","description_kind":"markdown"}},"grafana_notification_policy":{"version":0,"block":{"attributes":{"contact_point":{"type":"string","description":"The default contact point to route all unmatched notifications to.","description_kind":"markdown","required":true},"disable_provenance":{"type":"bool","description":"Allow modifying the notification policy from other sources than Terraform or the Grafana API. Defaults to `false`.","description_kind":"markdown","optional":true},"group_by":{"type":["list","string"],"description":"A list of alert labels to group alerts into notifications by. Use the special label `...` to group alerts by all labels, effectively disabling grouping.","description_kind":"markdown","required":true},"group_interval":{"type":"string","description":"Minimum time interval between two notifications for the same group. Default is 5 minutes.","description_kind":"markdown","optional":true},"group_wait":{"type":"string","description":"Time to wait to buffer alerts of the same group before sending a notification. Default is 30 seconds.","description_kind":"markdown","optional":true},"id":{"type":"string","description_kind":"plain","optional":true,"computed":true},"org_id":{"type":"string","description":"The Organization ID. If not set, the Org ID defined in the provider block will be used.","description_kind":"markdown","optional":true},"repeat_interval":{"type":"string","description":"Minimum time interval for re-sending a notification if an alert is still firing. Default is 4 hours.","description_kind":"markdown","optional":true}},"block_types":{"policy":{"nesting_mode":"list","block":{"attributes":{"active_timings":{"type":["list","string"],"description":"A list of time interval names to apply to alerts that match this policy to suppress them unless they are sent at the specified time. Supported in Grafana 12.1.0 and later","description_kind":"markdown","optional":true},"contact_point":{"type":"string","description":"The contact point to route notifications that match this rule to.","description_kind":"markdown","optional":true},"continue":{"type":"bool","description":"Whether to continue matching subsequent rules if an alert matches the current rule. Otherwise, the rule will be 'consumed' by the first policy to match it.","description_kind":"markdown","optional":true},"group_by":{"type":["list","string"],"description":"A list of alert labels to group alerts into notifications by. Use the special label `...` to group alerts by all labels, effectively disabling grouping. Required for root policy only. If empty, the parent grouping is used.","description_kind":"markdown","optional":true},"group_interval":{"type":"string","description":"Minimum time interval between two notifications for the same group. Default is 5 minutes.","description_kind":"markdown","optional":true},"group_wait":{"type":"string","description":"Time to wait to buffer alerts of the same group before sending a notification. Default is 30 seconds.","description_kind":"markdown","optional":true},"mute_timings":{"type":["list","string"],"description":"A list of time intervals to apply to alerts that match this policy to mute them for the specified time.","description_kind":"markdown","optional":true},"repeat_interval":{"type":"string","description":"Minimum time interval for re-sending a notification if an alert is still firing. Default is 4 hours.","description_kind":"markdown","optional":true}},"block_types":{"matcher":{"nesting_mode":"set","block":{"attributes":{"label":{"type":"string","description":"The name of the label to match against.","description_kind":"markdown","required":true},"match":{"type":"string","description":"The operator to apply when matching values of the given label. Allowed operators are `=` for equality, `!=` for negated equality, `=~` for regex equality, and `!~` for negated regex equality.","description_kind":"markdown","required":true},"value":{"type":"string","description":"The label value to match against.","description_kind":"markdown","required":true}},"description":"Describes which labels this rule should match. When multiple matchers are supplied, an alert must match ALL matchers to be accepted by this policy. When no matchers are supplied, the rule will match all alert instances.","description_kind":"markdown"}},"policy":{"nesting_mode":"list","block":{"attributes":{"active_timings":{"type":["list","string"],"description":"A list of time interval names to apply to alerts that match this policy to suppress them unless they are sent at the specified time. Supported in Grafana 12.1.0 and later","description_kind":"markdown","optional":true},"contact_point":{"type":"string","description":"The contact point to route notifications that match this rule to.","description_kind":"markdown","optional":true},"continue":{"type":"bool","description":"Whether to continue matching subsequent rules if an alert matches the current rule. Otherwise, the rule will be 'consumed' by the first policy to match it.","description_kind":"markdown","optional":true},"group_by":{"type":["list","string"],"description":"A list of alert labels to group alerts into notifications by. Use the special label `...` to group alerts by all labels, effectively disabling grouping. Required for root policy only. If empty, the parent grouping is used.","description_kind":"markdown","optional":true},"group_interval":{"type":"string","description":"Minimum time interval between two notifications for the same group. Default is 5 minutes.","description_kind":"markdown","optional":true},"group_wait":{"type":"string","description":"Time to wait to buffer alerts of the same group before sending a notification. Default is 30 seconds.","description_kind":"markdown","optional":true},"mute_timings":{"type":["list","string"],"description":"A list of time intervals to apply to alerts that match this policy to mute them for the specified time.","description_kind":"markdown","optional":true},"repeat_interval":{"type":"string","description":"Minimum time interval for re-sending a notification if an alert is still firing. Default is 4 hours.","description_kind":"markdown","optional":true}},"block_types":{"matcher":{"nesting_mode":"set","block":{"attributes":{"label":{"type":"string","description":"The name of the label to match against.","description_kind":"markdown","required":true},"match":{"type":"string","description":"The operator to apply when matching values of the given label. Allowed operators are `=` for equality, `!=` for negated equality, `=~` for regex equality, and `!~` for negated regex equality.","description_kind":"markdown","required":true},"value":{"type":"string","description":"The label value to match against.","description_kind":"markdown","required":true}},"description":"Describes which labels this rule should match. When multiple matchers are supplied, an alert must match ALL matchers to be accepted by this policy. When no matchers are supplied, the rule will match all alert instances.","description_kind":"markdown"}},"policy":{"nesting_mode":"list","block":{"attributes":{"active_timings":{"type":["list","string"],"description":"A list of time interval names to apply to alerts that match this policy to suppress them unless they are sent at the specified time. Supported in Grafana 12.1.0 and later","description_kind":"markdown","optional":true},"contact_point":{"type":"string","description":"The contact point to route notifications that match this rule to.","description_kind":"markdown","optional":true},"continue":{"type":"bool","description":"Whether to continue matching subsequent rules if an alert matches the current rule. Otherwise, the rule will be 'consumed' by the first policy to match it.","description_kind":"markdown","optional":true},"group_by":{"type":["list","string"],"description":"A list of alert labels to group alerts into notifications by. Use the special label `...` to group alerts by all labels, effectively disabling grouping. Required for root policy only. If empty, the parent grouping is used.","description_kind":"markdown","optional":true},"group_interval":{"type":"string","description":"Minimum time interval between two notifications for the same group. Default is 5 minutes.","description_kind":"markdown","optional":true},"group_wait":{"type":"string","description":"Time to wait to buffer alerts of the same group before sending a notification. Default is 30 seconds.","description_kind":"markdown","optional":true},"mute_timings":{"type":["list","string"],"description":"A list of time intervals to apply to alerts that match this policy to mute them for the specified time.","description_kind":"markdown","optional":true},"repeat_interval":{"type":"string","description":"Minimum time interval for re-sending a notification if an alert is still firing. Default is 4 hours.","description_kind":"markdown","optional":true}},"block_types":{"matcher":{"nesting_mode":"set","block":{"attributes":{"label":{"type":"string","description":"The name of the label to match against.","description_kind":"markdown","required":true},"match":{"type":"string","description":"The operator to apply when matching values of the given label. Allowed operators are `=` for equality, `!=` for negated equality, `=~` for regex equality, and `!~` for negated regex equality.","description_kind":"markdown","required":true},"value":{"type":"string","description":"The label value to match against.","description_kind":"markdown","required":true}},"description":"Describes which labels this rule should match. When multiple matchers are supplied, an alert must match ALL matchers to be accepted by this policy. When no matchers are supplied, the rule will match all alert instances.","description_kind":"markdown"}},"policy":{"nesting_mode":"list","block":{"attributes":{"active_timings":{"type":["list","string"],"description":"A list of time interval names to apply to alerts that match this policy to suppress them unless they are sent at the specified time. Supported in Grafana 12.1.0 and later","description_kind":"markdown","optional":true},"contact_point":{"type":"string","description":"The contact point to route notifications that match this rule to.","description_kind":"markdown","optional":true},"continue":{"type":"bool","description":"Whether to continue matching subsequent rules if an alert matches the current rule. Otherwise, the rule will be 'consumed' by the first policy to match it.","description_kind":"markdown","optional":true},"group_by":{"type":["list","string"],"description":"A list of alert labels to group alerts into notifications by. Use the special label `...` to group alerts by all labels, effectively disabling grouping. Required for root policy only. If empty, the parent grouping is used.","description_kind":"markdown","optional":true},"group_interval":{"type":"string","description":"Minimum time interval between two notifications for the same group. Default is 5 minutes.","description_kind":"markdown","optional":true},"group_wait":{"type":"string","description":"Time to wait to buffer alerts of the same group before sending a notification. Default is 30 seconds.","description_kind":"markdown","optional":true},"mute_timings":{"type":["list","string"],"description":"A list of time intervals to apply to alerts that match this policy to mute them for the specified time.","description_kind":"markdown","optional":true},"repeat_interval":{"type":"string","description":"Minimum time interval for re-sending a notification if an alert is still firing. Default is 4 hours.","description_kind":"markdown","optional":true}},"block_types":{"matcher":{"nesting_mode":"set","block":{"attributes":{"label":{"type":"string","description":"The name of the label to match against.","description_kind":"markdown","required":true},"match":{"type":"string","description":"The operator to apply when matching values of the given label. Allowed operators are `=` for equality, `!=` for negated equality, `=~` for regex equality, and `!~` for negated regex equality.","description_kind":"markdown","required":true},"value":{"type":"string","description":"The label value to match against.","description_kind":"markdown","required":true}},"description":"Describes which labels this rule should match. When multiple matchers are supplied, an alert must match ALL matchers to be accepted by this policy. When no matchers are supplied, the rule will match all alert instances.","description_kind":"markdown"}},"policy":{"nesting_mode":"list","block":{"attributes":{"active_timings":{"type":["list","string"],"description":"A list of time interval names to apply to alerts that match this policy to suppress them unless they are sent at the specified time. Supported in Grafana 12.1.0 and later","description_kind":"markdown","optional":true},"contact_point":{"type":"string","description":"The contact point to route notifications that match this rule to.","description_kind":"markdown","optional":true},"continue":{"type":"bool","description":"Whether to continue matching subsequent rules if an alert matches the current rule. Otherwise, the rule will be 'consumed' by the first policy to match it.","description_kind":"markdown","optional":true},"group_by":{"type":["list","string"],"description":"A list of alert labels to group alerts into notifications by. Use the special label `...` to group alerts by all labels, effectively disabling grouping. Required for root policy only. If empty, the parent grouping is used.","description_kind":"markdown","required":true},"group_interval":{"type":"string","description":"Minimum time interval between two notifications for the same group. Default is 5 minutes.","description_kind":"markdown","optional":true},"group_wait":{"type":"string","description":"Time to wait to buffer alerts of the same group before sending a notification. Default is 30 seconds.","description_kind":"markdown","optional":true},"mute_timings":{"type":["list","string"],"description":"A list of time intervals to apply to alerts that match this policy to mute them for the specified time.","description_kind":"markdown","optional":true},"repeat_interval":{"type":"string","description":"Minimum time interval for re-sending a notification if an alert is still firing. Default is 4 hours.","description_kind":"markdown","optional":true}},"block_types":{"matcher":{"nesting_mode":"set","block":{"attributes":{"label":{"type":"string","description":"The name of the label to match against.","description_kind":"markdown","required":true},"match":{"type":"string","description":"The operator to apply when matching values of the given label. Allowed operators are `=` for equality, `!=` for negated equality, `=~` for regex equality, and `!~` for negated regex equality.","description_kind":"markdown","required":true},"value":{"type":"string","description":"The label value to match against.","description_kind":"markdown","required":true}},"description":"Describes which labels this rule should match. When multiple matchers are supplied, an alert must match ALL matchers to be accepted by this policy. When no matchers are supplied, the rule will match all alert instances.","description_kind":"markdown"}}},"description":"Routing rules for specific label sets.","description_kind":"markdown"}}},"description":"Routing rules for specific label sets.","description_kind":"markdown"}}},"description":"Routing rules for specific label sets.","description_kind":"markdown"}}},"description":"Routing rules for specific label sets.","description_kind":"markdown"}}},"description":"Routing rules for specific label sets.","description_kind":"markdown"}}},"description":"\nSets the global notification policy for Grafana.\n\n!\u003e This resource manages the entire notification policy tree and overwrites its policies. However, it does not overwrite internal policies created when alert rules directly set a contact point for notifications.\n\n* [Official documentation](https://grafana.com/docs/grafana/latest/alerting/set-up/provision-alerting-resources/terraform-provisioning/)\n* [HTTP API](https://grafana.com/docs/grafana/latest/developer-resources/api-reference/http-api/api-legacy/alerting_provisioning/#notification-policies)\n\nThis resource requires Grafana 9.1.0 or later.\n","description_kind":"markdown"}},"grafana_oncall_escalation":{"version":0,"block":{"attributes":{"action_to_trigger":{"type":"string","description":"The ID of an Action for trigger_webhook type step.","description_kind":"markdown","optional":true},"duration":{"type":"number","description":"The duration of delay for wait type step. (60-86400) seconds","description_kind":"markdown","optional":true},"escalation_chain_id":{"type":"string","description":"The ID of the escalation chain.","description_kind":"markdown","required":true},"group_to_notify":{"type":"string","description":"The ID of a User Group for notify_user_group type step.","description_kind":"markdown","optional":true},"id":{"type":"string","description_kind":"plain","optional":true,"computed":true},"important":{"type":"bool","description":"Will activate \"important\" personal notification rules. Actual for steps: notify_persons, notify_person_next_each_time, notify_on_call_from_schedule, notify_next_on_call_from_schedule, notify_user_group and notify_team_members","description_kind":"markdown","optional":true},"notify_if_time_from":{"type":"string","description":"The beginning of the time interval for notify_if_time_from_to type step in UTC (for example 08:00:00Z).","description_kind":"markdown","optional":true},"notify_if_time_to":{"type":"string","description":"The end of the time interval for notify_if_time_from_to type step in UTC (for example 18:00:00Z).","description_kind":"markdown","optional":true},"notify_on_call_from_schedule":{"type":"string","description":"ID of a Schedule for notify_on_call_from_schedule or notify_next_on_call_from_schedule type step.","description_kind":"markdown","optional":true},"notify_to_team_members":{"type":"string","description":"The ID of a Team for a notify_team_members type step.","description_kind":"markdown","optional":true},"num_alerts_in_window":{"type":"number","description":"Number of alerts that must occur within the time window to continue escalation for notify_if_num_alerts_in_window type step.","description_kind":"markdown","optional":true},"num_minutes_in_window":{"type":"number","description":"Time window in minutes to count alerts for notify_if_num_alerts_in_window type step.","description_kind":"markdown","optional":true},"persons_to_notify":{"type":["set","string"],"description":"The list of ID's of users for notify_persons type step.","description_kind":"markdown","optional":true},"persons_to_notify_next_each_time":{"type":["set","string"],"description":"The list of ID's of users for notify_person_next_each_time type step.","description_kind":"markdown","optional":true},"position":{"type":"number","description":"The position of the escalation step (starts from 0).","description_kind":"markdown","required":true},"severity":{"type":"string","description":"The severity of the incident for declare_incident type step.","description_kind":"markdown","optional":true},"type":{"type":"string","description":"The type of escalation policy. Can be wait, notify_persons, notify_person_next_each_time, notify_on_call_from_schedule, notify_next_on_call_from_schedule, trigger_webhook, notify_user_group, resolve, notify_whole_channel, notify_if_time_from_to, notify_if_num_alerts_in_window, repeat_escalation, notify_team_members, declare_incident","description_kind":"markdown","required":true}},"description":"\n* [Official documentation](https://grafana.com/docs/oncall/latest/configure/escalation-chains-and-routes/)\n* [HTTP API](https://grafana.com/docs/oncall/latest/oncall-api-reference/escalation_policies/)\n","description_kind":"markdown"}},"grafana_oncall_escalation_chain":{"version":0,"block":{"attributes":{"id":{"type":"string","description_kind":"plain","optional":true,"computed":true},"name":{"type":"string","description":"The name of the escalation chain.","description_kind":"markdown","required":true},"team_id":{"type":"string","description":"The ID of the OnCall team (using the `grafana_oncall_team` datasource).","description_kind":"markdown","optional":true}},"description":"\n* [HTTP API](https://grafana.com/docs/oncall/latest/oncall-api-reference/escalation_chains/)\n","description_kind":"markdown"}},"grafana_oncall_integration":{"version":0,"block":{"attributes":{"dynamic_labels":{"type":["list",["map","string"]],"description":"A list of string-to-string mappings for dynamic labels. Each map must include one key named \"key\" and one key named \"value\" (using the `grafana_oncall_label` datasource).","description_kind":"markdown","optional":true},"id":{"type":"string","description_kind":"plain","optional":true,"computed":true},"inbound_email":{"type":"string","description":"The inbound email address for the integration. Only available for integration type `inbound_email`.","description_kind":"markdown","computed":true},"labels":{"type":["list",["map","string"]],"description":"A list of string-to-string mappings for static labels. Each map must include one key named \"key\" and one key named \"value\" (using the `grafana_oncall_label` datasource).","description_kind":"markdown","optional":true},"link":{"type":"string","description":"The link for using in an integrated tool.","description_kind":"markdown","computed":true},"name":{"type":"string","description":"The name of the service integration.","description_kind":"markdown","required":true},"team_id":{"type":"string","description":"The ID of the OnCall team (using the `grafana_oncall_team` datasource).","description_kind":"markdown","optional":true},"type":{"type":"string","description":"The type of integration. Can be grafana, grafana_alerting, webhook, alertmanager, kapacitor, fabric, newrelic, datadog, pagerduty, pingdom, elastalert, amazon_sns, curler, sentry, formatted_webhook, stackdriver, uptimerobot, sentry, zabbix, prtg, inbound_email, direct_paging, jira, zendesk.","description_kind":"markdown","required":true}},"block_types":{"default_route":{"nesting_mode":"list","block":{"attributes":{"escalation_chain_id":{"type":"string","description":"The ID of the escalation chain.","description_kind":"markdown","optional":true},"id":{"type":"string","description_kind":"plain","computed":true}},"block_types":{"msteams":{"nesting_mode":"list","block":{"attributes":{"enabled":{"type":"bool","description":"Enable notification in MS teams. Defaults to `true`.","description_kind":"markdown","optional":true},"id":{"type":"string","description":"MS teams channel id. Alerts will be directed to this channel in Microsoft teams.","description_kind":"markdown","optional":true}},"description":"MS teams-specific settings for a route.","description_kind":"markdown"},"max_items":1},"slack":{"nesting_mode":"list","block":{"attributes":{"channel_id":{"type":"string","description":"Slack channel id. Alerts will be directed to this channel in Slack.","description_kind":"markdown","optional":true},"enabled":{"type":"bool","description":"Enable notification in Slack. Defaults to `true`.","description_kind":"markdown","optional":true}},"description":"Slack-specific settings for a route.","description_kind":"markdown"},"max_items":1},"telegram":{"nesting_mode":"list","block":{"attributes":{"enabled":{"type":"bool","description":"Enable notification in Telegram. Defaults to `true`.","description_kind":"markdown","optional":true},"id":{"type":"string","description":"Telegram channel id. Alerts will be directed to this channel in Telegram.","description_kind":"markdown","optional":true}},"description":"Telegram-specific settings for a route.","description_kind":"markdown"},"max_items":1}},"description":"The Default route for all alerts from the given integration","description_kind":"markdown"},"min_items":1,"max_items":1},"templates":{"nesting_mode":"list","block":{"attributes":{"acknowledge_signal":{"type":"string","description":"Template for sending a signal to acknowledge the Incident.","description_kind":"markdown","optional":true},"grouping_key":{"type":"string","description":"Template for the key by which alerts are grouped.","description_kind":"markdown","optional":true},"resolve_signal":{"type":"string","description":"Template for sending a signal to resolve the Incident.","description_kind":"markdown","optional":true},"source_link":{"type":"string","description":"Template for a source link.","description_kind":"markdown","optional":true}},"block_types":{"email":{"nesting_mode":"list","block":{"attributes":{"message":{"type":"string","description":"Template for Alert message.","description_kind":"markdown","optional":true},"title":{"type":"string","description":"Template for Alert title.","description_kind":"markdown","optional":true}},"description":"Templates for Email.","description_kind":"markdown"},"max_items":1},"microsoft_teams":{"nesting_mode":"list","block":{"attributes":{"image_url":{"type":"string","description":"Template for Alert image url.","description_kind":"markdown","optional":true},"message":{"type":"string","description":"Template for Alert message.","description_kind":"markdown","optional":true},"title":{"type":"string","description":"Template for Alert title.","description_kind":"markdown","optional":true}},"description":"Templates for Microsoft Teams. **NOTE**: Microsoft Teams templates are only available on Grafana Cloud.","description_kind":"markdown"},"max_items":1},"mobile_app":{"nesting_mode":"list","block":{"attributes":{"message":{"type":"string","description":"Template for Alert message.","description_kind":"markdown","optional":true},"title":{"type":"string","description":"Template for Alert title.","description_kind":"markdown","optional":true}},"description":"Templates for Mobile app push notifications.","description_kind":"markdown"},"max_items":1},"phone_call":{"nesting_mode":"list","block":{"attributes":{"title":{"type":"string","description":"Template for Alert title.","description_kind":"markdown","optional":true}},"description":"Templates for Phone Call.","description_kind":"markdown"},"max_items":1},"slack":{"nesting_mode":"list","block":{"attributes":{"image_url":{"type":"string","description":"Template for Alert image url.","description_kind":"markdown","optional":true},"message":{"type":"string","description":"Template for Alert message.","description_kind":"markdown","optional":true},"title":{"type":"string","description":"Template for Alert title.","description_kind":"markdown","optional":true}},"description":"Templates for Slack.","description_kind":"markdown"},"max_items":1},"sms":{"nesting_mode":"list","block":{"attributes":{"title":{"type":"string","description":"Template for Alert title.","description_kind":"markdown","optional":true}},"description":"Templates for SMS.","description_kind":"markdown"},"max_items":1},"telegram":{"nesting_mode":"list","block":{"attributes":{"image_url":{"type":"string","description":"Template for Alert image url.","description_kind":"markdown","optional":true},"message":{"type":"string","description":"Template for Alert message.","description_kind":"markdown","optional":true},"title":{"type":"string","description":"Template for Alert title.","description_kind":"markdown","optional":true}},"description":"Templates for Telegram.","description_kind":"markdown"},"max_items":1},"web":{"nesting_mode":"list","block":{"attributes":{"image_url":{"type":"string","description":"Template for Alert image url.","description_kind":"markdown","optional":true},"message":{"type":"string","description":"Template for Alert message.","description_kind":"markdown","optional":true},"title":{"type":"string","description":"Template for Alert title.","description_kind":"markdown","optional":true}},"description":"Templates for Web.","description_kind":"markdown"},"max_items":1}},"description":"Jinja2 templates for Alert payload. An empty templates block will be ignored.","description_kind":"markdown"},"max_items":1}},"description":"\n* [Official documentation](https://grafana.com/docs/oncall/latest/configure/integrations/)\n* [HTTP API](https://grafana.com/docs/oncall/latest/oncall-api-reference/)\n","description_kind":"markdown"}},"grafana_oncall_on_call_shift":{"version":0,"block":{"attributes":{"by_day":{"type":["set","string"],"description":"This parameter takes a list of days in iCal format. Can be MO, TU, WE, TH, FR, SA, SU","description_kind":"markdown","optional":true},"by_month":{"type":["set","number"],"description":"This parameter takes a list of months. Valid values are 1 to 12","description_kind":"markdown","optional":true},"by_monthday":{"type":["set","number"],"description":"This parameter takes a list of days of the month.  Valid values are 1 to 31 or -31 to -1","description_kind":"markdown","optional":true},"duration":{"type":"number","description":"The duration of the event.","description_kind":"markdown","required":true},"frequency":{"type":"string","description":"The frequency of the event. Can be hourly, daily, weekly, monthly","description_kind":"markdown","optional":true},"id":{"type":"string","description_kind":"plain","optional":true,"computed":true},"interval":{"type":"number","description":"The positive integer representing at which intervals the recurrence rule repeats.","description_kind":"markdown","optional":true},"level":{"type":"number","description":"The priority level. The higher the value, the higher the priority.","description_kind":"markdown","optional":true},"name":{"type":"string","description":"The shift's name.","description_kind":"markdown","required":true},"rolling_users":{"type":["list",["set","string"]],"description":"The list of lists with on-call users (for rolling_users event type)","description_kind":"markdown","optional":true},"start":{"type":"string","description":"The start time of the on-call shift. This parameter takes a date format as yyyy-MM-dd'T'HH:mm:ss (for example \"2020-09-05T08:00:00\")","description_kind":"markdown","required":true},"start_rotation_from_user_index":{"type":"number","description":"The index of the list of users in rolling_users, from which on-call rotation starts.","description_kind":"markdown","optional":true},"team_id":{"type":"string","description":"The ID of the OnCall team (using the `grafana_oncall_team` datasource).","description_kind":"markdown","optional":true},"time_zone":{"type":"string","description":"The shift's timezone.  Overrides schedule's timezone.","description_kind":"markdown","optional":true},"type":{"type":"string","description":"The shift's type. Can be rolling_users, recurrent_event, single_event","description_kind":"markdown","required":true},"until":{"type":"string","description":"The end time of recurrent on-call shifts (endless if null). This parameter takes a date format as yyyy-MM-dd'T'HH:mm:ss (for example \"2020-09-05T08:00:00\")","description_kind":"markdown","optional":true},"users":{"type":["set","string"],"description":"The list of on-call users (for single_event and recurrent_event event type).","description_kind":"markdown","optional":true},"week_start":{"type":"string","description":"Start day of the week in iCal format. Can be MO, TU, WE, TH, FR, SA, SU","description_kind":"markdown","optional":true}},"description":"\n* [HTTP API](https://grafana.com/docs/oncall/latest/oncall-api-reference/on_call_shifts/)\n","description_kind":"markdown"}},"grafana_oncall_outgoing_webhook":{"version":0,"block":{"attributes":{"authorization_header":{"type":"string","description":"The auth data of the webhook. Used in Authorization header instead of user/password auth.","description_kind":"markdown","optional":true,"sensitive":true},"data":{"type":"string","description":"The data of the webhook.","description_kind":"markdown","optional":true},"forward_whole_payload":{"type":"bool","description":"Toggle to send the entire webhook payload instead of using the values in the Data field.","description_kind":"markdown","optional":true},"headers":{"type":"string","description":"Headers to add to the outgoing webhook request.","description_kind":"markdown","optional":true},"http_method":{"type":"string","description":"The HTTP method used in the request made by the outgoing webhook. Defaults to `POST`.","description_kind":"markdown","optional":true},"id":{"type":"string","description_kind":"plain","optional":true,"computed":true},"integration_filter":{"type":["list","string"],"description":"Restricts the outgoing webhook to only trigger if the event came from a selected integration. If no integrations are selected the outgoing webhook will trigger for any integration.","description_kind":"markdown","optional":true},"is_webhook_enabled":{"type":"bool","description":"Controls whether the outgoing webhook will trigger or is ignored. Defaults to `true`.","description_kind":"markdown","optional":true},"name":{"type":"string","description":"The name of the outgoing webhook.","description_kind":"markdown","required":true},"password":{"type":"string","description":"The auth data of the webhook. Used for Basic authentication","description_kind":"markdown","optional":true,"sensitive":true},"preset":{"type":"string","description":"The preset of the outgoing webhook. Possible values are: `simple_webhook`, `advanced_webhook`, `grafana_sift`, `grafana_assistant`, `incident_webhook`. If no preset is set, the default preset is `advanced_webhook`.","description_kind":"markdown","optional":true},"team_id":{"type":"string","description":"The ID of the OnCall team (using the `grafana_oncall_team` datasource).","description_kind":"markdown","optional":true},"trigger_template":{"type":"string","description":"A template used to dynamically determine whether the webhook should execute based on the content of the payload.","description_kind":"markdown","optional":true},"trigger_type":{"type":"string","description":"The type of event that will cause this outgoing webhook to execute. The events available will depend on the preset used. For alert group webhooks, the possible triggers are: `escalation`, `alert group created`, `status change`, `acknowledge`, `resolve`, `silence`, `unsilence`, `unresolve`, `unacknowledge`, `resolution note added`, `personal notification`; for incident webhooks: `incident declared`, `incident changed`, `incident resolved`. Defaults to `escalation`.","description_kind":"markdown","optional":true},"url":{"type":"string","description":"The webhook URL. Required when not using a preset that controls this field.","description_kind":"markdown","optional":true},"user":{"type":"string","description":"Username to use when making the outgoing webhook request.","description_kind":"markdown","optional":true}},"description":"\n* [HTTP API](https://grafana.com/docs/oncall/latest/oncall-api-reference/outgoing_webhooks/)\n","description_kind":"markdown"}},"grafana_oncall_route":{"version":0,"block":{"attributes":{"escalation_chain_id":{"type":"string","description":"The ID of the escalation chain. Omit or set to null for a route with no escalation chain.","description_kind":"markdown","optional":true},"id":{"type":"string","description_kind":"plain","optional":true,"computed":true},"integration_id":{"type":"string","description":"The ID of the integration.","description_kind":"markdown","required":true},"position":{"type":"number","description":"The position of the route (starts from 0).","description_kind":"markdown","required":true},"routing_regex":{"type":"string","description":"Python Regex query. Route is chosen for an alert if there is a match inside the alert payload.","description_kind":"markdown","required":true},"routing_type":{"type":"string","description":"The type of route. Can be jinja2, regex Defaults to `regex`.","description_kind":"markdown","optional":true}},"block_types":{"msteams":{"nesting_mode":"list","block":{"attributes":{"enabled":{"type":"bool","description":"Enable notification in MS teams. Defaults to `true`.","description_kind":"markdown","optional":true},"id":{"type":"string","description":"MS teams channel id. Alerts will be directed to this channel in Microsoft teams.","description_kind":"markdown","optional":true}},"description":"MS teams-specific settings for a route.","description_kind":"markdown"},"max_items":1},"slack":{"nesting_mode":"list","block":{"attributes":{"channel_id":{"type":"string","description":"Slack channel id. Alerts will be directed to this channel in Slack.","description_kind":"markdown","optional":true},"enabled":{"type":"bool","description":"Enable notification in Slack. Defaults to `true`.","description_kind":"markdown","optional":true}},"description":"Slack-specific settings for a route.","description_kind":"markdown"},"max_items":1},"telegram":{"nesting_mode":"list","block":{"attributes":{"enabled":{"type":"bool","description":"Enable notification in Telegram. Defaults to `true`.","description_kind":"markdown","optional":true},"id":{"type":"string","description":"Telegram channel id. Alerts will be directed to this channel in Telegram.","description_kind":"markdown","optional":true}},"description":"Telegram-specific settings for a route.","description_kind":"markdown"},"max_items":1}},"description":"\n* [HTTP API](https://grafana.com/docs/oncall/latest/oncall-api-reference/routes/)\n","description_kind":"markdown"}},"grafana_oncall_schedule":{"version":0,"block":{"attributes":{"enable_web_overrides":{"type":"bool","description":"Enable overrides via web UI (it will ignore ical_url_overrides).","description_kind":"markdown","optional":true},"ical_url_overrides":{"type":"string","description":"The URL of external iCal calendar which override primary events.","description_kind":"markdown","optional":true},"ical_url_primary":{"type":"string","description":"The URL of the external calendar iCal file.","description_kind":"markdown","optional":true},"id":{"type":"string","description_kind":"plain","optional":true,"computed":true},"name":{"type":"string","description":"The schedule's name.","description_kind":"markdown","required":true},"shifts":{"type":["set","string"],"description":"The list of ID's of on-call shifts.","description_kind":"markdown","optional":true},"team_id":{"type":"string","description":"The ID of the OnCall team (using the `grafana_oncall_team` datasource).","description_kind":"markdown","optional":true},"time_zone":{"type":"string","description":"The schedule's time zone.","description_kind":"markdown","optional":true,"computed":true},"type":{"type":"string","description":"The schedule's type. Valid values are `ical`, `calendar`, `web`.","description_kind":"markdown","required":true}},"block_types":{"slack":{"nesting_mode":"list","block":{"attributes":{"channel_id":{"type":"string","description":"Slack channel id. Reminder about schedule shifts will be directed to this channel in Slack.","description_kind":"markdown","optional":true},"user_group_id":{"type":"string","description":"Slack user group id. Members of user group will be updated when on-call users change.","description_kind":"markdown","optional":true}},"description":"The Slack-specific settings for a schedule.","description_kind":"markdown"},"max_items":1}},"description":"\n* [HTTP API](https://grafana.com/docs/oncall/latest/oncall-api-reference/schedules/)\n","description_kind":"markdown"}},"grafana_oncall_user_notification_rule":{"version":0,"block":{"attributes":{"duration":{"type":"number","description":"A time in seconds to wait (when `type=wait`). Can be 60, 300, 900, 1800, 3600","description_kind":"markdown","optional":true},"id":{"type":"string","description_kind":"plain","computed":true},"important":{"type":"bool","description":"Boolean value which indicates if a rule is “important”","description_kind":"markdown","optional":true,"computed":true},"position":{"type":"number","description":"Personal notification rules execute one after another starting from position=0. A new escalation policy created with a position of an existing escalation policy will move the old one (and all following) down on the list.","description_kind":"markdown","optional":true},"type":{"type":"string","description":"The type of notification rule. Can be wait, notify_by_slack, notify_by_msteams, notify_by_sms, notify_by_phone_call, notify_by_telegram, notify_by_email, notify_by_mobile_app, notify_by_mobile_app_critical. NOTE: `notify_by_msteams` is only available for Grafana Cloud customers.","description_kind":"markdown","required":true},"user_id":{"type":"string","description":"User ID","description_kind":"markdown","required":true}},"description":"\n* [HTTP API](https://grafana.com/docs/oncall/latest/oncall-api-reference/personal_notification_rules/)\n\n**Note**: you must be running Grafana OnCall \u003e= v1.8.0 to use this resource.\n","description_kind":"markdown"}},"grafana_organization":{"version":0,"block":{"attributes":{"admin_user":{"type":"string","description":"The login name of the configured default admin user for the Grafana\ninstallation. If unset, this value defaults to admin, the Grafana default.\nGrafana adds the default admin user to all organizations automatically upon\ncreation, and this parameter keeps Terraform from removing it from\norganizations.\n Defaults to `admin`.","description_kind":"markdown","optional":true},"admins":{"type":["set","string"],"description":"A list of email addresses corresponding to users who should be given admin\naccess to the organization. Note: users specified here must already exist in\nGrafana unless 'create_users' is set to true.","description_kind":"markdown","optional":true},"create_users":{"type":"bool","description":"Whether or not to create Grafana users specified in the organization's\nmembership if they don't already exist in Grafana. If unspecified, this\nparameter defaults to true, creating placeholder users with the name, login,\nand email set to the email of the user, and a random password. Setting this\noption to false will cause an error to be thrown for any users that do not\nalready exist in Grafana.\n Defaults to `true`.","description_kind":"markdown","optional":true},"editors":{"type":["set","string"],"description":"A list of email addresses corresponding to users who should be given editor\naccess to the organization. Note: users specified here must already exist in\nGrafana unless 'create_users' is set to true.","description_kind":"markdown","optional":true},"id":{"type":"string","description_kind":"plain","optional":true,"computed":true},"name":{"type":"string","description":"The display name for the Grafana organization created.","description_kind":"markdown","required":true},"org_id":{"type":"number","description":"The organization id assigned to this organization by Grafana.","description_kind":"markdown","computed":true},"users_without_access":{"type":["set","string"],"description":"A list of email addresses corresponding to users who should be given none access to the organization.\nNote: users specified here must already exist in Grafana, unless 'create_users' is\nset to true. This feature is only available in Grafana 10.2+.","description_kind":"markdown","optional":true},"viewers":{"type":["set","string"],"description":"A list of email addresses corresponding to users who should be given viewer\naccess to the organization. Note: users specified here must already exist in\nGrafana unless 'create_users' is set to true.","description_kind":"markdown","optional":true}},"description":"\n* [Official documentation](https://grafana.com/docs/grafana/latest/administration/organization-management/)\n* [HTTP API](https://grafana.com/docs/grafana/latest/developer-resources/api-reference/http-api/api-legacy/org/)\n\nThis resource represents an instance-scoped resource and uses Grafana's admin APIs.\nIt does not work with API tokens or service accounts which are org-scoped.\nYou must use basic auth. \nThis resource is also not compatible with Grafana Cloud, as it does not allow basic auth.\n","description_kind":"markdown"}},"grafana_organization_preferences":{"version":0,"block":{"attributes":{"home_dashboard_uid":{"type":"string","description":"The Organization home dashboard UID. This is only available in Grafana 9.0+.","description_kind":"markdown","optional":true},"id":{"type":"string","description_kind":"plain","optional":true,"computed":true},"org_id":{"type":"string","description":"The Organization ID. If not set, the Org ID defined in the provider block will be used.","description_kind":"markdown","optional":true},"theme":{"type":"string","description":"The Organization theme. Any string value is supported, including custom themes. Common values are `light`, `dark`, `system`, or an empty string for the default.","description_kind":"markdown","optional":true},"timezone":{"type":"string","description":"The Organization timezone. Any string value is supported, including IANA timezone names. Common values are `utc`, `browser`, or an empty string for the default.","description_kind":"markdown","optional":true},"week_start":{"type":"string","description":"The Organization week start day. Available values are `sunday`, `monday`, `saturday`, or an empty string for the default. Defaults to ``.","description_kind":"markdown","optional":true}},"description":"\n* [Official documentation](https://grafana.com/docs/grafana/latest/administration/organization-management/)\n* [HTTP API](https://grafana.com/docs/grafana/latest/developer-resources/api-reference/http-api/api-legacy/preferences/#get-current-org-prefs)\n","description_kind":"markdown"}},"grafana_playlist":{"version":0,"block":{"attributes":{"id":{"type":"string","description":"The ID of this resource.","description_kind":"plain","computed":true},"interval":{"type":"string","description_kind":"plain","required":true},"name":{"type":"string","description":"The name of the playlist.","description_kind":"plain","required":true},"org_id":{"type":"string","description":"The Organization ID. If not set, the Org ID defined in the provider block will be used.","description_kind":"plain","optional":true,"computed":true}},"block_types":{"item":{"nesting_mode":"set","block":{"attributes":{"id":{"type":"string","description_kind":"plain","computed":true},"order":{"type":"number","description_kind":"plain","required":true},"type":{"type":"string","description_kind":"plain","optional":true},"value":{"type":"string","description_kind":"plain","optional":true}},"description_kind":"plain"}}},"description":"\nManages Grafana playlists.\n\n* [Official documentation](https://grafana.com/docs/grafana/latest/dashboards/create-manage-playlists/)\n* [HTTP API](https://grafana.com/docs/grafana/latest/developer-resources/api-reference/http-api/playlist/)\n","description_kind":"markdown"}},"grafana_report":{"version":0,"block":{"attributes":{"formats":{"type":["set","string"],"description":"Specifies what kind of attachment to generate for the report. Allowed values: `pdf`, `csv`, `image`.","description_kind":"plain","optional":true},"id":{"type":"string","description":"Generated identifier of the report.","description_kind":"plain","computed":true},"include_dashboard_link":{"type":"bool","description":"Whether to include a link to the dashboard in the report.","description_kind":"plain","optional":true,"computed":true},"include_table_csv":{"type":"bool","description":"Whether to include a CSV file of table panel data.","description_kind":"plain","optional":true,"computed":true},"layout":{"type":"string","description":"Layout of the report. Allowed values: `simple`, `grid`.","description_kind":"plain","optional":true,"computed":true},"message":{"type":"string","description":"Message to be sent in the report.","description_kind":"plain","optional":true},"name":{"type":"string","description":"Name of the report.","description_kind":"plain","required":true},"org_id":{"type":"string","description":"The Organization ID. If not set, the default organization is used for basic authentication, or the one that owns your service account for token authentication.","description_kind":"plain","optional":true,"computed":true},"orientation":{"type":"string","description":"Orientation of the report. Allowed values: `landscape`, `portrait`.","description_kind":"plain","optional":true,"computed":true},"recipients":{"type":["list","string"],"description":"List of recipients of the report.","description_kind":"plain","required":true},"reply_to":{"type":"string","description":"Reply-to email address of the report.","description_kind":"plain","optional":true}},"block_types":{"dashboards":{"nesting_mode":"list","block":{"attributes":{"report_variables":{"type":["map","string"],"description":"Add report variables to the dashboard. Values should be separated by commas.","description_kind":"plain","optional":true},"uid":{"type":"string","description":"Dashboard uid.","description_kind":"plain","required":true}},"block_types":{"time_range":{"nesting_mode":"list","block":{"attributes":{"from":{"type":"string","description":"Start of the time range.","description_kind":"plain","optional":true},"to":{"type":"string","description":"End of the time range.","description_kind":"plain","optional":true}},"description":"Time range of the report.","description_kind":"plain"}}},"description":"List of dashboards to render into the report","description_kind":"plain"}},"schedule":{"nesting_mode":"list","block":{"attributes":{"custom_interval":{"type":"string","description":"Custom interval of the report.\n**Note:** This field is only available when frequency is set to `custom`.","description_kind":"plain","optional":true},"end_time":{"type":"string","description":"End time of the report. If empty, the report will be sent indefinitely (according to frequency). Note that times will be saved as UTC in Grafana. Use 2006-01-02T15:04:05 format if you want to set a custom timezone","description_kind":"plain","optional":true,"computed":true},"frequency":{"type":"string","description":"Frequency of the report. Allowed values: `never`, `once`, `hourly`, `daily`, `weekly`, `monthly`, `custom`.","description_kind":"plain","required":true},"last_day_of_month":{"type":"bool","description":"Send the report on the last day of the month","description_kind":"plain","optional":true,"computed":true},"start_time":{"type":"string","description":"Start time of the report. If empty, the start date will be set to the creation time. Note that times will be saved as UTC in Grafana. Use 2006-01-02T15:04:05 format if you want to set a custom timezone","description_kind":"plain","optional":true,"computed":true},"timezone":{"type":"string","description":"Set the report time zone.","description_kind":"plain","optional":true,"computed":true},"workdays_only":{"type":"bool","description":"Whether to send the report only on work days.","description_kind":"plain","optional":true,"computed":true}},"description":"(Required) Schedule of the report.","description_kind":"plain"}}},"description":"\n**Note:** This resource is available only with Grafana Enterprise 7.+.\n\n* [Official documentation](https://grafana.com/docs/grafana/latest/dashboards/create-reports/)\n* [HTTP API](https://grafana.com/docs/grafana/latest/developer-resources/api-reference/http-api/api-legacy/reporting/)\n","description_kind":"markdown"}},"grafana_role":{"version":0,"block":{"attributes":{"auto_increment_version":{"type":"bool","description":"Whether the role version should be incremented automatically on updates (and set to 1 on creation).","description_kind":"markdown","deprecated":true,"optional":true},"description":{"type":"string","description":"Description of the role.","description_kind":"markdown","optional":true},"display_name":{"type":"string","description":"Display name of the role. Available with Grafana 8.5+.","description_kind":"markdown","optional":true},"global":{"type":"bool","description":"Boolean to state whether the role is available across all organizations or not. Defaults to `false`.","description_kind":"markdown","optional":true},"group":{"type":"string","description":"Group of the role. Available with Grafana 8.5+.","description_kind":"markdown","optional":true},"hidden":{"type":"bool","description":"Boolean to state whether the role should be visible in the Grafana UI or not. Available with Grafana 8.5+. Defaults to `false`.","description_kind":"markdown","optional":true},"id":{"type":"string","description_kind":"plain","optional":true,"computed":true},"name":{"type":"string","description":"Name of the role","description_kind":"markdown","required":true},"org_id":{"type":"string","description":"The Organization ID. If not set, the Org ID defined in the provider block will be used.","description_kind":"markdown","optional":true},"uid":{"type":"string","description":"Unique identifier of the role. Used for assignments.","description_kind":"markdown","optional":true,"computed":true},"version":{"type":"number","description":"Version of the role. The server manages this automatically.","description_kind":"markdown","deprecated":true,"optional":true,"computed":true}},"block_types":{"permissions":{"nesting_mode":"set","block":{"attributes":{"action":{"type":"string","description":"Specific action users granted with the role will be allowed to perform (for example: `users:read`)","description_kind":"markdown","required":true},"scope":{"type":"string","description":"Scope to restrict the action to a set of resources (for example: `users:*` or `roles:customrole1`) Defaults to ``.","description_kind":"markdown","optional":true}},"description":"Specific set of actions granted by the role.","description_kind":"markdown"}}},"description":"\n**Note:** This resource is available only with Grafana Enterprise 8.+.\n\n* [Official documentation](https://grafana.com/docs/grafana/latest/administration/roles-and-permissions/access-control/)\n* [HTTP API](https://grafana.com/docs/grafana/latest/developer-resources/api-reference/http-api/api-legacy/access_control/)\n","description_kind":"markdown"}},"grafana_role_assignment":{"version":0,"block":{"attributes":{"id":{"type":"string","description_kind":"plain","optional":true,"computed":true},"org_id":{"type":"string","description":"The Organization ID. If not set, the Org ID defined in the provider block will be used.","description_kind":"markdown","optional":true},"role_uid":{"type":"string","description":"Grafana RBAC role UID.","description_kind":"markdown","required":true},"service_accounts":{"type":["set","string"],"description":"IDs of service accounts that the role should be assigned to.","description_kind":"markdown","optional":true},"teams":{"type":["set","string"],"description":"IDs of teams that the role should be assigned to.","description_kind":"markdown","optional":true},"users":{"type":["set","number"],"description":"IDs of users that the role should be assigned to.","description_kind":"markdown","optional":true}},"description":"\nManages the entire set of assignments for a role. Assignments that aren't specified when applying this resource will be removed.\n**Note:** This resource is available only with Grafana Enterprise 9.2+.\n* [Official documentation](https://grafana.com/docs/grafana/latest/administration/roles-and-permissions/access-control/)\n* [HTTP API](https://grafana.com/docs/grafana/latest/developer-resources/api-reference/http-api/api-legacy/access_control/)\n","description_kind":"markdown"}},"grafana_role_assignment_item":{"version":0,"block":{"attributes":{"id":{"type":"string","description_kind":"plain","computed":true},"org_id":{"type":"string","description":"The Organization ID. If not set, the default organization is used for basic authentication, or the one that owns your service account for token authentication.","description_kind":"plain","optional":true,"computed":true},"role_uid":{"type":"string","description":"the role UID onto which to assign an actor","description_kind":"plain","required":true},"service_account_id":{"type":"string","description":"the service account onto which the role is to be assigned","description_kind":"plain","optional":true},"team_id":{"type":"string","description":"the team onto which the role is to be assigned","description_kind":"plain","optional":true},"user_id":{"type":"string","description":"the user onto which the role is to be assigned","description_kind":"plain","optional":true}},"description":"Manages a single assignment for a role. Conflicts with the \"grafana_role_assignment\" resource which manages the entire set of assignments for a role.","description_kind":"markdown"}},"grafana_rule_group":{"version":0,"block":{"attributes":{"disable_provenance":{"type":"bool","description":"Allow modifying the rule group from other sources than Terraform or the Grafana API. Defaults to `false`.","description_kind":"markdown","optional":true},"folder_uid":{"type":"string","description":"The UID of the folder that the group belongs to.","description_kind":"markdown","required":true},"id":{"type":"string","description_kind":"plain","optional":true,"computed":true},"interval_seconds":{"type":"number","description":"The interval, in seconds, at which all rules in the group are evaluated. If a group contains many rules, the rules are evaluated sequentially.","description_kind":"markdown","required":true},"name":{"type":"string","description":"The name of the rule group.","description_kind":"markdown","required":true},"org_id":{"type":"string","description":"The Organization ID. If not set, the Org ID defined in the provider block will be used.","description_kind":"markdown","optional":true}},"block_types":{"rule":{"nesting_mode":"list","block":{"attributes":{"annotations":{"type":["map","string"],"description":"Key-value pairs of metadata to attach to the alert rule. They add additional information, such as a `summary` or `runbook_url`, to help identify and investigate alerts. The `__dashboardUid__` and `__panelId__` annotations, which link alerts to a panel, must be set together. Defaults to `map[]`.","description_kind":"markdown","optional":true},"condition":{"type":"string","description":"The `ref_id` of the query node in the `data` field to use as the alert condition.","description_kind":"markdown","optional":true},"exec_err_state":{"type":"string","description":"Describes what state to enter when the rule's query is invalid and the rule cannot be executed. Options are OK, Error, KeepLast, and Alerting.  Defaults to Alerting if not set.","description_kind":"markdown","optional":true},"for":{"type":"string","description":"The amount of time for which the rule must be breached for the rule to be considered to be Firing. Before this time has elapsed, the rule is only considered to be Pending. Defaults to `0`.","description_kind":"markdown","optional":true},"is_paused":{"type":"bool","description":"Sets whether the alert should be paused or not. Defaults to `false`.","description_kind":"markdown","optional":true},"keep_firing_for":{"type":"string","description":"The amount of time for which the rule will considered to be Recovering after initially Firing. Before this time has elapsed, the rule will continue to fire once it's been triggered.","description_kind":"markdown","optional":true},"labels":{"type":["map","string"],"description":"Key-value pairs to attach to the alert rule that can be used in matching, grouping, and routing. Defaults to `map[]`.","description_kind":"markdown","optional":true},"missing_series_evals_to_resolve":{"type":"number","description":"The number of missing series evaluations that must occur before the rule is considered to be resolved.","description_kind":"markdown","optional":true},"name":{"type":"string","description":"The name of the alert rule.","description_kind":"markdown","required":true},"no_data_state":{"type":"string","description":"Describes what state to enter when the rule's query returns No Data. Options are OK, NoData, KeepLast, and Alerting. Defaults to NoData if not set.","description_kind":"markdown","optional":true},"uid":{"type":"string","description":"The unique identifier of the alert rule.","description_kind":"markdown","optional":true,"computed":true}},"block_types":{"data":{"nesting_mode":"list","block":{"attributes":{"datasource_uid":{"type":"string","description":"The UID of the datasource being queried, or \"-100\" if this stage is an expression stage.","description_kind":"markdown","required":true},"model":{"type":"string","description":"Custom JSON data to send to the specified datasource when querying.","description_kind":"markdown","required":true},"query_type":{"type":"string","description":"An optional identifier for the type of query being executed. Defaults to ``.","description_kind":"markdown","optional":true},"ref_id":{"type":"string","description":"A unique string to identify this query stage within a rule.","description_kind":"markdown","required":true}},"block_types":{"relative_time_range":{"nesting_mode":"list","block":{"attributes":{"from":{"type":"number","description":"The number of seconds in the past, relative to when the rule is evaluated, at which the time range begins.","description_kind":"markdown","required":true},"to":{"type":"number","description":"The number of seconds in the past, relative to when the rule is evaluated, at which the time range ends.","description_kind":"markdown","required":true}},"description":"The time range, relative to when the query is executed, across which to query.","description_kind":"markdown"},"min_items":1,"max_items":1}},"description":"A sequence of stages that describe the contents of the rule.","description_kind":"markdown"},"min_items":1},"notification_settings":{"nesting_mode":"list","block":{"attributes":{"active_timings":{"type":["list","string"],"description":"A list of time interval names to apply to alerts that match this policy to suppress them unless they are sent at the specified time. Supported in Grafana 12.1.0 and later","description_kind":"markdown","optional":true},"contact_point":{"type":"string","description":"The contact point to route notifications that match this rule to.","description_kind":"markdown","required":true},"group_by":{"type":["list","string"],"description":"A list of alert labels to group alerts into notifications by. Use the special label `...` to group alerts by all labels, effectively disabling grouping. If empty, no grouping is used. If specified, requires labels 'alertname' and 'grafana_folder' to be included.","description_kind":"markdown","optional":true},"group_interval":{"type":"string","description":"Minimum time interval between two notifications for the same group. Default is 5 minutes.","description_kind":"markdown","optional":true},"group_wait":{"type":"string","description":"Time to wait to buffer alerts of the same group before sending a notification. Default is 30 seconds.","description_kind":"markdown","optional":true},"mute_timings":{"type":["list","string"],"description":"A list of mute timing names to apply to alerts that match this policy.","description_kind":"markdown","optional":true},"repeat_interval":{"type":"string","description":"Minimum time interval for re-sending a notification if an alert is still firing. Default is 4 hours.","description_kind":"markdown","optional":true}},"description":"Notification settings for the rule. If specified, it overrides the notification policies. Available since Grafana 10.4, requires feature flag 'alertingSimplifiedRouting' to be enabled.","description_kind":"markdown"},"max_items":1},"record":{"nesting_mode":"list","block":{"attributes":{"from":{"type":"string","description":"The ref id of the query node in the data field to use as the source of the metric.","description_kind":"markdown","required":true},"metric":{"type":"string","description":"The name of the metric to write to.","description_kind":"markdown","required":true},"target_datasource_uid":{"type":"string","description":"The UID of the datasource to write the metric to.","description_kind":"markdown","optional":true}},"description":"Settings for a recording rule. Available since Grafana 11.2, requires feature flag 'grafanaManagedRecordingRules' to be enabled.","description_kind":"markdown"},"max_items":1}},"description":"The rules within the group.","description_kind":"markdown"},"min_items":1}},"description":"\nManages Grafana Alerting rule groups.\n\n* [Official documentation](https://grafana.com/docs/grafana/latest/alerting/set-up/provision-alerting-resources/terraform-provisioning/)\n* [HTTP API](https://grafana.com/docs/grafana/latest/developer-resources/api-reference/http-api/api-legacy/alerting_provisioning/#alert-rules)\n\nThis resource requires Grafana 9.1.0 or later.\n","description_kind":"markdown"}},"grafana_scim_config":{"version":0,"block":{"attributes":{"enable_group_sync":{"type":"bool","description":"Whether group synchronization is enabled.","description_kind":"plain","required":true},"enable_user_sync":{"type":"bool","description":"Whether user synchronization is enabled.","description_kind":"plain","required":true},"id":{"type":"string","description":"The ID of this resource.","description_kind":"plain","computed":true},"org_id":{"type":"string","description":"The Organization ID. If not set, the default organization is used for basic authentication, or the one that owns your service account for token authentication.","description_kind":"plain","optional":true,"computed":true},"reject_non_provisioned_users":{"type":"bool","description":"Whether to block non-provisioned user access to Grafana. Cloud Portal users will always be able to access Grafana, regardless of this setting.","description_kind":"plain","required":true}},"description":"\n**Note:** Available in [Grafana Enterprise](https://grafana.com/docs/grafana/latest/introduction/grafana-enterprise/) and [Grafana Cloud](https://grafana.com/docs/grafana-cloud/).\n\n* [Official documentation](https://grafana.com/docs/grafana/latest/setup-grafana/configure-access/configure-scim-provisioning/)\n","description_kind":"markdown"}},"grafana_service_account":{"version":0,"block":{"attributes":{"id":{"type":"string","description":"The ID of this resource.","description_kind":"plain","computed":true},"is_disabled":{"type":"bool","description":"The disabled status for the service account. Defaults to `false`.","description_kind":"plain","optional":true,"computed":true},"name":{"type":"string","description":"The name of the service account.","description_kind":"plain","required":true},"org_id":{"type":"string","description":"The Organization ID. If not set, the Org ID defined in the provider block will be used.","description_kind":"plain","optional":true,"computed":true},"role":{"type":"string","description":"The basic role of the service account in the organization.","description_kind":"plain","required":true}},"description":"\n**Note:** This resource is available only with Grafana 9.1+.\n\n* [Official documentation](https://grafana.com/docs/grafana/latest/administration/service-accounts/)\n* [HTTP API](https://grafana.com/docs/grafana/latest/developer-resources/api-reference/http-api/api-legacy/serviceaccount/#service-account-api)\n","description_kind":"markdown"}},"grafana_service_account_permission":{"version":0,"block":{"attributes":{"id":{"type":"string","description_kind":"plain","optional":true,"computed":true},"org_id":{"type":"string","description":"The Organization ID. If not set, the Org ID defined in the provider block will be used.","description_kind":"markdown","optional":true},"service_account_id":{"type":"string","description":"The id of the service account.","description_kind":"markdown","required":true}},"block_types":{"permissions":{"nesting_mode":"set","block":{"attributes":{"permission":{"type":"string","description":"Permission to associate with item. Must be one of `View`, `Edit`, or `Admin`.","description_kind":"markdown","required":true},"team_id":{"type":"string","description":"ID of the team to manage permissions for. Defaults to `0`.","description_kind":"markdown","optional":true},"user_id":{"type":"string","description":"ID of the user or service account to manage permissions for. Defaults to `0`.","description_kind":"markdown","optional":true}},"description":"The permission items to add/update. Items that are omitted from the list will be removed.","description_kind":"markdown"}}},"description":"\nManages the entire set of permissions for a service account. Permissions that aren't specified when applying this resource will be removed.\n\n**Note:** This resource is available from Grafana 9.2.4 onwards.\n\n* [Official documentation](https://grafana.com/docs/grafana/latest/administration/service-accounts/#manage-users-and-teams-permissions-for-a-service-account-in-grafana)","description_kind":"markdown"}},"grafana_service_account_permission_item":{"version":0,"block":{"attributes":{"id":{"type":"string","description_kind":"plain","computed":true},"org_id":{"type":"string","description":"The Organization ID. If not set, the default organization is used for basic authentication, or the one that owns your service account for token authentication.","description_kind":"plain","optional":true,"computed":true},"permission":{"type":"string","description":"the permission to be assigned","description_kind":"plain","required":true},"service_account_id":{"type":"string","description":"The ID of the service account.","description_kind":"plain","required":true},"team":{"type":"string","description":"the team onto which the permission is to be assigned","description_kind":"plain","optional":true},"user":{"type":"string","description":"the user or service account onto which the permission is to be assigned","description_kind":"plain","optional":true}},"description":"Manages a single permission item for a service account. Conflicts with the \"grafana_service_account_permission\" resource which manages the entire set of permissions for a service account.\n* [Official documentation](https://grafana.com/docs/grafana/latest/administration/service-accounts/#manage-users-and-teams-permissions-for-a-service-account-in-grafana)","description_kind":"markdown"}},"grafana_service_account_rotating_token":{"version":0,"block":{"attributes":{"delete_on_destroy":{"type":"bool","description":"Deletes the service account token in Grafana when the resource is destroyed in Terraform, instead of leaving it to expire at its `expiration` time. Use it with `lifecycle { create_before_destroy = true }` to make sure that the new token is created before the old one is deleted. Defaults to `false`.","description_kind":"markdown","optional":true},"early_rotation_window_seconds":{"type":"number","description":"Duration of the time window before expiring where the token can be rotated, in seconds.","description_kind":"markdown","required":true},"expiration":{"type":"string","description":"The expiration date of the service account token.","description_kind":"markdown","computed":true},"has_expired":{"type":"bool","description":"The status of the service account token.","description_kind":"markdown","computed":true},"id":{"type":"string","description_kind":"plain","optional":true,"computed":true},"key":{"type":"string","description":"The key of the service account token.","description_kind":"markdown","computed":true,"sensitive":true},"name":{"type":"string","description":"The name of the service account token. It will start with `\u003cname_prefix\u003e-` and will have characters appended to it to make the name unique.","description_kind":"markdown","computed":true},"name_prefix":{"type":"string","description":"Prefix for the name of the service account tokens created by this resource. The actual name will be stored in the computed field `name`, which will be in the format `\u003cname_prefix\u003e-\u003cadditional_characters\u003e`.","description_kind":"markdown","required":true},"ready_for_rotation":{"type":"bool","description":"Signals that the service account token is expired or within the period to be early rotated.","description_kind":"markdown","computed":true},"seconds_to_live":{"type":"number","description":"The token expiration in seconds.","description_kind":"markdown","required":true},"service_account_id":{"type":"string","description":"The ID of the service account to which the token belongs.","description_kind":"markdown","required":true}},"description":"\n**Note:** This resource is available only with Grafana 9.1+.\n\n* [Official documentation](https://grafana.com/docs/grafana/latest/administration/service-accounts/)\n* [HTTP API](https://grafana.com/docs/grafana/latest/developer-resources/api-reference/http-api/api-legacy/serviceaccount/#service-account-api)","description_kind":"markdown"}},"grafana_service_account_token":{"version":0,"block":{"attributes":{"expiration":{"type":"string","description":"The expiration date of the service account token.","description_kind":"markdown","computed":true},"has_expired":{"type":"bool","description":"The status of the service account token.","description_kind":"markdown","computed":true},"id":{"type":"string","description_kind":"plain","optional":true,"computed":true},"key":{"type":"string","description":"The key of the service account token.","description_kind":"markdown","computed":true,"sensitive":true},"name":{"type":"string","description":"The name of the service account token.","description_kind":"markdown","required":true},"seconds_to_live":{"type":"number","description":"The key expiration in seconds. It is optional. If it is a positive number an expiration date for the key is set. If it is null, zero or is omitted completely (unless `api_key_max_seconds_to_live` configuration option is set) the key will never expire.","description_kind":"markdown","optional":true},"service_account_id":{"type":"string","description":"The ID of the service account to which the token belongs.","description_kind":"markdown","required":true}},"description":"\n**Note:** This resource is available only with Grafana 9.1+.\n\n* [Official documentation](https://grafana.com/docs/grafana/latest/administration/service-accounts/)\n* [HTTP API](https://grafana.com/docs/grafana/latest/developer-resources/api-reference/http-api/api-legacy/serviceaccount/#service-account-api)","description_kind":"markdown"}},"grafana_slo":{"version":0,"block":{"attributes":{"description":{"type":"string","description":"Description is a free-text field that can provide more context to an SLO.","description_kind":"plain","required":true},"folder_uid":{"type":"string","description":"UID for the SLO folder. Must be non-empty if set; omit the attribute entirely to associate the SLO with the default Grafana SLO folder.","description_kind":"plain","optional":true},"id":{"type":"string","description":"The Terraform resource ID (same as UUID).","description_kind":"plain","computed":true},"name":{"type":"string","description":"Name should be a short description of your indicator. Consider names like \"API Availability\"","description_kind":"plain","required":true},"search_expression":{"type":"string","description":"The name of a search expression in Grafana Asserts. Must be non-empty if set; omit the attribute entirely to leave it unset. This is used in the SLO UI to open the Asserts RCA workbench and in alerts to link to the RCA workbench.","description_kind":"plain","optional":true},"uuid":{"type":"string","description":"UUID for the SLO. Custom UUIDs can be set. If not provided, a random UUID will be generated by the API.","description_kind":"plain","optional":true,"computed":true}},"block_types":{"alerting":{"nesting_mode":"list","block":{"block_types":{"advanced_options":{"nesting_mode":"list","block":{"attributes":{"min_failures":{"type":"number","description":"Minimum number of failed events to trigger an alert","description_kind":"plain","optional":true}},"description":"Advanced Options for Alert Rules","description_kind":"markdown"}},"annotation":{"nesting_mode":"list","block":{"attributes":{"key":{"type":"string","description":"Key for filtering and identification","description_kind":"plain","required":true},"value":{"type":"string","description":"Templatable value","description_kind":"plain","required":true}},"description":"Annotations will be attached to all alerts generated by any of these rules.","description_kind":"markdown"}},"fastburn":{"nesting_mode":"list","block":{"block_types":{"annotation":{"nesting_mode":"list","block":{"attributes":{"key":{"type":"string","description":"Key for filtering and identification","description_kind":"plain","required":true},"value":{"type":"string","description":"Templatable value","description_kind":"plain","required":true}},"description":"Annotations to attach only to Fast Burn alerts.","description_kind":"markdown"}},"enrichment":{"nesting_mode":"list","block":{"attributes":{"type":{"type":"string","description":"Type of the alert enrichment. Currently only \"assistantInvestigation\" is supported.","description_kind":"plain","required":true}},"description":"Enrichments to attach only to Fast Burn alerts.","description_kind":"markdown"}},"label":{"nesting_mode":"list","block":{"attributes":{"key":{"type":"string","description":"Key for filtering and identification","description_kind":"plain","required":true},"value":{"type":"string","description":"Templatable value","description_kind":"plain","required":true}},"description":"Labels to attach only to Fast Burn alerts.","description_kind":"markdown"}}},"description":"Alerting Rules generated for Fast Burn alerts","description_kind":"markdown"}},"label":{"nesting_mode":"list","block":{"attributes":{"key":{"type":"string","description":"Key for filtering and identification","description_kind":"plain","required":true},"value":{"type":"string","description":"Templatable value","description_kind":"plain","required":true}},"description":"Labels will be attached to all alerts generated by any of these rules.","description_kind":"markdown"}},"slowburn":{"nesting_mode":"list","block":{"block_types":{"annotation":{"nesting_mode":"list","block":{"attributes":{"key":{"type":"string","description":"Key for filtering and identification","description_kind":"plain","required":true},"value":{"type":"string","description":"Templatable value","description_kind":"plain","required":true}},"description":"Annotations to attach only to Slow Burn alerts.","description_kind":"markdown"}},"enrichment":{"nesting_mode":"list","block":{"attributes":{"type":{"type":"string","description":"Type of the alert enrichment. Currently only \"assistantInvestigation\" is supported.","description_kind":"plain","required":true}},"description":"Enrichments to attach only to Slow Burn alerts.","description_kind":"markdown"}},"label":{"nesting_mode":"list","block":{"attributes":{"key":{"type":"string","description":"Key for filtering and identification","description_kind":"plain","required":true},"value":{"type":"string","description":"Templatable value","description_kind":"plain","required":true}},"description":"Labels to attach only to Slow Burn alerts.","description_kind":"markdown"}}},"description":"Alerting Rules generated for Slow Burn alerts","description_kind":"markdown"}}},"description":"Configures the alerting rules that will be generated for each\n\t\t\t\ttime window associated with the SLO. Grafana SLOs can generate\n\t\t\t\talerts when the short-term error budget burn is very high, the\n\t\t\t\tlong-term error budget burn rate is high, or when the remaining\n\t\t\t\terror budget is below a certain threshold. Annotations and Labels support templating.","description_kind":"markdown"}},"destination_datasource":{"nesting_mode":"list","block":{"attributes":{"uid":{"type":"string","description":"UID for the Datasource","description_kind":"plain","required":true}},"description":"**Required.** Destination Datasource sets the datasource defined for an SLO.","description_kind":"markdown"}},"label":{"nesting_mode":"list","block":{"attributes":{"key":{"type":"string","description":"Key for filtering and identification","description_kind":"plain","required":true},"value":{"type":"string","description":"Templatable value","description_kind":"plain","required":true}},"description":"Additional labels that will be attached to all metrics generated from the query. These labels are useful for grouping SLOs in dashboard views that you create by hand. Labels must adhere to Prometheus label name schema - \"^[a-zA-Z_][a-zA-Z0-9_]*$\"","description_kind":"markdown"}},"objectives":{"nesting_mode":"list","block":{"attributes":{"value":{"type":"number","description":"Value between 0 and 1. If the value of the query is above the objective, the SLO is met.","description_kind":"plain","required":true},"window":{"type":"string","description":"A Prometheus-parsable time duration string like 24h, 60m. This is the time window the objective is measured over.","description_kind":"plain","required":true}},"description":"**Required.** Over each rolling time window, the remaining error budget will be calculated, and separate alerts can be generated for each time window based on the SLO burn rate or remaining error budget.","description_kind":"markdown"}},"query":{"nesting_mode":"list","block":{"attributes":{"type":{"type":"string","description":"Query type must be one of: \"freeform\", \"query\", \"ratio\", \"grafana_queries\" or \"threshold\"","description_kind":"plain","required":true}},"block_types":{"freeform":{"nesting_mode":"list","block":{"attributes":{"query":{"type":"string","description":"Freeform Query Field - valid promQl","description_kind":"plain","required":true}},"description":"Freeform query configuration.","description_kind":"markdown"}},"grafana_queries":{"nesting_mode":"list","block":{"attributes":{"grafana_queries":{"type":"string","description":"Query Object - Array of Grafana Query JSON objects","description_kind":"plain","required":true}},"description":"Array for holding a set of grafana queries","description_kind":"markdown"}},"ratio":{"nesting_mode":"list","block":{"attributes":{"group_by_labels":{"type":["list","string"],"description":"Defines Group By Labels used for per-label alerting. These appear as variables on SLO dashboards to enable filtering and aggregation. Labels must adhere to Prometheus label name schema - \"^[a-zA-Z_][a-zA-Z0-9_]*$\"","description_kind":"plain","optional":true,"computed":true},"success_metric":{"type":"string","description":"Counter metric for success events (numerator)","description_kind":"plain","required":true},"total_metric":{"type":"string","description":"Metric for total events (denominator)","description_kind":"plain","required":true}},"description":"Ratio query configuration.","description_kind":"markdown"}}},"description":"**Required.** Query describes the indicator that will be measured against the objective. Freeform Query types are currently supported.","description_kind":"markdown"}}},"description":"\nResource manages Grafana SLOs (Service Level Objectives).\n\n* [Official documentation](https://grafana.com/docs/grafana-cloud/alerting-and-irm/slo/)\n* [API documentation](https://grafana.com/docs/grafana-cloud/alerting-and-irm/slo/api/)\n* [Additional Information On Alerting Rule Annotations and Labels](https://prometheus.io/docs/prometheus/latest/configuration/alerting_rules/#templating/)\n","description_kind":"markdown"}},"grafana_sso_settings":{"version":0,"block":{"attributes":{"id":{"type":"string","description_kind":"plain","optional":true,"computed":true},"provider_name":{"type":"string","description":"The name of the SSO provider. Supported values: github, gitlab, google, azuread, okta, generic_oauth, saml, ldap.","description_kind":"markdown","required":true}},"block_types":{"ldap_settings":{"nesting_mode":"set","block":{"attributes":{"allow_sign_up":{"type":"bool","description":"Whether to allow new Grafana user creation through LDAP login. If set to false, then only existing Grafana users can log in with LDAP.","description_kind":"markdown","optional":true},"enabled":{"type":"bool","description":"Define whether this configuration is enabled for LDAP. Defaults to `true`.","description_kind":"markdown","optional":true},"skip_org_role_sync":{"type":"bool","description":"Prevent synchronizing users’ organization roles from LDAP.","description_kind":"markdown","optional":true}},"block_types":{"config":{"nesting_mode":"list","block":{"block_types":{"servers":{"nesting_mode":"list","block":{"attributes":{"attributes":{"type":["map","string"],"description":"The LDAP server attributes. The following attributes can be configured: email, member_of, name, surname, username.","description_kind":"markdown","optional":true},"bind_dn":{"type":"string","description":"The search user bind DN.","description_kind":"markdown","optional":true},"bind_password":{"type":"string","description":"The search user bind password.","description_kind":"markdown","optional":true,"sensitive":true},"client_cert":{"type":"string","description":"The path to the client certificate.","description_kind":"markdown","optional":true},"client_cert_value":{"type":"string","description":"The Base64 encoded value of the client certificate.","description_kind":"markdown","optional":true},"client_key":{"type":"string","description":"The path to the client private key.","description_kind":"markdown","optional":true,"sensitive":true},"client_key_value":{"type":"string","description":"The Base64 encoded value of the client private key.","description_kind":"markdown","optional":true,"sensitive":true},"group_search_base_dns":{"type":["list","string"],"description":"An array of the base DNs to search through for groups. Typically uses ou=groups.","description_kind":"markdown","optional":true},"group_search_filter":{"type":"string","description":"Group search filter, to retrieve the groups of which the user is a member (only set if memberOf attribute is not available).","description_kind":"markdown","optional":true},"group_search_filter_user_attribute":{"type":"string","description":"The %s in the search filter will be replaced with the attribute defined in this field.","description_kind":"markdown","optional":true},"host":{"type":"string","description":"The LDAP server host.","description_kind":"markdown","required":true},"min_tls_version":{"type":"string","description":"Minimum TLS version allowed. Accepted values are: TLS1.2, TLS1.3.","description_kind":"markdown","optional":true},"port":{"type":"number","description":"The LDAP server port.","description_kind":"markdown","optional":true},"root_ca_cert":{"type":"string","description":"The path to the root CA certificate.","description_kind":"markdown","optional":true},"root_ca_cert_value":{"type":["list","string"],"description":"The Base64 encoded values of the root CA certificates.","description_kind":"markdown","optional":true},"search_base_dns":{"type":["list","string"],"description":"An array of base DNs to search through.","description_kind":"markdown","required":true},"search_filter":{"type":"string","description":"The user search filter, for example \"(cn=%s)\" or \"(sAMAccountName=%s)\" or \"(uid=%s)\".","description_kind":"markdown","required":true},"ssl_skip_verify":{"type":"bool","description":"If set to true, the SSL cert validation will be skipped.","description_kind":"markdown","optional":true},"start_tls":{"type":"bool","description":"If set to true, use LDAP with STARTTLS instead of LDAPS.","description_kind":"markdown","optional":true},"timeout":{"type":"number","description":"The timeout in seconds for connecting to the LDAP host.","description_kind":"markdown","optional":true},"tls_ciphers":{"type":["list","string"],"description":"Accepted TLS ciphers. For a complete list of supported ciphers, refer to: https://go.dev/src/crypto/tls/cipher_suites.go.","description_kind":"markdown","optional":true},"use_ssl":{"type":"bool","description":"Set to true if LDAP server should use an encrypted TLS connection (either with STARTTLS or LDAPS).","description_kind":"markdown","optional":true}},"block_types":{"group_mappings":{"nesting_mode":"list","block":{"attributes":{"grafana_admin":{"type":"bool","description":"If set to true, it makes the user of group_dn Grafana server admin.","description_kind":"markdown","optional":true},"group_dn":{"type":"string","description":"LDAP distinguished name (DN) of LDAP group. If you want to match all (or no LDAP groups) then you can use wildcard (\"*\").","description_kind":"markdown","required":true},"org_id":{"type":"number","description":"The Grafana organization database id.","description_kind":"markdown","optional":true},"org_role":{"type":"string","description":"Assign users of group_dn the organization role Admin, Editor, or Viewer.","description_kind":"markdown","required":true}},"description":"For mapping an LDAP group to a Grafana organization and role.","description_kind":"markdown"}}},"description":"The LDAP servers configuration.","description_kind":"markdown"},"min_items":1}},"description":"The LDAP configuration.","description_kind":"markdown"},"min_items":1,"max_items":1}},"description":"The LDAP settings set. Required for the ldap provider.","description_kind":"markdown"},"max_items":1},"oauth2_settings":{"nesting_mode":"set","block":{"attributes":{"allow_assign_grafana_admin":{"type":"bool","description":"If enabled, it will automatically sync the Grafana server administrator role.","description_kind":"markdown","optional":true},"allow_sign_up":{"type":"bool","description":"If not enabled, only existing Grafana users can log in using OAuth.","description_kind":"markdown","optional":true},"allowed_domains":{"type":"string","description":"List of comma- or space-separated domains. The user should belong to at least one domain to log in.","description_kind":"markdown","optional":true},"allowed_groups":{"type":"string","description":"List of comma- or space-separated groups. The user should be a member of at least one group to log in. For Generic OAuth, if you configure allowed_groups, you must also configure groups_attribute_path.","description_kind":"markdown","optional":true},"allowed_organizations":{"type":"string","description":"List of comma- or space-separated organizations. The user should be a member of at least one organization to log in.","description_kind":"markdown","optional":true},"api_url":{"type":"string","description":"The user information endpoint of your OAuth2 provider. Required for okta and generic_oauth providers.","description_kind":"markdown","optional":true},"auth_style":{"type":"string","description":"It determines how client_id and client_secret are sent to Oauth2 provider. Possible values are AutoDetect, InParams, InHeader. Default is AutoDetect.","description_kind":"markdown","optional":true},"auth_url":{"type":"string","description":"The authorization endpoint of your OAuth2 provider. Required for azuread, okta and generic_oauth providers.","description_kind":"markdown","optional":true},"auto_login":{"type":"bool","description":"Log in automatically, skipping the login screen.","description_kind":"markdown","optional":true},"client_id":{"type":"string","description":"The client Id of your OAuth2 app.","description_kind":"markdown","required":true},"client_secret":{"type":"string","description":"The client secret of your OAuth2 app.","description_kind":"markdown","optional":true,"sensitive":true},"custom":{"type":["map","string"],"description":"Custom fields to configure for OAuth2 such as the [force_use_graph_api](https://grafana.com/docs/grafana/latest/setup-grafana/configure-security/configure-authentication/azuread/#force-fetching-groups-from-microsoft-graph-api) field.","description_kind":"markdown","optional":true},"define_allowed_groups":{"type":"bool","description":"Define allowed groups.","description_kind":"markdown","optional":true},"define_allowed_teams_ids":{"type":"bool","description":"Define allowed teams ids.","description_kind":"markdown","optional":true},"email_attribute_name":{"type":"string","description":"Name of the key to use for user email lookup within the attributes map of OAuth2 ID token. Only applicable to Generic OAuth.","description_kind":"markdown","optional":true},"email_attribute_path":{"type":"string","description":"JMESPath expression to use for user email lookup from the user information. Only applicable to Generic OAuth.","description_kind":"markdown","optional":true},"empty_scopes":{"type":"bool","description":"If enabled, no scopes will be sent to the OAuth2 provider.","description_kind":"markdown","optional":true},"enabled":{"type":"bool","description":"Define whether this configuration is enabled for the specified provider. Defaults to `true`.","description_kind":"markdown","optional":true},"groups_attribute_path":{"type":"string","description":"JMESPath expression to use for user group lookup. If you configure allowed_groups, you must also configure groups_attribute_path.","description_kind":"markdown","optional":true},"id_token_attribute_name":{"type":"string","description":"The name of the key used to extract the ID token from the returned OAuth2 token. Only applicable to Generic OAuth.","description_kind":"markdown","optional":true},"login_attribute_path":{"type":"string","description":"JMESPath expression to use for user login lookup from the user ID token. Only applicable to Generic OAuth.","description_kind":"markdown","optional":true},"login_prompt":{"type":"string","description":"Indicates the type of user interaction when the user logs in with the IdP. Available values are `login`, `consent` and `select_account`.","description_kind":"markdown","optional":true},"name":{"type":"string","description":"Helpful if you use more than one identity providers or SSO protocols.","description_kind":"markdown","optional":true},"name_attribute_path":{"type":"string","description":"JMESPath expression to use for user name lookup from the user ID token. This name will be used as the user’s display name. Only applicable to Generic OAuth.","description_kind":"markdown","optional":true},"org_attribute_path":{"type":"string","description":"JMESPath expression to use for the organization mapping lookup from the user ID token. The extracted list will be used for the organization mapping (to match \"Organization\" in the \"org_mapping\"). Only applicable to Generic OAuth and Okta.","description_kind":"markdown","optional":true},"org_mapping":{"type":"string","description":"List of comma- or space-separated Organization:OrgIdOrOrgName:Role mappings. Organization can be * meaning “All users”. Role is optional and can have the following values: None, Viewer, Editor or Admin.","description_kind":"markdown","optional":true},"role_attribute_path":{"type":"string","description":"JMESPath expression to use for Grafana role lookup.","description_kind":"markdown","optional":true},"role_attribute_strict":{"type":"bool","description":"If enabled, denies user login if the Grafana role cannot be extracted using Role attribute path.","description_kind":"markdown","optional":true},"scopes":{"type":"string","description":"List of comma- or space-separated OAuth2 scopes.","description_kind":"markdown","optional":true},"signout_redirect_url":{"type":"string","description":"The URL to redirect the user to after signing out from Grafana.","description_kind":"markdown","optional":true},"skip_org_role_sync":{"type":"bool","description":"Prevent synchronizing users’ organization roles from your IdP.","description_kind":"markdown","optional":true},"team_ids":{"type":"string","description":"String list of Team Ids. If set, the user must be a member of one of the given teams to log in. If you configure team_ids, you must also configure teams_url and team_ids_attribute_path.","description_kind":"markdown","optional":true},"team_ids_attribute_path":{"type":"string","description":"The JMESPath expression to use for Grafana Team Id lookup within the results returned by the teams_url endpoint. Only applicable to Generic OAuth.","description_kind":"markdown","optional":true},"teams_url":{"type":"string","description":"The URL used to query for Team Ids. If not set, the default value is /teams. If you configure teams_url, you must also configure team_ids_attribute_path. Only applicable to Generic OAuth.","description_kind":"markdown","optional":true},"tls_client_ca":{"type":"string","description":"The path to the trusted certificate authority list. Is not applicable on Grafana Cloud.","description_kind":"markdown","optional":true},"tls_client_cert":{"type":"string","description":"The path to the certificate. Is not applicable on Grafana Cloud.","description_kind":"markdown","optional":true},"tls_client_key":{"type":"string","description":"The path to the key. Is not applicable on Grafana Cloud.","description_kind":"markdown","optional":true},"tls_skip_verify_insecure":{"type":"bool","description":"If enabled, the client accepts any certificate presented by the server and any host name in that certificate. You should only use this for testing, because this mode leaves SSL/TLS susceptible to man-in-the-middle attacks.","description_kind":"markdown","optional":true},"token_url":{"type":"string","description":"The token endpoint of your OAuth2 provider. Required for azuread, okta and generic_oauth providers.","description_kind":"markdown","optional":true},"use_pkce":{"type":"bool","description":"If enabled, Grafana will use Proof Key for Code Exchange (PKCE) with the OAuth2 Authorization Code Grant.","description_kind":"markdown","optional":true},"use_refresh_token":{"type":"bool","description":"If enabled, Grafana will fetch a new access token using the refresh token provided by the OAuth2 provider.","description_kind":"markdown","optional":true}},"description":"The OAuth2 settings set. Required for github, gitlab, google, azuread, okta, generic_oauth providers.","description_kind":"markdown"},"max_items":1},"saml_settings":{"nesting_mode":"set","block":{"attributes":{"allow_idp_initiated":{"type":"bool","description":"Whether SAML IdP-initiated login is allowed.","description_kind":"markdown","optional":true},"allow_sign_up":{"type":"bool","description":"Whether to allow new Grafana user creation through SAML login. If set to false, then only existing Grafana users can log in with SAML.","description_kind":"markdown","optional":true},"allowed_organizations":{"type":"string","description":"List of comma- or space-separated organizations. User should be a member of at least one organization to log in.","description_kind":"markdown","optional":true},"assertion_attribute_email":{"type":"string","description":"Friendly name or name of the attribute within the SAML assertion to use as the user email.","description_kind":"markdown","optional":true},"assertion_attribute_external_uid":{"type":"string","description":"Friendly name of the attribute within the SAML assertion to use as the external user ID. Only used for SCIM provisioned users.","description_kind":"markdown","optional":true},"assertion_attribute_groups":{"type":"string","description":"Friendly name or name of the attribute within the SAML assertion to use as the user groups.","description_kind":"markdown","optional":true},"assertion_attribute_login":{"type":"string","description":"Friendly name or name of the attribute within the SAML assertion to use as the user login handle.","description_kind":"markdown","optional":true},"assertion_attribute_name":{"type":"string","description":"Friendly name or name of the attribute within the SAML assertion to use as the user name. Alternatively, this can be a template with variables that match the names of attributes within the SAML assertion.","description_kind":"markdown","optional":true},"assertion_attribute_org":{"type":"string","description":"Friendly name or name of the attribute within the SAML assertion to use as the user organization.","description_kind":"markdown","optional":true},"assertion_attribute_role":{"type":"string","description":"Friendly name or name of the attribute within the SAML assertion to use as the user roles.","description_kind":"markdown","optional":true},"auto_login":{"type":"bool","description":"Whether SAML auto login is enabled.","description_kind":"markdown","optional":true},"certificate":{"type":"string","description":"Base64-encoded string for the SP X.509 certificate.","description_kind":"markdown","optional":true,"sensitive":true},"certificate_path":{"type":"string","description":"Path for the SP X.509 certificate.","description_kind":"markdown","optional":true},"client_id":{"type":"string","description":"The client Id of your OAuth2 app.","description_kind":"markdown","optional":true},"client_secret":{"type":"string","description":"The client secret of your OAuth2 app.","description_kind":"markdown","optional":true},"enabled":{"type":"bool","description":"Define whether this configuration is enabled for SAML. Defaults to `true`.","description_kind":"markdown","optional":true},"entity_id":{"type":"string","description":"The entity ID is a globally unique identifier for the service provider. It is used to identify the service provider to the identity provider. Defaults to the URL of the Grafana instance if not set.","description_kind":"markdown","optional":true},"force_use_graph_api":{"type":"bool","description":"If enabled, Grafana will fetch groups from Microsoft Graph API instead of using the groups claim from the ID token.","description_kind":"markdown","optional":true},"idp_metadata":{"type":"string","description":"Base64-encoded string for the IdP SAML metadata XML.","description_kind":"markdown","optional":true},"idp_metadata_path":{"type":"string","description":"Path for the IdP SAML metadata XML.","description_kind":"markdown","optional":true},"idp_metadata_url":{"type":"string","description":"URL for the IdP SAML metadata XML.","description_kind":"markdown","optional":true},"max_issue_delay":{"type":"string","description":"Duration, since the IdP issued a response and the SP is allowed to process it. For example: 90s, 1h.","description_kind":"markdown","optional":true},"metadata_valid_duration":{"type":"string","description":"Duration, for how long the SP metadata is valid. For example: 48h, 5d.","description_kind":"markdown","optional":true},"name":{"type":"string","description":"Name used to refer to the SAML authentication.","description_kind":"markdown","optional":true},"name_id_format":{"type":"string","description":"The Name ID Format to request within the SAML assertion. Defaults to urn:oasis:names:tc:SAML:2.0:nameid-format:transient","description_kind":"markdown","optional":true},"org_mapping":{"type":"string","description":"List of comma- or space-separated Organization:OrgId:Role mappings. Organization can be * meaning “All users”. Role is optional and can have the following values: Viewer, Editor or Admin.","description_kind":"markdown","optional":true},"private_key":{"type":"string","description":"Base64-encoded string for the SP private key.","description_kind":"markdown","optional":true,"sensitive":true},"private_key_path":{"type":"string","description":"Path for the SP private key.","description_kind":"markdown","optional":true},"relay_state":{"type":"string","description":"Relay state for IdP-initiated login. Should match relay state configured in IdP.","description_kind":"markdown","optional":true},"role_values_admin":{"type":"string","description":"List of comma- or space-separated roles which will be mapped into the Admin role.","description_kind":"markdown","optional":true},"role_values_editor":{"type":"string","description":"List of comma- or space-separated roles which will be mapped into the Editor role.","description_kind":"markdown","optional":true},"role_values_grafana_admin":{"type":"string","description":"List of comma- or space-separated roles which will be mapped into the Grafana Admin (Super Admin) role.","description_kind":"markdown","optional":true},"role_values_none":{"type":"string","description":"List of comma- or space-separated roles which will be mapped into the None role.","description_kind":"markdown","optional":true},"role_values_viewer":{"type":"string","description":"List of comma- or space-separated roles which will be mapped into the Viewer role.","description_kind":"markdown","optional":true},"signature_algorithm":{"type":"string","description":"Signature algorithm used for signing requests to the IdP. Supported values are rsa-sha1, rsa-sha256, rsa-sha512.","description_kind":"markdown","optional":true},"single_logout":{"type":"bool","description":"Whether SAML Single Logout is enabled.","description_kind":"markdown","optional":true},"skip_org_role_sync":{"type":"bool","description":"Prevent synchronizing users’ organization roles from your IdP.","description_kind":"markdown","optional":true},"token_url":{"type":"string","description":"The token endpoint of your OAuth2 provider. Required for Azure AD providers.","description_kind":"markdown","optional":true}},"description":"The SAML settings set. Required for the saml provider.","description_kind":"markdown"},"max_items":1}},"description":"\nManages Grafana SSO Settings for OAuth2, SAML and LDAP. Support for LDAP is currently in preview, it will be available in Grafana starting with v11.3.\n\n* [Official documentation](https://grafana.com/docs/grafana/latest/setup-grafana/configure-security/configure-authentication/)\n* [HTTP API](https://grafana.com/docs/grafana/latest/developer-resources/api-reference/http-api/api-legacy/sso-settings/)\n","description_kind":"markdown"}},"grafana_synthetic_monitoring_check":{"version":0,"block":{"attributes":{"alert_sensitivity":{"type":"string","description":"Can be set to `none`, `low`, `medium`, or `high` to correspond to the check [alert levels](https://grafana.com/docs/grafana-cloud/testing/synthetic-monitoring/configure-alerts/synthetic-monitoring-alerting/). Defaults to `none`.","description_kind":"markdown","optional":true},"basic_metrics_only":{"type":"bool","description":"Metrics are reduced by default. Set this to `false` if you'd like to publish all metrics. We maintain a [full list of metrics](https://github.com/grafana/synthetic-monitoring-agent/tree/main/internal/scraper/testdata) collected for each. Defaults to `true`.","description_kind":"markdown","optional":true},"enabled":{"type":"bool","description":"Whether to enable the check. Defaults to `true`.","description_kind":"markdown","optional":true},"folder_uid":{"type":"string","description":"The UID of the Grafana folder to associate the check with.","description_kind":"markdown","optional":true},"frequency":{"type":"number","description":"How often the check runs in milliseconds (the value is not truly a \"frequency\" but a \"period\"). The minimum acceptable value is 1 second (1000 ms), and the maximum is 1 hour (3600000 ms). Defaults to `60000`.","description_kind":"markdown","optional":true},"id":{"type":"string","description":"The ID of the check.","description_kind":"markdown","computed":true},"job":{"type":"string","description":"Name used for job label.","description_kind":"markdown","required":true},"labels":{"type":["map","string"],"description":"Custom labels to be included with collected metrics and logs. The maximum number of labels that can be specified per check is 5. These are applied, along with the probe-specific labels, to the outgoing metrics. The names and values of the labels cannot be empty, and the maximum length is 32 bytes.","description_kind":"markdown","optional":true},"probes":{"type":["set","number"],"description":"List of probe location IDs where this target will be checked from.","description_kind":"markdown","required":true},"target":{"type":"string","description":"Hostname to ping.","description_kind":"markdown","required":true},"tenant_id":{"type":"number","description":"The tenant ID of the check.","description_kind":"markdown","computed":true},"timeout":{"type":"number","description":"Specifies the maximum running time for the check in milliseconds. The minimum acceptable value is 1 second (1000 ms), and the maximum 180 seconds (180000 ms). Defaults to `3000`.","description_kind":"markdown","optional":true}},"block_types":{"channels":{"nesting_mode":"list","block":{"block_types":{"k6":{"nesting_mode":"list","block":{"attributes":{"id":{"type":"string","description":"The ID of the k6 channel.","description_kind":"markdown","optional":true,"computed":true}},"description":"K6 channel configuration.","description_kind":"markdown"},"max_items":1}},"description":"Channels to assign the check to. See [Manage k6 versions](https://grafana.com/docs/grafana-cloud/testing/synthetic-monitoring/create-checks/manage-k6-versions/) for details. If not specified for scripted/browser checks, the API assigns a default k6 channel.","description_kind":"markdown"},"max_items":1},"settings":{"nesting_mode":"set","block":{"block_types":{"browser":{"nesting_mode":"set","block":{"attributes":{"script":{"type":"string","description_kind":"plain","required":true}},"description":"Settings for browser check. See https://grafana.com/docs/grafana-cloud/testing/synthetic-monitoring/create-checks/checks/k6-browser/.","description_kind":"markdown"},"max_items":1},"dns":{"nesting_mode":"set","block":{"attributes":{"ip_version":{"type":"string","description":"Options are `V4`, `V6`, `Any`. Specifies whether the corresponding check will be performed using IPv4 or IPv6. The `Any` value indicates that IPv6 should be used, falling back to IPv4 if that's not available. Defaults to `V4`.","description_kind":"markdown","optional":true},"port":{"type":"number","description":"Port to target. Defaults to `53`.","description_kind":"markdown","optional":true},"protocol":{"type":"string","description":"`TCP` or `UDP`. Defaults to `UDP`.","description_kind":"markdown","optional":true},"record_type":{"type":"string","description":"One of `ANY`, `A`, `AAAA`, `CNAME`, `MX`, `NS`, `PTR`, `SOA`, `SRV`, `TXT`. Defaults to `A`.","description_kind":"markdown","optional":true},"server":{"type":"string","description":"DNS server address to target. Defaults to `8.8.8.8`.","description_kind":"markdown","optional":true},"source_ip_address":{"type":"string","description":"Source IP address.","description_kind":"markdown","optional":true},"valid_r_codes":{"type":["set","string"],"description":"List of valid response codes. Options include `NOERROR`, `BADALG`, `BADMODE`, `BADKEY`, `BADCOOKIE`, `BADNAME`, `BADSIG`, `BADTIME`, `BADTRUNC`, `BADVERS`, `FORMERR`, `NOTIMP`, `NOTAUTH`, `NOTZONE`, `NXDOMAIN`, `NXRRSET`, `REFUSED`, `SERVFAIL`, `YXDOMAIN`, `YXRRSET`.","description_kind":"markdown","optional":true}},"block_types":{"validate_additional_rrs":{"nesting_mode":"set","block":{"attributes":{"fail_if_matches_regexp":{"type":["set","string"],"description":"Fail if value matches regex.","description_kind":"markdown","optional":true},"fail_if_not_matches_regexp":{"type":["set","string"],"description":"Fail if value does not match regex.","description_kind":"markdown","optional":true}},"description":"Validate additional matches.","description_kind":"markdown"}},"validate_answer_rrs":{"nesting_mode":"set","block":{"attributes":{"fail_if_matches_regexp":{"type":["set","string"],"description":"Fail if value matches regex.","description_kind":"markdown","optional":true},"fail_if_not_matches_regexp":{"type":["set","string"],"description":"Fail if value does not match regex.","description_kind":"markdown","optional":true}},"description":"Validate response answer.","description_kind":"markdown"},"max_items":1},"validate_authority_rrs":{"nesting_mode":"set","block":{"attributes":{"fail_if_matches_regexp":{"type":["set","string"],"description":"Fail if value matches regex.","description_kind":"markdown","optional":true},"fail_if_not_matches_regexp":{"type":["set","string"],"description":"Fail if value does not match regex.","description_kind":"markdown","optional":true}},"description":"Validate response authority.","description_kind":"markdown"},"max_items":1}},"description":"Settings for DNS check. The target must be a valid hostname (or IP address for `PTR` records).","description_kind":"markdown"},"max_items":1},"grpc":{"nesting_mode":"set","block":{"attributes":{"ip_version":{"type":"string","description":"Options are `V4`, `V6`, `Any`. Specifies whether the corresponding check will be performed using IPv4 or IPv6. The `Any` value indicates that IPv6 should be used, falling back to IPv4 if that's not available. Defaults to `V4`.","description_kind":"markdown","optional":true},"service":{"type":"string","description":"gRPC service.","description_kind":"markdown","optional":true},"tls":{"type":"bool","description":"Whether or not TLS is used when the connection is initiated. Defaults to `false`.","description_kind":"markdown","optional":true}},"block_types":{"tls_config":{"nesting_mode":"set","block":{"attributes":{"ca_cert":{"type":"string","description":"CA certificate in PEM format.","description_kind":"markdown","optional":true},"client_cert":{"type":"string","description":"Client certificate in PEM format.","description_kind":"markdown","optional":true},"client_key":{"type":"string","description":"Client key in PEM format.","description_kind":"markdown","optional":true,"sensitive":true},"insecure_skip_verify":{"type":"bool","description":"Disable target certificate validation. Defaults to `false`.","description_kind":"markdown","optional":true},"server_name":{"type":"string","description":"Used to verify the hostname for the targets.","description_kind":"markdown","optional":true}},"description":"TLS config.","description_kind":"markdown"},"max_items":1}},"description":"Settings for gRPC Health check. The target must be of the form `\u003chost\u003e:\u003cport\u003e`, where the host portion must be a valid hostname or IP address.","description_kind":"markdown"},"max_items":1},"http":{"nesting_mode":"set","block":{"attributes":{"bearer_token":{"type":"string","description":"Token for use with bearer authorization header.","description_kind":"markdown","optional":true,"sensitive":true},"body":{"type":"string","description":"The body of the HTTP request used in probe.","description_kind":"markdown","optional":true},"cache_busting_query_param_name":{"type":"string","description":"The name of the query parameter used to prevent the server from using a cached response. Each probe will assign a random value to this parameter each time a request is made.","description_kind":"markdown","optional":true},"compression":{"type":"string","description":"Check fails if the response body is not compressed using this compression algorithm. One of `none`, `identity`, `br`, `gzip`, `deflate`.","description_kind":"markdown","optional":true},"fail_if_body_matches_regexp":{"type":["set","string"],"description":"List of regexes. If any match the response body, the check will fail.","description_kind":"markdown","optional":true},"fail_if_body_not_matches_regexp":{"type":["set","string"],"description":"List of regexes. If any do not match the response body, the check will fail.","description_kind":"markdown","optional":true},"fail_if_not_ssl":{"type":"bool","description":"Fail if SSL is not present. Defaults to `false`.","description_kind":"markdown","optional":true},"fail_if_ssl":{"type":"bool","description":"Fail if SSL is present. Defaults to `false`.","description_kind":"markdown","optional":true},"headers":{"type":["set","string"],"description":"The HTTP headers set for the probe.","description_kind":"markdown","optional":true},"ip_version":{"type":"string","description":"Options are `V4`, `V6`, `Any`. Specifies whether the corresponding check will be performed using IPv4 or IPv6. The `Any` value indicates that IPv6 should be used, falling back to IPv4 if that's not available. Defaults to `V4`.","description_kind":"markdown","optional":true},"method":{"type":"string","description":"Request method. One of `GET`, `CONNECT`, `DELETE`, `HEAD`, `OPTIONS`, `POST`, `PUT`, `TRACE` Defaults to `GET`.","description_kind":"markdown","optional":true},"no_follow_redirects":{"type":"bool","description":"Do not follow redirects. Defaults to `false`.","description_kind":"markdown","optional":true},"proxy_connect_headers":{"type":["set","string"],"description":"The HTTP headers sent to the proxy URL","description_kind":"markdown","optional":true},"proxy_url":{"type":"string","description":"Proxy URL.","description_kind":"markdown","optional":true},"secret_manager_enabled":{"type":"bool","description":"Enable secret manager so that `${secrets.\u003cname\u003e}` references in the bearer token, basic auth password, and TLS certificate/key fields are resolved from Grafana Secrets Manager at check time. In Terraform HCL, escape the leading `$` (`$${secrets.\u003cname\u003e}`) so the reference is passed through literally rather than interpolated by Terraform. All probes assigned to the check must support protocol secrets, otherwise the API rejects the check. Defaults to `false`.","description_kind":"markdown","optional":true},"valid_http_versions":{"type":["set","string"],"description":"List of valid HTTP versions. Options include `HTTP/1.0`, `HTTP/1.1`, `HTTP/2.0`","description_kind":"markdown","optional":true},"valid_status_codes":{"type":["set","number"],"description":"Accepted status codes. If unset, defaults to 2xx.","description_kind":"markdown","optional":true}},"block_types":{"basic_auth":{"nesting_mode":"set","block":{"attributes":{"password":{"type":"string","description":"Basic auth password.","description_kind":"markdown","required":true,"sensitive":true},"username":{"type":"string","description":"Basic auth username.","description_kind":"markdown","required":true}},"description":"Basic auth settings.","description_kind":"markdown"},"max_items":1},"fail_if_header_matches_regexp":{"nesting_mode":"set","block":{"attributes":{"allow_missing":{"type":"bool","description":"Allow header to be missing from responses. Defaults to `false`.","description_kind":"markdown","optional":true},"header":{"type":"string","description":"Header name.","description_kind":"markdown","required":true},"regexp":{"type":"string","description":"Regex that header value should match.","description_kind":"markdown","required":true}},"description":"Check fails if headers match.","description_kind":"markdown"}},"fail_if_header_not_matches_regexp":{"nesting_mode":"set","block":{"attributes":{"allow_missing":{"type":"bool","description":"Allow header to be missing from responses. Defaults to `false`.","description_kind":"markdown","optional":true},"header":{"type":"string","description":"Header name.","description_kind":"markdown","required":true},"regexp":{"type":"string","description":"Regex that header value should match.","description_kind":"markdown","required":true}},"description":"Check fails if headers do not match.","description_kind":"markdown"}},"tls_config":{"nesting_mode":"set","block":{"attributes":{"ca_cert":{"type":"string","description":"CA certificate in PEM format.","description_kind":"markdown","optional":true},"client_cert":{"type":"string","description":"Client certificate in PEM format.","description_kind":"markdown","optional":true},"client_key":{"type":"string","description":"Client key in PEM format.","description_kind":"markdown","optional":true,"sensitive":true},"insecure_skip_verify":{"type":"bool","description":"Disable target certificate validation. Defaults to `false`.","description_kind":"markdown","optional":true},"server_name":{"type":"string","description":"Used to verify the hostname for the targets.","description_kind":"markdown","optional":true}},"description":"TLS config.","description_kind":"markdown"},"max_items":1}},"description":"Settings for HTTP check. The target must be a URL (http or https).","description_kind":"markdown"},"max_items":1},"multihttp":{"nesting_mode":"set","block":{"block_types":{"entries":{"nesting_mode":"list","block":{"block_types":{"assertions":{"nesting_mode":"list","block":{"attributes":{"condition":{"type":"string","description":"The condition of the assertion: NOT_CONTAINS, EQUALS, STARTS_WITH, ENDS_WITH, TYPE_OF, CONTAINS","description_kind":"markdown","optional":true},"expression":{"type":"string","description":"The expression of the assertion. Should start with $.","description_kind":"markdown","optional":true},"subject":{"type":"string","description":"The subject of the assertion: RESPONSE_HEADERS, HTTP_STATUS_CODE, RESPONSE_BODY","description_kind":"markdown","optional":true},"type":{"type":"string","description":"The type of assertion to make: TEXT, JSON_PATH_VALUE, JSON_PATH_ASSERTION, REGEX_ASSERTION","description_kind":"markdown","required":true},"value":{"type":"string","description":"The value of the assertion","description_kind":"markdown","optional":true}},"description":"Assertions to make on the request response","description_kind":"markdown"}},"request":{"nesting_mode":"set","block":{"attributes":{"method":{"type":"string","description":"The HTTP method to use","description_kind":"markdown","required":true},"url":{"type":"string","description":"The URL for the request","description_kind":"markdown","required":true}},"block_types":{"body":{"nesting_mode":"set","block":{"attributes":{"content_encoding":{"type":"string","description":"The content encoding of the body","description_kind":"markdown","optional":true},"content_type":{"type":"string","description":"The content type of the body","description_kind":"markdown","optional":true},"payload":{"type":"string","description":"The body payload","description_kind":"markdown","optional":true}},"description":"The body of the HTTP request used in probe.","description_kind":"markdown"}},"headers":{"nesting_mode":"set","block":{"attributes":{"name":{"type":"string","description":"Name of the header to send","description_kind":"markdown","required":true},"value":{"type":"string","description":"Value of the header to send","description_kind":"markdown","required":true}},"description":"The headers to send with the request","description_kind":"markdown"}},"query_fields":{"nesting_mode":"set","block":{"attributes":{"name":{"type":"string","description":"Name of the query field to send","description_kind":"markdown","required":true},"value":{"type":"string","description":"Value of the query field to send","description_kind":"markdown","required":true}},"description":"Query fields to send with the request","description_kind":"markdown"}}},"description":"An individual MultiHTTP request","description_kind":"markdown"},"max_items":1},"variables":{"nesting_mode":"list","block":{"attributes":{"attribute":{"type":"string","description":"The attribute to use when finding the variable value. Only used when type is CSS_SELECTOR","description_kind":"markdown","optional":true},"expression":{"type":"string","description":"The expression to when finding the variable. Should start with $. Only use when type is JSON_PATH or REGEX","description_kind":"markdown","optional":true},"name":{"type":"string","description":"The name of the variable to extract","description_kind":"markdown","optional":true},"type":{"type":"string","description":"The method of finding the variable value to extract. JSON_PATH, REGEX, CSS_SELECTOR","description_kind":"markdown","required":true}},"description":"Variables to extract from the request response","description_kind":"markdown"}}},"description_kind":"plain"}}},"description":"Settings for MultiHTTP check. The target must be a URL (http or https)","description_kind":"markdown"},"max_items":1},"ping":{"nesting_mode":"set","block":{"attributes":{"dont_fragment":{"type":"bool","description":"Set the DF-bit in the IP-header. Only works with ipV4. Defaults to `false`.","description_kind":"markdown","optional":true},"ip_version":{"type":"string","description":"Options are `V4`, `V6`, `Any`. Specifies whether the corresponding check will be performed using IPv4 or IPv6. The `Any` value indicates that IPv6 should be used, falling back to IPv4 if that's not available. Defaults to `V4`.","description_kind":"markdown","optional":true},"payload_size":{"type":"number","description":"Payload size. Defaults to `0`.","description_kind":"markdown","optional":true},"source_ip_address":{"type":"string","description":"Source IP address.","description_kind":"markdown","optional":true}},"description":"Settings for ping (ICMP) check. The target must be a valid hostname or IP address.","description_kind":"markdown"},"max_items":1},"scripted":{"nesting_mode":"set","block":{"attributes":{"script":{"type":"string","description_kind":"plain","required":true}},"description":"Settings for scripted check. See https://grafana.com/docs/grafana-cloud/testing/synthetic-monitoring/create-checks/checks/k6/.","description_kind":"markdown"},"max_items":1},"tcp":{"nesting_mode":"set","block":{"attributes":{"ip_version":{"type":"string","description":"Options are `V4`, `V6`, `Any`. Specifies whether the corresponding check will be performed using IPv4 or IPv6. The `Any` value indicates that IPv6 should be used, falling back to IPv4 if that's not available. Defaults to `V4`.","description_kind":"markdown","optional":true},"source_ip_address":{"type":"string","description":"Source IP address.","description_kind":"markdown","optional":true},"tls":{"type":"bool","description":"Whether or not TLS is used when the connection is initiated. Defaults to `false`.","description_kind":"markdown","optional":true}},"block_types":{"query_response":{"nesting_mode":"set","block":{"attributes":{"expect":{"type":"string","description":"Response to expect.","description_kind":"markdown","required":true},"send":{"type":"string","description":"Data to send.","description_kind":"markdown","required":true},"start_tls":{"type":"bool","description":"Upgrade TCP connection to TLS. Defaults to `false`.","description_kind":"markdown","optional":true}},"description":"The query sent in the TCP probe and the expected associated response.","description_kind":"markdown"}},"tls_config":{"nesting_mode":"set","block":{"attributes":{"ca_cert":{"type":"string","description":"CA certificate in PEM format.","description_kind":"markdown","optional":true},"client_cert":{"type":"string","description":"Client certificate in PEM format.","description_kind":"markdown","optional":true},"client_key":{"type":"string","description":"Client key in PEM format.","description_kind":"markdown","optional":true,"sensitive":true},"insecure_skip_verify":{"type":"bool","description":"Disable target certificate validation. Defaults to `false`.","description_kind":"markdown","optional":true},"server_name":{"type":"string","description":"Used to verify the hostname for the targets.","description_kind":"markdown","optional":true}},"description":"TLS config.","description_kind":"markdown"},"max_items":1}},"description":"Settings for TCP check. The target must be of the form `\u003chost\u003e:\u003cport\u003e`, where the host portion must be a valid hostname or IP address.","description_kind":"markdown"},"max_items":1},"traceroute":{"nesting_mode":"set","block":{"attributes":{"max_hops":{"type":"number","description":"Maximum TTL for the trace Defaults to `64`.","description_kind":"markdown","optional":true},"max_unknown_hops":{"type":"number","description":"Maximum number of hosts to travers that give no response Defaults to `15`.","description_kind":"markdown","optional":true},"ptr_lookup":{"type":"bool","description":"Reverse lookup hostnames from IP addresses Defaults to `true`.","description_kind":"markdown","optional":true}},"description":"Settings for traceroute check. The target must be a valid hostname or IP address","description_kind":"markdown"},"max_items":1}},"description":"Check settings. Should contain exactly one nested block.","description_kind":"markdown"},"min_items":1,"max_items":1}},"description":"\nSynthetic Monitoring checks are tests that run on selected probes at defined\nintervals and report metrics and logs back to your Grafana Cloud account. The\ntarget for checks can be a domain name, a server, or a website, depending on\nwhat information you would like to gather about your endpoint. You can define\nmultiple checks for a single endpoint to check different capabilities.\n\n* [Official documentation](https://grafana.com/docs/grafana-cloud/testing/synthetic-monitoring/create-checks/checks/)\n","description_kind":"markdown"}},"grafana_synthetic_monitoring_check_alerts":{"version":0,"block":{"attributes":{"alerts":{"type":["set",["object",{"name":"string","period":"string","runbook_url":"string","threshold":"number"}]],"description":"List of alerts for the check.","description_kind":"markdown","required":true},"check_id":{"type":"number","description":"The ID of the check to manage alerts for.","description_kind":"markdown","required":true},"id":{"type":"string","description_kind":"plain","optional":true,"computed":true}},"description":"\nManages alerts for a check in Grafana Synthetic Monitoring.\n\n* [Official documentation](https://grafana.com/docs/grafana-cloud/testing/synthetic-monitoring/configure-alerts/configure-per-check-alerts/)","description_kind":"markdown"}},"grafana_synthetic_monitoring_installation":{"version":0,"block":{"attributes":{"id":{"type":"string","description_kind":"plain","optional":true,"computed":true},"metrics_publisher_key":{"type":"string","description":"The [Grafana Cloud access policy](https://grafana.com/docs/grafana-cloud/security-and-account-management/authentication-and-permissions/access-policies/) with the following scopes: `stacks:read`, `metrics:write`, `logs:write`, `traces:write`. This is used to publish metrics and logs to Grafana Cloud stack.","description_kind":"markdown","required":true,"sensitive":true},"sm_access_token":{"type":"string","description":"Generated token to access the SM API.","description_kind":"markdown","computed":true},"stack_id":{"type":"string","description":"The ID or slug of the stack to install SM on.","description_kind":"markdown","required":true},"stack_sm_api_url":{"type":"string","description":"The URL of the SM API to install SM on. This depends on the stack region, find the list of API URLs here: https://grafana.com/docs/grafana-cloud/testing/synthetic-monitoring/set-up/set-up-private-probes/#probe-api-server-url. A static mapping exists in the provider but it may not contain all the regions. If it does contain the stack's region, this field is computed automatically and readable.","description_kind":"markdown","optional":true,"computed":true}},"description":"\nSets up Synthetic Monitoring on a Grafana cloud stack and generates a token. \nOnce a Grafana Cloud stack is created, a user can either use this resource or go into the UI to install synthetic monitoring.\nThis resource cannot be imported but it can be used on an existing Synthetic Monitoring installation without issues.\n\n**Note that this resource must be used on a provider configured with Grafana Cloud credentials.**\n\n* [Official documentation](https://grafana.com/docs/grafana-cloud/testing/synthetic-monitoring/set-up/)\n* [API documentation](https://github.com/grafana/synthetic-monitoring-api-go-client/blob/main/docs/API.md#apiv1registerinstall)\n\nRequired access policy scopes:\n\n* stacks:read\n","description_kind":"markdown"}},"grafana_synthetic_monitoring_probe":{"version":0,"block":{"attributes":{"auth_token":{"type":"string","description":"The probe authentication token. Your probe must use this to authenticate with Grafana Cloud.","description_kind":"markdown","computed":true,"sensitive":true},"disable_browser_checks":{"type":"bool","description":"Disables browser checks for this probe. Defaults to `false`.","description_kind":"markdown","optional":true},"disable_scripted_checks":{"type":"bool","description":"Disables scripted checks for this probe. Defaults to `false`.","description_kind":"markdown","optional":true},"id":{"type":"string","description":"The ID of the probe.","description_kind":"markdown","computed":true},"labels":{"type":["map","string"],"description":"Custom labels to be included with collected metrics and logs. The maximum number of labels for private probes is 3.","description_kind":"markdown","optional":true},"latitude":{"type":"number","description":"Latitude coordinates.","description_kind":"markdown","required":true},"longitude":{"type":"number","description":"Longitude coordinates.","description_kind":"markdown","required":true},"name":{"type":"string","description":"Name of the probe.","description_kind":"markdown","required":true},"public":{"type":"bool","description":"Public probes are run by Grafana Labs and can be used by all users. Only Grafana Labs managed public probes will be set to `true`. Defaults to `false`.","description_kind":"markdown","optional":true},"region":{"type":"string","description":"Region of the probe.","description_kind":"markdown","required":true},"tenant_id":{"type":"number","description":"The tenant ID of the probe.","description_kind":"markdown","computed":true}},"description":"\nBesides the public probes run by Grafana Labs, you can also install your\nown private probes. These are only accessible to you and only write data to\nyour Grafana Cloud account. Private probes are instances of the open source\nGrafana Synthetic Monitoring Agent.\n\n* [Official documentation](https://grafana.com/docs/grafana-cloud/testing/synthetic-monitoring/set-up/set-up-private-probes/)\n","description_kind":"markdown"}},"grafana_team":{"version":0,"block":{"attributes":{"email":{"type":"string","description":"An email address for the team.","description_kind":"plain","optional":true,"computed":true},"id":{"type":"string","description_kind":"plain","computed":true},"ignore_externally_synced_members":{"type":"bool","description":"Ignores team members that have been added to team by [Team Sync](https://grafana.com/docs/grafana/latest/setup-grafana/configure-security/configure-team-sync/). Team Sync can be provisioned using [grafana_team_external_group resource](https://registry.terraform.io/providers/grafana/grafana/latest/docs/resources/team_external_group).","description_kind":"plain","optional":true,"computed":true},"members":{"type":["set","string"],"description":"A set of email addresses corresponding to users who should be given membership to the team. Note: users specified here must already exist in Grafana.","description_kind":"plain","optional":true,"computed":true},"name":{"type":"string","description":"The display name for the Grafana team created.","description_kind":"plain","required":true},"org_id":{"type":"string","description":"The Organization ID. If not set, the default organization is used for basic authentication, or the one that owns your service account for token authentication.","description_kind":"plain","optional":true,"computed":true},"team_id":{"type":"number","description":"The team id assigned to this team by Grafana.","description_kind":"plain","computed":true},"team_uid":{"type":"string","description":"The team uid assigned to this team by Grafana.","description_kind":"plain","computed":true}},"block_types":{"preferences":{"nesting_mode":"list","block":{"attributes":{"home_dashboard_uid":{"type":"string","description":"The UID of the dashboard to display when a team member logs in.","description_kind":"plain","optional":true,"computed":true},"theme":{"type":"string","description":"The default theme for this team. Available themes are `light`, `dark`, `system`, or an empty string for the default theme.","description_kind":"plain","optional":true,"computed":true},"timezone":{"type":"string","description":"The default timezone for this team. Available values are `utc`, `browser`, or an empty string for the default.","description_kind":"plain","optional":true,"computed":true},"week_start":{"type":"string","description":"The default week start day for this team. Available values are `sunday`, `monday`, `saturday`, or an empty string for the default.","description_kind":"plain","optional":true,"computed":true}},"description_kind":"plain"}},"team_sync":{"nesting_mode":"list","block":{"attributes":{"groups":{"type":["set","string"],"description_kind":"plain","optional":true}},"description":"Sync external auth provider groups with this Grafana team. Only available in Grafana Enterprise.\n* [Official documentation](https://grafana.com/docs/grafana/latest/setup-grafana/configure-security/configure-team-sync/)\n* [HTTP API](https://grafana.com/docs/grafana/latest/developer-resources/api-reference/http-api/api-legacy/team_sync/)","description_kind":"markdown"}}},"description":"\n* [Official documentation](https://grafana.com/docs/grafana/latest/administration/team-management/)\n* [HTTP API](https://grafana.com/docs/grafana/latest/developer-resources/api-reference/http-api/api-legacy/team/)\n","description_kind":"markdown"}},"grafana_team_external_group":{"version":0,"block":{"attributes":{"groups":{"type":["set","string"],"description":"The team external groups list","description_kind":"markdown","required":true},"id":{"type":"string","description_kind":"plain","optional":true,"computed":true},"team_id":{"type":"string","description":"The Team ID","description_kind":"markdown","required":true}},"description":"Equivalent to the the `team_sync` attribute of the `grafana_team` resource. Use one or the other to configure a team's external groups syncing config.","description_kind":"markdown"}},"grafana_user":{"version":0,"block":{"attributes":{"email":{"type":"string","description":"The email address of the Grafana user.","description_kind":"markdown","required":true},"id":{"type":"string","description_kind":"plain","optional":true,"computed":true},"is_admin":{"type":"bool","description":"Whether to make user an admin. Defaults to `false`.","description_kind":"markdown","optional":true},"login":{"type":"string","description":"The username for the Grafana user.","description_kind":"markdown","optional":true},"name":{"type":"string","description":"The display name for the Grafana user.","description_kind":"markdown","optional":true},"password":{"type":"string","description":"The password for the Grafana user.","description_kind":"markdown","required":true,"sensitive":true},"user_id":{"type":"number","description":"The numerical ID of the Grafana user.","description_kind":"markdown","computed":true}},"description":"\n* [Official documentation](https://grafana.com/docs/grafana/latest/administration/user-management/server-user-management/)\n* [HTTP API](https://grafana.com/docs/grafana/latest/developer-resources/api-reference/http-api/api-legacy/user/)\n\nThis resource represents an instance-scoped resource and uses Grafana's admin APIs.\nIt does not work with API tokens or service accounts which are org-scoped. \nYou must use basic auth.\nThis resource is also not compatible with Grafana Cloud, as it does not allow basic auth.\n","description_kind":"markdown"}}},"data_source_schemas":{"grafana_cloud_access_policies":{"version":0,"block":{"attributes":{"access_policies":{"type":["set",["object",{"display_name":"string","id":"string","name":"string","region":"string","status":"string"}]],"description_kind":"plain","computed":true},"id":{"type":"string","description":"The ID of this datasource. This is an internal identifier used by the provider to track this datasource.","description_kind":"plain","computed":true},"name_filter":{"type":"string","description":"If set, only access policies with the specified name will be returned. This is faster than filtering in Terraform.","description_kind":"plain","optional":true},"region_filter":{"type":"string","description":"If set, only access policies in the specified region will be returned. Otherwise, fetches from all available regions (more resource intensive).","description_kind":"plain","optional":true}},"description":"\nFetches access policies from Grafana Cloud.\n\n* [Official documentation](https://grafana.com/docs/grafana-cloud/security-and-account-management/authentication-and-permissions/access-policies/)\n* [API documentation](https://grafana.com/docs/grafana-cloud/developer-resources/api-reference/cloud-api/#list-access-policies)\n\nRequired access policy scopes:\n\n* accesspolicies:read","description_kind":"markdown"}},"grafana_cloud_ips":{"version":0,"block":{"attributes":{"hosted_alerts":{"type":["set","string"],"description":"Set of IP addresses that are used for hosted alerts.","description_kind":"plain","computed":true},"hosted_grafana":{"type":["set","string"],"description":"Set of IP addresses that are used for hosted Grafana.","description_kind":"plain","computed":true},"hosted_logs":{"type":["set","string"],"description":"Set of IP addresses that are used for hosted logs.","description_kind":"plain","computed":true},"hosted_metrics":{"type":["set","string"],"description":"Set of IP addresses that are used for hosted metrics.","description_kind":"plain","computed":true},"hosted_otlp":{"type":["set","string"],"description":"Set of IP addresses that are used for the OTLP Gateway.","description_kind":"plain","computed":true},"hosted_profiles":{"type":["set","string"],"description":"Set of IP addresses that are used for hosted profiles.","description_kind":"plain","computed":true},"hosted_traces":{"type":["set","string"],"description":"Set of IP addresses that are used for hosted traces.","description_kind":"plain","computed":true},"id":{"type":"string","description":"The ID of this datasource. This is an internal identifier used by the provider to track this datasource.","description_kind":"plain","computed":true}},"description":"\nData source for retrieving sets of cloud IPs.\n\n* [Official documentation](https://grafana.com/docs/grafana-cloud/reference/allow-list/)","description_kind":"markdown"}},"grafana_cloud_organization":{"version":0,"block":{"attributes":{"created_at":{"type":"string","description":"The date and time the organization was created.","description_kind":"plain","computed":true},"id":{"type":"string","description":"The organization ID.","description_kind":"plain","optional":true,"computed":true},"name":{"type":"string","description":"The organization name.","description_kind":"plain","computed":true},"slug":{"type":"string","description":"The organization slug.","description_kind":"plain","optional":true,"computed":true},"updated_at":{"type":"string","description":"The date and time the organization was last updated.","description_kind":"plain","computed":true},"url":{"type":"string","description":"The organization URL.","description_kind":"plain","computed":true}},"description":"\nFetches a Grafana Cloud organization.\n\n* [Official documentation](https://grafana.com/docs/grafana-cloud/)\n* [API documentation](https://grafana.com/docs/grafana-cloud/developer-resources/api-reference/cloud-api/#organizations)\n\nRequired access policy scopes:\n\n* orgs:read","description_kind":"markdown"}},"grafana_cloud_private_data_source_connect_networks":{"version":0,"block":{"attributes":{"id":{"type":"string","description":"The ID of this datasource. This is an internal identifier used by the provider to track this datasource.","description_kind":"plain","computed":true},"name_filter":{"type":"string","description":"If set, only private data source connect networks with the specified name will be returned. This is faster than filtering in Terraform.","description_kind":"plain","optional":true},"private_data_source_connect_networks":{"type":["set",["object",{"display_name":"string","id":"string","name":"string","region":"string","status":"string"}]],"description_kind":"plain","computed":true},"region_filter":{"type":"string","description":"If set, only private data source connect networks in the specified region will be returned. This is faster than filtering in Terraform.","description_kind":"plain","optional":true}},"description":"\nFetches Private Data source Connect networks from Grafana Cloud.\n\n* [Official documentation](https://grafana.com/docs/grafana-cloud/security-and-account-management/authentication-and-permissions/access-policies/)\n* [API documentation](https://grafana.com/docs/grafana-cloud/developer-resources/api-reference/cloud-api/#list-access-policies)\n\nRequired access policy scopes:\n\n* accesspolicies:read","description_kind":"markdown"}},"grafana_cloud_provider_aws_account":{"version":0,"block":{"attributes":{"id":{"type":"string","description":"The Terraform Resource ID. This has the format \"{{ stack_id }}:{{ resource_id }}\".","description_kind":"plain","computed":true},"name":{"type":"string","description":"An optional human-readable name for this AWS Account resource.","description_kind":"plain","computed":true},"regions":{"type":["set","string"],"description":"A set of regions that this AWS Account resource applies to.","description_kind":"plain","computed":true},"resource_id":{"type":"string","description":"The ID given by the Grafana Cloud Provider API to this AWS Account resource.","description_kind":"plain","required":true},"role_arn":{"type":"string","description":"An IAM Role ARN string to represent with this AWS Account resource.","description_kind":"plain","computed":true},"stack_id":{"type":"string","description":"The StackID of the Grafana Cloud instance. Part of the Terraform Resource ID.","description_kind":"plain","required":true}},"description":"\nThis data source allows you to look up an existing Grafana Cloud AWS Account resource in your stack.\n\nSee the [Grafana Provider configuration docs](https://registry.terraform.io/providers/grafana/grafana/latest/docs#managing-cloud-provider)\nfor information on authentication and required access policy scopes.\n\n* [Official Grafana Cloud documentation](https://grafana.com/docs/grafana-cloud/monitor-infrastructure/monitor-cloud-provider/aws/)\n","description_kind":"plain"}},"grafana_cloud_provider_aws_cloudwatch_scrape_job":{"version":0,"block":{"attributes":{"aws_account_resource_id":{"type":"string","description":"The ID assigned by the Grafana Cloud Provider API to an AWS Account resource that should be associated with this AWS CloudWatch Scrape Job. This can be provided by the `resource_id` attribute of the `grafana_cloud_provider_aws_account` resource.","description_kind":"plain","computed":true},"disabled_reason":{"type":"string","description":"When the AWS CloudWatch Scrape Job is disabled, this will show the reason that it is in that state.","description_kind":"plain","computed":true},"enabled":{"type":"bool","description":"Whether the AWS CloudWatch Scrape Job is enabled or not.","description_kind":"plain","computed":true},"export_tags":{"type":"bool","description":"When enabled, AWS resource tags are exported as Prometheus labels to metrics formatted as `aws_\u003cservice_name\u003e_info`.","description_kind":"plain","computed":true},"id":{"type":"string","description":"The Terraform Resource ID. This has the format \"{{ stack_id }}:{{ name }}\".","description_kind":"plain","computed":true},"name":{"type":"string","description":"The name of the AWS CloudWatch Scrape Job. Part of the Terraform Resource ID.","description_kind":"plain","required":true},"regions":{"type":["set","string"],"description":"The set of AWS region names that this AWS CloudWatch Scrape Job is configured to scrape.","description_kind":"plain","computed":true},"regions_subset_override_used":{"type":"bool","description":"When true, the `regions` attribute will be the set of regions configured in the override. When false, the `regions` attribute will be the set of regions belonging to the AWS Account resource that is associated with this AWS CloudWatch Scrape Job.","description_kind":"plain","computed":true},"role_arn":{"type":"string","description":"The AWS ARN of the IAM role associated with the AWS Account resource that is being used by this AWS CloudWatch Scrape Job.","description_kind":"plain","computed":true},"stack_id":{"type":"string","description":"The Stack ID of the Grafana Cloud instance. Part of the Terraform Resource ID.","description_kind":"plain","required":true},"static_labels":{"type":["map","string"],"description":"A set of static labels to add to all metrics exported by this scrape job.","description_kind":"plain","computed":true}},"block_types":{"custom_namespace":{"nesting_mode":"list","block":{"attributes":{"name":{"type":"string","description":"The name of the custom namespace to scrape.","description_kind":"plain","computed":true},"scrape_interval_seconds":{"type":"number","description":"The interval in seconds to scrape the custom namespace.","description_kind":"plain","computed":true}},"block_types":{"metric":{"nesting_mode":"list","block":{"attributes":{"name":{"type":"string","description":"The name of the metric to scrape.","description_kind":"plain","computed":true},"statistics":{"type":["set","string"],"description":"A set of statistics to scrape.","description_kind":"plain","computed":true}},"description":"One or more configuration blocks to configure metrics and their statistics to scrape. Each block must represent a distinct metric name. When accessing this as an attribute reference, it is a list of objects.","description_kind":"plain"}}},"description":"Zero or more configuration blocks to configure custom namespaces for the AWS CloudWatch Scrape Job to scrape. Each block must have a distinct `name` attribute. When accessing this as an attribute reference, it is a list of objects.","description_kind":"plain"}},"service":{"nesting_mode":"list","block":{"attributes":{"name":{"type":"string","description":"The name of the service to scrape. See https://grafana.com/docs/grafana-cloud/monitor-infrastructure/monitor-cloud-provider/aws/cloudwatch-metrics/services/ for supported services, metrics, and their statistics.","description_kind":"plain","computed":true},"scrape_interval_seconds":{"type":"number","description":"The interval in seconds to scrape the service. See https://grafana.com/docs/grafana-cloud/monitor-infrastructure/monitor-cloud-provider/aws/cloudwatch-metrics/services/ for supported scrape intervals.","description_kind":"plain","computed":true},"tags_to_add_to_metrics":{"type":["set","string"],"description":"A set of tags to add to all metrics exported by this scrape job, for use in PromQL queries.","description_kind":"plain","computed":true}},"block_types":{"metric":{"nesting_mode":"list","block":{"attributes":{"name":{"type":"string","description":"The name of the metric to scrape.","description_kind":"plain","computed":true},"statistics":{"type":["set","string"],"description":"A set of statistics to scrape.","description_kind":"plain","computed":true}},"description":"One or more configuration blocks to configure metrics and their statistics to scrape. Each block must represent a distinct metric name. When accessing this as an attribute reference, it is a list of objects.","description_kind":"plain"}},"resource_discovery_tag_filter":{"nesting_mode":"list","block":{"attributes":{"key":{"type":"string","description":"The key of the tag filter.","description_kind":"plain","computed":true},"value":{"type":"string","description":"The value of the tag filter.","description_kind":"plain","computed":true}},"description":"One or more configuration blocks to configure tag filters applied to discovery of resource entities in the associated AWS account. When accessing this as an attribute reference, it is a list of objects.","description_kind":"plain"}}},"description":"One or more configuration blocks to dictate what this AWS CloudWatch Scrape Job should scrape. Each block must have a distinct `name` attribute. When accessing this as an attribute reference, it is a list of objects.","description_kind":"plain"}}},"description":"\nThis data source allows you to look up an existing Grafana Cloud AWS CloudWatch Scrape Job resource in your stack.\n\nSee the [Grafana Provider configuration docs](https://registry.terraform.io/providers/grafana/grafana/latest/docs#managing-cloud-provider)\nfor information on authentication and required access policy scopes.\n\n* [Official Grafana Cloud documentation](https://grafana.com/docs/grafana-cloud/monitor-infrastructure/monitor-cloud-provider/aws/)\n","description_kind":"plain"}},"grafana_cloud_provider_aws_cloudwatch_scrape_jobs":{"version":0,"block":{"attributes":{"id":{"type":"string","description":"The Terraform Resource ID. This has the format \"{{ stack_id }}\".","description_kind":"plain","computed":true},"stack_id":{"type":"string","description":"The Stack ID of the Grafana Cloud instance. Part of the Terraform Resource ID.","description_kind":"plain","required":true}},"block_types":{"scrape_job":{"nesting_mode":"list","block":{"attributes":{"aws_account_resource_id":{"type":"string","description":"The ID assigned by the Grafana Cloud Provider API to an AWS Account resource that should be associated with this AWS CloudWatch Scrape Job. This can be provided by the `resource_id` attribute of the `grafana_cloud_provider_aws_account` resource.","description_kind":"plain","computed":true},"disabled_reason":{"type":"string","description":"When the AWS CloudWatch Scrape Job is disabled, this will show the reason that it is in that state.","description_kind":"plain","computed":true},"enabled":{"type":"bool","description":"Whether the AWS CloudWatch Scrape Job is enabled or not.","description_kind":"plain","computed":true},"export_tags":{"type":"bool","description":"When enabled, AWS resource tags are exported as Prometheus labels to metrics formatted as `aws_\u003cservice_name\u003e_info`.","description_kind":"plain","computed":true},"id":{"type":"string","description":"The Terraform Resource ID. This has the format \"{{ stack_id }}:{{ name }}\".","description_kind":"plain","computed":true},"name":{"type":"string","description":"The name of the AWS CloudWatch Scrape Job. Part of the Terraform Resource ID.","description_kind":"plain","computed":true},"regions":{"type":["set","string"],"description":"The set of AWS region names that this AWS CloudWatch Scrape Job is configured to scrape.","description_kind":"plain","computed":true},"regions_subset_override_used":{"type":"bool","description":"When true, the `regions` attribute will be the set of regions configured in the override. When false, the `regions` attribute will be the set of regions belonging to the AWS Account resource that is associated with this AWS CloudWatch Scrape Job.","description_kind":"plain","computed":true},"role_arn":{"type":"string","description":"The AWS ARN of the IAM role associated with the AWS Account resource that is being used by this AWS CloudWatch Scrape Job.","description_kind":"plain","computed":true},"stack_id":{"type":"string","description":"The Stack ID of the Grafana Cloud instance. Part of the Terraform Resource ID.","description_kind":"plain","computed":true},"static_labels":{"type":["map","string"],"description":"A set of static labels to add to all metrics exported by this scrape job.","description_kind":"plain","computed":true}},"block_types":{"custom_namespace":{"nesting_mode":"list","block":{"attributes":{"name":{"type":"string","description":"The name of the custom namespace to scrape.","description_kind":"plain","computed":true},"scrape_interval_seconds":{"type":"number","description":"The interval in seconds to scrape the custom namespace.","description_kind":"plain","computed":true}},"block_types":{"metric":{"nesting_mode":"list","block":{"attributes":{"name":{"type":"string","description":"The name of the metric to scrape.","description_kind":"plain","computed":true},"statistics":{"type":["set","string"],"description":"A set of statistics to scrape.","description_kind":"plain","computed":true}},"description":"One or more configuration blocks to configure metrics and their statistics to scrape. Each block must represent a distinct metric name. When accessing this as an attribute reference, it is a list of objects.","description_kind":"plain"}}},"description":"Zero or more configuration blocks to configure custom namespaces for the AWS CloudWatch Scrape Job to scrape. Each block must have a distinct `name` attribute. When accessing this as an attribute reference, it is a list of objects.","description_kind":"plain"}},"service":{"nesting_mode":"list","block":{"attributes":{"name":{"type":"string","description":"The name of the service to scrape. See https://grafana.com/docs/grafana-cloud/monitor-infrastructure/monitor-cloud-provider/aws/cloudwatch-metrics/services/ for supported services, metrics, and their statistics.","description_kind":"plain","computed":true},"scrape_interval_seconds":{"type":"number","description":"The interval in seconds to scrape the service. See https://grafana.com/docs/grafana-cloud/monitor-infrastructure/monitor-cloud-provider/aws/cloudwatch-metrics/services/ for supported scrape intervals.","description_kind":"plain","computed":true},"tags_to_add_to_metrics":{"type":["set","string"],"description":"A set of tags to add to all metrics exported by this scrape job, for use in PromQL queries.","description_kind":"plain","computed":true}},"block_types":{"metric":{"nesting_mode":"list","block":{"attributes":{"name":{"type":"string","description":"The name of the metric to scrape.","description_kind":"plain","computed":true},"statistics":{"type":["set","string"],"description":"A set of statistics to scrape.","description_kind":"plain","computed":true}},"description":"One or more configuration blocks to configure metrics and their statistics to scrape. Each block must represent a distinct metric name. When accessing this as an attribute reference, it is a list of objects.","description_kind":"plain"}},"resource_discovery_tag_filter":{"nesting_mode":"list","block":{"attributes":{"key":{"type":"string","description":"The key of the tag filter.","description_kind":"plain","computed":true},"value":{"type":"string","description":"The value of the tag filter.","description_kind":"plain","computed":true}},"description":"One or more configuration blocks to configure tag filters applied to discovery of resource entities in the associated AWS account. When accessing this as an attribute reference, it is a list of objects.","description_kind":"plain"}}},"description":"One or more configuration blocks to dictate what this AWS CloudWatch Scrape Job should scrape. Each block must have a distinct `name` attribute. When accessing this as an attribute reference, it is a list of objects.","description_kind":"plain"}}},"description":"A list of AWS CloudWatch Scrape Job objects associated with the given StackID.","description_kind":"plain"}}},"description":"\nThis data source allows you to look up all existing Grafana Cloud AWS CloudWatch Scrape Job resources in your stack.\n\nSee the [Grafana Provider configuration docs](https://registry.terraform.io/providers/grafana/grafana/latest/docs#managing-cloud-provider)\nfor information on authentication and required access policy scopes.\n\n* [Official Grafana Cloud documentation](https://grafana.com/docs/grafana-cloud/monitor-infrastructure/monitor-cloud-provider/aws/)\n","description_kind":"plain"}},"grafana_cloud_provider_azure_credential":{"version":0,"block":{"attributes":{"client_id":{"type":"string","description":"The client ID of the Azure Credential.","description_kind":"plain","computed":true},"client_secret":{"type":"string","description":"The client secret of the Azure Credential.","description_kind":"plain","computed":true,"sensitive":true},"enabled":{"type":"bool","description":"Whether the Azure Credential is enabled or not.","description_kind":"plain","computed":true},"id":{"type":"string","description":"The Terraform Resource ID. This has the format \"{{ stack_id }}:{{ resource_id }}\".","description_kind":"plain","computed":true},"name":{"type":"string","description":"The name of the Azure Credential.","description_kind":"plain","computed":true},"resource_id":{"type":"string","description":"The ID given by the Grafana Cloud Provider API to this Azure Credential resource.","description_kind":"plain","required":true},"resource_tags_to_add_to_metrics":{"type":["set","string"],"description":"The list of resource tags to add to metrics.","description_kind":"plain","computed":true},"stack_id":{"type":"string","description":"The StackID of the Grafana Cloud instance. Part of the Terraform Resource ID.","description_kind":"plain","required":true},"static_labels":{"type":["map","string"],"description":"A set of static labels to add to all metrics exported using this credential.","description_kind":"plain","computed":true},"tenant_id":{"type":"string","description":"The tenant ID of the Azure Credential.","description_kind":"plain","computed":true}},"block_types":{"auto_discovery_configuration":{"nesting_mode":"list","block":{"attributes":{"resource_type_configurations":{"type":["list",["object",{"metric_configuration":["list",["object",{"aggregations":["list","string"],"dimensions":["list","string"],"name":"string"}]],"resource_type_name":"string"}]],"description":"The list of resource type configurations.","description_kind":"plain","computed":true},"subscription_id":{"type":"string","description":"The subscription ID of the Azure account.","description_kind":"plain","computed":true}},"description":"The list of auto discovery configurations.","description_kind":"plain"}},"resource_discovery_tag_filter":{"nesting_mode":"list","block":{"attributes":{"key":{"type":"string","description":"The key of the tag filter.","description_kind":"plain","computed":true},"value":{"type":"string","description":"The value of the tag filter.","description_kind":"plain","computed":true}},"description":"The list of tag filters to apply to resources.","description_kind":"plain"}}},"description":"\nThis data source allows you to look up an existing Grafana Cloud Azure Credential resource in your stack.\n\nSee the [Grafana Provider configuration docs](https://registry.terraform.io/providers/grafana/grafana/latest/docs#managing-cloud-provider)\nfor information on authentication and required access policy scopes.\n\n* [Official Grafana Cloud documentation](https://grafana.com/docs/grafana-cloud/monitor-infrastructure/monitor-cloud-provider/azure/)\n","description_kind":"plain"}},"grafana_cloud_stack":{"version":0,"block":{"attributes":{"alertmanager_ip_allow_list_cname":{"type":"string","description":"Comma-separated list of CNAMEs that can be whitelisted to access the Alertmanager instances (Optional)","description_kind":"markdown","computed":true},"alertmanager_name":{"type":"string","description":"Name of the Alertmanager instance configured for this stack.","description_kind":"markdown","computed":true},"alertmanager_status":{"type":"string","description":"Status of the Alertmanager instance configured for this stack.","description_kind":"markdown","computed":true},"alertmanager_url":{"type":"string","description":"Base URL of the Alertmanager instance configured for this stack.","description_kind":"markdown","computed":true},"alertmanager_user_id":{"type":"number","description":"User ID of the Alertmanager instance configured for this stack.","description_kind":"markdown","computed":true},"cloud_provider_url":{"type":"string","description":"Base URL of the Cloud Provider API for this stack's cluster. This can be used with the `cloud_provider_url` provider config option to manage Cloud Provider resources for this stack.","description_kind":"markdown","computed":true},"cluster_name":{"type":"string","description":"Name of the cluster where this stack resides.","description_kind":"markdown","computed":true},"cluster_slug":{"type":"string","description":"Slug of the cluster where this stack resides.","description_kind":"markdown","computed":true},"connections_api_url":{"type":"string","description":"Base URL of the Connections API for this stack's cluster. This can be used with the `connections_api_url` provider config option to manage Connections resources for this stack.","description_kind":"markdown","computed":true},"delete_protection":{"type":"bool","description":"Whether to enable delete protection for the stack, preventing accidental deletion.","description_kind":"markdown","computed":true},"description":{"type":"string","description":"Description of stack.","description_kind":"markdown","computed":true},"fleet_management_name":{"type":"string","description":"Name of the Fleet Management instance configured for this stack.","description_kind":"markdown","computed":true},"fleet_management_private_connectivity_info_availability_zone_ids":{"type":["list","string"],"description":"Availability Zone IDs for Fleet Management when using AWS PrivateLink (only for AWS stacks)","description_kind":"markdown","computed":true},"fleet_management_private_connectivity_info_availability_zones":{"type":["list","string"],"description":"Availability Zones for Fleet Management when using AWS PrivateLink (only for AWS stacks)","description_kind":"markdown","computed":true},"fleet_management_private_connectivity_info_private_dns":{"type":"string","description":"Private DNS for Fleet Management when using AWS PrivateLink (only for AWS stacks)","description_kind":"markdown","computed":true},"fleet_management_private_connectivity_info_regions":{"type":["list","string"],"description":"Regions for Fleet Management when using AWS PrivateLink (only for AWS stacks)","description_kind":"markdown","computed":true},"fleet_management_private_connectivity_info_service_name":{"type":"string","description":"Service Name for Fleet Management when using AWS PrivateLink (only for AWS stacks)","description_kind":"markdown","computed":true},"fleet_management_status":{"type":"string","description":"Status of the Fleet Management instance configured for this stack.","description_kind":"markdown","computed":true},"fleet_management_url":{"type":"string","description":"Base URL of the Fleet Management instance configured for this stack.","description_kind":"markdown","computed":true},"fleet_management_user_id":{"type":"number","description":"User ID of the Fleet Management instance configured for this stack.","description_kind":"markdown","computed":true},"grafanas_ip_allow_list_cname":{"type":"string","description":"Comma-separated list of CNAMEs that can be whitelisted to access the grafana instance (Optional)","description_kind":"markdown","computed":true},"graphite_ip_allow_list_cname":{"type":"string","description":"Comma-separated list of CNAMEs that can be whitelisted to access the Graphite instance (Optional)","description_kind":"markdown","computed":true},"graphite_name":{"type":"string","description_kind":"plain","computed":true},"graphite_private_connectivity_info_availability_zone_ids":{"type":["list","string"],"description":"Availability Zone IDs for Graphite when using AWS PrivateLink (only for AWS stacks)","description_kind":"markdown","computed":true},"graphite_private_connectivity_info_availability_zones":{"type":["list","string"],"description":"Availability Zones for Graphite when using AWS PrivateLink (only for AWS stacks)","description_kind":"markdown","computed":true},"graphite_private_connectivity_info_private_dns":{"type":"string","description":"Private DNS for Graphite when using AWS PrivateLink (only for AWS stacks)","description_kind":"markdown","computed":true},"graphite_private_connectivity_info_regions":{"type":["list","string"],"description":"Regions for Graphite when using AWS PrivateLink (only for AWS stacks)","description_kind":"markdown","computed":true},"graphite_private_connectivity_info_service_name":{"type":"string","description":"Service Name for Graphite when using AWS PrivateLink (only for AWS stacks)","description_kind":"markdown","computed":true},"graphite_status":{"type":"string","description_kind":"plain","computed":true},"graphite_url":{"type":"string","description_kind":"plain","computed":true},"graphite_user_id":{"type":"number","description_kind":"plain","computed":true},"id":{"type":"string","description":"The stack id assigned to this stack by Grafana.","description_kind":"markdown","computed":true},"influx_url":{"type":"string","description":"Base URL of the InfluxDB instance configured for this stack. The username is the same as the metrics' (`prometheus_user_id` attribute of this resource). See https://grafana.com/docs/grafana-cloud/send-data/metrics/metrics-influxdb/push-from-telegraf/ for docs on how to use this.","description_kind":"markdown","computed":true},"labels":{"type":["map","string"],"description":"A map of labels to assign to the stack. Label keys and values must match the following regexp: \"^[a-zA-Z0-9/\\\\-._]+$\" and stacks cannot have more than 10 labels.","description_kind":"markdown","computed":true},"logs_ip_allow_list_cname":{"type":"string","description":"Comma-separated list of CNAMEs that can be whitelisted to access the Logs instance (Optional)","description_kind":"markdown","computed":true},"logs_name":{"type":"string","description_kind":"plain","computed":true},"logs_private_connectivity_info_availability_zone_ids":{"type":["list","string"],"description":"Availability Zone IDs for Logs when using AWS PrivateLink (only for AWS stacks)","description_kind":"markdown","computed":true},"logs_private_connectivity_info_availability_zones":{"type":["list","string"],"description":"Availability Zones for Logs when using AWS PrivateLink (only for AWS stacks)","description_kind":"markdown","computed":true},"logs_private_connectivity_info_private_dns":{"type":"string","description":"Private DNS for Logs when using AWS PrivateLink (only for AWS stacks)","description_kind":"markdown","computed":true},"logs_private_connectivity_info_regions":{"type":["list","string"],"description":"Regions for Logs when using AWS PrivateLink (only for AWS stacks)","description_kind":"markdown","computed":true},"logs_private_connectivity_info_service_name":{"type":"string","description":"Service Name for Logs when using AWS PrivateLink (only for AWS stacks)","description_kind":"markdown","computed":true},"logs_status":{"type":"string","description_kind":"plain","computed":true},"logs_url":{"type":"string","description_kind":"plain","computed":true},"logs_user_id":{"type":"number","description_kind":"plain","computed":true},"name":{"type":"string","description":"Name of stack. Conventionally matches the url of the instance (e.g. `\u003cstack_slug\u003e.grafana.net`).","description_kind":"markdown","computed":true},"oncall_api_url":{"type":"string","description":"Base URL of the OnCall API instance configured for this stack.","description_kind":"markdown","computed":true},"org_id":{"type":"number","description":"Organization id to assign to this stack.","description_kind":"markdown","computed":true},"org_name":{"type":"string","description":"Organization name to assign to this stack.","description_kind":"markdown","computed":true},"org_slug":{"type":"string","description":"Organization slug to assign to this stack.","description_kind":"markdown","computed":true},"otlp_private_connectivity_info_availability_zone_ids":{"type":["list","string"],"description":"Availability Zone IDs for OTLP when using AWS PrivateLink (only for AWS stacks)","description_kind":"markdown","computed":true},"otlp_private_connectivity_info_availability_zones":{"type":["list","string"],"description":"Availability Zones for OTLP when using AWS PrivateLink (only for AWS stacks)","description_kind":"markdown","computed":true},"otlp_private_connectivity_info_private_dns":{"type":"string","description":"Private DNS for OTLP when using AWS PrivateLink (only for AWS stacks)","description_kind":"markdown","computed":true},"otlp_private_connectivity_info_regions":{"type":["list","string"],"description":"Regions for OTLP when using AWS PrivateLink (only for AWS stacks)","description_kind":"markdown","computed":true},"otlp_private_connectivity_info_service_name":{"type":"string","description":"Service Name for OTLP when using AWS PrivateLink (only for AWS stacks)","description_kind":"markdown","computed":true},"otlp_url":{"type":"string","description":"Base URL of the OTLP instance configured for this stack. The username is the stack's ID (`id` attribute of this resource). See https://grafana.com/docs/grafana-cloud/send-data/otlp/send-data-otlp/ for docs on how to use this.","description_kind":"markdown","computed":true},"pdc_api_private_connectivity_info_availability_zone_ids":{"type":["list","string"],"description":"Availability Zone IDs for PDC's API when using AWS PrivateLink (only for AWS stacks)","description_kind":"markdown","computed":true},"pdc_api_private_connectivity_info_availability_zones":{"type":["list","string"],"description":"Availability Zones for PDC's API when using AWS PrivateLink (only for AWS stacks)","description_kind":"markdown","computed":true},"pdc_api_private_connectivity_info_private_dns":{"type":"string","description":"Private DNS for PDC's API when using AWS PrivateLink (only for AWS stacks)","description_kind":"markdown","computed":true},"pdc_api_private_connectivity_info_regions":{"type":["list","string"],"description":"Regions for PDC's API when using AWS PrivateLink (only for AWS stacks)","description_kind":"markdown","computed":true},"pdc_api_private_connectivity_info_service_name":{"type":"string","description":"Service Name for PDC's API when using AWS PrivateLink (only for AWS stacks)","description_kind":"markdown","computed":true},"pdc_gateway_private_connectivity_info_availability_zone_ids":{"type":["list","string"],"description":"Availability Zone IDs for PDC's Gateway when using AWS PrivateLink (only for AWS stacks)","description_kind":"markdown","computed":true},"pdc_gateway_private_connectivity_info_availability_zones":{"type":["list","string"],"description":"Availability Zones for PDC's Gateway when using AWS PrivateLink (only for AWS stacks)","description_kind":"markdown","computed":true},"pdc_gateway_private_connectivity_info_private_dns":{"type":"string","description":"Private DNS for PDC's Gateway when using AWS PrivateLink (only for AWS stacks)","description_kind":"markdown","computed":true},"pdc_gateway_private_connectivity_info_regions":{"type":["list","string"],"description":"Regions for PDC's Gateway when using AWS PrivateLink (only for AWS stacks)","description_kind":"markdown","computed":true},"pdc_gateway_private_connectivity_info_service_name":{"type":"string","description":"Service Name for PDC's Gateway when using AWS PrivateLink (only for AWS stacks)","description_kind":"markdown","computed":true},"profiles_ip_allow_list_cname":{"type":"string","description":"Comma-separated list of CNAMEs that can be whitelisted to access the Profiles instance (Optional)","description_kind":"markdown","computed":true},"profiles_name":{"type":"string","description_kind":"plain","computed":true},"profiles_private_connectivity_info_availability_zone_ids":{"type":["list","string"],"description":"Availability Zone IDs for Profiles when using AWS PrivateLink (only for AWS stacks)","description_kind":"markdown","computed":true},"profiles_private_connectivity_info_availability_zones":{"type":["list","string"],"description":"Availability Zones for Profiles when using AWS PrivateLink (only for AWS stacks)","description_kind":"markdown","computed":true},"profiles_private_connectivity_info_private_dns":{"type":"string","description":"Private DNS for Profiles when using AWS PrivateLink (only for AWS stacks)","description_kind":"markdown","computed":true},"profiles_private_connectivity_info_regions":{"type":["list","string"],"description":"Regions for Profiles when using AWS PrivateLink (only for AWS stacks)","description_kind":"markdown","computed":true},"profiles_private_connectivity_info_service_name":{"type":"string","description":"Service Name for Profiles when using AWS PrivateLink (only for AWS stacks)","description_kind":"markdown","computed":true},"profiles_status":{"type":"string","description_kind":"plain","computed":true},"profiles_url":{"type":"string","description_kind":"plain","computed":true},"profiles_user_id":{"type":"number","description_kind":"plain","computed":true},"prometheus_ip_allow_list_cname":{"type":"string","description":"Comma-separated list of CNAMEs that can be whitelisted to access the Prometheus instance (Optional)","description_kind":"markdown","computed":true},"prometheus_name":{"type":"string","description":"Prometheus name for this instance.","description_kind":"markdown","computed":true},"prometheus_private_connectivity_info_availability_zone_ids":{"type":["list","string"],"description":"Availability Zone IDs for Prometheus when using AWS PrivateLink (only for AWS stacks)","description_kind":"markdown","computed":true},"prometheus_private_connectivity_info_availability_zones":{"type":["list","string"],"description":"Availability Zones for Prometheus when using AWS PrivateLink (only for AWS stacks)","description_kind":"markdown","computed":true},"prometheus_private_connectivity_info_private_dns":{"type":"string","description":"Private DNS for Prometheus when using AWS PrivateLink (only for AWS stacks)","description_kind":"markdown","computed":true},"prometheus_private_connectivity_info_regions":{"type":["list","string"],"description":"Regions for Prometheus when using AWS PrivateLink (only for AWS stacks)","description_kind":"markdown","computed":true},"prometheus_private_connectivity_info_service_name":{"type":"string","description":"Service Name for Prometheus when using AWS PrivateLink (only for AWS stacks)","description_kind":"markdown","computed":true},"prometheus_remote_endpoint":{"type":"string","description":"Use this URL to query hosted metrics data e.g. Prometheus data source in Grafana","description_kind":"markdown","computed":true},"prometheus_remote_write_endpoint":{"type":"string","description":"Use this URL to send prometheus metrics to Grafana cloud","description_kind":"markdown","computed":true},"prometheus_status":{"type":"string","description":"Prometheus status for this instance.","description_kind":"markdown","computed":true},"prometheus_url":{"type":"string","description":"Prometheus url for this instance.","description_kind":"markdown","computed":true},"prometheus_user_id":{"type":"number","description":"Prometheus user ID. Used for e.g. remote_write.","description_kind":"markdown","computed":true},"region_slug":{"type":"string","description":"The region this stack is deployed to.","description_kind":"markdown","computed":true},"slug":{"type":"string","description":"Subdomain that the Grafana instance will be available at (i.e. setting slug to “\u003cstack_slug\u003e” will make the instance\navailable at “https://\u003cstack_slug\u003e.grafana.net\".","description_kind":"markdown","required":true},"sm_url":{"type":"string","description":"Base URL of the Synthetic Monitoring API for this stack's region. This can be used with the `sm_url` provider config option. Note: Synthetic Monitoring requires activation either via the `grafana_synthetic_monitoring_installation` resource or manually in the Grafana Cloud UI before it can be used.","description_kind":"markdown","computed":true},"status":{"type":"string","description":"Status of the stack.","description_kind":"markdown","computed":true},"traces_ip_allow_list_cname":{"type":"string","description":"Comma-separated list of CNAMEs that can be whitelisted to access the Traces instance (Optional)","description_kind":"markdown","computed":true},"traces_name":{"type":"string","description_kind":"plain","computed":true},"traces_private_connectivity_info_availability_zone_ids":{"type":["list","string"],"description":"Availability Zone IDs for Traces when using AWS PrivateLink (only for AWS stacks)","description_kind":"markdown","computed":true},"traces_private_connectivity_info_availability_zones":{"type":["list","string"],"description":"Availability Zones for Traces when using AWS PrivateLink (only for AWS stacks)","description_kind":"markdown","computed":true},"traces_private_connectivity_info_private_dns":{"type":"string","description":"Private DNS for Traces when using AWS PrivateLink (only for AWS stacks)","description_kind":"markdown","computed":true},"traces_private_connectivity_info_regions":{"type":["list","string"],"description":"Regions for Traces when using AWS PrivateLink (only for AWS stacks)","description_kind":"markdown","computed":true},"traces_private_connectivity_info_service_name":{"type":"string","description":"Service Name for Traces when using AWS PrivateLink (only for AWS stacks)","description_kind":"markdown","computed":true},"traces_status":{"type":"string","description_kind":"plain","computed":true},"traces_url":{"type":"string","description":"Base URL of the Traces instance configured for this stack. To use this in the Tempo data source in Grafana, append `/tempo` to the URL.","description_kind":"markdown","computed":true},"traces_user_id":{"type":"number","description_kind":"plain","computed":true},"url":{"type":"string","description":"Custom URL for the Grafana instance. Must have a CNAME setup to point to `.grafana.net` before creating the stack","description_kind":"markdown","computed":true}},"description":"Data source for Grafana Stack","description_kind":"markdown"}},"grafana_connections_metrics_endpoint_scrape_job":{"version":0,"block":{"attributes":{"authentication_basic_password":{"type":"string","description":"Password for basic authentication.","description_kind":"plain","computed":true,"sensitive":true},"authentication_basic_username":{"type":"string","description":"Username for basic authentication.","description_kind":"plain","computed":true},"authentication_bearer_token":{"type":"string","description":"Token for authentication bearer.","description_kind":"plain","computed":true,"sensitive":true},"authentication_method":{"type":"string","description":"Method to pass authentication credentials: basic or bearer.","description_kind":"plain","computed":true},"enabled":{"type":"bool","description":"Whether the metrics endpoint scrape job is enabled or not.","description_kind":"plain","computed":true},"id":{"type":"string","description":"The Terraform Resource ID. This has the format \"{{ stack_id }}:{{ name }}\".","description_kind":"plain","computed":true},"name":{"type":"string","description":"The name of the Metrics Endpoint Scrape Job. Part of the Terraform Resource ID.","description_kind":"plain","required":true},"scrape_interval_seconds":{"type":"number","description":"Frequency for scraping the metrics endpoint: 30, 60, or 120 seconds.","description_kind":"plain","computed":true},"stack_id":{"type":"string","description":"The Stack ID of the Grafana Cloud instance. Part of the Terraform Resource ID.","description_kind":"plain","required":true},"url":{"type":"string","description":"The url to scrape metrics.","description_kind":"plain","computed":true}},"description_kind":"plain"}},"grafana_dashboard":{"version":0,"block":{"attributes":{"config_json":{"type":"string","description":"The complete dashboard model JSON.","description_kind":"markdown","computed":true},"dashboard_id":{"type":"number","description":"The numerical ID of the Grafana dashboard. Specify either this or `uid`. Defaults to `-1`.","description_kind":"markdown","optional":true},"folder_uid":{"type":"string","description":"The UID of the folder where the Grafana dashboard is found.","description_kind":"markdown","computed":true},"id":{"type":"string","description_kind":"plain","optional":true,"computed":true},"is_starred":{"type":"bool","description":"Whether or not the Grafana dashboard is starred. Starred Dashboards will show up on your own Home Dashboard by default, and are a convenient way to mark Dashboards that you’re interested in.","description_kind":"markdown","computed":true},"org_id":{"type":"string","description":"The Organization ID. If not set, the Org ID defined in the provider block will be used.","description_kind":"markdown","optional":true},"slug":{"type":"string","description":"URL slug of the dashboard (deprecated).","description_kind":"markdown","computed":true},"title":{"type":"string","description":"The title of the Grafana dashboard.","description_kind":"markdown","computed":true},"uid":{"type":"string","description":"The uid of the Grafana dashboard. Specify either this or `dashboard_id`. Defaults to ``.","description_kind":"markdown","optional":true},"url":{"type":"string","description":"The full URL of the dashboard.","description_kind":"markdown","computed":true},"version":{"type":"number","description":"The numerical version of the Grafana dashboard.","description_kind":"markdown","computed":true}},"description":"\n* [Official documentation](https://grafana.com/docs/grafana/latest/dashboards/)\n* [Dashboard HTTP API](https://grafana.com/docs/grafana/latest/developers/http_api/dashboard/)\n","description_kind":"markdown"}},"grafana_dashboards":{"version":0,"block":{"attributes":{"dashboards":{"type":["list",["object",{"folder_title":"string","title":"string","uid":"string"}]],"description_kind":"plain","computed":true},"folder_uids":{"type":["list","string"],"description":"UIDs of Grafana folders containing dashboards. Specify to filter for dashboards by folder (eg. `[\"General\"]` for General folder), or leave blank to get all dashboards in all folders.","description_kind":"markdown","optional":true},"id":{"type":"string","description_kind":"plain","optional":true,"computed":true},"limit":{"type":"number","description":"Maximum number of dashboard search results to return. Defaults to `5000`.","description_kind":"markdown","optional":true},"org_id":{"type":"string","description":"The Organization ID. If not set, the Org ID defined in the provider block will be used.","description_kind":"markdown","optional":true},"tags":{"type":["list","string"],"description":"List of string Grafana dashboard tags to search for, eg. `[\"prod\"]`. Used only as search input, i.e., attribute value will remain unchanged.","description_kind":"markdown","optional":true}},"description":"\nDatasource for retrieving all dashboards. Specify list of folder IDs to search in for dashboards.\n\n* [Official documentation](https://grafana.com/docs/grafana/latest/dashboards/)\n* [Dashboard HTTP API](https://grafana.com/docs/grafana/latest/developers/http_api/dashboard/)\n","description_kind":"markdown"}},"grafana_data_source":{"version":0,"block":{"attributes":{"access_mode":{"type":"string","description":"The method by which Grafana will access the data source: `proxy` or `direct`.","description_kind":"markdown","computed":true},"basic_auth_enabled":{"type":"bool","description":"Whether to enable basic auth for the data source.","description_kind":"markdown","computed":true},"basic_auth_username":{"type":"string","description":"Basic auth username.","description_kind":"markdown","computed":true},"database_name":{"type":"string","description":"(Required by some data source types) The name of the database to use on the selected data source server.","description_kind":"markdown","computed":true},"id":{"type":"string","description_kind":"plain","optional":true,"computed":true},"is_default":{"type":"bool","description":"Whether to set the data source as default. This should only be `true` to a single data source.","description_kind":"markdown","computed":true},"json_data_encoded":{"type":"string","description":"Serialized JSON string containing the json data. This attribute can be used to pass configuration options to the data source. To figure out what options a datasource has available, see its docs or inspect the network data when saving it from the Grafana UI. Note that keys in this map are usually camelCased.","description_kind":"markdown","computed":true},"name":{"type":"string","description_kind":"plain","optional":true,"computed":true},"org_id":{"type":"string","description":"The Organization ID. If not set, the Org ID defined in the provider block will be used.","description_kind":"markdown","optional":true},"private_data_source_connect_network_id":{"type":"string","description":"(Can only be used with data sources in Grafana Cloud) The ID of the Private Data source Connect network to use with this data source.","description_kind":"markdown","computed":true},"type":{"type":"string","description":"The data source type. Must be one of the supported data source keywords.","description_kind":"markdown","computed":true},"uid":{"type":"string","description_kind":"plain","optional":true,"computed":true},"url":{"type":"string","description":"The URL for the data source. The type of URL required varies depending on the chosen data source type.","description_kind":"markdown","computed":true},"username":{"type":"string","description":"(Required by some data source types) The username to use to authenticate to the data source.","description_kind":"markdown","computed":true}},"description":"Get details about a Grafana Datasource querying by either name, uid or ID","description_kind":"markdown"}},"grafana_fleet_management_collector":{"version":0,"block":{"attributes":{"collector_type":{"type":"string","description":"Type of the collector (ALLOY or OTEL)","description_kind":"plain","computed":true},"enabled":{"type":"bool","description":"Whether remote configuration for the collector is enabled or not. If the collector is disabled, it will receive empty configurations from the Fleet Management service","description_kind":"plain","computed":true},"id":{"type":"string","description":"ID of the collector","description_kind":"plain","required":true},"local_attributes":{"type":["map","string"],"description":"Local attributes for the collector","description_kind":"plain","computed":true},"remote_attributes":{"type":["map","string"],"description":"Remote attributes for the collector","description_kind":"plain","computed":true}},"description":"\nRepresents a Grafana Fleet Management collector.\n\n* [Official documentation](https://grafana.com/docs/grafana-cloud/send-data/fleet-management/)\n* [API documentation](https://grafana.com/docs/grafana-cloud/send-data/fleet-management/api-reference/collector-api/)\n* [Step-by-step guide](https://grafana.com/docs/grafana-cloud/as-code/infrastructure-as-code/terraform/terraform-fleet-management/)\n\nRequired access policy scopes:\n\n* fleet-management:read\n","description_kind":"plain"}},"grafana_fleet_management_collectors":{"version":0,"block":{"attributes":{"collectors":{"type":["list",["object",{"collector_type":"string","enabled":"bool","id":"string","local_attributes":["map","string"],"remote_attributes":["map","string"]}]],"description":"List of collectors","description_kind":"plain","computed":true}},"description":"\nRepresents a list of Grafana Fleet Management collectors.\n\n* [Official documentation](https://grafana.com/docs/grafana-cloud/send-data/fleet-management/)\n* [API documentation](https://grafana.com/docs/grafana-cloud/send-data/fleet-management/api-reference/collector-api/)\n* [Step-by-step guide](https://grafana.com/docs/grafana-cloud/as-code/infrastructure-as-code/terraform/terraform-fleet-management/)\n\nRequired access policy scopes:\n\n* fleet-management:read\n","description_kind":"plain"}},"grafana_folder":{"version":0,"block":{"attributes":{"id":{"type":"string","description_kind":"plain","optional":true,"computed":true},"org_id":{"type":"string","description":"The Organization ID. If not set, the Org ID defined in the provider block will be used.","description_kind":"markdown","optional":true},"parent_folder_uid":{"type":"string","description":"The uid of the parent folder. If set, the folder will be nested. If not set, the folder will be created in the root folder. Note: This requires the nestedFolders feature flag to be enabled on your Grafana instance.","description_kind":"markdown","computed":true},"title":{"type":"string","description":"The title of the folder. If not set, only the uid is used to find the folder.","description_kind":"markdown","optional":true},"uid":{"type":"string","description":"The uid of the folder. If not set, only the title of the folder is used to find the folder.","description_kind":"markdown","optional":true,"computed":true},"url":{"type":"string","description":"The full URL of the folder.","description_kind":"markdown","computed":true}},"description":"\n* [Official documentation](https://grafana.com/docs/grafana/latest/dashboards/manage-dashboards/)\n* [HTTP API](https://grafana.com/docs/grafana/latest/developer-resources/api-reference/http-api/folder/)\n","description_kind":"markdown"}},"grafana_folders":{"version":0,"block":{"attributes":{"folders":{"type":["set",["object",{"id":"number","title":"string","uid":"string","url":"string"}]],"description":"The Grafana instance's folders.","description_kind":"markdown","computed":true},"id":{"type":"string","description_kind":"plain","optional":true,"computed":true},"org_id":{"type":"string","description":"The Organization ID. If not set, the Org ID defined in the provider block will be used.","description_kind":"markdown","optional":true}},"description":"\n* [Official documentation](https://grafana.com/docs/grafana/latest/dashboards/manage-dashboards/)\n* [HTTP API](https://grafana.com/docs/grafana/latest/developer-resources/api-reference/http-api/folder/)\n","description_kind":"markdown"}},"grafana_frontend_o11y_app":{"version":0,"block":{"attributes":{"allowed_origins":{"type":["list","string"],"description":"A list of allowed origins for CORS.","description_kind":"plain","computed":true},"collector_endpoint":{"type":"string","description":"The collector URL Grafana Cloud Frontend Observability. Use this endpoint to send your Telemetry.","description_kind":"plain","computed":true},"extra_log_attributes":{"type":["map","string"],"description":"The extra attributes to append in each signal.","description_kind":"plain","computed":true},"id":{"type":"number","description":"The Terraform Resource ID. This auto-generated from Frontend Observability API.","description_kind":"plain","computed":true},"name":{"type":"string","description":"The name of the Frontend Observability App. Part of the Terraform Resource ID.","description_kind":"plain","required":true},"settings":{"type":["map","string"],"description":"The settings of the Frontend Observability App.","description_kind":"plain","computed":true},"stack_id":{"type":"number","description":"The Stack ID of the Grafana Cloud instance. Part of the Terraform Resource ID.","description_kind":"plain","required":true}},"description_kind":"plain"}},"grafana_k6_load_test":{"version":0,"block":{"attributes":{"baseline_test_run_id":{"type":"string","description":"Identifier of a baseline test run used for results comparison.","description_kind":"plain","deprecated":true,"computed":true},"created":{"type":"string","description":"The date when the load test was created.","description_kind":"plain","computed":true},"id":{"type":"string","description":"Numeric identifier of the load test.","description_kind":"plain","required":true},"name":{"type":"string","description":"Human-friendly identifier of the load test.","description_kind":"plain","computed":true},"project_id":{"type":"string","description":"The identifier of the project this load test belongs to.","description_kind":"plain","computed":true},"script":{"type":"string","description":"The k6 test script content.","description_kind":"plain","computed":true},"updated":{"type":"string","description":"The date when the load test was last updated.","description_kind":"plain","computed":true}},"description":"Retrieves a k6 load test.","description_kind":"plain"}},"grafana_k6_load_tests":{"version":0,"block":{"attributes":{"id":{"type":"string","description":"The identifier of the project the load tests belong to. This is set to the same as the project_id.","description_kind":"plain","computed":true},"load_tests":{"type":["list",["object",{"baseline_test_run_id":"string","created":"string","id":"string","name":"string","project_id":"string","script":"string","updated":"string"}]],"description_kind":"plain","computed":true},"name":{"type":"string","description":"Human-friendly identifier of the load test.","description_kind":"plain","optional":true},"project_id":{"type":"string","description":"The identifier of the project the load tests belong to.","description_kind":"plain","required":true}},"description":"Retrieves all k6 load tests that belong to a project.","description_kind":"plain"}},"grafana_k6_project":{"version":0,"block":{"attributes":{"created":{"type":"string","description":"The date when the project was created.","description_kind":"plain","computed":true},"grafana_folder_uid":{"type":"string","description":"The Grafana folder uid.","description_kind":"plain","computed":true},"id":{"type":"string","description":"Numeric identifier of the project.","description_kind":"plain","required":true},"is_default":{"type":"bool","description":"Whether this project is the default for running tests when no explicit project identifier is provided.","description_kind":"plain","computed":true},"name":{"type":"string","description":"Human-friendly identifier of the project.","description_kind":"plain","computed":true},"updated":{"type":"string","description":"The date when the project was last updated.","description_kind":"plain","computed":true}},"description":"Retrieves a k6 project.","description_kind":"plain"}},"grafana_k6_project_allowed_load_zones":{"version":0,"block":{"attributes":{"allowed_load_zones":{"type":["list","string"],"description":"List of allowed private k6 load zone IDs for this project.","description_kind":"plain","computed":true},"id":{"type":"string","description":"The identifier of the project. This is set to the same as the project_id.","description_kind":"plain","computed":true},"project_id":{"type":"string","description":"The identifier of the project to retrieve private allowed load zones for.","description_kind":"plain","required":true}},"description":"Retrieves allowed private load zones for a k6 project.","description_kind":"plain"}},"grafana_k6_project_limits":{"version":0,"block":{"attributes":{"duration_max_per_test":{"type":"number","description":"Maximum duration of a test in seconds.","description_kind":"plain","computed":true},"id":{"type":"string","description":"The identifier of the project limits. This is set to the same as the project_id.","description_kind":"plain","computed":true},"project_id":{"type":"string","description":"The identifier of the project to get limits for.","description_kind":"plain","required":true},"vu_browser_max_per_test":{"type":"number","description":"Maximum number of concurrent browser virtual users (VUs) used in one test.","description_kind":"plain","computed":true},"vu_max_per_test":{"type":"number","description":"Maximum number of concurrent virtual users (VUs) used in one test.","description_kind":"plain","computed":true},"vuh_max_per_month":{"type":"number","description":"Maximum amount of virtual user hours (VU/h) used per one calendar month.","description_kind":"plain","computed":true}},"description":"Retrieves a k6 project limits.","description_kind":"plain"}},"grafana_k6_projects":{"version":0,"block":{"attributes":{"id":{"type":"string","description":"Human-friendly identifier of the project. This is set to the same as name.","description_kind":"plain","computed":true},"name":{"type":"string","description":"Human-friendly identifier of the project.","description_kind":"plain","optional":true},"projects":{"type":["list",["object",{"created":"string","grafana_folder_uid":"string","id":"string","is_default":"bool","name":"string","updated":"string"}]],"description_kind":"plain","computed":true}},"description":"Retrieves all k6 projects with the given name.","description_kind":"plain"}},"grafana_k6_schedule":{"version":0,"block":{"attributes":{"created_by":{"type":"string","description":"The email of the user who created the schedule.","description_kind":"plain","computed":true},"deactivated":{"type":"bool","description":"Whether the schedule is deactivated.","description_kind":"plain","computed":true},"id":{"type":"string","description":"Numeric identifier of the schedule.","description_kind":"plain","computed":true},"load_test_id":{"type":"string","description":"The identifier of the load test to retrieve the schedule for.","description_kind":"plain","required":true},"next_run":{"type":"string","description":"The next scheduled execution time.","description_kind":"plain","computed":true},"starts":{"type":"string","description":"The start time for the schedule (RFC3339 format).","description_kind":"plain","computed":true}},"block_types":{"cron":{"nesting_mode":"single","block":{"attributes":{"schedule":{"type":"string","description":"A cron expression with exactly 5 entries, or an alias. The allowed aliases are: `@yearly`, `@annually`, `@monthly`, `@weekly`, `@daily`, `@hourly`.","description_kind":"plain","computed":true},"timezone":{"type":"string","description":"The timezone of the cron expression. For example, `UTC` or `Europe/London`.","description_kind":"plain","computed":true}},"description":"The cron schedule to trigger the test periodically. If null, the test will run only once on the 'starts' date.","description_kind":"plain"}},"recurrence_rule":{"nesting_mode":"single","block":{"attributes":{"byday":{"type":["list","string"],"description":"The weekdays when the 'WEEKLY' recurrence will be applied (e.g., ['MO', 'WE', 'FR']). Cannot be set for other frequencies.","description_kind":"plain","computed":true},"count":{"type":"number","description":"How many times the recurrence will repeat.","description_kind":"plain","computed":true},"frequency":{"type":"string","description":"The frequency of the schedule (HOURLY, DAILY, WEEKLY, MONTHLY).","description_kind":"plain","computed":true},"interval":{"type":"number","description":"The interval between each frequency iteration (e.g., 2 = every 2 hours for HOURLY).","description_kind":"plain","computed":true},"until":{"type":"string","description":"The end time for the recurrence (RFC3339 format).","description_kind":"plain","computed":true}},"description":"The schedule recurrence settings. If null, the test will run only once on the starts date.","description_kind":"plain"}}},"description":"Retrieves a k6 schedule.","description_kind":"plain"}},"grafana_k6_schedules":{"version":0,"block":{"attributes":{"id":{"type":"string","description":"The identifier for this data source.","description_kind":"plain","computed":true},"schedules":{"type":["list",["object",{"created_by":"string","cron":["object",{"schedule":"string","timezone":"string"}],"deactivated":"bool","id":"string","load_test_id":"string","next_run":"string","recurrence_rule":["object",{"byday":["list","string"],"count":"number","frequency":"string","interval":"number","until":"string"}],"starts":"string"}]],"description":"List of k6 schedules.","description_kind":"plain","computed":true}},"description":"Retrieves all k6 schedules.","description_kind":"plain"}},"grafana_library_panel":{"version":0,"block":{"attributes":{"created":{"type":"string","description":"Timestamp when the library panel was created.","description_kind":"markdown","computed":true},"dashboard_ids":{"type":["list","number"],"description":"Numerical IDs of Grafana dashboards containing the library panel.","description_kind":"markdown","computed":true},"description":{"type":"string","description":"Description of the library panel.","description_kind":"markdown","computed":true},"folder_name":{"type":"string","description":"Name of the folder containing the library panel.","description_kind":"markdown","computed":true},"folder_uid":{"type":"string","description":"Unique ID (UID) of the folder containing the library panel.","description_kind":"markdown","computed":true},"id":{"type":"string","description_kind":"plain","optional":true,"computed":true},"model_json":{"type":"string","description":"The JSON model for the library panel.","description_kind":"markdown","computed":true},"name":{"type":"string","description":"Name of the library panel.","description_kind":"markdown","optional":true},"org_id":{"type":"string","description":"The Organization ID. If not set, the Org ID defined in the provider block will be used.","description_kind":"markdown","optional":true},"panel_id":{"type":"number","description":"The numeric ID of the library panel computed by Grafana.","description_kind":"markdown","computed":true},"type":{"type":"string","description":"Type of the library panel (eg. text).","description_kind":"markdown","computed":true},"uid":{"type":"string","description":"The unique identifier (UID) of the library panel.","description_kind":"markdown","optional":true},"updated":{"type":"string","description":"Timestamp when the library panel was last modified.","description_kind":"markdown","computed":true},"version":{"type":"number","description":"Version of the library panel.","description_kind":"markdown","computed":true}},"description":"Data source for retrieving a single library panel by name or uid.","description_kind":"markdown"}},"grafana_library_panels":{"version":0,"block":{"attributes":{"id":{"type":"string","description_kind":"plain","computed":true},"org_id":{"type":"string","description":"The Organization ID. If not set, the default organization is used for basic authentication, or the one that owns your service account for token authentication.","description_kind":"plain","optional":true,"computed":true},"panels":{"type":["set",["object",{"description":"string","folder_uid":"string","model_json":"string","name":"string","uid":"string"}]],"description_kind":"plain","computed":true}},"description_kind":"plain"}},"grafana_oncall_escalation_chain":{"version":0,"block":{"attributes":{"id":{"type":"string","description_kind":"plain","optional":true,"computed":true},"name":{"type":"string","description":"The escalation chain name.","description_kind":"markdown","required":true}},"description":"\n* [HTTP API](https://grafana.com/docs/oncall/latest/oncall-api-reference/escalation_chains/)\n","description_kind":"markdown"}},"grafana_oncall_integration":{"version":0,"block":{"attributes":{"id":{"type":"string","description":"The integration ID.","description_kind":"markdown","required":true},"inbound_email":{"type":"string","description":"The inbound email for the integration. Only available for integration type `inbound_email`.","description_kind":"markdown","computed":true},"link":{"type":"string","description":"The link for the integration.","description_kind":"markdown","computed":true},"name":{"type":"string","description":"The integration name.","description_kind":"markdown","computed":true}},"description":"\n* [HTTP API](https://grafana.com/docs/oncall/latest/oncall-api-reference/integrations/)\n","description_kind":"markdown"}},"grafana_oncall_label":{"version":0,"block":{"attributes":{"id":{"type":"string","description":"The ID of the label.","description_kind":"plain","computed":true},"key":{"type":"string","description":"The key for the label.","description_kind":"plain","required":true},"value":{"type":"string","description":"The value of the label.","description_kind":"plain","required":true}},"description":"* [HTTP API](https://grafana.com/docs/oncall/latest/oncall-api-reference/users/)","description_kind":"markdown"}},"grafana_oncall_outgoing_webhook":{"version":0,"block":{"attributes":{"id":{"type":"string","description_kind":"plain","optional":true,"computed":true},"name":{"type":"string","description":"The outgoing webhook name.","description_kind":"markdown","required":true}},"description":"\n* [HTTP API](https://grafana.com/docs/oncall/latest/oncall-api-reference/outgoing_webhooks/)\n","description_kind":"markdown"}},"grafana_oncall_schedule":{"version":0,"block":{"attributes":{"id":{"type":"string","description_kind":"plain","optional":true,"computed":true},"name":{"type":"string","description":"The schedule name.","description_kind":"markdown","required":true},"type":{"type":"string","description":"The schedule type.","description_kind":"markdown","computed":true}},"description":"\n* [Official documentation](https://grafana.com/docs/oncall/latest/manage/on-call-schedules/)\n* [HTTP API](https://grafana.com/docs/oncall/latest/oncall-api-reference/schedules/)\n","description_kind":"markdown"}},"grafana_oncall_slack_channel":{"version":0,"block":{"attributes":{"id":{"type":"string","description_kind":"plain","optional":true,"computed":true},"name":{"type":"string","description":"The Slack channel name.","description_kind":"markdown","required":true},"slack_id":{"type":"string","description":"The Slack ID of the channel.","description_kind":"markdown","computed":true}},"description":"\n* [HTTP API](https://grafana.com/docs/oncall/latest/oncall-api-reference/slack_channels/)\n","description_kind":"markdown"}},"grafana_oncall_team":{"version":0,"block":{"attributes":{"avatar_url":{"type":"string","description_kind":"plain","computed":true},"email":{"type":"string","description_kind":"plain","computed":true},"id":{"type":"string","description_kind":"plain","optional":true,"computed":true},"name":{"type":"string","description":"The team name.","description_kind":"markdown","required":true}},"description_kind":"plain"}},"grafana_oncall_user":{"version":0,"block":{"attributes":{"email":{"type":"string","description":"The email of the user.","description_kind":"plain","computed":true},"id":{"type":"string","description":"The ID of the user.","description_kind":"plain","computed":true},"role":{"type":"string","description":"The role of the user.","description_kind":"plain","computed":true},"username":{"type":"string","description":"The username of the user.","description_kind":"plain","required":true}},"description":"* [HTTP API](https://grafana.com/docs/oncall/latest/oncall-api-reference/users/)","description_kind":"markdown"}},"grafana_oncall_user_group":{"version":0,"block":{"attributes":{"id":{"type":"string","description_kind":"plain","optional":true,"computed":true},"slack_handle":{"type":"string","description_kind":"plain","required":true},"slack_id":{"type":"string","description_kind":"plain","computed":true}},"description":"\n* [HTTP API](https://grafana.com/docs/oncall/latest/oncall-api-reference/user_groups/)\n","description_kind":"markdown"}},"grafana_oncall_users":{"version":0,"block":{"attributes":{"id":{"type":"string","description_kind":"plain","computed":true},"users":{"type":["list",["object",{"email":"string","id":"string","role":"string","username":"string"}]],"description_kind":"plain","computed":true}},"description":"* [HTTP API](https://grafana.com/docs/oncall/latest/oncall-api-reference/users/)","description_kind":"markdown"}},"grafana_organization":{"version":0,"block":{"attributes":{"admins":{"type":["set","string"],"description":"A list of email addresses corresponding to users given admin access to the organization.","description_kind":"markdown","computed":true},"editors":{"type":["set","string"],"description":"A list of email addresses corresponding to users given editor access to the organization.","description_kind":"markdown","computed":true},"id":{"type":"string","description_kind":"plain","optional":true,"computed":true},"name":{"type":"string","description":"The name of the Organization.","description_kind":"markdown","required":true},"viewers":{"type":["set","string"],"description":"A list of email addresses corresponding to users given viewer access to the organization.","description_kind":"markdown","computed":true}},"description":"\n* [Official documentation](https://grafana.com/docs/grafana/latest/administration/organization-management/)\n* [HTTP API](https://grafana.com/docs/grafana/latest/developer-resources/api-reference/http-api/api-legacy/org/)\n","description_kind":"markdown"}},"grafana_organization_preferences":{"version":0,"block":{"attributes":{"home_dashboard_uid":{"type":"string","description":"The Organization home dashboard UID. This is only available in Grafana 9.0+.","description_kind":"markdown","computed":true},"id":{"type":"string","description_kind":"plain","optional":true,"computed":true},"org_id":{"type":"string","description":"The Organization ID. If not set, the Org ID defined in the provider block will be used.","description_kind":"markdown","optional":true},"theme":{"type":"string","description":"The Organization theme. Any string value is supported, including custom themes. Common values are `light`, `dark`, `system`, or an empty string for the default.","description_kind":"markdown","computed":true},"timezone":{"type":"string","description":"The Organization timezone. Any string value is supported, including IANA timezone names. Common values are `utc`, `browser`, or an empty string for the default.","description_kind":"markdown","computed":true},"week_start":{"type":"string","description":"The Organization week start day. Available values are `sunday`, `monday`, `saturday`, or an empty string for the default.","description_kind":"markdown","computed":true}},"description":"\n* [Official documentation](https://grafana.com/docs/grafana/latest/administration/organization-management/)\n* [HTTP API](https://grafana.com/docs/grafana/latest/developer-resources/api-reference/http-api/api-legacy/preferences/#get-current-org-prefs)\n","description_kind":"markdown"}},"grafana_organization_user":{"version":0,"block":{"attributes":{"email":{"type":"string","description":"The email address of the Grafana user. Defaults to ``.","description_kind":"markdown","optional":true},"id":{"type":"string","description_kind":"plain","optional":true,"computed":true},"login":{"type":"string","description":"The username of the Grafana user. Defaults to ``.","description_kind":"markdown","optional":true},"org_id":{"type":"string","description":"The Organization ID. If not set, the Org ID defined in the provider block will be used.","description_kind":"markdown","optional":true},"user_id":{"type":"number","description":"The numerical ID of the Grafana user.","description_kind":"markdown","computed":true}},"description":"\n* [Official documentation](https://grafana.com/docs/grafana/latest/administration/user-management/server-user-management/)\n* [HTTP API](https://grafana.com/docs/grafana/latest/developer-resources/api-reference/http-api/api-legacy/org/#get-all-users-within-the-current-organization-lookup)\n","description_kind":"markdown"}},"grafana_role":{"version":0,"block":{"attributes":{"description":{"type":"string","description":"Description of the role.","description_kind":"markdown","computed":true},"display_name":{"type":"string","description":"Display name of the role. Available with Grafana 8.5+.","description_kind":"markdown","computed":true},"global":{"type":"bool","description":"Boolean to state whether the role is available across all organizations or not.","description_kind":"markdown","computed":true},"group":{"type":"string","description":"Group of the role. Available with Grafana 8.5+.","description_kind":"markdown","computed":true},"hidden":{"type":"bool","description":"Boolean to state whether the role should be visible in the Grafana UI or not. Available with Grafana 8.5+.","description_kind":"markdown","computed":true},"id":{"type":"string","description_kind":"plain","optional":true,"computed":true},"name":{"type":"string","description":"Name of the role","description_kind":"markdown","required":true},"org_id":{"type":"string","description":"The Organization ID. If not set, the Org ID defined in the provider block will be used.","description_kind":"markdown","computed":true},"permissions":{"type":["set",["object",{"action":"string","scope":"string"}]],"description":"Specific set of actions granted by the role.","description_kind":"markdown","computed":true},"uid":{"type":"string","description":"Unique identifier of the role. Used for assignments.","description_kind":"markdown","computed":true},"version":{"type":"number","description":"Version of the role. The server manages this automatically.","description_kind":"markdown","deprecated":true,"computed":true}},"description":"\n**Note:** This resource is available only with Grafana Enterprise 8.+.\n\n* [Official documentation](https://grafana.com/docs/grafana/latest/administration/roles-and-permissions/access-control/)\n* [HTTP API](https://grafana.com/docs/grafana/latest/developer-resources/api-reference/http-api/api-legacy/access_control/)\n","description_kind":"markdown"}},"grafana_service_account":{"version":0,"block":{"attributes":{"id":{"type":"string","description":"The ID of this resource.","description_kind":"markdown","computed":true},"is_disabled":{"type":"bool","description":"The disabled status for the service account.","description_kind":"markdown","computed":true},"name":{"type":"string","description":"The name of the Service Account.","description_kind":"markdown","required":true},"org_id":{"type":"string","description":"The Organization ID. If not set, the Org ID defined in the provider block will be used.","description_kind":"markdown","optional":true},"role":{"type":"string","description":"The basic role of the service account in the organization.","description_kind":"markdown","computed":true}},"description":"\n\t\t* [Official documentation](https://grafana.com/docs/grafana/latest/administration/service-accounts/)\n\t\t* [HTTP API](https://grafana.com/docs/grafana/latest/developer-resources/api-reference/http-api/api-legacy/serviceaccount/#service-account-api)\n","description_kind":"markdown"}},"grafana_slos":{"version":0,"block":{"attributes":{"id":{"type":"string","description":"The ID of this datasource. This is a constant value.","description_kind":"plain","computed":true}},"block_types":{"slos":{"nesting_mode":"list","block":{"attributes":{"description":{"type":"string","description":"Description of the SLO.","description_kind":"plain","computed":true},"name":{"type":"string","description":"Name of the SLO.","description_kind":"plain","computed":true},"search_expression":{"type":"string","description":"The search expression associated with this SLO.","description_kind":"plain","computed":true},"uuid":{"type":"string","description":"A unique, random identifier. This value is read-only.","description_kind":"plain","computed":true}},"block_types":{"alerting":{"nesting_mode":"list","block":{"block_types":{"advanced_options":{"nesting_mode":"list","block":{"attributes":{"min_failures":{"type":"number","description":"Minimum number of failures before alerting.","description_kind":"plain","computed":true}},"description":"Advanced alerting options.","description_kind":"markdown"}},"annotation":{"nesting_mode":"list","block":{"attributes":{"key":{"type":"string","description":"Key for filtering and identification.","description_kind":"plain","computed":true},"value":{"type":"string","description":"Templatable value.","description_kind":"plain","computed":true}},"description":"Annotations attached to alerts.","description_kind":"markdown"}},"fastburn":{"nesting_mode":"list","block":{"block_types":{"annotation":{"nesting_mode":"list","block":{"attributes":{"key":{"type":"string","description":"Key for filtering and identification.","description_kind":"plain","computed":true},"value":{"type":"string","description":"Templatable value.","description_kind":"plain","computed":true}},"description":"Annotations for fast burn alerts.","description_kind":"markdown"}},"enrichment":{"nesting_mode":"list","block":{"attributes":{"type":{"type":"string","description":"Type of the alert enrichment.","description_kind":"plain","computed":true}},"description":"Enrichments for fast burn alerts.","description_kind":"markdown"}},"label":{"nesting_mode":"list","block":{"attributes":{"key":{"type":"string","description":"Key for filtering and identification.","description_kind":"plain","computed":true},"value":{"type":"string","description":"Templatable value.","description_kind":"plain","computed":true}},"description":"Labels for fast burn alerts.","description_kind":"markdown"}}},"description":"Fast burn alert configuration.","description_kind":"markdown"}},"label":{"nesting_mode":"list","block":{"attributes":{"key":{"type":"string","description":"Key for filtering and identification.","description_kind":"plain","computed":true},"value":{"type":"string","description":"Templatable value.","description_kind":"plain","computed":true}},"description":"Labels attached to alerts.","description_kind":"markdown"}},"slowburn":{"nesting_mode":"list","block":{"block_types":{"annotation":{"nesting_mode":"list","block":{"attributes":{"key":{"type":"string","description":"Key for filtering and identification.","description_kind":"plain","computed":true},"value":{"type":"string","description":"Templatable value.","description_kind":"plain","computed":true}},"description":"Annotations for slow burn alerts.","description_kind":"markdown"}},"enrichment":{"nesting_mode":"list","block":{"attributes":{"type":{"type":"string","description":"Type of the alert enrichment.","description_kind":"plain","computed":true}},"description":"Enrichments for slow burn alerts.","description_kind":"markdown"}},"label":{"nesting_mode":"list","block":{"attributes":{"key":{"type":"string","description":"Key for filtering and identification.","description_kind":"plain","computed":true},"value":{"type":"string","description":"Templatable value.","description_kind":"plain","computed":true}},"description":"Labels for slow burn alerts.","description_kind":"markdown"}}},"description":"Slow burn alert configuration.","description_kind":"markdown"}}},"description":"Alerting configuration for the SLO.","description_kind":"markdown"}},"destination_datasource":{"nesting_mode":"list","block":{"attributes":{"uid":{"type":"string","description":"UID of the destination datasource.","description_kind":"plain","computed":true}},"description":"Destination datasource configuration.","description_kind":"markdown"}},"label":{"nesting_mode":"list","block":{"attributes":{"key":{"type":"string","description":"Key for filtering and identification.","description_kind":"plain","computed":true},"value":{"type":"string","description":"Templatable value.","description_kind":"plain","computed":true}},"description":"Labels attached to the SLO.","description_kind":"markdown"}},"objectives":{"nesting_mode":"list","block":{"attributes":{"value":{"type":"number","description":"Objective value (between 0 and 1).","description_kind":"plain","computed":true},"window":{"type":"string","description":"Time window for the objective.","description_kind":"plain","computed":true}},"description":"Objectives for the SLO.","description_kind":"markdown"}},"query":{"nesting_mode":"list","block":{"attributes":{"type":{"type":"string","description":"Type of query (freeform, ratio, grafana_queries, etc.).","description_kind":"plain","computed":true}},"block_types":{"freeform":{"nesting_mode":"list","block":{"attributes":{"query":{"type":"string","description":"The PromQL query string.","description_kind":"plain","computed":true}},"description":"Freeform query configuration.","description_kind":"markdown"}},"grafana_queries":{"nesting_mode":"list","block":{"attributes":{"grafana_queries":{"type":"string","description":"JSON string containing the Grafana queries.","description_kind":"plain","computed":true}},"description":"Grafana queries configuration.","description_kind":"markdown"}},"ratio":{"nesting_mode":"list","block":{"attributes":{"group_by_labels":{"type":["list","string"],"description":"Labels used for grouping.","description_kind":"plain","computed":true},"success_metric":{"type":"string","description":"Counter metric for success events (numerator).","description_kind":"plain","computed":true},"total_metric":{"type":"string","description":"Metric for total events (denominator).","description_kind":"plain","computed":true}},"description":"Ratio query configuration.","description_kind":"markdown"}}},"description":"Query configuration for the SLO.","description_kind":"markdown"}}},"description":"List of all SLOs.","description_kind":"markdown"}}},"description":"\nData source for retrieving all SLOs.\n\n* [Official documentation](https://grafana.com/docs/grafana-cloud/alerting-and-irm/slo/)\n* [API documentation](https://grafana.com/docs/grafana-cloud/alerting-and-irm/slo/api/)\n* [Additional Information On Alerting Rule Annotations and Labels](https://prometheus.io/docs/prometheus/latest/configuration/alerting_rules/#templating/)\n","description_kind":"markdown"}},"grafana_synthetic_monitoring_probe":{"version":0,"block":{"attributes":{"disable_browser_checks":{"type":"bool","description":"Disables browser checks for this probe.","description_kind":"plain","computed":true},"disable_scripted_checks":{"type":"bool","description":"Disables scripted checks for this probe.","description_kind":"plain","computed":true},"id":{"type":"string","description":"The ID of the probe.","description_kind":"plain","computed":true},"labels":{"type":["map","string"],"description":"Custom labels to be included with collected metrics and logs.","description_kind":"plain","computed":true},"latitude":{"type":"number","description":"Latitude coordinates.","description_kind":"plain","computed":true},"longitude":{"type":"number","description":"Longitude coordinates.","description_kind":"plain","computed":true},"name":{"type":"string","description":"Name of the probe.","description_kind":"plain","required":true},"public":{"type":"bool","description":"Public probes are run by Grafana Labs and can be used by all users. Only Grafana Labs managed public probes will be set to `true`.","description_kind":"plain","computed":true},"region":{"type":"string","description":"Region of the probe.","description_kind":"plain","computed":true},"tenant_id":{"type":"number","description":"The tenant ID of the probe.","description_kind":"plain","computed":true}},"description":"Data source for retrieving a single probe by name.","description_kind":"plain"}},"grafana_synthetic_monitoring_probes":{"version":0,"block":{"attributes":{"filter_deprecated":{"type":"bool","description":"If true, only probes that are not deprecated will be returned. Defaults to `true`.","description_kind":"plain","optional":true},"id":{"type":"string","description_kind":"plain","computed":true},"probes":{"type":["map","number"],"description":"Map of probes with their names as keys and IDs as values.","description_kind":"plain","computed":true}},"description":"Data source for retrieving all probes.","description_kind":"plain"}},"grafana_team":{"version":0,"block":{"attributes":{"email":{"type":"string","description":"An email address for the team.","description_kind":"plain","computed":true},"id":{"type":"string","description_kind":"plain","computed":true},"members":{"type":["set","string"],"description":"A set of email addresses corresponding to users who are members of the team.","description_kind":"plain","computed":true},"name":{"type":"string","description":"The name of the Grafana team.","description_kind":"plain","required":true},"org_id":{"type":"string","description":"The Organization ID. If not set, the default organization is used for basic authentication, or the one that owns your service account for token authentication.","description_kind":"plain","optional":true,"computed":true},"read_team_sync":{"type":"bool","description":"Whether to read the team sync settings. This is only available in Grafana Enterprise.","description_kind":"plain","optional":true},"team_id":{"type":"number","description":"The team id assigned to this team by Grafana.","description_kind":"plain","computed":true},"team_uid":{"type":"string","description":"The team uid assigned to this team by Grafana.","description_kind":"plain","computed":true}},"block_types":{"preferences":{"nesting_mode":"list","block":{"attributes":{"home_dashboard_uid":{"type":"string","description":"The UID of the dashboard to display when a team member logs in.","description_kind":"plain","computed":true},"theme":{"type":"string","description":"The default theme for this team.","description_kind":"plain","computed":true},"timezone":{"type":"string","description":"The default timezone for this team.","description_kind":"plain","computed":true},"week_start":{"type":"string","description":"The default week start day for this team.","description_kind":"plain","computed":true}},"description":"Team preferences.","description_kind":"plain"}},"team_sync":{"nesting_mode":"list","block":{"attributes":{"groups":{"type":["set","string"],"description_kind":"plain","computed":true}},"description":"Sync external auth provider groups with this Grafana team. Only available in Grafana Enterprise.","description_kind":"plain"}}},"description":"\n* [Official documentation](https://grafana.com/docs/grafana/latest/administration/team-management/)\n* [HTTP API](https://grafana.com/docs/grafana/latest/developer-resources/api-reference/http-api/api-legacy/team/)\n","description_kind":"markdown"}},"grafana_teams":{"version":0,"block":{"attributes":{"id":{"type":"string","description_kind":"plain","computed":true},"org_id":{"type":"string","description":"The Organization ID. If not set, the default organization is used for basic authentication, or the one that owns your service account for token authentication.","description_kind":"plain","optional":true,"computed":true},"query":{"type":"string","description":"A keyword to filter teams by name (substring match). If omitted, all teams are returned.","description_kind":"plain","optional":true},"teams":{"type":["list",["object",{"email":"string","id":"number","member_count":"number","name":"string","org_id":"number","uid":"string"}]],"description":"The list of matching Grafana teams.","description_kind":"plain","computed":true}},"description":"\nFetches a list of teams from Grafana, optionally filtered by a search keyword.\n\n* [Official documentation](https://grafana.com/docs/grafana/latest/administration/team-management/)\n* [HTTP API](https://grafana.com/docs/grafana/latest/developer-resources/api-reference/http-api/api-legacy/team/)\n","description_kind":"markdown"}},"grafana_user":{"version":0,"block":{"attributes":{"email":{"type":"string","description":"The email address of the Grafana user. Defaults to ``.","description_kind":"markdown","optional":true},"id":{"type":"string","description_kind":"plain","optional":true,"computed":true},"is_admin":{"type":"bool","description":"Whether the user is an admin.","description_kind":"markdown","computed":true},"login":{"type":"string","description":"The username for the Grafana user. Defaults to ``.","description_kind":"markdown","optional":true},"name":{"type":"string","description":"The display name for the Grafana user.","description_kind":"markdown","computed":true},"user_id":{"type":"number","description":"The numerical ID of the Grafana user. Defaults to `-1`.","description_kind":"markdown","optional":true}},"description":"\n* [Official documentation](https://grafana.com/docs/grafana/latest/administration/user-management/server-user-management/)\n* [HTTP API](https://grafana.com/docs/grafana/latest/developer-resources/api-reference/http-api/api-legacy/user/)\n\nThis data source uses Grafana's admin APIs for reading users which\ndoes not currently work with API Tokens. You must use basic auth.\nThis data source is also not compatible with Grafana Cloud, as it does not allow basic auth.\n","description_kind":"markdown"}},"grafana_users":{"version":0,"block":{"attributes":{"id":{"type":"string","description_kind":"plain","optional":true,"computed":true},"users":{"type":["set",["object",{"email":"string","id":"number","is_admin":"bool","login":"string","name":"string"}]],"description":"The Grafana instance's users.","description_kind":"markdown","computed":true}},"description":"\n* [Official documentation](https://grafana.com/docs/grafana/latest/administration/user-management/server-user-management/)\n* [HTTP API](https://grafana.com/docs/grafana/latest/developer-resources/api-reference/http-api/api-legacy/user/)\n\t\t\nThis data source uses Grafana's admin APIs for reading users which\ndoes not currently work with API Tokens. You must use basic auth.\nThis data source is also not compatible with Grafana Cloud, as it does not allow basic auth.\n\t\t","description_kind":"markdown"}}},"functions":{"k6bundle":{"description":"Takes a file path to a JavaScript or TypeScript k6 test and bundles it using ESbuild. Returns the bundled JavaScript code as a string.","summary":"Bundle multi-file JavaScript/TypeScript k6 tests","return_type":"string","parameters":[{"name":"file_path","description":"Path to the JavaScript or TypeScript file to bundle","type":"string"}]}}}}}
